{
  "version": 4,
  "terraform_version": "1.12.0",
  "serial": 310,
  "lineage": "de23db89-7fe7-985c-f8bb-a79a45da0c55",
  "outputs": {
    "all_ips": {
      "value": {
        "jenkins": "18.199.177.215",
        "k8s_master": "3.127.243.183",
        "k8s_slave_1": "3.120.140.112",
        "k8s_slave_2": "3.67.201.205",
        "nexus": "35.159.65.126",
        "sonarqube": "35.157.111.180"
      },
      "type": [
        "object",
        {
          "jenkins": "string",
          "k8s_master": "string",
          "k8s_slave_1": "string",
          "k8s_slave_2": "string",
          "nexus": "string",
          "sonarqube": "string"
        }
      ]
    }
  },
  "resources": [
    {
      "mode": "data",
      "type": "aws_ami",
      "name": "ubuntu_latest",
      "provider": "provider[\"registry.terraform.io/hashicorp/aws\"]",
      "instances": [
        {
          "schema_version": 0,
          "attributes": {
            "architecture": "x86_64",
            "arn": "arn:aws:ec2:eu-central-1::image/ami-0a87a69d69fa289be",
            "block_device_mappings": [
              {
                "device_name": "/dev/sda1",
                "ebs": {
                  "delete_on_termination": "true",
                  "encrypted": "false",
                  "iops": "0",
                  "snapshot_id": "snap-03b606e02587e2313",
                  "throughput": "0",
                  "volume_size": "8",
                  "volume_type": "gp2"
                },
                "no_device": "",
                "virtual_name": ""
              },
              {
                "device_name": "/dev/sdb",
                "ebs": {},
                "no_device": "",
                "virtual_name": "ephemeral0"
              },
              {
                "device_name": "/dev/sdc",
                "ebs": {},
                "no_device": "",
                "virtual_name": "ephemeral1"
              }
            ],
            "boot_mode": "uefi-preferred",
            "creation_date": "2025-05-16T06:42:12.000Z",
            "deprecation_time": "2027-05-16T06:42:12.000Z",
            "description": "Canonical, Ubuntu, 22.04, amd64 jammy image",
            "ena_support": true,
            "executable_users": null,
            "filter": [
              {
                "name": "name",
                "values": [
                  "ubuntu/images/hvm-ssd/ubuntu-*-amd64-server-*"
                ]
              },
              {
                "name": "virtualization-type",
                "values": [
                  "hvm"
                ]
              }
            ],
            "hypervisor": "xen",
            "id": "ami-0a87a69d69fa289be",
            "image_id": "ami-0a87a69d69fa289be",
            "image_location": "amazon/ubuntu/images/hvm-ssd/ubuntu-jammy-22.04-amd64-server-20250516",
            "image_owner_alias": "amazon",
            "image_type": "machine",
            "imds_support": "",
            "include_deprecated": false,
            "kernel_id": "",
            "last_launched_time": "",
            "most_recent": true,
            "name": "ubuntu/images/hvm-ssd/ubuntu-jammy-22.04-amd64-server-20250516",
            "name_regex": null,
            "owner_id": "099720109477",
            "owners": [
              "099720109477"
            ],
            "platform": "",
            "platform_details": "Linux/UNIX",
            "product_codes": [],
            "public": true,
            "ramdisk_id": "",
            "root_device_name": "/dev/sda1",
            "root_device_type": "ebs",
            "root_snapshot_id": "snap-03b606e02587e2313",
            "sriov_net_support": "simple",
            "state": "available",
            "state_reason": {
              "code": "UNSET",
              "message": "UNSET"
            },
            "tags": {},
            "timeouts": null,
            "tpm_support": "",
            "uefi_data": null,
            "usage_operation": "RunInstances",
            "virtualization_type": "hvm"
          },
          "sensitive_attributes": [],
          "identity_schema_version": 0
        }
      ]
    },
    {
      "mode": "data",
      "type": "aws_subnet",
      "name": "first",
      "provider": "provider[\"registry.terraform.io/hashicorp/aws\"]",
      "instances": [
        {
          "schema_version": 0,
          "attributes": {
            "arn": "arn:aws:ec2:eu-central-1:686255985275:subnet/subnet-0038b1fe0553c625b",
            "assign_ipv6_address_on_creation": false,
            "availability_zone": "eu-central-1c",
            "availability_zone_id": "euc1-az1",
            "available_ip_address_count": 4091,
            "cidr_block": "172.31.0.0/20",
            "customer_owned_ipv4_pool": "",
            "default_for_az": true,
            "enable_dns64": false,
            "enable_lni_at_device_index": 0,
            "enable_resource_name_dns_a_record_on_launch": false,
            "enable_resource_name_dns_aaaa_record_on_launch": false,
            "filter": null,
            "id": "subnet-0038b1fe0553c625b",
            "ipv6_cidr_block": "",
            "ipv6_cidr_block_association_id": "",
            "ipv6_native": false,
            "map_customer_owned_ip_on_launch": false,
            "map_public_ip_on_launch": true,
            "outpost_arn": "",
            "owner_id": "686255985275",
            "private_dns_hostname_type_on_launch": "ip-name",
            "state": "available",
            "tags": {},
            "timeouts": null,
            "vpc_id": "vpc-0cd726ed01a18b4fe"
          },
          "sensitive_attributes": [],
          "identity_schema_version": 0
        }
      ]
    },
    {
      "mode": "data",
      "type": "aws_subnets",
      "name": "default",
      "provider": "provider[\"registry.terraform.io/hashicorp/aws\"]",
      "instances": [
        {
          "schema_version": 0,
          "attributes": {
            "filter": [
              {
                "name": "vpc-id",
                "values": [
                  "vpc-0cd726ed01a18b4fe"
                ]
              }
            ],
            "id": "eu-central-1",
            "ids": [
              "subnet-0038b1fe0553c625b",
              "subnet-0b5b1dac403a2527d",
              "subnet-01627f3d3717a3ed2"
            ],
            "tags": null,
            "timeouts": null
          },
          "sensitive_attributes": [],
          "identity_schema_version": 0
        }
      ]
    },
    {
      "mode": "data",
      "type": "aws_vpc",
      "name": "default",
      "provider": "provider[\"registry.terraform.io/hashicorp/aws\"]",
      "instances": [
        {
          "schema_version": 0,
          "attributes": {
            "arn": "arn:aws:ec2:eu-central-1:686255985275:vpc/vpc-0cd726ed01a18b4fe",
            "cidr_block": "172.31.0.0/16",
            "cidr_block_associations": [
              {
                "association_id": "vpc-cidr-assoc-08b99024de9a1a3ff",
                "cidr_block": "172.31.0.0/16",
                "state": "associated"
              }
            ],
            "default": true,
            "dhcp_options_id": "dopt-0827407399adbd6e8",
            "enable_dns_hostnames": true,
            "enable_dns_support": true,
            "enable_network_address_usage_metrics": false,
            "filter": null,
            "id": "vpc-0cd726ed01a18b4fe",
            "instance_tenancy": "default",
            "ipv6_association_id": "",
            "ipv6_cidr_block": "",
            "main_route_table_id": "rtb-036c8d695d5f81e52",
            "owner_id": "686255985275",
            "state": null,
            "tags": {},
            "timeouts": null
          },
          "sensitive_attributes": [],
          "identity_schema_version": 0
        }
      ]
    },
    {
      "mode": "managed",
      "type": "aws_key_pair",
      "name": "ocs_key",
      "provider": "provider[\"registry.terraform.io/hashicorp/aws\"]",
      "instances": [
        {
          "schema_version": 1,
          "attributes": {
            "arn": "arn:aws:ec2:eu-central-1:686255985275:key-pair/ocs-key",
            "fingerprint": "f1:1a:25:c3:0b:9d:98:0b:2c:8d:fe:32:49:bc:e7:4e",
            "id": "ocs-key",
            "key_name": "ocs-key",
            "key_name_prefix": "",
            "key_pair_id": "key-0dffe4638d2b75852",
            "key_type": "rsa",
            "public_key": "ssh-rsa AAAAB3NzaC1yc2EAAAADAQABAAACAQC8AkRdvcLQiRaPu/2G60sTZtsHKtSDpUv19DM2AI23bf2CcXrMw2ov5+7cPGoMqWHoQEaTb/iDKw51t5642v7KF5cGqVarIc8O21guhSMrO/VtE8cjGlVjrgfnb/DQj7I/JauPPv883IPQwAUihw+yWsosA1qSh/POOyptT3bwm1ZCB/wIfWMIOFqZXjOjdo1fPy3LOZPSTN91k3CyYmaBojre8POq+KoIt3Dth2MsWHaQNVEBz1reQuCt9hWiEajClrp+aDgoL9roQGN6ChcRrCKDhGJz6d7Ry/EB4v6SpkAJKTO4H9+5DNIUvjZzGp/1HwaWTzYZwF37r7PuZjGsLEC82DAhF+TQ0aMNCm6sHrISLCBeSoCrH5NmZQfEHL+aCRqO/WxpHPDSbYxUBNrmbBhD3gSiiFXdA3lNzHJZmRnO2ppDuF6GIKP1NJ4rhnVckHS44uiQ9hb3dnY2Ak8oK442S4zcrfx/u17WoHlE9ZnlNZivngrnmhfz/rpFbcEU0pCroHodDp7mVvsEJ9j8hmJFQYwvLtYvC6tjKWX9DXH2edDWs7gdnslJBdRXKy07eER/mhbYreKkoud2dhQ8PyKxb4pU8NmFNwNhkszGFp6WkEQOM/953DJcFB7GucN1W1QydfFRSKwDlp/2cfkxl0RvITyYbbbUvNy46zI9zQ==",
            "tags": null,
            "tags_all": {}
          },
          "sensitive_attributes": [],
          "identity_schema_version": 0,
          "private": "eyJzY2hlbWFfdmVyc2lvbiI6IjEifQ==",
          "dependencies": [
            "tls_private_key.ocs_key"
          ]
        }
      ]
    },
    {
      "mode": "managed",
      "type": "local_file",
      "name": "private_key",
      "provider": "provider[\"registry.terraform.io/hashicorp/local\"]",
      "instances": [
        {
          "schema_version": 0,
          "attributes": {
            "content": "-----BEGIN RSA PRIVATE KEY-----\nMIIJKAIBAAKCAgEAvAJEXb3C0IkWj7v9hutLE2bbByrUg6VL9fQzNgCNt239gnF6\nzMNqL+fu3DxqDKlh6EBGk2/4gysOdbeeuNr+yheXBqlWqyHPDttYLoUjKzv1bRPH\nIxpVY64H52/w0I+yPyWrjz7/PNyD0MAFIocPslrKLANakofzzjsqbU928JtWQgf8\nCH1jCDhamV4zo3aNXz8tyzmT0kzfdZNwsmJmgaI63vDzqviqCLdw7YdjLFh2kDVR\nAc9a3kLgrfYVohGowpa6fmg4KC/a6EBjegoXEawig4Ric+ne0cvxAeL+kqZACSkz\nuB/fuQzSFL42cxqf9R8Glk82GcBd+6+z7mYxrCxAvNgwIRfk0NGjDQpurB6yEiwg\nXkqAqx+TZmUHxBy/mgkajv1saRzw0m2MVATa5mwYQ94EoohV3QN5TcxyWZkZztqa\nQ7hehiCj9TSeK4Z1XJB0uOLokPYW93Z2NgJPKCuONkuM3K38f7te1qB5RPWZ5TWY\nr54K55oX8/66RW3BFNKQq6B6HQ6e5lb7BCfY/IZiRUGMLy7WLwurYyll/Q1x9nnQ\n1rO4HZ7JSQXUVystO3hEf5oW2K3ipKLndnYUPD8isW+KVPDZhTcDYZLMxhaelpBE\nDjP/edwyXBQexrnDdVtUMnXxUUisA5af9nH5MZdEbyE8mG221LzcuOsyPc0CAwEA\nAQKCAgAXCNoSeCTtwtYKTziNNrfQjToJo0Q9StvHKx+5HpE+Z5H3UOsAOnMAopR/\n1EEUAw61U2ayOrZCb9yKLLCcKmysGv7MeKPfPLmvMs2XiYVZDzQPJKyxztCmcVST\nlQH2s5xdo0JlPw0rikL2KQiYBd809W2uvcxzhoem/VXB5coHSajkVzEYYzBmee0T\nvFhsTyKcCFQWgZvsWLHKKIHWwTqY6GT5GqFoEaZXgg4qc/uBG+eO3JFrvNl/wMbh\nWXSmEi7QhIId6avztIVIDleBxMm1xxbFcUtUs1My9h81oXeaRRc0aCFnjjQtanY0\nx2dJa/osIJyAfvz8Y7bAFvNfIpM0NLNOLAk/4estukADSnXzVERdyNFsTo5kl1pU\n2UvO9vEPP9evsqqirF2u8Fh08IAjJ37our1omobMKsX+LTcRfO9PBNB8p5Zm5VtX\nCpJ4eHMJzgC5AqKc4eNwKA5N98FTqVoluk3vYegFF6GHG/8FMRLd3ojrgvUpgIMs\nAnfR1auWuudTgk6MAAo83LpxrFYnwd8+Uvn4wVRcOQ7byalzfTdN8fB3Z73dUMKq\niH4B5EcQX9oorK7/SIxqgC0eB2ohiHx7zBwptBKs2y18pCB5mSODKSHkJvfZloUb\nHnJfkAnKH+vecKC0wPnT0IXftLrwcCAO5stYihuXSqrx3g8dYQKCAQEAz8pLygh3\nrghq3S5rOKceaNPvXndXlaK9xUXXS67xTz5RYLDCp3cd55Slq+YnYOOf/7Vo78FO\nLboktHOGXT+EdPK7YmS8kQm7yml9EKb294/59/S+3sO2qOHji1bhK6kptHZ/6May\neDJG5/2w4qMR+7KnDu4uPrtHEdAfICyXEmeuE+mEWNVraE1DRJMxSncZQMyIBrH9\nYZQkKwW1uLO7DjB1TSFCR9qae8bQoNLHKnAz3MQVmSxjKu6ZA10U9gbBlpPWHmFU\nDvke7df60fWhkDEljqnEVMxzP4zCOYe/r3LxU2tWT6+6DB8M7AmHUA0LdQnPx0UG\nGMBCWjJtGMtrHQKCAQEA56EOetg6skepe/LB+UYubD60yYJI+Y0dzmOt0Eyevyg6\n51nrYMWJ/CK6mbg+HQl5mzxBG/I1q05NoLdZj5VTrrhdo981DdLOZMJfFW1H0Va4\nFk6fSIchOVmtaqdC6yva5QeDfLB2goSje8tre83XBjVCywbV3VpLBKHqJXs6ObMj\nO+KmGpuMwknD4Ufpmpwui51aUtWcrZQ/6qPE/Bg6nGk1goAQX6VNPEsCaJdyDmKv\nnVVznwPvJD18Kk4Zv24JaIWJuhYmo7nCo1J2kDdK/NXYy38dm4tzMRHB+eopIBxh\n/VtSg1kn2XUbMUTbCQiZQlWwlq3lh9PSu1rHv6/ucQKCAQEAz6g0u7BgonzpByf3\noYNqIYsD4h1UW0drbXXRpmIr6Gy3+PBNZ/zj1ua39qWo3uw8ntjWCRzfG1W2jtwR\nAKmUnydhWwCfbjcTBEMN6JFjqJ6rSkC+a3Od3QL6Wus1VmPVOPNf+upvuy1LrVbb\n6nLbavXsfEBN2QViDgw2vvmw9ITG9EFfsUN/9pmYSzTqgqephhehLUe9mEHrL0+i\nfvanTpPg9nbxfUubLW3QW5ipz+CYA922VACHDoWqRzFD3Gd+GhSeXHgaAGi4nytE\nD4Xxs19aUEua2MAFwRHTnJjsWNN/F0Xi2Pod7TUuvcj8AGU4+PsYOeXiJOQmq2tP\nmgLYhQKCAQAZfjtmv9et+X8o2i4JLnU7iqdBKmq3tJVcOtJNg7FRHq9k+RuT2gn2\nyye4dXO4pGtS743G8qB/iy22C5f62peMOlRsDcv8CoCWzGHErPNjkeTO57ZWODEq\n67jPbTtLQNdlr68EETPp54lKvbfFt4D7+O6yA72UEDUDfIKVv3tIEHRHSgm4Efir\nBY1ehRir4Jaq3RWs2j/VRuTGAWJT0KLaxiWSiF/E9x+KDENmmYx/EtN7QIVqMfen\nCHFbAp+I1yaH73KaHYgBKxfF+/R6qOtC6pJiy0nJ7c4uz2KHDAOcuiL6zItHU4+0\nOlRU1tw4oU6k42N9IgSKL4EZB8PGUCmxAoIBAGuSoKPLHKA8ONq0lTPWbRYUuEv/\nMbN6veYlCnCfYDrzh7lSl/Hr40o9RGgMYR9+SJsdYbmRtfK6n4lpe2JA2SB6e8ep\nrbFPCiEbmtBooVUE7OsLI9gDW1wQCc3ZIqd6fkPWpyWzvLi6/g5YgmPscbEtgFPS\nfLWbRHbxNhE5qOPDtiq4Q5Uquo6hmG39SDOrTQFcWXsvv9POiXaLMIrkSi+qLEUr\n+qJRGKlvz1JH8EOPNJNOxcQyfZevK5iTckd1RvBXwoRULPCAFixpVzvrq9QdpCTn\nk3SYByJpZ+i0PQXcr0GTCmM++A0c4P1AC/VcecVtIWCkfwE5tRVmimMGJzg=\n-----END RSA PRIVATE KEY-----\n",
            "content_base64": null,
            "content_base64sha256": "kBn8oB4nWDldm0LVyBQyQADS7sjwJ9CeUIsNWAQobX4=",
            "content_base64sha512": "K//5HODXsnCyvYe5ucz8e2YqlW/+ABPddZG3GNiCzq4qc5/GOT8IgbC5bDOoFjASx5th+HO7j18P37TLa51eWw==",
            "content_md5": "87d13f00745cad2178be7f0f0589199f",
            "content_sha1": "3e2dd3038dc40b437f7d63213e3ab18548686d08",
            "content_sha256": "9019fca01e2758395d9b42d5c814324000d2eec8f027d09e508b0d5804286d7e",
            "content_sha512": "2bfff91ce0d7b270b2bd87b9b9ccfc7b662a956ffe0013dd7591b718d882ceae2a739fc6393f0881b0b96c33a8163012c79b61f873bb8f5f0fdfb4cb6b9d5e5b",
            "directory_permission": "0700",
            "file_permission": "0400",
            "filename": "./ocs-key.pem",
            "id": "3e2dd3038dc40b437f7d63213e3ab18548686d08",
            "sensitive_content": null,
            "source": null
          },
          "sensitive_attributes": [
            [
              {
                "type": "get_attr",
                "value": "content"
              }
            ],
            [
              {
                "type": "get_attr",
                "value": "sensitive_content"
              }
            ]
          ],
          "identity_schema_version": 0,
          "dependencies": [
            "tls_private_key.ocs_key"
          ]
        }
      ]
    },
    {
      "mode": "managed",
      "type": "tls_private_key",
      "name": "ocs_key",
      "provider": "provider[\"registry.terraform.io/hashicorp/tls\"]",
      "instances": [
        {
          "schema_version": 1,
          "attributes": {
            "algorithm": "RSA",
            "ecdsa_curve": "P224",
            "id": "651b508967f02ab7008064ab2e1c4ea08da15a9a",
            "private_key_openssh": "-----BEGIN OPENSSH PRIVATE KEY-----\nb3BlbnNzaC1rZXktdjEAAAAABG5vbmUAAAAEbm9uZQAAAAAAAAABAAACFwAAAAdz\nc2gtcnNhAAAAAwEAAQAAAgEAvAJEXb3C0IkWj7v9hutLE2bbByrUg6VL9fQzNgCN\nt239gnF6zMNqL+fu3DxqDKlh6EBGk2/4gysOdbeeuNr+yheXBqlWqyHPDttYLoUj\nKzv1bRPHIxpVY64H52/w0I+yPyWrjz7/PNyD0MAFIocPslrKLANakofzzjsqbU92\n8JtWQgf8CH1jCDhamV4zo3aNXz8tyzmT0kzfdZNwsmJmgaI63vDzqviqCLdw7Ydj\nLFh2kDVRAc9a3kLgrfYVohGowpa6fmg4KC/a6EBjegoXEawig4Ric+ne0cvxAeL+\nkqZACSkzuB/fuQzSFL42cxqf9R8Glk82GcBd+6+z7mYxrCxAvNgwIRfk0NGjDQpu\nrB6yEiwgXkqAqx+TZmUHxBy/mgkajv1saRzw0m2MVATa5mwYQ94EoohV3QN5Tcxy\nWZkZztqaQ7hehiCj9TSeK4Z1XJB0uOLokPYW93Z2NgJPKCuONkuM3K38f7te1qB5\nRPWZ5TWYr54K55oX8/66RW3BFNKQq6B6HQ6e5lb7BCfY/IZiRUGMLy7WLwurYyll\n/Q1x9nnQ1rO4HZ7JSQXUVystO3hEf5oW2K3ipKLndnYUPD8isW+KVPDZhTcDYZLM\nxhaelpBEDjP/edwyXBQexrnDdVtUMnXxUUisA5af9nH5MZdEbyE8mG221LzcuOsy\nPc0AAAc4fcjJ/H3IyfwAAAAHc3NoLXJzYQAAAgEAvAJEXb3C0IkWj7v9hutLE2bb\nByrUg6VL9fQzNgCNt239gnF6zMNqL+fu3DxqDKlh6EBGk2/4gysOdbeeuNr+yheX\nBqlWqyHPDttYLoUjKzv1bRPHIxpVY64H52/w0I+yPyWrjz7/PNyD0MAFIocPslrK\nLANakofzzjsqbU928JtWQgf8CH1jCDhamV4zo3aNXz8tyzmT0kzfdZNwsmJmgaI6\n3vDzqviqCLdw7YdjLFh2kDVRAc9a3kLgrfYVohGowpa6fmg4KC/a6EBjegoXEawi\ng4Ric+ne0cvxAeL+kqZACSkzuB/fuQzSFL42cxqf9R8Glk82GcBd+6+z7mYxrCxA\nvNgwIRfk0NGjDQpurB6yEiwgXkqAqx+TZmUHxBy/mgkajv1saRzw0m2MVATa5mwY\nQ94EoohV3QN5TcxyWZkZztqaQ7hehiCj9TSeK4Z1XJB0uOLokPYW93Z2NgJPKCuO\nNkuM3K38f7te1qB5RPWZ5TWYr54K55oX8/66RW3BFNKQq6B6HQ6e5lb7BCfY/IZi\nRUGMLy7WLwurYyll/Q1x9nnQ1rO4HZ7JSQXUVystO3hEf5oW2K3ipKLndnYUPD8i\nsW+KVPDZhTcDYZLMxhaelpBEDjP/edwyXBQexrnDdVtUMnXxUUisA5af9nH5MZdE\nbyE8mG221LzcuOsyPc0AAAADAQABAAACABcI2hJ4JO3C1gpPOI02t9CNOgmjRD1K\n28crH7kekT5nkfdQ6wA6cwCilH/UQRQDDrVTZrI6tkJv3IossJwqbKwa/sx4o988\nua8yzZeJhVkPNA8krLHO0KZxVJOVAfaznF2jQmU/DSuKQvYpCJgF3zT1ba69zHOG\nh6b9VcHlygdJqORXMRhjMGZ57RO8WGxPIpwIVBaBm+xYscoogdbBOpjoZPkaoWgR\npleCDipz+4Eb547ckWu82X/AxuFZdKYSLtCEgh3pq/O0hUgOV4HEybXHFsVxS1Sz\nUzL2HzWhd5pFFzRoIWeONC1qdjTHZ0lr+iwgnIB+/PxjtsAW818ikzQ0s04sCT/h\n6y26QANKdfNURF3I0WxOjmSXWlTZS8728Q8/16+yqqKsXa7wWHTwgCMnfui6vWia\nhswqxf4tNxF8708E0HynlmblW1cKknh4cwnOALkCopzh43AoDk33wVOpWiW6Te9h\n6AUXoYcb/wUxEt3eiOuC9SmAgywCd9HVq5a651OCTowACjzcunGsVifB3z5S+fjB\nVFw5DtvJqXN9N03x8Hdnvd1QwqqIfgHkRxBf2iisrv9IjGqALR4HaiGIfHvMHCm0\nEqzbLXykIHmZI4MpIeQm99mWhRsecl+QCcof695woLTA+dPQhd+0uvBwIA7my1iK\nG5dKqvHeDx1hAAABAGuSoKPLHKA8ONq0lTPWbRYUuEv/MbN6veYlCnCfYDrzh7lS\nl/Hr40o9RGgMYR9+SJsdYbmRtfK6n4lpe2JA2SB6e8eprbFPCiEbmtBooVUE7OsL\nI9gDW1wQCc3ZIqd6fkPWpyWzvLi6/g5YgmPscbEtgFPSfLWbRHbxNhE5qOPDtiq4\nQ5Uquo6hmG39SDOrTQFcWXsvv9POiXaLMIrkSi+qLEUr+qJRGKlvz1JH8EOPNJNO\nxcQyfZevK5iTckd1RvBXwoRULPCAFixpVzvrq9QdpCTnk3SYByJpZ+i0PQXcr0GT\nCmM++A0c4P1AC/VcecVtIWCkfwE5tRVmimMGJzgAAAEBAM/KS8oId64Iat0uazin\nHmjT7153V5WivcVF10uu8U8+UWCwwqd3HeeUpavmJ2Djn/+1aO/BTi26JLRzhl0/\nhHTyu2JkvJEJu8ppfRCm9veP+ff0vt7Dtqjh44tW4SupKbR2f+jGsngyRuf9sOKj\nEfuypw7uLj67RxHQHyAslxJnrhPphFjVa2hNQ0STMUp3GUDMiAax/WGUJCsFtbiz\nuw4wdU0hQkfamnvG0KDSxypwM9zEFZksYyrumQNdFPYGwZaT1h5hVA75Hu3X+tH1\noZAxJY6pxFTMcz+MwjmHv69y8VNrVk+vugwfDOwJh1ANC3UJz8dFBhjAQloybRjL\nax0AAAEBAOehDnrYOrJHqXvywflGLmw+tMmCSPmNHc5jrdBMnr8oOudZ62DFifwi\nupm4Ph0JeZs8QRvyNatOTaC3WY+VU664XaPfNQ3SzmTCXxVtR9FWuBZOn0iHITlZ\nrWqnQusr2uUHg3ywdoKEo3vLa3vN1wY1QssG1d1aSwSh6iV7OjmzIzviphqbjMJJ\nw+FH6ZqcLoudWlLVnK2UP+qjxPwYOpxpNYKAEF+lTTxLAmiXcg5ir51Vc58D7yQ9\nfCpOGb9uCWiFiboWJqO5wqNSdpA3SvzV2Mt/HZuLczERwfnqKSAcYf1bUoNZJ9l1\nGzFE2wkImUJVsJat5YfT0rtax7+v7nEAAAAAAQID\n-----END OPENSSH PRIVATE KEY-----\n",
            "private_key_pem": "-----BEGIN RSA PRIVATE KEY-----\nMIIJKAIBAAKCAgEAvAJEXb3C0IkWj7v9hutLE2bbByrUg6VL9fQzNgCNt239gnF6\nzMNqL+fu3DxqDKlh6EBGk2/4gysOdbeeuNr+yheXBqlWqyHPDttYLoUjKzv1bRPH\nIxpVY64H52/w0I+yPyWrjz7/PNyD0MAFIocPslrKLANakofzzjsqbU928JtWQgf8\nCH1jCDhamV4zo3aNXz8tyzmT0kzfdZNwsmJmgaI63vDzqviqCLdw7YdjLFh2kDVR\nAc9a3kLgrfYVohGowpa6fmg4KC/a6EBjegoXEawig4Ric+ne0cvxAeL+kqZACSkz\nuB/fuQzSFL42cxqf9R8Glk82GcBd+6+z7mYxrCxAvNgwIRfk0NGjDQpurB6yEiwg\nXkqAqx+TZmUHxBy/mgkajv1saRzw0m2MVATa5mwYQ94EoohV3QN5TcxyWZkZztqa\nQ7hehiCj9TSeK4Z1XJB0uOLokPYW93Z2NgJPKCuONkuM3K38f7te1qB5RPWZ5TWY\nr54K55oX8/66RW3BFNKQq6B6HQ6e5lb7BCfY/IZiRUGMLy7WLwurYyll/Q1x9nnQ\n1rO4HZ7JSQXUVystO3hEf5oW2K3ipKLndnYUPD8isW+KVPDZhTcDYZLMxhaelpBE\nDjP/edwyXBQexrnDdVtUMnXxUUisA5af9nH5MZdEbyE8mG221LzcuOsyPc0CAwEA\nAQKCAgAXCNoSeCTtwtYKTziNNrfQjToJo0Q9StvHKx+5HpE+Z5H3UOsAOnMAopR/\n1EEUAw61U2ayOrZCb9yKLLCcKmysGv7MeKPfPLmvMs2XiYVZDzQPJKyxztCmcVST\nlQH2s5xdo0JlPw0rikL2KQiYBd809W2uvcxzhoem/VXB5coHSajkVzEYYzBmee0T\nvFhsTyKcCFQWgZvsWLHKKIHWwTqY6GT5GqFoEaZXgg4qc/uBG+eO3JFrvNl/wMbh\nWXSmEi7QhIId6avztIVIDleBxMm1xxbFcUtUs1My9h81oXeaRRc0aCFnjjQtanY0\nx2dJa/osIJyAfvz8Y7bAFvNfIpM0NLNOLAk/4estukADSnXzVERdyNFsTo5kl1pU\n2UvO9vEPP9evsqqirF2u8Fh08IAjJ37our1omobMKsX+LTcRfO9PBNB8p5Zm5VtX\nCpJ4eHMJzgC5AqKc4eNwKA5N98FTqVoluk3vYegFF6GHG/8FMRLd3ojrgvUpgIMs\nAnfR1auWuudTgk6MAAo83LpxrFYnwd8+Uvn4wVRcOQ7byalzfTdN8fB3Z73dUMKq\niH4B5EcQX9oorK7/SIxqgC0eB2ohiHx7zBwptBKs2y18pCB5mSODKSHkJvfZloUb\nHnJfkAnKH+vecKC0wPnT0IXftLrwcCAO5stYihuXSqrx3g8dYQKCAQEAz8pLygh3\nrghq3S5rOKceaNPvXndXlaK9xUXXS67xTz5RYLDCp3cd55Slq+YnYOOf/7Vo78FO\nLboktHOGXT+EdPK7YmS8kQm7yml9EKb294/59/S+3sO2qOHji1bhK6kptHZ/6May\neDJG5/2w4qMR+7KnDu4uPrtHEdAfICyXEmeuE+mEWNVraE1DRJMxSncZQMyIBrH9\nYZQkKwW1uLO7DjB1TSFCR9qae8bQoNLHKnAz3MQVmSxjKu6ZA10U9gbBlpPWHmFU\nDvke7df60fWhkDEljqnEVMxzP4zCOYe/r3LxU2tWT6+6DB8M7AmHUA0LdQnPx0UG\nGMBCWjJtGMtrHQKCAQEA56EOetg6skepe/LB+UYubD60yYJI+Y0dzmOt0Eyevyg6\n51nrYMWJ/CK6mbg+HQl5mzxBG/I1q05NoLdZj5VTrrhdo981DdLOZMJfFW1H0Va4\nFk6fSIchOVmtaqdC6yva5QeDfLB2goSje8tre83XBjVCywbV3VpLBKHqJXs6ObMj\nO+KmGpuMwknD4Ufpmpwui51aUtWcrZQ/6qPE/Bg6nGk1goAQX6VNPEsCaJdyDmKv\nnVVznwPvJD18Kk4Zv24JaIWJuhYmo7nCo1J2kDdK/NXYy38dm4tzMRHB+eopIBxh\n/VtSg1kn2XUbMUTbCQiZQlWwlq3lh9PSu1rHv6/ucQKCAQEAz6g0u7BgonzpByf3\noYNqIYsD4h1UW0drbXXRpmIr6Gy3+PBNZ/zj1ua39qWo3uw8ntjWCRzfG1W2jtwR\nAKmUnydhWwCfbjcTBEMN6JFjqJ6rSkC+a3Od3QL6Wus1VmPVOPNf+upvuy1LrVbb\n6nLbavXsfEBN2QViDgw2vvmw9ITG9EFfsUN/9pmYSzTqgqephhehLUe9mEHrL0+i\nfvanTpPg9nbxfUubLW3QW5ipz+CYA922VACHDoWqRzFD3Gd+GhSeXHgaAGi4nytE\nD4Xxs19aUEua2MAFwRHTnJjsWNN/F0Xi2Pod7TUuvcj8AGU4+PsYOeXiJOQmq2tP\nmgLYhQKCAQAZfjtmv9et+X8o2i4JLnU7iqdBKmq3tJVcOtJNg7FRHq9k+RuT2gn2\nyye4dXO4pGtS743G8qB/iy22C5f62peMOlRsDcv8CoCWzGHErPNjkeTO57ZWODEq\n67jPbTtLQNdlr68EETPp54lKvbfFt4D7+O6yA72UEDUDfIKVv3tIEHRHSgm4Efir\nBY1ehRir4Jaq3RWs2j/VRuTGAWJT0KLaxiWSiF/E9x+KDENmmYx/EtN7QIVqMfen\nCHFbAp+I1yaH73KaHYgBKxfF+/R6qOtC6pJiy0nJ7c4uz2KHDAOcuiL6zItHU4+0\nOlRU1tw4oU6k42N9IgSKL4EZB8PGUCmxAoIBAGuSoKPLHKA8ONq0lTPWbRYUuEv/\nMbN6veYlCnCfYDrzh7lSl/Hr40o9RGgMYR9+SJsdYbmRtfK6n4lpe2JA2SB6e8ep\nrbFPCiEbmtBooVUE7OsLI9gDW1wQCc3ZIqd6fkPWpyWzvLi6/g5YgmPscbEtgFPS\nfLWbRHbxNhE5qOPDtiq4Q5Uquo6hmG39SDOrTQFcWXsvv9POiXaLMIrkSi+qLEUr\n+qJRGKlvz1JH8EOPNJNOxcQyfZevK5iTckd1RvBXwoRULPCAFixpVzvrq9QdpCTn\nk3SYByJpZ+i0PQXcr0GTCmM++A0c4P1AC/VcecVtIWCkfwE5tRVmimMGJzg=\n-----END RSA PRIVATE KEY-----\n",
            "private_key_pem_pkcs8": "-----BEGIN PRIVATE KEY-----\nMIIJQgIBADANBgkqhkiG9w0BAQEFAASCCSwwggkoAgEAAoICAQC8AkRdvcLQiRaP\nu/2G60sTZtsHKtSDpUv19DM2AI23bf2CcXrMw2ov5+7cPGoMqWHoQEaTb/iDKw51\nt5642v7KF5cGqVarIc8O21guhSMrO/VtE8cjGlVjrgfnb/DQj7I/JauPPv883IPQ\nwAUihw+yWsosA1qSh/POOyptT3bwm1ZCB/wIfWMIOFqZXjOjdo1fPy3LOZPSTN91\nk3CyYmaBojre8POq+KoIt3Dth2MsWHaQNVEBz1reQuCt9hWiEajClrp+aDgoL9ro\nQGN6ChcRrCKDhGJz6d7Ry/EB4v6SpkAJKTO4H9+5DNIUvjZzGp/1HwaWTzYZwF37\nr7PuZjGsLEC82DAhF+TQ0aMNCm6sHrISLCBeSoCrH5NmZQfEHL+aCRqO/WxpHPDS\nbYxUBNrmbBhD3gSiiFXdA3lNzHJZmRnO2ppDuF6GIKP1NJ4rhnVckHS44uiQ9hb3\ndnY2Ak8oK442S4zcrfx/u17WoHlE9ZnlNZivngrnmhfz/rpFbcEU0pCroHodDp7m\nVvsEJ9j8hmJFQYwvLtYvC6tjKWX9DXH2edDWs7gdnslJBdRXKy07eER/mhbYreKk\noud2dhQ8PyKxb4pU8NmFNwNhkszGFp6WkEQOM/953DJcFB7GucN1W1QydfFRSKwD\nlp/2cfkxl0RvITyYbbbUvNy46zI9zQIDAQABAoICABcI2hJ4JO3C1gpPOI02t9CN\nOgmjRD1K28crH7kekT5nkfdQ6wA6cwCilH/UQRQDDrVTZrI6tkJv3IossJwqbKwa\n/sx4o988ua8yzZeJhVkPNA8krLHO0KZxVJOVAfaznF2jQmU/DSuKQvYpCJgF3zT1\nba69zHOGh6b9VcHlygdJqORXMRhjMGZ57RO8WGxPIpwIVBaBm+xYscoogdbBOpjo\nZPkaoWgRpleCDipz+4Eb547ckWu82X/AxuFZdKYSLtCEgh3pq/O0hUgOV4HEybXH\nFsVxS1SzUzL2HzWhd5pFFzRoIWeONC1qdjTHZ0lr+iwgnIB+/PxjtsAW818ikzQ0\ns04sCT/h6y26QANKdfNURF3I0WxOjmSXWlTZS8728Q8/16+yqqKsXa7wWHTwgCMn\nfui6vWiahswqxf4tNxF8708E0HynlmblW1cKknh4cwnOALkCopzh43AoDk33wVOp\nWiW6Te9h6AUXoYcb/wUxEt3eiOuC9SmAgywCd9HVq5a651OCTowACjzcunGsVifB\n3z5S+fjBVFw5DtvJqXN9N03x8Hdnvd1QwqqIfgHkRxBf2iisrv9IjGqALR4HaiGI\nfHvMHCm0EqzbLXykIHmZI4MpIeQm99mWhRsecl+QCcof695woLTA+dPQhd+0uvBw\nIA7my1iKG5dKqvHeDx1hAoIBAQDPykvKCHeuCGrdLms4px5o0+9ed1eVor3FRddL\nrvFPPlFgsMKndx3nlKWr5idg45//tWjvwU4tuiS0c4ZdP4R08rtiZLyRCbvKaX0Q\npvb3j/n39L7ew7ao4eOLVuErqSm0dn/oxrJ4Mkbn/bDioxH7sqcO7i4+u0cR0B8g\nLJcSZ64T6YRY1WtoTUNEkzFKdxlAzIgGsf1hlCQrBbW4s7sOMHVNIUJH2pp7xtCg\n0scqcDPcxBWZLGMq7pkDXRT2BsGWk9YeYVQO+R7t1/rR9aGQMSWOqcRUzHM/jMI5\nh7+vcvFTa1ZPr7oMHwzsCYdQDQt1Cc/HRQYYwEJaMm0Yy2sdAoIBAQDnoQ562Dqy\nR6l78sH5Ri5sPrTJgkj5jR3OY63QTJ6/KDrnWetgxYn8IrqZuD4dCXmbPEEb8jWr\nTk2gt1mPlVOuuF2j3zUN0s5kwl8VbUfRVrgWTp9IhyE5Wa1qp0LrK9rlB4N8sHaC\nhKN7y2t7zdcGNULLBtXdWksEoeolezo5syM74qYam4zCScPhR+manC6LnVpS1Zyt\nlD/qo8T8GDqcaTWCgBBfpU08SwJol3IOYq+dVXOfA+8kPXwqThm/bglohYm6Fiaj\nucKjUnaQN0r81djLfx2bi3MxEcH56ikgHGH9W1KDWSfZdRsxRNsJCJlCVbCWreWH\n09K7Wse/r+5xAoIBAQDPqDS7sGCifOkHJ/ehg2ohiwPiHVRbR2ttddGmYivobLf4\n8E1n/OPW5rf2paje7Dye2NYJHN8bVbaO3BEAqZSfJ2FbAJ9uNxMEQw3okWOonqtK\nQL5rc53dAvpa6zVWY9U481/66m+7LUutVtvqcttq9ex8QE3ZBWIODDa++bD0hMb0\nQV+xQ3/2mZhLNOqCp6mGF6EtR72YQesvT6J+9qdOk+D2dvF9S5stbdBbmKnP4JgD\n3bZUAIcOhapHMUPcZ34aFJ5ceBoAaLifK0QPhfGzX1pQS5rYwAXBEdOcmOxY038X\nReLY+h3tNS69yPwAZTj4+xg55eIk5Cara0+aAtiFAoIBABl+O2a/1635fyjaLgku\ndTuKp0Eqare0lVw60k2DsVEer2T5G5PaCfbLJ7h1c7ika1LvjcbyoH+LLbYLl/ra\nl4w6VGwNy/wKgJbMYcSs82OR5M7ntlY4MSrruM9tO0tA12WvrwQRM+nniUq9t8W3\ngPv47rIDvZQQNQN8gpW/e0gQdEdKCbgR+KsFjV6FGKvglqrdFazaP9VG5MYBYlPQ\notrGJZKIX8T3H4oMQ2aZjH8S03tAhWox96cIcVsCn4jXJofvcpodiAErF8X79Hqo\n60LqkmLLScntzi7PYocMA5y6IvrMi0dTj7Q6VFTW3DihTqTjY30iBIovgRkHw8ZQ\nKbECggEAa5Kgo8scoDw42rSVM9ZtFhS4S/8xs3q95iUKcJ9gOvOHuVKX8evjSj1E\naAxhH35Imx1huZG18rqfiWl7YkDZIHp7x6mtsU8KIRua0GihVQTs6wsj2ANbXBAJ\nzdkip3p+Q9anJbO8uLr+DliCY+xxsS2AU9J8tZtEdvE2ETmo48O2KrhDlSq6jqGY\nbf1IM6tNAVxZey+/086JdoswiuRKL6osRSv6olEYqW/PUkfwQ480k07FxDJ9l68r\nmJNyR3VG8FfChFQs8IAWLGlXO+ur1B2kJOeTdJgHImln6LQ9BdyvQZMKYz74DRzg\n/UAL9Vx5xW0hYKR/ATm1FWaKYwYnOA==\n-----END PRIVATE KEY-----\n",
            "public_key_fingerprint_md5": "e2:0f:03:9e:c4:0a:55:1f:31:4f:8f:59:a3:5d:b3:a0",
            "public_key_fingerprint_sha256": "SHA256:8znxUBLQ1rKfNNxeyZli2CNL+wWlvxRnx6MVASODfYY",
            "public_key_openssh": "ssh-rsa AAAAB3NzaC1yc2EAAAADAQABAAACAQC8AkRdvcLQiRaPu/2G60sTZtsHKtSDpUv19DM2AI23bf2CcXrMw2ov5+7cPGoMqWHoQEaTb/iDKw51t5642v7KF5cGqVarIc8O21guhSMrO/VtE8cjGlVjrgfnb/DQj7I/JauPPv883IPQwAUihw+yWsosA1qSh/POOyptT3bwm1ZCB/wIfWMIOFqZXjOjdo1fPy3LOZPSTN91k3CyYmaBojre8POq+KoIt3Dth2MsWHaQNVEBz1reQuCt9hWiEajClrp+aDgoL9roQGN6ChcRrCKDhGJz6d7Ry/EB4v6SpkAJKTO4H9+5DNIUvjZzGp/1HwaWTzYZwF37r7PuZjGsLEC82DAhF+TQ0aMNCm6sHrISLCBeSoCrH5NmZQfEHL+aCRqO/WxpHPDSbYxUBNrmbBhD3gSiiFXdA3lNzHJZmRnO2ppDuF6GIKP1NJ4rhnVckHS44uiQ9hb3dnY2Ak8oK442S4zcrfx/u17WoHlE9ZnlNZivngrnmhfz/rpFbcEU0pCroHodDp7mVvsEJ9j8hmJFQYwvLtYvC6tjKWX9DXH2edDWs7gdnslJBdRXKy07eER/mhbYreKkoud2dhQ8PyKxb4pU8NmFNwNhkszGFp6WkEQOM/953DJcFB7GucN1W1QydfFRSKwDlp/2cfkxl0RvITyYbbbUvNy46zI9zQ==\n",
            "public_key_pem": "-----BEGIN PUBLIC KEY-----\nMIICIjANBgkqhkiG9w0BAQEFAAOCAg8AMIICCgKCAgEAvAJEXb3C0IkWj7v9hutL\nE2bbByrUg6VL9fQzNgCNt239gnF6zMNqL+fu3DxqDKlh6EBGk2/4gysOdbeeuNr+\nyheXBqlWqyHPDttYLoUjKzv1bRPHIxpVY64H52/w0I+yPyWrjz7/PNyD0MAFIocP\nslrKLANakofzzjsqbU928JtWQgf8CH1jCDhamV4zo3aNXz8tyzmT0kzfdZNwsmJm\ngaI63vDzqviqCLdw7YdjLFh2kDVRAc9a3kLgrfYVohGowpa6fmg4KC/a6EBjegoX\nEawig4Ric+ne0cvxAeL+kqZACSkzuB/fuQzSFL42cxqf9R8Glk82GcBd+6+z7mYx\nrCxAvNgwIRfk0NGjDQpurB6yEiwgXkqAqx+TZmUHxBy/mgkajv1saRzw0m2MVATa\n5mwYQ94EoohV3QN5TcxyWZkZztqaQ7hehiCj9TSeK4Z1XJB0uOLokPYW93Z2NgJP\nKCuONkuM3K38f7te1qB5RPWZ5TWYr54K55oX8/66RW3BFNKQq6B6HQ6e5lb7BCfY\n/IZiRUGMLy7WLwurYyll/Q1x9nnQ1rO4HZ7JSQXUVystO3hEf5oW2K3ipKLndnYU\nPD8isW+KVPDZhTcDYZLMxhaelpBEDjP/edwyXBQexrnDdVtUMnXxUUisA5af9nH5\nMZdEbyE8mG221LzcuOsyPc0CAwEAAQ==\n-----END PUBLIC KEY-----\n",
            "rsa_bits": 4096
          },
          "sensitive_attributes": [
            [
              {
                "type": "get_attr",
                "value": "private_key_openssh"
              }
            ],
            [
              {
                "type": "get_attr",
                "value": "private_key_pem"
              }
            ],
            [
              {
                "type": "get_attr",
                "value": "private_key_pem_pkcs8"
              }
            ]
          ],
          "identity_schema_version": 0
        }
      ]
    },
    {
      "module": "module.app_sg",
      "mode": "managed",
      "type": "aws_security_group",
      "name": "this",
      "provider": "provider[\"registry.terraform.io/hashicorp/aws\"]",
      "instances": [
        {
          "schema_version": 1,
          "attributes": {
            "arn": "arn:aws:ec2:eu-central-1:686255985275:security-group/sg-03bebe188c3e19b77",
            "description": "Allow required inbound traffic",
            "egress": [
              {
                "cidr_blocks": [
                  "0.0.0.0/0"
                ],
                "description": "",
                "from_port": 0,
                "ipv6_cidr_blocks": [],
                "prefix_list_ids": [],
                "protocol": "-1",
                "security_groups": [],
                "self": false,
                "to_port": 0
              }
            ],
            "id": "sg-03bebe188c3e19b77",
            "ingress": [
              {
                "cidr_blocks": [
                  "0.0.0.0/0"
                ],
                "description": "",
                "from_port": 22,
                "ipv6_cidr_blocks": [],
                "prefix_list_ids": [],
                "protocol": "tcp",
                "security_groups": [],
                "self": false,
                "to_port": 22
              },
              {
                "cidr_blocks": [
                  "0.0.0.0/0"
                ],
                "description": "",
                "from_port": 25,
                "ipv6_cidr_blocks": [],
                "prefix_list_ids": [],
                "protocol": "tcp",
                "security_groups": [],
                "self": false,
                "to_port": 25
              },
              {
                "cidr_blocks": [
                  "0.0.0.0/0"
                ],
                "description": "",
                "from_port": 30000,
                "ipv6_cidr_blocks": [],
                "prefix_list_ids": [],
                "protocol": "tcp",
                "security_groups": [],
                "self": false,
                "to_port": 32767
              },
              {
                "cidr_blocks": [
                  "0.0.0.0/0"
                ],
                "description": "",
                "from_port": 3000,
                "ipv6_cidr_blocks": [],
                "prefix_list_ids": [],
                "protocol": "tcp",
                "security_groups": [],
                "self": false,
                "to_port": 10000
              },
              {
                "cidr_blocks": [
                  "0.0.0.0/0"
                ],
                "description": "",
                "from_port": 443,
                "ipv6_cidr_blocks": [],
                "prefix_list_ids": [],
                "protocol": "tcp",
                "security_groups": [],
                "self": false,
                "to_port": 443
              },
              {
                "cidr_blocks": [
                  "0.0.0.0/0"
                ],
                "description": "",
                "from_port": 465,
                "ipv6_cidr_blocks": [],
                "prefix_list_ids": [],
                "protocol": "tcp",
                "security_groups": [],
                "self": false,
                "to_port": 465
              },
              {
                "cidr_blocks": [
                  "0.0.0.0/0"
                ],
                "description": "",
                "from_port": 6443,
                "ipv6_cidr_blocks": [],
                "prefix_list_ids": [],
                "protocol": "tcp",
                "security_groups": [],
                "self": false,
                "to_port": 6443
              },
              {
                "cidr_blocks": [
                  "0.0.0.0/0"
                ],
                "description": "",
                "from_port": 80,
                "ipv6_cidr_blocks": [],
                "prefix_list_ids": [],
                "protocol": "tcp",
                "security_groups": [],
                "self": false,
                "to_port": 80
              }
            ],
            "name": "ramo-beko-sg",
            "name_prefix": "",
            "owner_id": "686255985275",
            "revoke_rules_on_delete": false,
            "tags": {
              "Name": "ramo-beko-sg"
            },
            "tags_all": {
              "Name": "ramo-beko-sg"
            },
            "timeouts": null,
            "vpc_id": "vpc-0cd726ed01a18b4fe"
          },
          "sensitive_attributes": [],
          "identity_schema_version": 0,
          "private": "eyJlMmJmYjczMC1lY2FhLTExZTYtOGY4OC0zNDM2M2JjN2M0YzAiOnsiY3JlYXRlIjo2MDAwMDAwMDAwMDAsImRlbGV0ZSI6OTAwMDAwMDAwMDAwfSwic2NoZW1hX3ZlcnNpb24iOiIxIn0=",
          "dependencies": [
            "data.aws_vpc.default"
          ]
        }
      ]
    },
    {
      "module": "module.app_sg",
      "mode": "managed",
      "type": "aws_security_group_rule",
      "name": "self_allow_2049",
      "provider": "provider[\"registry.terraform.io/hashicorp/aws\"]",
      "instances": [
        {
          "schema_version": 2,
          "attributes": {
            "cidr_blocks": null,
            "description": null,
            "from_port": 2049,
            "id": "sgrule-2215428717",
            "ipv6_cidr_blocks": null,
            "prefix_list_ids": null,
            "protocol": "tcp",
            "security_group_id": "sg-03bebe188c3e19b77",
            "security_group_rule_id": "sgr-09b0dc4fe29cea59f",
            "self": false,
            "source_security_group_id": "sg-03bebe188c3e19b77",
            "timeouts": null,
            "to_port": 2049,
            "type": "ingress"
          },
          "sensitive_attributes": [],
          "identity_schema_version": 0,
          "private": "eyJlMmJmYjczMC1lY2FhLTExZTYtOGY4OC0zNDM2M2JjN2M0YzAiOnsiY3JlYXRlIjozMDAwMDAwMDAwMDB9LCJzY2hlbWFfdmVyc2lvbiI6IjIifQ==",
          "dependencies": [
            "data.aws_vpc.default",
            "module.app_sg.aws_security_group.this"
          ]
        }
      ]
    },
    {
      "module": "module.backup_bucket",
      "mode": "managed",
      "type": "aws_s3_bucket",
      "name": "this",
      "provider": "provider[\"registry.terraform.io/hashicorp/aws\"]",
      "instances": [
        {
          "schema_version": 0,
          "attributes": {
            "acceleration_status": "",
            "acl": null,
            "arn": "arn:aws:s3:::efs-backup-storage-bucket",
            "bucket": "efs-backup-storage-bucket",
            "bucket_domain_name": "efs-backup-storage-bucket.s3.amazonaws.com",
            "bucket_prefix": "",
            "bucket_regional_domain_name": "efs-backup-storage-bucket.s3.eu-central-1.amazonaws.com",
            "cors_rule": [],
            "force_destroy": false,
            "grant": [
              {
                "id": "724deb73b55843715e458fd7c88913781ee2eed8f4643dc7a8b8c8ece988d362",
                "permissions": [
                  "FULL_CONTROL"
                ],
                "type": "CanonicalUser",
                "uri": ""
              }
            ],
            "hosted_zone_id": "Z21DNDUVLTQW6Q",
            "id": "efs-backup-storage-bucket",
            "lifecycle_rule": [],
            "logging": [],
            "object_lock_configuration": [],
            "object_lock_enabled": false,
            "policy": "",
            "region": "eu-central-1",
            "replication_configuration": [],
            "request_payer": "BucketOwner",
            "server_side_encryption_configuration": [
              {
                "rule": [
                  {
                    "apply_server_side_encryption_by_default": [
                      {
                        "kms_master_key_id": "",
                        "sse_algorithm": "AES256"
                      }
                    ],
                    "bucket_key_enabled": false
                  }
                ]
              }
            ],
            "tags": null,
            "tags_all": {},
            "timeouts": null,
            "versioning": [
              {
                "enabled": false,
                "mfa_delete": false
              }
            ],
            "website": [],
            "website_domain": null,
            "website_endpoint": null
          },
          "sensitive_attributes": [],
          "identity_schema_version": 0,
          "private": "eyJlMmJmYjczMC1lY2FhLTExZTYtOGY4OC0zNDM2M2JjN2M0YzAiOnsiY3JlYXRlIjoxMjAwMDAwMDAwMDAwLCJkZWxldGUiOjM2MDAwMDAwMDAwMDAsInJlYWQiOjEyMDAwMDAwMDAwMDAsInVwZGF0ZSI6MTIwMDAwMDAwMDAwMH19"
        }
      ]
    },
    {
      "module": "module.efs",
      "mode": "managed",
      "type": "aws_efs_access_point",
      "name": "this",
      "provider": "provider[\"registry.terraform.io/hashicorp/aws\"]",
      "instances": [
        {
          "schema_version": 0,
          "attributes": {
            "arn": "arn:aws:elasticfilesystem:eu-central-1:686255985275:access-point/fsap-06bd0c49b20b3c253",
            "file_system_arn": "arn:aws:elasticfilesystem:eu-central-1:686255985275:file-system/fs-0dc306217a0214676",
            "file_system_id": "fs-0dc306217a0214676",
            "id": "fsap-06bd0c49b20b3c253",
            "owner_id": "686255985275",
            "posix_user": [
              {
                "gid": 1000,
                "secondary_gids": null,
                "uid": 1000
              }
            ],
            "root_directory": [
              {
                "creation_info": [
                  {
                    "owner_gid": 1000,
                    "owner_uid": 1000,
                    "permissions": "755"
                  }
                ],
                "path": "/lambda"
              }
            ],
            "tags": null,
            "tags_all": {}
          },
          "sensitive_attributes": [],
          "identity_schema_version": 0,
          "private": "bnVsbA==",
          "dependencies": [
            "data.aws_vpc.default",
            "module.app_sg.aws_security_group.this",
            "module.app_sg.aws_security_group_rule.self_allow_2049",
            "module.efs.aws_efs_file_system.this"
          ]
        }
      ]
    },
    {
      "module": "module.efs",
      "mode": "managed",
      "type": "aws_efs_file_system",
      "name": "this",
      "provider": "provider[\"registry.terraform.io/hashicorp/aws\"]",
      "instances": [
        {
          "schema_version": 0,
          "attributes": {
            "arn": "arn:aws:elasticfilesystem:eu-central-1:686255985275:file-system/fs-0dc306217a0214676",
            "availability_zone_id": "",
            "availability_zone_name": "",
            "creation_token": "efs-backup",
            "dns_name": "fs-0dc306217a0214676.efs.eu-central-1.amazonaws.com",
            "encrypted": false,
            "id": "fs-0dc306217a0214676",
            "kms_key_id": "",
            "lifecycle_policy": [],
            "name": "efs-backup",
            "number_of_mount_targets": 0,
            "owner_id": "686255985275",
            "performance_mode": "generalPurpose",
            "protection": [
              {
                "replication_overwrite": "ENABLED"
              }
            ],
            "provisioned_throughput_in_mibps": 0,
            "size_in_bytes": [
              {
                "value": 6144,
                "value_in_ia": 0,
                "value_in_standard": 6144
              }
            ],
            "tags": {
              "Name": "efs-backup"
            },
            "tags_all": {
              "Name": "efs-backup"
            },
            "throughput_mode": "bursting"
          },
          "sensitive_attributes": [],
          "identity_schema_version": 0,
          "private": "bnVsbA==",
          "dependencies": [
            "data.aws_vpc.default",
            "module.app_sg.aws_security_group.this",
            "module.app_sg.aws_security_group_rule.self_allow_2049"
          ]
        }
      ]
    },
    {
      "module": "module.efs",
      "mode": "managed",
      "type": "aws_efs_mount_target",
      "name": "target",
      "provider": "provider[\"registry.terraform.io/hashicorp/aws\"]",
      "instances": [
        {
          "schema_version": 0,
          "attributes": {
            "availability_zone_id": "euc1-az1",
            "availability_zone_name": "eu-central-1c",
            "dns_name": "fs-0dc306217a0214676.efs.eu-central-1.amazonaws.com",
            "file_system_arn": "arn:aws:elasticfilesystem:eu-central-1:686255985275:file-system/fs-0dc306217a0214676",
            "file_system_id": "fs-0dc306217a0214676",
            "id": "fsmt-06dc1e630c472eb32",
            "ip_address": "172.31.9.50",
            "mount_target_dns_name": "eu-central-1c.fs-0dc306217a0214676.efs.eu-central-1.amazonaws.com",
            "network_interface_id": "eni-0c59f82a014520ed8",
            "owner_id": "686255985275",
            "security_groups": [
              "sg-03bebe188c3e19b77"
            ],
            "subnet_id": "subnet-0038b1fe0553c625b",
            "timeouts": null
          },
          "sensitive_attributes": [],
          "identity_schema_version": 0,
          "private": "eyJlMmJmYjczMC1lY2FhLTExZTYtOGY4OC0zNDM2M2JjN2M0YzAiOnsiY3JlYXRlIjoxODAwMDAwMDAwMDAwLCJkZWxldGUiOjYwMDAwMDAwMDAwMH19",
          "dependencies": [
            "data.aws_subnet.first",
            "data.aws_subnets.default",
            "data.aws_vpc.default",
            "module.app_sg.aws_security_group.this",
            "module.app_sg.aws_security_group_rule.self_allow_2049",
            "module.efs.aws_efs_file_system.this"
          ]
        }
      ]
    },
    {
      "module": "module.efs_backup_lambda",
      "mode": "managed",
      "type": "aws_iam_role",
      "name": "lambda_exec",
      "provider": "provider[\"registry.terraform.io/hashicorp/aws\"]",
      "instances": [
        {
          "schema_version": 0,
          "attributes": {
            "arn": "arn:aws:iam::686255985275:role/efs-to-s3-backup-exec",
            "assume_role_policy": "{\"Statement\":[{\"Action\":\"sts:AssumeRole\",\"Effect\":\"Allow\",\"Principal\":{\"Service\":\"lambda.amazonaws.com\"}}],\"Version\":\"2012-10-17\"}",
            "create_date": "2025-05-22T18:25:26Z",
            "description": "",
            "force_detach_policies": false,
            "id": "efs-to-s3-backup-exec",
            "inline_policy": [],
            "managed_policy_arns": [],
            "max_session_duration": 3600,
            "name": "efs-to-s3-backup-exec",
            "name_prefix": "",
            "path": "/",
            "permissions_boundary": "",
            "tags": null,
            "tags_all": {},
            "unique_id": "AROAZ7SALKJ53PH43OIHS"
          },
          "sensitive_attributes": [],
          "identity_schema_version": 0,
          "private": "bnVsbA==",
          "dependencies": [
            "data.aws_subnet.first",
            "data.aws_subnets.default",
            "data.aws_vpc.default",
            "module.app_sg.aws_security_group.this",
            "module.app_sg.aws_security_group_rule.self_allow_2049",
            "module.efs.aws_efs_access_point.this",
            "module.efs.aws_efs_file_system.this",
            "module.efs.aws_efs_mount_target.target"
          ]
        }
      ]
    },
    {
      "module": "module.efs_backup_lambda",
      "mode": "managed",
      "type": "aws_iam_role_policy_attachment",
      "name": "lambda_policy",
      "provider": "provider[\"registry.terraform.io/hashicorp/aws\"]",
      "instances": [
        {
          "schema_version": 0,
          "attributes": {
            "id": "efs-to-s3-backup-exec-20250522182527339600000009",
            "policy_arn": "arn:aws:iam::aws:policy/AWSLambda_FullAccess",
            "role": "efs-to-s3-backup-exec"
          },
          "sensitive_attributes": [],
          "identity_schema_version": 0,
          "private": "bnVsbA==",
          "dependencies": [
            "data.aws_subnet.first",
            "data.aws_subnets.default",
            "data.aws_vpc.default",
            "module.app_sg.aws_security_group.this",
            "module.app_sg.aws_security_group_rule.self_allow_2049",
            "module.efs.aws_efs_access_point.this",
            "module.efs.aws_efs_file_system.this",
            "module.efs.aws_efs_mount_target.target",
            "module.efs_backup_lambda.aws_iam_role.lambda_exec"
          ]
        }
      ]
    },
    {
      "module": "module.efs_backup_lambda",
      "mode": "managed",
      "type": "aws_iam_role_policy_attachment",
      "name": "lambda_policy_base",
      "provider": "provider[\"registry.terraform.io/hashicorp/aws\"]",
      "instances": [
        {
          "schema_version": 0,
          "attributes": {
            "id": "efs-to-s3-backup-exec-20250522182527205800000008",
            "policy_arn": "arn:aws:iam::aws:policy/AWSLambda_FullAccess",
            "role": "efs-to-s3-backup-exec"
          },
          "sensitive_attributes": [],
          "identity_schema_version": 0,
          "private": "bnVsbA==",
          "dependencies": [
            "data.aws_subnet.first",
            "data.aws_subnets.default",
            "data.aws_vpc.default",
            "module.app_sg.aws_security_group.this",
            "module.app_sg.aws_security_group_rule.self_allow_2049",
            "module.efs.aws_efs_access_point.this",
            "module.efs.aws_efs_file_system.this",
            "module.efs.aws_efs_mount_target.target",
            "module.efs_backup_lambda.aws_iam_role.lambda_exec"
          ]
        }
      ]
    },
    {
      "module": "module.efs_backup_lambda",
      "mode": "managed",
      "type": "aws_iam_role_policy_attachment",
      "name": "lambda_policy_efs",
      "provider": "provider[\"registry.terraform.io/hashicorp/aws\"]",
      "instances": [
        {
          "schema_version": 0,
          "attributes": {
            "id": "efs-to-s3-backup-exec-2025052218252735360000000a",
            "policy_arn": "arn:aws:iam::aws:policy/AmazonElasticFileSystemClientFullAccess",
            "role": "efs-to-s3-backup-exec"
          },
          "sensitive_attributes": [],
          "identity_schema_version": 0,
          "private": "bnVsbA==",
          "dependencies": [
            "data.aws_subnet.first",
            "data.aws_subnets.default",
            "data.aws_vpc.default",
            "module.app_sg.aws_security_group.this",
            "module.app_sg.aws_security_group_rule.self_allow_2049",
            "module.efs.aws_efs_access_point.this",
            "module.efs.aws_efs_file_system.this",
            "module.efs.aws_efs_mount_target.target",
            "module.efs_backup_lambda.aws_iam_role.lambda_exec"
          ]
        }
      ]
    },
    {
      "module": "module.efs_backup_lambda",
      "mode": "managed",
      "type": "aws_iam_role_policy_attachment",
      "name": "lambda_policy_vpc",
      "provider": "provider[\"registry.terraform.io/hashicorp/aws\"]",
      "instances": [
        {
          "schema_version": 0,
          "attributes": {
            "id": "efs-to-s3-backup-exec-20250522182526955000000007",
            "policy_arn": "arn:aws:iam::aws:policy/service-role/AWSLambdaVPCAccessExecutionRole",
            "role": "efs-to-s3-backup-exec"
          },
          "sensitive_attributes": [],
          "identity_schema_version": 0,
          "private": "bnVsbA==",
          "dependencies": [
            "data.aws_subnet.first",
            "data.aws_subnets.default",
            "data.aws_vpc.default",
            "module.app_sg.aws_security_group.this",
            "module.app_sg.aws_security_group_rule.self_allow_2049",
            "module.efs.aws_efs_access_point.this",
            "module.efs.aws_efs_file_system.this",
            "module.efs.aws_efs_mount_target.target",
            "module.efs_backup_lambda.aws_iam_role.lambda_exec"
          ]
        }
      ]
    },
    {
      "module": "module.efs_backup_lambda",
      "mode": "managed",
      "type": "aws_lambda_function",
      "name": "this",
      "provider": "provider[\"registry.terraform.io/hashicorp/aws\"]",
      "instances": [
        {
          "schema_version": 0,
          "attributes": {
            "architectures": [
              "x86_64"
            ],
            "arn": "arn:aws:lambda:eu-central-1:686255985275:function:efs-to-s3-backup",
            "code_sha256": "syK7ANoLCV1WPEvC+W5yvOYiOIXlNwCdAmR5FArtLRM=",
            "code_signing_config_arn": "",
            "dead_letter_config": [],
            "description": "",
            "environment": [
              {
                "variables": {
                  "TARGET_BUCKET": "efs-backup-storage-bucket"
                }
              }
            ],
            "ephemeral_storage": [
              {
                "size": 512
              }
            ],
            "file_system_config": [
              {
                "arn": "arn:aws:elasticfilesystem:eu-central-1:686255985275:access-point/fsap-06bd0c49b20b3c253",
                "local_mount_path": "/mnt/efs"
              }
            ],
            "filename": "./../../modules/lambda/efs_backup_lambda.zip",
            "function_name": "efs-to-s3-backup",
            "handler": "index.handler",
            "id": "efs-to-s3-backup",
            "image_config": [],
            "image_uri": "",
            "invoke_arn": "arn:aws:apigateway:eu-central-1:lambda:path/2015-03-31/functions/arn:aws:lambda:eu-central-1:686255985275:function:efs-to-s3-backup/invocations",
            "kms_key_arn": "",
            "last_modified": "2025-05-22T18:25:36.779+0000",
            "layers": null,
            "logging_config": [
              {
                "application_log_level": "",
                "log_format": "Text",
                "log_group": "/aws/lambda/efs-to-s3-backup",
                "system_log_level": ""
              }
            ],
            "memory_size": 128,
            "package_type": "Zip",
            "publish": false,
            "qualified_arn": "arn:aws:lambda:eu-central-1:686255985275:function:efs-to-s3-backup:$LATEST",
            "qualified_invoke_arn": "arn:aws:apigateway:eu-central-1:lambda:path/2015-03-31/functions/arn:aws:lambda:eu-central-1:686255985275:function:efs-to-s3-backup:$LATEST/invocations",
            "replace_security_groups_on_destroy": null,
            "replacement_security_group_ids": null,
            "reserved_concurrent_executions": -1,
            "role": "arn:aws:iam::686255985275:role/efs-to-s3-backup-exec",
            "runtime": "python3.9",
            "s3_bucket": null,
            "s3_key": null,
            "s3_object_version": null,
            "signing_job_arn": "",
            "signing_profile_version_arn": "",
            "skip_destroy": false,
            "snap_start": [],
            "source_code_hash": "",
            "source_code_size": 342,
            "tags": null,
            "tags_all": {},
            "timeout": 60,
            "timeouts": null,
            "tracing_config": [
              {
                "mode": "PassThrough"
              }
            ],
            "version": "$LATEST",
            "vpc_config": [
              {
                "ipv6_allowed_for_dual_stack": false,
                "security_group_ids": [
                  "sg-03bebe188c3e19b77"
                ],
                "subnet_ids": [
                  "subnet-0038b1fe0553c625b"
                ],
                "vpc_id": "vpc-0cd726ed01a18b4fe"
              }
            ]
          },
          "sensitive_attributes": [],
          "identity_schema_version": 0,
          "private": "eyJlMmJmYjczMC1lY2FhLTExZTYtOGY4OC0zNDM2M2JjN2M0YzAiOnsiY3JlYXRlIjo2MDAwMDAwMDAwMDAsImRlbGV0ZSI6NjAwMDAwMDAwMDAwLCJ1cGRhdGUiOjYwMDAwMDAwMDAwMH19",
          "dependencies": [
            "data.aws_subnet.first",
            "data.aws_subnets.default",
            "data.aws_vpc.default",
            "module.app_sg.aws_security_group.this",
            "module.app_sg.aws_security_group_rule.self_allow_2049",
            "module.backup_bucket.aws_s3_bucket.this",
            "module.efs.aws_efs_access_point.this",
            "module.efs.aws_efs_file_system.this",
            "module.efs.aws_efs_mount_target.target",
            "module.efs_backup_lambda.aws_iam_role.lambda_exec"
          ]
        }
      ]
    },
    {
      "module": "module.jenkins",
      "mode": "managed",
      "type": "aws_instance",
      "name": "this",
      "provider": "provider[\"registry.terraform.io/hashicorp/aws\"]",
      "instances": [
        {
          "schema_version": 1,
          "attributes": {
            "ami": "ami-0a87a69d69fa289be",
            "arn": "arn:aws:ec2:eu-central-1:686255985275:instance/i-044bb545b1933b2ed",
            "associate_public_ip_address": true,
            "availability_zone": "eu-central-1b",
            "capacity_reservation_specification": [
              {
                "capacity_reservation_preference": "open",
                "capacity_reservation_target": []
              }
            ],
            "cpu_core_count": 2,
            "cpu_options": [
              {
                "amd_sev_snp": "",
                "core_count": 2,
                "threads_per_core": 1
              }
            ],
            "cpu_threads_per_core": 1,
            "credit_specification": [
              {
                "cpu_credits": "standard"
              }
            ],
            "disable_api_stop": false,
            "disable_api_termination": false,
            "ebs_block_device": [],
            "ebs_optimized": false,
            "enable_primary_ipv6": null,
            "enclave_options": [
              {
                "enabled": false
              }
            ],
            "ephemeral_block_device": [],
            "get_password_data": false,
            "hibernation": false,
            "host_id": "",
            "host_resource_group_arn": null,
            "iam_instance_profile": "",
            "id": "i-044bb545b1933b2ed",
            "instance_initiated_shutdown_behavior": "stop",
            "instance_lifecycle": "",
            "instance_market_options": [],
            "instance_state": "running",
            "instance_type": "t2.medium",
            "ipv6_address_count": 0,
            "ipv6_addresses": [],
            "key_name": "ocs-key",
            "launch_template": [],
            "maintenance_options": [
              {
                "auto_recovery": "default"
              }
            ],
            "metadata_options": [
              {
                "http_endpoint": "enabled",
                "http_protocol_ipv6": "disabled",
                "http_put_response_hop_limit": 1,
                "http_tokens": "optional",
                "instance_metadata_tags": "disabled"
              }
            ],
            "monitoring": false,
            "network_interface": [],
            "outpost_arn": "",
            "password_data": "",
            "placement_group": "",
            "placement_partition_number": 0,
            "primary_network_interface_id": "eni-05eee28305950fbc3",
            "private_dns": "ip-172-31-47-128.eu-central-1.compute.internal",
            "private_dns_name_options": [
              {
                "enable_resource_name_dns_a_record": false,
                "enable_resource_name_dns_aaaa_record": false,
                "hostname_type": "ip-name"
              }
            ],
            "private_ip": "172.31.47.128",
            "public_dns": "ec2-18-199-177-215.eu-central-1.compute.amazonaws.com",
            "public_ip": "18.199.177.215",
            "root_block_device": [
              {
                "delete_on_termination": true,
                "device_name": "/dev/sda1",
                "encrypted": false,
                "iops": 100,
                "kms_key_id": "",
                "tags": null,
                "tags_all": {},
                "throughput": 0,
                "volume_id": "vol-007fbb2c5ef335318",
                "volume_size": 20,
                "volume_type": "gp2"
              }
            ],
            "secondary_private_ips": [],
            "security_groups": [
              "ramo-beko-sg"
            ],
            "source_dest_check": true,
            "spot_instance_request_id": "",
            "subnet_id": "subnet-01627f3d3717a3ed2",
            "tags": {
              "Name": "jenkins"
            },
            "tags_all": {
              "Name": "jenkins"
            },
            "tenancy": "default",
            "timeouts": null,
            "user_data": null,
            "user_data_base64": null,
            "user_data_replace_on_change": false,
            "volume_tags": null,
            "vpc_security_group_ids": [
              "sg-03bebe188c3e19b77"
            ]
          },
          "sensitive_attributes": [],
          "identity_schema_version": 0,
          "private": "eyJlMmJmYjczMC1lY2FhLTExZTYtOGY4OC0zNDM2M2JjN2M0YzAiOnsiY3JlYXRlIjo2MDAwMDAwMDAwMDAsImRlbGV0ZSI6MTIwMDAwMDAwMDAwMCwicmVhZCI6OTAwMDAwMDAwMDAwLCJ1cGRhdGUiOjYwMDAwMDAwMDAwMH0sInNjaGVtYV92ZXJzaW9uIjoiMSJ9",
          "dependencies": [
            "aws_key_pair.ocs_key",
            "data.aws_ami.ubuntu_latest",
            "data.aws_vpc.default",
            "module.app_sg.aws_security_group.this",
            "module.app_sg.aws_security_group_rule.self_allow_2049",
            "tls_private_key.ocs_key"
          ]
        }
      ]
    },
    {
      "module": "module.k8s_master",
      "mode": "managed",
      "type": "aws_instance",
      "name": "this",
      "provider": "provider[\"registry.terraform.io/hashicorp/aws\"]",
      "instances": [
        {
          "schema_version": 1,
          "attributes": {
            "ami": "ami-0a87a69d69fa289be",
            "arn": "arn:aws:ec2:eu-central-1:686255985275:instance/i-0926c531b547743d3",
            "associate_public_ip_address": true,
            "availability_zone": "eu-central-1b",
            "capacity_reservation_specification": [
              {
                "capacity_reservation_preference": "open",
                "capacity_reservation_target": []
              }
            ],
            "cpu_core_count": 2,
            "cpu_options": [
              {
                "amd_sev_snp": "",
                "core_count": 2,
                "threads_per_core": 1
              }
            ],
            "cpu_threads_per_core": 1,
            "credit_specification": [
              {
                "cpu_credits": "standard"
              }
            ],
            "disable_api_stop": false,
            "disable_api_termination": false,
            "ebs_block_device": [],
            "ebs_optimized": false,
            "enable_primary_ipv6": null,
            "enclave_options": [
              {
                "enabled": false
              }
            ],
            "ephemeral_block_device": [],
            "get_password_data": false,
            "hibernation": false,
            "host_id": "",
            "host_resource_group_arn": null,
            "iam_instance_profile": "",
            "id": "i-0926c531b547743d3",
            "instance_initiated_shutdown_behavior": "stop",
            "instance_lifecycle": "",
            "instance_market_options": [],
            "instance_state": "running",
            "instance_type": "t2.medium",
            "ipv6_address_count": 0,
            "ipv6_addresses": [],
            "key_name": "ocs-key",
            "launch_template": [],
            "maintenance_options": [
              {
                "auto_recovery": "default"
              }
            ],
            "metadata_options": [
              {
                "http_endpoint": "enabled",
                "http_protocol_ipv6": "disabled",
                "http_put_response_hop_limit": 1,
                "http_tokens": "optional",
                "instance_metadata_tags": "disabled"
              }
            ],
            "monitoring": false,
            "network_interface": [],
            "outpost_arn": "",
            "password_data": "",
            "placement_group": "",
            "placement_partition_number": 0,
            "primary_network_interface_id": "eni-0fe4603c50ef2e872",
            "private_dns": "ip-172-31-35-87.eu-central-1.compute.internal",
            "private_dns_name_options": [
              {
                "enable_resource_name_dns_a_record": false,
                "enable_resource_name_dns_aaaa_record": false,
                "hostname_type": "ip-name"
              }
            ],
            "private_ip": "172.31.35.87",
            "public_dns": "ec2-3-127-243-183.eu-central-1.compute.amazonaws.com",
            "public_ip": "3.127.243.183",
            "root_block_device": [
              {
                "delete_on_termination": true,
                "device_name": "/dev/sda1",
                "encrypted": false,
                "iops": 100,
                "kms_key_id": "",
                "tags": null,
                "tags_all": {},
                "throughput": 0,
                "volume_id": "vol-0c89d01c9d84caa26",
                "volume_size": 25,
                "volume_type": "gp2"
              }
            ],
            "secondary_private_ips": [],
            "security_groups": [
              "ramo-beko-sg"
            ],
            "source_dest_check": true,
            "spot_instance_request_id": "",
            "subnet_id": "subnet-01627f3d3717a3ed2",
            "tags": {
              "Name": "kubernetes-master"
            },
            "tags_all": {
              "Name": "kubernetes-master"
            },
            "tenancy": "default",
            "timeouts": null,
            "user_data": null,
            "user_data_base64": null,
            "user_data_replace_on_change": false,
            "volume_tags": null,
            "vpc_security_group_ids": [
              "sg-03bebe188c3e19b77"
            ]
          },
          "sensitive_attributes": [],
          "identity_schema_version": 0,
          "private": "eyJlMmJmYjczMC1lY2FhLTExZTYtOGY4OC0zNDM2M2JjN2M0YzAiOnsiY3JlYXRlIjo2MDAwMDAwMDAwMDAsImRlbGV0ZSI6MTIwMDAwMDAwMDAwMCwicmVhZCI6OTAwMDAwMDAwMDAwLCJ1cGRhdGUiOjYwMDAwMDAwMDAwMH0sInNjaGVtYV92ZXJzaW9uIjoiMSJ9",
          "dependencies": [
            "aws_key_pair.ocs_key",
            "data.aws_ami.ubuntu_latest",
            "data.aws_vpc.default",
            "module.app_sg.aws_security_group.this",
            "module.app_sg.aws_security_group_rule.self_allow_2049",
            "tls_private_key.ocs_key"
          ]
        }
      ]
    },
    {
      "module": "module.k8s_slave_1",
      "mode": "managed",
      "type": "aws_instance",
      "name": "this",
      "provider": "provider[\"registry.terraform.io/hashicorp/aws\"]",
      "instances": [
        {
          "schema_version": 1,
          "attributes": {
            "ami": "ami-0a87a69d69fa289be",
            "arn": "arn:aws:ec2:eu-central-1:686255985275:instance/i-0b222a17b4cef9dba",
            "associate_public_ip_address": true,
            "availability_zone": "eu-central-1b",
            "capacity_reservation_specification": [
              {
                "capacity_reservation_preference": "open",
                "capacity_reservation_target": []
              }
            ],
            "cpu_core_count": 2,
            "cpu_options": [
              {
                "amd_sev_snp": "",
                "core_count": 2,
                "threads_per_core": 1
              }
            ],
            "cpu_threads_per_core": 1,
            "credit_specification": [
              {
                "cpu_credits": "standard"
              }
            ],
            "disable_api_stop": false,
            "disable_api_termination": false,
            "ebs_block_device": [],
            "ebs_optimized": false,
            "enable_primary_ipv6": null,
            "enclave_options": [
              {
                "enabled": false
              }
            ],
            "ephemeral_block_device": [],
            "get_password_data": false,
            "hibernation": false,
            "host_id": "",
            "host_resource_group_arn": null,
            "iam_instance_profile": "",
            "id": "i-0b222a17b4cef9dba",
            "instance_initiated_shutdown_behavior": "stop",
            "instance_lifecycle": "",
            "instance_market_options": [],
            "instance_state": "running",
            "instance_type": "t2.medium",
            "ipv6_address_count": 0,
            "ipv6_addresses": [],
            "key_name": "ocs-key",
            "launch_template": [],
            "maintenance_options": [
              {
                "auto_recovery": "default"
              }
            ],
            "metadata_options": [
              {
                "http_endpoint": "enabled",
                "http_protocol_ipv6": "disabled",
                "http_put_response_hop_limit": 1,
                "http_tokens": "optional",
                "instance_metadata_tags": "disabled"
              }
            ],
            "monitoring": false,
            "network_interface": [],
            "outpost_arn": "",
            "password_data": "",
            "placement_group": "",
            "placement_partition_number": 0,
            "primary_network_interface_id": "eni-0197f5aee05a5b844",
            "private_dns": "ip-172-31-34-214.eu-central-1.compute.internal",
            "private_dns_name_options": [
              {
                "enable_resource_name_dns_a_record": false,
                "enable_resource_name_dns_aaaa_record": false,
                "hostname_type": "ip-name"
              }
            ],
            "private_ip": "172.31.34.214",
            "public_dns": "ec2-3-120-140-112.eu-central-1.compute.amazonaws.com",
            "public_ip": "3.120.140.112",
            "root_block_device": [
              {
                "delete_on_termination": true,
                "device_name": "/dev/sda1",
                "encrypted": false,
                "iops": 100,
                "kms_key_id": "",
                "tags": null,
                "tags_all": {},
                "throughput": 0,
                "volume_id": "vol-0b3a928f30c81fd2e",
                "volume_size": 25,
                "volume_type": "gp2"
              }
            ],
            "secondary_private_ips": [],
            "security_groups": [
              "ramo-beko-sg"
            ],
            "source_dest_check": true,
            "spot_instance_request_id": "",
            "subnet_id": "subnet-01627f3d3717a3ed2",
            "tags": {
              "Name": "kubernetes-slave-1"
            },
            "tags_all": {
              "Name": "kubernetes-slave-1"
            },
            "tenancy": "default",
            "timeouts": null,
            "user_data": null,
            "user_data_base64": null,
            "user_data_replace_on_change": false,
            "volume_tags": null,
            "vpc_security_group_ids": [
              "sg-03bebe188c3e19b77"
            ]
          },
          "sensitive_attributes": [],
          "identity_schema_version": 0,
          "private": "eyJlMmJmYjczMC1lY2FhLTExZTYtOGY4OC0zNDM2M2JjN2M0YzAiOnsiY3JlYXRlIjo2MDAwMDAwMDAwMDAsImRlbGV0ZSI6MTIwMDAwMDAwMDAwMCwicmVhZCI6OTAwMDAwMDAwMDAwLCJ1cGRhdGUiOjYwMDAwMDAwMDAwMH0sInNjaGVtYV92ZXJzaW9uIjoiMSJ9",
          "dependencies": [
            "aws_key_pair.ocs_key",
            "data.aws_ami.ubuntu_latest",
            "data.aws_vpc.default",
            "module.app_sg.aws_security_group.this",
            "module.app_sg.aws_security_group_rule.self_allow_2049",
            "tls_private_key.ocs_key"
          ]
        }
      ]
    },
    {
      "module": "module.k8s_slave_2",
      "mode": "managed",
      "type": "aws_instance",
      "name": "this",
      "provider": "provider[\"registry.terraform.io/hashicorp/aws\"]",
      "instances": [
        {
          "schema_version": 1,
          "attributes": {
            "ami": "ami-0a87a69d69fa289be",
            "arn": "arn:aws:ec2:eu-central-1:686255985275:instance/i-0a23a48cc2bc96c42",
            "associate_public_ip_address": true,
            "availability_zone": "eu-central-1b",
            "capacity_reservation_specification": [
              {
                "capacity_reservation_preference": "open",
                "capacity_reservation_target": []
              }
            ],
            "cpu_core_count": 2,
            "cpu_options": [
              {
                "amd_sev_snp": "",
                "core_count": 2,
                "threads_per_core": 1
              }
            ],
            "cpu_threads_per_core": 1,
            "credit_specification": [
              {
                "cpu_credits": "standard"
              }
            ],
            "disable_api_stop": false,
            "disable_api_termination": false,
            "ebs_block_device": [],
            "ebs_optimized": false,
            "enable_primary_ipv6": null,
            "enclave_options": [
              {
                "enabled": false
              }
            ],
            "ephemeral_block_device": [],
            "get_password_data": false,
            "hibernation": false,
            "host_id": "",
            "host_resource_group_arn": null,
            "iam_instance_profile": "",
            "id": "i-0a23a48cc2bc96c42",
            "instance_initiated_shutdown_behavior": "stop",
            "instance_lifecycle": "",
            "instance_market_options": [],
            "instance_state": "running",
            "instance_type": "t2.medium",
            "ipv6_address_count": 0,
            "ipv6_addresses": [],
            "key_name": "ocs-key",
            "launch_template": [],
            "maintenance_options": [
              {
                "auto_recovery": "default"
              }
            ],
            "metadata_options": [
              {
                "http_endpoint": "enabled",
                "http_protocol_ipv6": "disabled",
                "http_put_response_hop_limit": 1,
                "http_tokens": "optional",
                "instance_metadata_tags": "disabled"
              }
            ],
            "monitoring": false,
            "network_interface": [],
            "outpost_arn": "",
            "password_data": "",
            "placement_group": "",
            "placement_partition_number": 0,
            "primary_network_interface_id": "eni-04e01759b6a66091b",
            "private_dns": "ip-172-31-47-220.eu-central-1.compute.internal",
            "private_dns_name_options": [
              {
                "enable_resource_name_dns_a_record": false,
                "enable_resource_name_dns_aaaa_record": false,
                "hostname_type": "ip-name"
              }
            ],
            "private_ip": "172.31.47.220",
            "public_dns": "ec2-3-67-201-205.eu-central-1.compute.amazonaws.com",
            "public_ip": "3.67.201.205",
            "root_block_device": [
              {
                "delete_on_termination": true,
                "device_name": "/dev/sda1",
                "encrypted": false,
                "iops": 100,
                "kms_key_id": "",
                "tags": null,
                "tags_all": {},
                "throughput": 0,
                "volume_id": "vol-069858096e1ae74bb",
                "volume_size": 25,
                "volume_type": "gp2"
              }
            ],
            "secondary_private_ips": [],
            "security_groups": [
              "ramo-beko-sg"
            ],
            "source_dest_check": true,
            "spot_instance_request_id": "",
            "subnet_id": "subnet-01627f3d3717a3ed2",
            "tags": {
              "Name": "kubernetes-slave-2"
            },
            "tags_all": {
              "Name": "kubernetes-slave-2"
            },
            "tenancy": "default",
            "timeouts": null,
            "user_data": null,
            "user_data_base64": null,
            "user_data_replace_on_change": false,
            "volume_tags": null,
            "vpc_security_group_ids": [
              "sg-03bebe188c3e19b77"
            ]
          },
          "sensitive_attributes": [],
          "identity_schema_version": 0,
          "private": "eyJlMmJmYjczMC1lY2FhLTExZTYtOGY4OC0zNDM2M2JjN2M0YzAiOnsiY3JlYXRlIjo2MDAwMDAwMDAwMDAsImRlbGV0ZSI6MTIwMDAwMDAwMDAwMCwicmVhZCI6OTAwMDAwMDAwMDAwLCJ1cGRhdGUiOjYwMDAwMDAwMDAwMH0sInNjaGVtYV92ZXJzaW9uIjoiMSJ9",
          "dependencies": [
            "aws_key_pair.ocs_key",
            "data.aws_ami.ubuntu_latest",
            "data.aws_vpc.default",
            "module.app_sg.aws_security_group.this",
            "module.app_sg.aws_security_group_rule.self_allow_2049",
            "tls_private_key.ocs_key"
          ]
        }
      ]
    },
    {
      "module": "module.nexus",
      "mode": "managed",
      "type": "aws_instance",
      "name": "this",
      "provider": "provider[\"registry.terraform.io/hashicorp/aws\"]",
      "instances": [
        {
          "schema_version": 1,
          "attributes": {
            "ami": "ami-0a87a69d69fa289be",
            "arn": "arn:aws:ec2:eu-central-1:686255985275:instance/i-0da997a4ab0b21861",
            "associate_public_ip_address": true,
            "availability_zone": "eu-central-1b",
            "capacity_reservation_specification": [
              {
                "capacity_reservation_preference": "open",
                "capacity_reservation_target": []
              }
            ],
            "cpu_core_count": 2,
            "cpu_options": [
              {
                "amd_sev_snp": "",
                "core_count": 2,
                "threads_per_core": 1
              }
            ],
            "cpu_threads_per_core": 1,
            "credit_specification": [
              {
                "cpu_credits": "standard"
              }
            ],
            "disable_api_stop": false,
            "disable_api_termination": false,
            "ebs_block_device": [],
            "ebs_optimized": false,
            "enable_primary_ipv6": null,
            "enclave_options": [
              {
                "enabled": false
              }
            ],
            "ephemeral_block_device": [],
            "get_password_data": false,
            "hibernation": false,
            "host_id": "",
            "host_resource_group_arn": null,
            "iam_instance_profile": "",
            "id": "i-0da997a4ab0b21861",
            "instance_initiated_shutdown_behavior": "stop",
            "instance_lifecycle": "",
            "instance_market_options": [],
            "instance_state": "running",
            "instance_type": "t2.medium",
            "ipv6_address_count": 0,
            "ipv6_addresses": [],
            "key_name": "ocs-key",
            "launch_template": [],
            "maintenance_options": [
              {
                "auto_recovery": "default"
              }
            ],
            "metadata_options": [
              {
                "http_endpoint": "enabled",
                "http_protocol_ipv6": "disabled",
                "http_put_response_hop_limit": 1,
                "http_tokens": "optional",
                "instance_metadata_tags": "disabled"
              }
            ],
            "monitoring": false,
            "network_interface": [],
            "outpost_arn": "",
            "password_data": "",
            "placement_group": "",
            "placement_partition_number": 0,
            "primary_network_interface_id": "eni-0a2e875560a13215d",
            "private_dns": "ip-172-31-34-19.eu-central-1.compute.internal",
            "private_dns_name_options": [
              {
                "enable_resource_name_dns_a_record": false,
                "enable_resource_name_dns_aaaa_record": false,
                "hostname_type": "ip-name"
              }
            ],
            "private_ip": "172.31.34.19",
            "public_dns": "ec2-35-159-65-126.eu-central-1.compute.amazonaws.com",
            "public_ip": "35.159.65.126",
            "root_block_device": [
              {
                "delete_on_termination": true,
                "device_name": "/dev/sda1",
                "encrypted": false,
                "iops": 100,
                "kms_key_id": "",
                "tags": null,
                "tags_all": {},
                "throughput": 0,
                "volume_id": "vol-093b5c9d679752456",
                "volume_size": 20,
                "volume_type": "gp2"
              }
            ],
            "secondary_private_ips": [],
            "security_groups": [
              "ramo-beko-sg"
            ],
            "source_dest_check": true,
            "spot_instance_request_id": "",
            "subnet_id": "subnet-01627f3d3717a3ed2",
            "tags": {
              "Name": "nexus"
            },
            "tags_all": {
              "Name": "nexus"
            },
            "tenancy": "default",
            "timeouts": null,
            "user_data": null,
            "user_data_base64": null,
            "user_data_replace_on_change": false,
            "volume_tags": null,
            "vpc_security_group_ids": [
              "sg-03bebe188c3e19b77"
            ]
          },
          "sensitive_attributes": [],
          "identity_schema_version": 0,
          "private": "eyJlMmJmYjczMC1lY2FhLTExZTYtOGY4OC0zNDM2M2JjN2M0YzAiOnsiY3JlYXRlIjo2MDAwMDAwMDAwMDAsImRlbGV0ZSI6MTIwMDAwMDAwMDAwMCwicmVhZCI6OTAwMDAwMDAwMDAwLCJ1cGRhdGUiOjYwMDAwMDAwMDAwMH0sInNjaGVtYV92ZXJzaW9uIjoiMSJ9",
          "dependencies": [
            "aws_key_pair.ocs_key",
            "data.aws_ami.ubuntu_latest",
            "data.aws_vpc.default",
            "module.app_sg.aws_security_group.this",
            "module.app_sg.aws_security_group_rule.self_allow_2049",
            "tls_private_key.ocs_key"
          ]
        }
      ]
    },
    {
      "module": "module.sonarqube",
      "mode": "managed",
      "type": "aws_instance",
      "name": "this",
      "provider": "provider[\"registry.terraform.io/hashicorp/aws\"]",
      "instances": [
        {
          "schema_version": 1,
          "attributes": {
            "ami": "ami-0a87a69d69fa289be",
            "arn": "arn:aws:ec2:eu-central-1:686255985275:instance/i-0d320fb0c351e87a4",
            "associate_public_ip_address": true,
            "availability_zone": "eu-central-1b",
            "capacity_reservation_specification": [
              {
                "capacity_reservation_preference": "open",
                "capacity_reservation_target": []
              }
            ],
            "cpu_core_count": 2,
            "cpu_options": [
              {
                "amd_sev_snp": "",
                "core_count": 2,
                "threads_per_core": 1
              }
            ],
            "cpu_threads_per_core": 1,
            "credit_specification": [
              {
                "cpu_credits": "standard"
              }
            ],
            "disable_api_stop": false,
            "disable_api_termination": false,
            "ebs_block_device": [],
            "ebs_optimized": false,
            "enable_primary_ipv6": null,
            "enclave_options": [
              {
                "enabled": false
              }
            ],
            "ephemeral_block_device": [],
            "get_password_data": false,
            "hibernation": false,
            "host_id": "",
            "host_resource_group_arn": null,
            "iam_instance_profile": "",
            "id": "i-0d320fb0c351e87a4",
            "instance_initiated_shutdown_behavior": "stop",
            "instance_lifecycle": "",
            "instance_market_options": [],
            "instance_state": "running",
            "instance_type": "t2.medium",
            "ipv6_address_count": 0,
            "ipv6_addresses": [],
            "key_name": "ocs-key",
            "launch_template": [],
            "maintenance_options": [
              {
                "auto_recovery": "default"
              }
            ],
            "metadata_options": [
              {
                "http_endpoint": "enabled",
                "http_protocol_ipv6": "disabled",
                "http_put_response_hop_limit": 1,
                "http_tokens": "optional",
                "instance_metadata_tags": "disabled"
              }
            ],
            "monitoring": false,
            "network_interface": [],
            "outpost_arn": "",
            "password_data": "",
            "placement_group": "",
            "placement_partition_number": 0,
            "primary_network_interface_id": "eni-0e27c3ce65fa9a097",
            "private_dns": "ip-172-31-45-153.eu-central-1.compute.internal",
            "private_dns_name_options": [
              {
                "enable_resource_name_dns_a_record": false,
                "enable_resource_name_dns_aaaa_record": false,
                "hostname_type": "ip-name"
              }
            ],
            "private_ip": "172.31.45.153",
            "public_dns": "ec2-35-157-111-180.eu-central-1.compute.amazonaws.com",
            "public_ip": "35.157.111.180",
            "root_block_device": [
              {
                "delete_on_termination": true,
                "device_name": "/dev/sda1",
                "encrypted": false,
                "iops": 100,
                "kms_key_id": "",
                "tags": null,
                "tags_all": {},
                "throughput": 0,
                "volume_id": "vol-04609b73b00d0dc77",
                "volume_size": 20,
                "volume_type": "gp2"
              }
            ],
            "secondary_private_ips": [],
            "security_groups": [
              "ramo-beko-sg"
            ],
            "source_dest_check": true,
            "spot_instance_request_id": "",
            "subnet_id": "subnet-01627f3d3717a3ed2",
            "tags": {
              "Name": "sonarqube"
            },
            "tags_all": {
              "Name": "sonarqube"
            },
            "tenancy": "default",
            "timeouts": null,
            "user_data": null,
            "user_data_base64": null,
            "user_data_replace_on_change": false,
            "volume_tags": null,
            "vpc_security_group_ids": [
              "sg-03bebe188c3e19b77"
            ]
          },
          "sensitive_attributes": [],
          "identity_schema_version": 0,
          "private": "eyJlMmJmYjczMC1lY2FhLTExZTYtOGY4OC0zNDM2M2JjN2M0YzAiOnsiY3JlYXRlIjo2MDAwMDAwMDAwMDAsImRlbGV0ZSI6MTIwMDAwMDAwMDAwMCwicmVhZCI6OTAwMDAwMDAwMDAwLCJ1cGRhdGUiOjYwMDAwMDAwMDAwMH0sInNjaGVtYV92ZXJzaW9uIjoiMSJ9",
          "dependencies": [
            "aws_key_pair.ocs_key",
            "data.aws_ami.ubuntu_latest",
            "data.aws_vpc.default",
            "module.app_sg.aws_security_group.this",
            "module.app_sg.aws_security_group_rule.self_allow_2049",
            "tls_private_key.ocs_key"
          ]
        }
      ]
    }
  ],
  "check_results": null
}
