{
  "version": 4,
  "terraform_version": "1.12.0",
  "serial": 439,
  "lineage": "b21f79db-f62a-beb9-8434-c9caf1899576",
  "outputs": {
    "all_ips": {
      "value": {
        "jenkins": "18.192.58.176",
        "k8s_master": "18.197.200.13",
        "k8s_slave_1": "18.159.206.37",
        "k8s_slave_2": "52.57.108.211",
        "nexus": "18.192.122.132",
        "sonarqube": "3.68.92.249"
      },
      "type": [
        "object",
        {
          "jenkins": "string",
          "k8s_master": "string",
          "k8s_slave_1": "string",
          "k8s_slave_2": "string",
          "nexus": "string",
          "sonarqube": "string"
        }
      ]
    }
  },
  "resources": [
    {
      "mode": "data",
      "type": "aws_ami",
      "name": "ubuntu_latest",
      "provider": "provider[\"registry.terraform.io/hashicorp/aws\"]",
      "instances": [
        {
          "schema_version": 0,
          "attributes": {
            "architecture": "x86_64",
            "arn": "arn:aws:ec2:eu-central-1::image/ami-06c374f393664f330",
            "block_device_mappings": [
              {
                "device_name": "/dev/sda1",
                "ebs": {
                  "delete_on_termination": "true",
                  "encrypted": "false",
                  "iops": "0",
                  "snapshot_id": "snap-06240701d35394028",
                  "throughput": "0",
                  "volume_size": "8",
                  "volume_type": "gp2"
                },
                "no_device": "",
                "virtual_name": ""
              },
              {
                "device_name": "/dev/sdb",
                "ebs": {},
                "no_device": "",
                "virtual_name": "ephemeral0"
              },
              {
                "device_name": "/dev/sdc",
                "ebs": {},
                "no_device": "",
                "virtual_name": "ephemeral1"
              }
            ],
            "boot_mode": "legacy-bios",
            "creation_date": "2025-06-03T15:16:57.000Z",
            "deprecation_time": "2027-06-03T15:16:57.000Z",
            "description": "Canonical, Ubuntu, 20.04, amd64 focal image",
            "ena_support": true,
            "executable_users": null,
            "filter": [
              {
                "name": "name",
                "values": [
                  "ubuntu/images/hvm-ssd/ubuntu-*-amd64-server-*"
                ]
              },
              {
                "name": "virtualization-type",
                "values": [
                  "hvm"
                ]
              }
            ],
            "hypervisor": "xen",
            "id": "ami-06c374f393664f330",
            "image_id": "ami-06c374f393664f330",
            "image_location": "amazon/ubuntu/images/hvm-ssd/ubuntu-focal-20.04-amd64-server-20250603",
            "image_owner_alias": "amazon",
            "image_type": "machine",
            "imds_support": "",
            "include_deprecated": false,
            "kernel_id": "",
            "last_launched_time": "",
            "most_recent": true,
            "name": "ubuntu/images/hvm-ssd/ubuntu-focal-20.04-amd64-server-20250603",
            "name_regex": null,
            "owner_id": "099720109477",
            "owners": [
              "099720109477"
            ],
            "platform": "",
            "platform_details": "Linux/UNIX",
            "product_codes": [],
            "public": true,
            "ramdisk_id": "",
            "root_device_name": "/dev/sda1",
            "root_device_type": "ebs",
            "root_snapshot_id": "snap-06240701d35394028",
            "sriov_net_support": "simple",
            "state": "available",
            "state_reason": {
              "code": "UNSET",
              "message": "UNSET"
            },
            "tags": {},
            "timeouts": null,
            "tpm_support": "",
            "uefi_data": null,
            "usage_operation": "RunInstances",
            "virtualization_type": "hvm"
          },
          "sensitive_attributes": [],
          "identity_schema_version": 0
        }
      ]
    },
    {
      "mode": "data",
      "type": "aws_subnet",
      "name": "first",
      "provider": "provider[\"registry.terraform.io/hashicorp/aws\"]",
      "instances": [
        {
          "schema_version": 0,
          "attributes": {
            "arn": "arn:aws:ec2:eu-central-1:686255985275:subnet/subnet-0038b1fe0553c625b",
            "assign_ipv6_address_on_creation": false,
            "availability_zone": "eu-central-1c",
            "availability_zone_id": "euc1-az1",
            "available_ip_address_count": 4090,
            "cidr_block": "172.31.0.0/20",
            "customer_owned_ipv4_pool": "",
            "default_for_az": true,
            "enable_dns64": false,
            "enable_lni_at_device_index": 0,
            "enable_resource_name_dns_a_record_on_launch": false,
            "enable_resource_name_dns_aaaa_record_on_launch": false,
            "filter": null,
            "id": "subnet-0038b1fe0553c625b",
            "ipv6_cidr_block": "",
            "ipv6_cidr_block_association_id": "",
            "ipv6_native": false,
            "map_customer_owned_ip_on_launch": false,
            "map_public_ip_on_launch": true,
            "outpost_arn": "",
            "owner_id": "686255985275",
            "private_dns_hostname_type_on_launch": "ip-name",
            "state": "available",
            "tags": {},
            "timeouts": null,
            "vpc_id": "vpc-0cd726ed01a18b4fe"
          },
          "sensitive_attributes": [],
          "identity_schema_version": 0
        }
      ]
    },
    {
      "mode": "data",
      "type": "aws_subnets",
      "name": "default",
      "provider": "provider[\"registry.terraform.io/hashicorp/aws\"]",
      "instances": [
        {
          "schema_version": 0,
          "attributes": {
            "filter": [
              {
                "name": "vpc-id",
                "values": [
                  "vpc-0cd726ed01a18b4fe"
                ]
              }
            ],
            "id": "eu-central-1",
            "ids": [
              "subnet-0038b1fe0553c625b",
              "subnet-0b5b1dac403a2527d",
              "subnet-01627f3d3717a3ed2"
            ],
            "tags": null,
            "timeouts": null
          },
          "sensitive_attributes": [],
          "identity_schema_version": 0
        }
      ]
    },
    {
      "mode": "data",
      "type": "aws_vpc",
      "name": "default",
      "provider": "provider[\"registry.terraform.io/hashicorp/aws\"]",
      "instances": [
        {
          "schema_version": 0,
          "attributes": {
            "arn": "arn:aws:ec2:eu-central-1:686255985275:vpc/vpc-0cd726ed01a18b4fe",
            "cidr_block": "172.31.0.0/16",
            "cidr_block_associations": [
              {
                "association_id": "vpc-cidr-assoc-08b99024de9a1a3ff",
                "cidr_block": "172.31.0.0/16",
                "state": "associated"
              }
            ],
            "default": true,
            "dhcp_options_id": "dopt-0827407399adbd6e8",
            "enable_dns_hostnames": true,
            "enable_dns_support": true,
            "enable_network_address_usage_metrics": false,
            "filter": null,
            "id": "vpc-0cd726ed01a18b4fe",
            "instance_tenancy": "default",
            "ipv6_association_id": "",
            "ipv6_cidr_block": "",
            "main_route_table_id": "rtb-036c8d695d5f81e52",
            "owner_id": "686255985275",
            "state": null,
            "tags": {},
            "timeouts": null
          },
          "sensitive_attributes": [],
          "identity_schema_version": 0
        }
      ]
    },
    {
      "mode": "managed",
      "type": "aws_key_pair",
      "name": "ocs_key",
      "provider": "provider[\"registry.terraform.io/hashicorp/aws\"]",
      "instances": [
        {
          "schema_version": 1,
          "attributes": {
            "arn": "arn:aws:ec2:eu-central-1:686255985275:key-pair/ocs-key",
            "fingerprint": "9c:1b:03:b5:bb:f2:e4:91:fc:e9:95:8f:e9:4b:34:8c",
            "id": "ocs-key",
            "key_name": "ocs-key",
            "key_name_prefix": "",
            "key_pair_id": "key-035a2534ac28de265",
            "key_type": "rsa",
            "public_key": "ssh-rsa AAAAB3NzaC1yc2EAAAADAQABAAACAQDnUdAhLPqPYL5XHet8earc9HPQnCIdQsRlfus+XXDF8dMRb0AX4PspL+MTRDzABjcmi+/nXQEK74rSa69iTcmE+bfVgilZhnndGXGUGj17b61WqyGFLMDkF3s1IMyk/XzG+hd1cYol+4v21BtSJR3APeZgoJVILhpPwtlFGp2P0ZR/a8XucvXgAVNVqs2dVQ476VOYLpeoG9L2Sw/mvTiSYJuKL5NYWhWuN+ZuFCBvCYYelUwpReK854Mg/ahhKLdHeAqwS2RqLOgbfspupAnBoGOoNvz091xNHD04chwrerwC92SC6pPkY6oce2296rxeVlGyfuVTOhFYNY+dHK4S/giLw6tyrtUvWo04T21I6eTCjuk9Y0iUs59nR+2CLCx8P/uUCJC8d992FKx2rB9Ybfdc/tZ6gOtI4F2Crjoa/2dJA9UroqyVlXJnt612ZSh4J65Br1UpqqJigTw11NyVCYxAHoktY+K5fSqaF2Tmb3uOEb5nQMx0dCq6XiDJbSQfRMflJ5Uefei8w0VOufbfYgi3uCRNRAwLmyZg2/SrCfXUWQjIdqI13HJmi4DcG3acbbqOU9F9HYhc2kTQrmh0dc96UyCYhfntudwFY87lNvzWYbj83sI8vySwziHxzeSlyuYoVwcHnJXk81Nw/vrMgQsS0wvDIV13d2uEG+wpSw==",
            "tags": null,
            "tags_all": {}
          },
          "sensitive_attributes": [],
          "identity_schema_version": 0,
          "private": "eyJzY2hlbWFfdmVyc2lvbiI6IjEifQ==",
          "dependencies": [
            "tls_private_key.ocs_key"
          ]
        }
      ]
    },
    {
      "mode": "managed",
      "type": "local_file",
      "name": "private_key",
      "provider": "provider[\"registry.terraform.io/hashicorp/local\"]",
      "instances": [
        {
          "schema_version": 0,
          "attributes": {
            "content": "-----BEGIN RSA PRIVATE KEY-----\nMIIJKAIBAAKCAgEA51HQISz6j2C+Vx3rfHmq3PRz0JwiHULEZX7rPl1wxfHTEW9A\nF+D7KS/jE0Q8wAY3Jovv510BCu+K0muvYk3JhPm31YIpWYZ53RlxlBo9e2+tVqsh\nhSzA5Bd7NSDMpP18xvoXdXGKJfuL9tQbUiUdwD3mYKCVSC4aT8LZRRqdj9GUf2vF\n7nL14AFTVarNnVUOO+lTmC6XqBvS9ksP5r04kmCbii+TWFoVrjfmbhQgbwmGHpVM\nKUXivOeDIP2oYSi3R3gKsEtkaizoG37KbqQJwaBjqDb89PdcTRw9OHIcK3q8Avdk\nguqT5GOqHHttveq8XlZRsn7lUzoRWDWPnRyuEv4Ii8Orcq7VL1qNOE9tSOnkwo7p\nPWNIlLOfZ0ftgiwsfD/7lAiQvHffdhSsdqwfWG33XP7WeoDrSOBdgq46Gv9nSQPV\nK6KslZVyZ7etdmUoeCeuQa9VKaqiYoE8NdTclQmMQB6JLWPiuX0qmhdk5m97jhG+\nZ0DMdHQqul4gyW0kH0TH5SeVHn3ovMNFTrn232IIt7gkTUQMC5smYNv0qwn11FkI\nyHaiNdxyZouA3Bt2nG26jlPRfR2IXNpE0K5odHXPelMgmIX57bncBWPO5Tb81mG4\n/N7CPL8ksM4h8c3kpcrmKFcHB5yV5PNTcP76zIELEtMLwyFdd3drhBvsKUsCAwEA\nAQKCAgACImyHByzBghIF9YBAkuvmf4PBzRiffW5uGqkb11h82gnLsEFx4aEceQyU\nwcw8YAnGG3uGOkcjDUu81bnxcHlhGKyH61xJYlOuNgJcFykYV32qk4g1lYPNEr1U\nGyw9lHBrDEeYVea9K+sb2AarchwZK0oet5p8PHzvqouc9wboPQboF/V+Ebb2Kuz2\nqgC/TteuLoLswjtv4kakqsKlzWnZfUMe9cYXbIzYIZFikB0dTXLco+qRy3XkWUdW\nrdxBKLmfKFacHF+VbilRELNPwnLN7oVpsVnNZN3dPNJ4VCKPV52V+sE4nE0eQWRg\nQF9REHIr2+AuUBGUL31RWWMKmLHiwlqLfcPgUogiSQDFfb4trQIV4f2ntamzBLGQ\nuCZNZv1MsaV4HV0dXbPUn8spWB4BzY3QvpgZFJeBGBm+5o76wksD3rHXobaIVjeI\ng5F0CCETUDbUD3VSMsWQ5E8brbBvqpQZZV/AgnaUjjHLGVZPTiZi78EEr5Qle3Q+\n+PglqOqhaH2BD9QQkAXPFJj95MbSlKgTkUMfpkVs2SJyehf122RUdc5gHspqhvS8\noIuHv4WPZU260BU5HNzp6OO5Wf9Tlu9euhJdFOTto8JtNfP15Yi75oUmFzyQc1c3\nJrvWW6kFTFVtA4Z9H138BoMgGomctnYzhIfR58h7VU1UOT3ZuQKCAQEA93djMMmV\nsX1mI0IV4xETokptibqSQGWnuoqYWrD+RAzm+ySuOHZFq4EXIP/cbCuAPmG5LXeU\nUuELf10SE3/44pQQKsBAyHu4uge2dkcDgMfmajWIKMcKmjuFPm4NkmjZRqWDsYRU\nKRK8EVzLz3Itb1zAM/R3EbZSr2Xlg53UwRqSjH8pjG3Jkd4iTq/GQlCmsq+nNUfX\n+ON314DkF0iGwDkw+guS75mcjWeI52c61Z6VNavrx5r8r3BP7IR9r9sVk4jNV4ax\nBAObGriznSKnJvIjCpU8dHsuYgj+y7gHu2Bj+H8IVo0aJhimlMeME3Jp946JWMJP\nPW/neHp40AlZRQKCAQEA70viFebSSkeqB4SqxVeg1rQsSsZ8zXSLRadqRG6+ATnS\ngT/tcnNy7LZXUl1MIHMLtQmlc1/FSqnTbqTqgbeD7UhGCZqbZguITDfIBAgac8++\nxbyt8jqsePNTVmQpVUivkDOJ0kXHnObQP6iR4ziGg7x4k7nHSrOyWUYwXtI37QWo\novUTUd1PTBBmzoZPpFwhB6E3rkjBILWivSStnfbsFyQFU+k7ITVAl1kMHatiZp63\naK/J4jCFP26eTEB2RtLNQvPucJIM2U3zgVX9fHYtOwnzv3Ru43eIUngGwLfaMtbv\ntzqrcDD0NmFkUKAt0YxCG237uF+BxjAIMwp5p/h5TwKCAQAVOoKhzskunqlCYQrr\nna1ngKcA56ZgK9hFoloLfZ9ySwENjkn7wfmcCsjnJcvM47Zuo4d1JQruSSvpUxyX\n26SIG1d/s1pbWHGyU7MNVm4wf/V+KvVxOhHoxS5a+qnjY2cwLkar1cQ6ecb0XleF\nhi/rm7NJQbFtLYzOSxlzPvjfT94+ezIfP9PI1Ztv0JhbW/vQ3Eylv3IBgdHoBMCM\nVsZoev9+k7uZHj5Vywntf+eGJ8J5BjSFvP/sNOBGU99MVKj3LQcgeQd6ZqzJkAqo\nci6Qorjq0X6MJ30FH+xroW/YXR52VL9sXVJe7kJsBOo5SNlaSTnzCUgu5wieRzNR\n9VtZAoIBAQDkxuefiM4DtgAYr/2ULfLXUeoGkz0+L+326dfvFPESuvVGHJgmk7mM\nFcfmNsxROaw3qMFFTIqSl0pMvd51pb27XR2YkPeA2AW22J2hPR4NGtCIu5qRuwap\nm/hQ3/GkV5mBg8SAA7aTixgNxFu1oJT53XZpxXODN8mLEE+uV8ygDojrQuL1oV/u\nmL+xMzdxK6NoZ/mT5nq9iunLawWRwEB23zk4wAKH/SGDkN7EftXUxmkS7P1WAo1h\n15//xqFNlLwpBo0vknI2TxA+1rdCBrm3eAxRPj/FuMHcFmReW2eAs3z68Fx3JlZU\np0gAzSMA89c/4iaGXsjzcXhlU957eFKBAoIBADi56UUn3SlDEqsA93P12qpBgLFx\n9RdxG8O5PKYieOJUHjjaxhankR7uKxkusxC0GENhbHMUuKEuGKgrbJejAUcRrraB\nGhyRq37+bXvEQqw0I9SlJEW9fwYS2nd6MxoVWZskjtRYJQqwIJnuP+RhJoFOkyPz\nxe03X7k+RO2iuz5Jx6nfgePTxTx5ycEyxqz5UbNJ+nQiPD4UP469lIevT78rwEWW\nBUPi98ZbaxhnctL25qvy2WaBr/kx/KTm1hM3Fby3OCh6BM71G0cl0o1CyO2SM1EA\nL8ieeW3SCqg4YvmSrZiw7clHFjIoh9hbYyQ1SR/gDJo1rVvl/YymClXOHt0=\n-----END RSA PRIVATE KEY-----\n",
            "content_base64": null,
            "content_base64sha256": "4fyzLEoV9MctJjzRxTk7/EmTEfIK6+JDCOFDzYyBYS8=",
            "content_base64sha512": "0en+KYxwlRE8upcKIPHjxWHpVNJMaEK6dXtp+rwxBdtSKzPE2J/y8Itm8VE/zk+gF978+nf2+cCWcrbR1Roxrw==",
            "content_md5": "d2e7f200126757af60206351a2f2bb08",
            "content_sha1": "d4e4cd5f6fb10bda685d86ff3bda97fc8dcee1d7",
            "content_sha256": "e1fcb32c4a15f4c72d263cd1c5393bfc499311f20aebe24308e143cd8c81612f",
            "content_sha512": "d1e9fe298c7095113cba970a20f1e3c561e954d24c6842ba757b69fabc3105db522b33c4d89ff2f08b66f1513fce4fa017defcfa77f6f9c09672b6d1d51a31af",
            "directory_permission": "0700",
            "file_permission": "0400",
            "filename": "./ocs-key.pem",
            "id": "d4e4cd5f6fb10bda685d86ff3bda97fc8dcee1d7",
            "sensitive_content": null,
            "source": null
          },
          "sensitive_attributes": [
            [
              {
                "type": "get_attr",
                "value": "content"
              }
            ],
            [
              {
                "type": "get_attr",
                "value": "sensitive_content"
              }
            ]
          ],
          "identity_schema_version": 0,
          "dependencies": [
            "tls_private_key.ocs_key"
          ]
        }
      ]
    },
    {
      "mode": "managed",
      "type": "tls_private_key",
      "name": "ocs_key",
      "provider": "provider[\"registry.terraform.io/hashicorp/tls\"]",
      "instances": [
        {
          "schema_version": 1,
          "attributes": {
            "algorithm": "RSA",
            "ecdsa_curve": "P224",
            "id": "ea602289a1a2a4dfedff2a940d583e6093d7c46b",
            "private_key_openssh": "-----BEGIN OPENSSH PRIVATE KEY-----\nb3BlbnNzaC1rZXktdjEAAAAABG5vbmUAAAAEbm9uZQAAAAAAAAABAAACFwAAAAdz\nc2gtcnNhAAAAAwEAAQAAAgEA51HQISz6j2C+Vx3rfHmq3PRz0JwiHULEZX7rPl1w\nxfHTEW9AF+D7KS/jE0Q8wAY3Jovv510BCu+K0muvYk3JhPm31YIpWYZ53RlxlBo9\ne2+tVqshhSzA5Bd7NSDMpP18xvoXdXGKJfuL9tQbUiUdwD3mYKCVSC4aT8LZRRqd\nj9GUf2vF7nL14AFTVarNnVUOO+lTmC6XqBvS9ksP5r04kmCbii+TWFoVrjfmbhQg\nbwmGHpVMKUXivOeDIP2oYSi3R3gKsEtkaizoG37KbqQJwaBjqDb89PdcTRw9OHIc\nK3q8AvdkguqT5GOqHHttveq8XlZRsn7lUzoRWDWPnRyuEv4Ii8Orcq7VL1qNOE9t\nSOnkwo7pPWNIlLOfZ0ftgiwsfD/7lAiQvHffdhSsdqwfWG33XP7WeoDrSOBdgq46\nGv9nSQPVK6KslZVyZ7etdmUoeCeuQa9VKaqiYoE8NdTclQmMQB6JLWPiuX0qmhdk\n5m97jhG+Z0DMdHQqul4gyW0kH0TH5SeVHn3ovMNFTrn232IIt7gkTUQMC5smYNv0\nqwn11FkIyHaiNdxyZouA3Bt2nG26jlPRfR2IXNpE0K5odHXPelMgmIX57bncBWPO\n5Tb81mG4/N7CPL8ksM4h8c3kpcrmKFcHB5yV5PNTcP76zIELEtMLwyFdd3drhBvs\nKUsAAAc4o77cx6O+3McAAAAHc3NoLXJzYQAAAgEA51HQISz6j2C+Vx3rfHmq3PRz\n0JwiHULEZX7rPl1wxfHTEW9AF+D7KS/jE0Q8wAY3Jovv510BCu+K0muvYk3JhPm3\n1YIpWYZ53RlxlBo9e2+tVqshhSzA5Bd7NSDMpP18xvoXdXGKJfuL9tQbUiUdwD3m\nYKCVSC4aT8LZRRqdj9GUf2vF7nL14AFTVarNnVUOO+lTmC6XqBvS9ksP5r04kmCb\nii+TWFoVrjfmbhQgbwmGHpVMKUXivOeDIP2oYSi3R3gKsEtkaizoG37KbqQJwaBj\nqDb89PdcTRw9OHIcK3q8AvdkguqT5GOqHHttveq8XlZRsn7lUzoRWDWPnRyuEv4I\ni8Orcq7VL1qNOE9tSOnkwo7pPWNIlLOfZ0ftgiwsfD/7lAiQvHffdhSsdqwfWG33\nXP7WeoDrSOBdgq46Gv9nSQPVK6KslZVyZ7etdmUoeCeuQa9VKaqiYoE8NdTclQmM\nQB6JLWPiuX0qmhdk5m97jhG+Z0DMdHQqul4gyW0kH0TH5SeVHn3ovMNFTrn232II\nt7gkTUQMC5smYNv0qwn11FkIyHaiNdxyZouA3Bt2nG26jlPRfR2IXNpE0K5odHXP\nelMgmIX57bncBWPO5Tb81mG4/N7CPL8ksM4h8c3kpcrmKFcHB5yV5PNTcP76zIEL\nEtMLwyFdd3drhBvsKUsAAAADAQABAAACAAIibIcHLMGCEgX1gECS6+Z/g8HNGJ99\nbm4aqRvXWHzaCcuwQXHhoRx5DJTBzDxgCcYbe4Y6RyMNS7zVufFweWEYrIfrXEli\nU642AlwXKRhXfaqTiDWVg80SvVQbLD2UcGsMR5hV5r0r6xvYBqtyHBkrSh63mnw8\nfO+qi5z3Bug9BugX9X4RtvYq7PaqAL9O164uguzCO2/iRqSqwqXNadl9Qx71xhds\njNghkWKQHR1Nctyj6pHLdeRZR1at3EEouZ8oVpwcX5VuKVEQs0/Ccs3uhWmxWc1k\n3d080nhUIo9XnZX6wTicTR5BZGBAX1EQcivb4C5QEZQvfVFZYwqYseLCWot9w+BS\niCJJAMV9vi2tAhXh/ae1qbMEsZC4Jk1m/UyxpXgdXR1ds9SfyylYHgHNjdC+mBkU\nl4EYGb7mjvrCSwPesdehtohWN4iDkXQIIRNQNtQPdVIyxZDkTxutsG+qlBllX8CC\ndpSOMcsZVk9OJmLvwQSvlCV7dD74+CWo6qFofYEP1BCQBc8UmP3kxtKUqBORQx+m\nRWzZInJ6F/XbZFR1zmAeymqG9Lygi4e/hY9lTbrQFTkc3Ono47lZ/1OW7166El0U\n5O2jwm018/XliLvmhSYXPJBzVzcmu9ZbqQVMVW0Dhn0fXfwGgyAaiZy2djOEh9Hn\nyHtVTVQ5Pdm5AAABADi56UUn3SlDEqsA93P12qpBgLFx9RdxG8O5PKYieOJUHjja\nxhankR7uKxkusxC0GENhbHMUuKEuGKgrbJejAUcRrraBGhyRq37+bXvEQqw0I9Sl\nJEW9fwYS2nd6MxoVWZskjtRYJQqwIJnuP+RhJoFOkyPzxe03X7k+RO2iuz5Jx6nf\ngePTxTx5ycEyxqz5UbNJ+nQiPD4UP469lIevT78rwEWWBUPi98ZbaxhnctL25qvy\n2WaBr/kx/KTm1hM3Fby3OCh6BM71G0cl0o1CyO2SM1EAL8ieeW3SCqg4YvmSrZiw\n7clHFjIoh9hbYyQ1SR/gDJo1rVvl/YymClXOHt0AAAEBAPd3YzDJlbF9ZiNCFeMR\nE6JKbYm6kkBlp7qKmFqw/kQM5vskrjh2RauBFyD/3GwrgD5huS13lFLhC39dEhN/\n+OKUECrAQMh7uLoHtnZHA4DH5mo1iCjHCpo7hT5uDZJo2Ualg7GEVCkSvBFcy89y\nLW9cwDP0dxG2Uq9l5YOd1MEakox/KYxtyZHeIk6vxkJQprKvpzVH1/jjd9eA5BdI\nhsA5MPoLku+ZnI1niOdnOtWelTWr68ea/K9wT+yEfa/bFZOIzVeGsQQDmxq4s50i\npybyIwqVPHR7LmII/su4B7tgY/h/CFaNGiYYppTHjBNyafeOiVjCTz1v53h6eNAJ\nWUUAAAEBAO9L4hXm0kpHqgeEqsVXoNa0LErGfM10i0WnakRuvgE50oE/7XJzcuy2\nV1JdTCBzC7UJpXNfxUqp026k6oG3g+1IRgmam2YLiEw3yAQIGnPPvsW8rfI6rHjz\nU1ZkKVVIr5AzidJFx5zm0D+okeM4hoO8eJO5x0qzsllGMF7SN+0FqKL1E1HdT0wQ\nZs6GT6RcIQehN65IwSC1or0krZ327BckBVPpOyE1QJdZDB2rYmaet2ivyeIwhT9u\nnkxAdkbSzULz7nCSDNlN84FV/Xx2LTsJ8790buN3iFJ4BsC32jLW77c6q3Aw9DZh\nZFCgLdGMQhtt+7hfgcYwCDMKeaf4eU8AAAAAAQID\n-----END OPENSSH PRIVATE KEY-----\n",
            "private_key_pem": "-----BEGIN RSA PRIVATE KEY-----\nMIIJKAIBAAKCAgEA51HQISz6j2C+Vx3rfHmq3PRz0JwiHULEZX7rPl1wxfHTEW9A\nF+D7KS/jE0Q8wAY3Jovv510BCu+K0muvYk3JhPm31YIpWYZ53RlxlBo9e2+tVqsh\nhSzA5Bd7NSDMpP18xvoXdXGKJfuL9tQbUiUdwD3mYKCVSC4aT8LZRRqdj9GUf2vF\n7nL14AFTVarNnVUOO+lTmC6XqBvS9ksP5r04kmCbii+TWFoVrjfmbhQgbwmGHpVM\nKUXivOeDIP2oYSi3R3gKsEtkaizoG37KbqQJwaBjqDb89PdcTRw9OHIcK3q8Avdk\nguqT5GOqHHttveq8XlZRsn7lUzoRWDWPnRyuEv4Ii8Orcq7VL1qNOE9tSOnkwo7p\nPWNIlLOfZ0ftgiwsfD/7lAiQvHffdhSsdqwfWG33XP7WeoDrSOBdgq46Gv9nSQPV\nK6KslZVyZ7etdmUoeCeuQa9VKaqiYoE8NdTclQmMQB6JLWPiuX0qmhdk5m97jhG+\nZ0DMdHQqul4gyW0kH0TH5SeVHn3ovMNFTrn232IIt7gkTUQMC5smYNv0qwn11FkI\nyHaiNdxyZouA3Bt2nG26jlPRfR2IXNpE0K5odHXPelMgmIX57bncBWPO5Tb81mG4\n/N7CPL8ksM4h8c3kpcrmKFcHB5yV5PNTcP76zIELEtMLwyFdd3drhBvsKUsCAwEA\nAQKCAgACImyHByzBghIF9YBAkuvmf4PBzRiffW5uGqkb11h82gnLsEFx4aEceQyU\nwcw8YAnGG3uGOkcjDUu81bnxcHlhGKyH61xJYlOuNgJcFykYV32qk4g1lYPNEr1U\nGyw9lHBrDEeYVea9K+sb2AarchwZK0oet5p8PHzvqouc9wboPQboF/V+Ebb2Kuz2\nqgC/TteuLoLswjtv4kakqsKlzWnZfUMe9cYXbIzYIZFikB0dTXLco+qRy3XkWUdW\nrdxBKLmfKFacHF+VbilRELNPwnLN7oVpsVnNZN3dPNJ4VCKPV52V+sE4nE0eQWRg\nQF9REHIr2+AuUBGUL31RWWMKmLHiwlqLfcPgUogiSQDFfb4trQIV4f2ntamzBLGQ\nuCZNZv1MsaV4HV0dXbPUn8spWB4BzY3QvpgZFJeBGBm+5o76wksD3rHXobaIVjeI\ng5F0CCETUDbUD3VSMsWQ5E8brbBvqpQZZV/AgnaUjjHLGVZPTiZi78EEr5Qle3Q+\n+PglqOqhaH2BD9QQkAXPFJj95MbSlKgTkUMfpkVs2SJyehf122RUdc5gHspqhvS8\noIuHv4WPZU260BU5HNzp6OO5Wf9Tlu9euhJdFOTto8JtNfP15Yi75oUmFzyQc1c3\nJrvWW6kFTFVtA4Z9H138BoMgGomctnYzhIfR58h7VU1UOT3ZuQKCAQEA93djMMmV\nsX1mI0IV4xETokptibqSQGWnuoqYWrD+RAzm+ySuOHZFq4EXIP/cbCuAPmG5LXeU\nUuELf10SE3/44pQQKsBAyHu4uge2dkcDgMfmajWIKMcKmjuFPm4NkmjZRqWDsYRU\nKRK8EVzLz3Itb1zAM/R3EbZSr2Xlg53UwRqSjH8pjG3Jkd4iTq/GQlCmsq+nNUfX\n+ON314DkF0iGwDkw+guS75mcjWeI52c61Z6VNavrx5r8r3BP7IR9r9sVk4jNV4ax\nBAObGriznSKnJvIjCpU8dHsuYgj+y7gHu2Bj+H8IVo0aJhimlMeME3Jp946JWMJP\nPW/neHp40AlZRQKCAQEA70viFebSSkeqB4SqxVeg1rQsSsZ8zXSLRadqRG6+ATnS\ngT/tcnNy7LZXUl1MIHMLtQmlc1/FSqnTbqTqgbeD7UhGCZqbZguITDfIBAgac8++\nxbyt8jqsePNTVmQpVUivkDOJ0kXHnObQP6iR4ziGg7x4k7nHSrOyWUYwXtI37QWo\novUTUd1PTBBmzoZPpFwhB6E3rkjBILWivSStnfbsFyQFU+k7ITVAl1kMHatiZp63\naK/J4jCFP26eTEB2RtLNQvPucJIM2U3zgVX9fHYtOwnzv3Ru43eIUngGwLfaMtbv\ntzqrcDD0NmFkUKAt0YxCG237uF+BxjAIMwp5p/h5TwKCAQAVOoKhzskunqlCYQrr\nna1ngKcA56ZgK9hFoloLfZ9ySwENjkn7wfmcCsjnJcvM47Zuo4d1JQruSSvpUxyX\n26SIG1d/s1pbWHGyU7MNVm4wf/V+KvVxOhHoxS5a+qnjY2cwLkar1cQ6ecb0XleF\nhi/rm7NJQbFtLYzOSxlzPvjfT94+ezIfP9PI1Ztv0JhbW/vQ3Eylv3IBgdHoBMCM\nVsZoev9+k7uZHj5Vywntf+eGJ8J5BjSFvP/sNOBGU99MVKj3LQcgeQd6ZqzJkAqo\nci6Qorjq0X6MJ30FH+xroW/YXR52VL9sXVJe7kJsBOo5SNlaSTnzCUgu5wieRzNR\n9VtZAoIBAQDkxuefiM4DtgAYr/2ULfLXUeoGkz0+L+326dfvFPESuvVGHJgmk7mM\nFcfmNsxROaw3qMFFTIqSl0pMvd51pb27XR2YkPeA2AW22J2hPR4NGtCIu5qRuwap\nm/hQ3/GkV5mBg8SAA7aTixgNxFu1oJT53XZpxXODN8mLEE+uV8ygDojrQuL1oV/u\nmL+xMzdxK6NoZ/mT5nq9iunLawWRwEB23zk4wAKH/SGDkN7EftXUxmkS7P1WAo1h\n15//xqFNlLwpBo0vknI2TxA+1rdCBrm3eAxRPj/FuMHcFmReW2eAs3z68Fx3JlZU\np0gAzSMA89c/4iaGXsjzcXhlU957eFKBAoIBADi56UUn3SlDEqsA93P12qpBgLFx\n9RdxG8O5PKYieOJUHjjaxhankR7uKxkusxC0GENhbHMUuKEuGKgrbJejAUcRrraB\nGhyRq37+bXvEQqw0I9SlJEW9fwYS2nd6MxoVWZskjtRYJQqwIJnuP+RhJoFOkyPz\nxe03X7k+RO2iuz5Jx6nfgePTxTx5ycEyxqz5UbNJ+nQiPD4UP469lIevT78rwEWW\nBUPi98ZbaxhnctL25qvy2WaBr/kx/KTm1hM3Fby3OCh6BM71G0cl0o1CyO2SM1EA\nL8ieeW3SCqg4YvmSrZiw7clHFjIoh9hbYyQ1SR/gDJo1rVvl/YymClXOHt0=\n-----END RSA PRIVATE KEY-----\n",
            "private_key_pem_pkcs8": "-----BEGIN PRIVATE KEY-----\nMIIJQgIBADANBgkqhkiG9w0BAQEFAASCCSwwggkoAgEAAoICAQDnUdAhLPqPYL5X\nHet8earc9HPQnCIdQsRlfus+XXDF8dMRb0AX4PspL+MTRDzABjcmi+/nXQEK74rS\na69iTcmE+bfVgilZhnndGXGUGj17b61WqyGFLMDkF3s1IMyk/XzG+hd1cYol+4v2\n1BtSJR3APeZgoJVILhpPwtlFGp2P0ZR/a8XucvXgAVNVqs2dVQ476VOYLpeoG9L2\nSw/mvTiSYJuKL5NYWhWuN+ZuFCBvCYYelUwpReK854Mg/ahhKLdHeAqwS2RqLOgb\nfspupAnBoGOoNvz091xNHD04chwrerwC92SC6pPkY6oce2296rxeVlGyfuVTOhFY\nNY+dHK4S/giLw6tyrtUvWo04T21I6eTCjuk9Y0iUs59nR+2CLCx8P/uUCJC8d992\nFKx2rB9Ybfdc/tZ6gOtI4F2Crjoa/2dJA9UroqyVlXJnt612ZSh4J65Br1UpqqJi\ngTw11NyVCYxAHoktY+K5fSqaF2Tmb3uOEb5nQMx0dCq6XiDJbSQfRMflJ5Uefei8\nw0VOufbfYgi3uCRNRAwLmyZg2/SrCfXUWQjIdqI13HJmi4DcG3acbbqOU9F9HYhc\n2kTQrmh0dc96UyCYhfntudwFY87lNvzWYbj83sI8vySwziHxzeSlyuYoVwcHnJXk\n81Nw/vrMgQsS0wvDIV13d2uEG+wpSwIDAQABAoICAAIibIcHLMGCEgX1gECS6+Z/\ng8HNGJ99bm4aqRvXWHzaCcuwQXHhoRx5DJTBzDxgCcYbe4Y6RyMNS7zVufFweWEY\nrIfrXEliU642AlwXKRhXfaqTiDWVg80SvVQbLD2UcGsMR5hV5r0r6xvYBqtyHBkr\nSh63mnw8fO+qi5z3Bug9BugX9X4RtvYq7PaqAL9O164uguzCO2/iRqSqwqXNadl9\nQx71xhdsjNghkWKQHR1Nctyj6pHLdeRZR1at3EEouZ8oVpwcX5VuKVEQs0/Ccs3u\nhWmxWc1k3d080nhUIo9XnZX6wTicTR5BZGBAX1EQcivb4C5QEZQvfVFZYwqYseLC\nWot9w+BSiCJJAMV9vi2tAhXh/ae1qbMEsZC4Jk1m/UyxpXgdXR1ds9SfyylYHgHN\njdC+mBkUl4EYGb7mjvrCSwPesdehtohWN4iDkXQIIRNQNtQPdVIyxZDkTxutsG+q\nlBllX8CCdpSOMcsZVk9OJmLvwQSvlCV7dD74+CWo6qFofYEP1BCQBc8UmP3kxtKU\nqBORQx+mRWzZInJ6F/XbZFR1zmAeymqG9Lygi4e/hY9lTbrQFTkc3Ono47lZ/1OW\n7166El0U5O2jwm018/XliLvmhSYXPJBzVzcmu9ZbqQVMVW0Dhn0fXfwGgyAaiZy2\ndjOEh9HnyHtVTVQ5Pdm5AoIBAQD3d2MwyZWxfWYjQhXjEROiSm2JupJAZae6ipha\nsP5EDOb7JK44dkWrgRcg/9xsK4A+Ybktd5RS4Qt/XRITf/jilBAqwEDIe7i6B7Z2\nRwOAx+ZqNYgoxwqaO4U+bg2SaNlGpYOxhFQpErwRXMvPci1vXMAz9HcRtlKvZeWD\nndTBGpKMfymMbcmR3iJOr8ZCUKayr6c1R9f443fXgOQXSIbAOTD6C5LvmZyNZ4jn\nZzrVnpU1q+vHmvyvcE/shH2v2xWTiM1XhrEEA5sauLOdIqcm8iMKlTx0ey5iCP7L\nuAe7YGP4fwhWjRomGKaUx4wTcmn3jolYwk89b+d4enjQCVlFAoIBAQDvS+IV5tJK\nR6oHhKrFV6DWtCxKxnzNdItFp2pEbr4BOdKBP+1yc3LstldSXUwgcwu1CaVzX8VK\nqdNupOqBt4PtSEYJmptmC4hMN8gECBpzz77FvK3yOqx481NWZClVSK+QM4nSRcec\n5tA/qJHjOIaDvHiTucdKs7JZRjBe0jftBaii9RNR3U9MEGbOhk+kXCEHoTeuSMEg\ntaK9JK2d9uwXJAVT6TshNUCXWQwdq2Jmnrdor8niMIU/bp5MQHZG0s1C8+5wkgzZ\nTfOBVf18di07CfO/dG7jd4hSeAbAt9oy1u+3OqtwMPQ2YWRQoC3RjEIbbfu4X4HG\nMAgzCnmn+HlPAoIBABU6gqHOyS6eqUJhCuudrWeApwDnpmAr2EWiWgt9n3JLAQ2O\nSfvB+ZwKyOcly8zjtm6jh3UlCu5JK+lTHJfbpIgbV3+zWltYcbJTsw1WbjB/9X4q\n9XE6EejFLlr6qeNjZzAuRqvVxDp5xvReV4WGL+ubs0lBsW0tjM5LGXM++N9P3j57\nMh8/08jVm2/QmFtb+9DcTKW/cgGB0egEwIxWxmh6/36Tu5kePlXLCe1/54YnwnkG\nNIW8/+w04EZT30xUqPctByB5B3pmrMmQCqhyLpCiuOrRfownfQUf7Guhb9hdHnZU\nv2xdUl7uQmwE6jlI2VpJOfMJSC7nCJ5HM1H1W1kCggEBAOTG55+IzgO2ABiv/ZQt\n8tdR6gaTPT4v7fbp1+8U8RK69UYcmCaTuYwVx+Y2zFE5rDeowUVMipKXSky93nWl\nvbtdHZiQ94DYBbbYnaE9Hg0a0Ii7mpG7Bqmb+FDf8aRXmYGDxIADtpOLGA3EW7Wg\nlPnddmnFc4M3yYsQT65XzKAOiOtC4vWhX+6Yv7EzN3Ero2hn+ZPmer2K6ctrBZHA\nQHbfOTjAAof9IYOQ3sR+1dTGaRLs/VYCjWHXn//GoU2UvCkGjS+ScjZPED7Wt0IG\nubd4DFE+P8W4wdwWZF5bZ4CzfPrwXHcmVlSnSADNIwDz1z/iJoZeyPNxeGVT3nt4\nUoECggEAOLnpRSfdKUMSqwD3c/XaqkGAsXH1F3Ebw7k8piJ44lQeONrGFqeRHu4r\nGS6zELQYQ2FscxS4oS4YqCtsl6MBRxGutoEaHJGrfv5te8RCrDQj1KUkRb1/BhLa\nd3ozGhVZmySO1FglCrAgme4/5GEmgU6TI/PF7TdfuT5E7aK7PknHqd+B49PFPHnJ\nwTLGrPlRs0n6dCI8PhQ/jr2Uh69PvyvARZYFQ+L3xltrGGdy0vbmq/LZZoGv+TH8\npObWEzcVvLc4KHoEzvUbRyXSjULI7ZIzUQAvyJ55bdIKqDhi+ZKtmLDtyUcWMiiH\n2FtjJDVJH+AMmjWtW+X9jKYKVc4e3Q==\n-----END PRIVATE KEY-----\n",
            "public_key_fingerprint_md5": "3f:8d:13:7a:0c:c5:5a:00:e3:79:73:9f:19:95:57:75",
            "public_key_fingerprint_sha256": "SHA256:soNZGuzYAC+hiRCuRUS7OmuAMdCICmx74evD9p57CfY",
            "public_key_openssh": "ssh-rsa AAAAB3NzaC1yc2EAAAADAQABAAACAQDnUdAhLPqPYL5XHet8earc9HPQnCIdQsRlfus+XXDF8dMRb0AX4PspL+MTRDzABjcmi+/nXQEK74rSa69iTcmE+bfVgilZhnndGXGUGj17b61WqyGFLMDkF3s1IMyk/XzG+hd1cYol+4v21BtSJR3APeZgoJVILhpPwtlFGp2P0ZR/a8XucvXgAVNVqs2dVQ476VOYLpeoG9L2Sw/mvTiSYJuKL5NYWhWuN+ZuFCBvCYYelUwpReK854Mg/ahhKLdHeAqwS2RqLOgbfspupAnBoGOoNvz091xNHD04chwrerwC92SC6pPkY6oce2296rxeVlGyfuVTOhFYNY+dHK4S/giLw6tyrtUvWo04T21I6eTCjuk9Y0iUs59nR+2CLCx8P/uUCJC8d992FKx2rB9Ybfdc/tZ6gOtI4F2Crjoa/2dJA9UroqyVlXJnt612ZSh4J65Br1UpqqJigTw11NyVCYxAHoktY+K5fSqaF2Tmb3uOEb5nQMx0dCq6XiDJbSQfRMflJ5Uefei8w0VOufbfYgi3uCRNRAwLmyZg2/SrCfXUWQjIdqI13HJmi4DcG3acbbqOU9F9HYhc2kTQrmh0dc96UyCYhfntudwFY87lNvzWYbj83sI8vySwziHxzeSlyuYoVwcHnJXk81Nw/vrMgQsS0wvDIV13d2uEG+wpSw==\n",
            "public_key_pem": "-----BEGIN PUBLIC KEY-----\nMIICIjANBgkqhkiG9w0BAQEFAAOCAg8AMIICCgKCAgEA51HQISz6j2C+Vx3rfHmq\n3PRz0JwiHULEZX7rPl1wxfHTEW9AF+D7KS/jE0Q8wAY3Jovv510BCu+K0muvYk3J\nhPm31YIpWYZ53RlxlBo9e2+tVqshhSzA5Bd7NSDMpP18xvoXdXGKJfuL9tQbUiUd\nwD3mYKCVSC4aT8LZRRqdj9GUf2vF7nL14AFTVarNnVUOO+lTmC6XqBvS9ksP5r04\nkmCbii+TWFoVrjfmbhQgbwmGHpVMKUXivOeDIP2oYSi3R3gKsEtkaizoG37KbqQJ\nwaBjqDb89PdcTRw9OHIcK3q8AvdkguqT5GOqHHttveq8XlZRsn7lUzoRWDWPnRyu\nEv4Ii8Orcq7VL1qNOE9tSOnkwo7pPWNIlLOfZ0ftgiwsfD/7lAiQvHffdhSsdqwf\nWG33XP7WeoDrSOBdgq46Gv9nSQPVK6KslZVyZ7etdmUoeCeuQa9VKaqiYoE8NdTc\nlQmMQB6JLWPiuX0qmhdk5m97jhG+Z0DMdHQqul4gyW0kH0TH5SeVHn3ovMNFTrn2\n32IIt7gkTUQMC5smYNv0qwn11FkIyHaiNdxyZouA3Bt2nG26jlPRfR2IXNpE0K5o\ndHXPelMgmIX57bncBWPO5Tb81mG4/N7CPL8ksM4h8c3kpcrmKFcHB5yV5PNTcP76\nzIELEtMLwyFdd3drhBvsKUsCAwEAAQ==\n-----END PUBLIC KEY-----\n",
            "rsa_bits": 4096
          },
          "sensitive_attributes": [
            [
              {
                "type": "get_attr",
                "value": "private_key_openssh"
              }
            ],
            [
              {
                "type": "get_attr",
                "value": "private_key_pem"
              }
            ],
            [
              {
                "type": "get_attr",
                "value": "private_key_pem_pkcs8"
              }
            ]
          ],
          "identity_schema_version": 0
        }
      ]
    },
    {
      "module": "module.app_sg",
      "mode": "managed",
      "type": "aws_security_group",
      "name": "this",
      "provider": "provider[\"registry.terraform.io/hashicorp/aws\"]",
      "instances": [
        {
          "schema_version": 1,
          "attributes": {
            "arn": "arn:aws:ec2:eu-central-1:686255985275:security-group/sg-07b14391595c2320d",
            "description": "Allow required inbound traffic",
            "egress": [
              {
                "cidr_blocks": [
                  "0.0.0.0/0"
                ],
                "description": "",
                "from_port": 0,
                "ipv6_cidr_blocks": [],
                "prefix_list_ids": [],
                "protocol": "-1",
                "security_groups": [],
                "self": false,
                "to_port": 0
              }
            ],
            "id": "sg-07b14391595c2320d",
            "ingress": [
              {
                "cidr_blocks": [
                  "0.0.0.0/0"
                ],
                "description": "",
                "from_port": 22,
                "ipv6_cidr_blocks": [],
                "prefix_list_ids": [],
                "protocol": "tcp",
                "security_groups": [],
                "self": false,
                "to_port": 22
              },
              {
                "cidr_blocks": [
                  "0.0.0.0/0"
                ],
                "description": "",
                "from_port": 25,
                "ipv6_cidr_blocks": [],
                "prefix_list_ids": [],
                "protocol": "tcp",
                "security_groups": [],
                "self": false,
                "to_port": 25
              },
              {
                "cidr_blocks": [
                  "0.0.0.0/0"
                ],
                "description": "",
                "from_port": 30000,
                "ipv6_cidr_blocks": [],
                "prefix_list_ids": [],
                "protocol": "tcp",
                "security_groups": [],
                "self": false,
                "to_port": 32767
              },
              {
                "cidr_blocks": [
                  "0.0.0.0/0"
                ],
                "description": "",
                "from_port": 3000,
                "ipv6_cidr_blocks": [],
                "prefix_list_ids": [],
                "protocol": "tcp",
                "security_groups": [],
                "self": false,
                "to_port": 10000
              },
              {
                "cidr_blocks": [
                  "0.0.0.0/0"
                ],
                "description": "",
                "from_port": 443,
                "ipv6_cidr_blocks": [],
                "prefix_list_ids": [],
                "protocol": "tcp",
                "security_groups": [],
                "self": false,
                "to_port": 443
              },
              {
                "cidr_blocks": [
                  "0.0.0.0/0"
                ],
                "description": "",
                "from_port": 465,
                "ipv6_cidr_blocks": [],
                "prefix_list_ids": [],
                "protocol": "tcp",
                "security_groups": [],
                "self": false,
                "to_port": 465
              },
              {
                "cidr_blocks": [
                  "0.0.0.0/0"
                ],
                "description": "",
                "from_port": 6443,
                "ipv6_cidr_blocks": [],
                "prefix_list_ids": [],
                "protocol": "tcp",
                "security_groups": [],
                "self": false,
                "to_port": 6443
              },
              {
                "cidr_blocks": [
                  "0.0.0.0/0"
                ],
                "description": "",
                "from_port": 80,
                "ipv6_cidr_blocks": [],
                "prefix_list_ids": [],
                "protocol": "tcp",
                "security_groups": [],
                "self": false,
                "to_port": 80
              }
            ],
            "name": "ramo-beko-sg",
            "name_prefix": "",
            "owner_id": "686255985275",
            "revoke_rules_on_delete": false,
            "tags": {
              "Name": "ramo-beko-sg"
            },
            "tags_all": {
              "Name": "ramo-beko-sg"
            },
            "timeouts": null,
            "vpc_id": "vpc-0cd726ed01a18b4fe"
          },
          "sensitive_attributes": [],
          "identity_schema_version": 0,
          "private": "eyJlMmJmYjczMC1lY2FhLTExZTYtOGY4OC0zNDM2M2JjN2M0YzAiOnsiY3JlYXRlIjo2MDAwMDAwMDAwMDAsImRlbGV0ZSI6OTAwMDAwMDAwMDAwfSwic2NoZW1hX3ZlcnNpb24iOiIxIn0=",
          "dependencies": [
            "data.aws_vpc.default"
          ]
        }
      ]
    },
    {
      "module": "module.app_sg",
      "mode": "managed",
      "type": "aws_security_group_rule",
      "name": "self_allow_2049",
      "provider": "provider[\"registry.terraform.io/hashicorp/aws\"]",
      "instances": [
        {
          "schema_version": 2,
          "attributes": {
            "cidr_blocks": null,
            "description": null,
            "from_port": 2049,
            "id": "sgrule-833147235",
            "ipv6_cidr_blocks": null,
            "prefix_list_ids": null,
            "protocol": "tcp",
            "security_group_id": "sg-07b14391595c2320d",
            "security_group_rule_id": "sgr-08719f96e19f407f2",
            "self": false,
            "source_security_group_id": "sg-07b14391595c2320d",
            "timeouts": null,
            "to_port": 2049,
            "type": "ingress"
          },
          "sensitive_attributes": [],
          "identity_schema_version": 0,
          "private": "eyJlMmJmYjczMC1lY2FhLTExZTYtOGY4OC0zNDM2M2JjN2M0YzAiOnsiY3JlYXRlIjozMDAwMDAwMDAwMDB9LCJzY2hlbWFfdmVyc2lvbiI6IjIifQ==",
          "dependencies": [
            "data.aws_vpc.default",
            "module.app_sg.aws_security_group.this"
          ]
        }
      ]
    },
    {
      "module": "module.backup_bucket",
      "mode": "managed",
      "type": "aws_s3_bucket",
      "name": "this",
      "provider": "provider[\"registry.terraform.io/hashicorp/aws\"]",
      "instances": [
        {
          "schema_version": 0,
          "attributes": {
            "acceleration_status": "",
            "acl": null,
            "arn": "arn:aws:s3:::efs-backup-storage-bucket",
            "bucket": "efs-backup-storage-bucket",
            "bucket_domain_name": "efs-backup-storage-bucket.s3.amazonaws.com",
            "bucket_prefix": "",
            "bucket_regional_domain_name": "efs-backup-storage-bucket.s3.eu-central-1.amazonaws.com",
            "cors_rule": [],
            "force_destroy": false,
            "grant": [
              {
                "id": "724deb73b55843715e458fd7c88913781ee2eed8f4643dc7a8b8c8ece988d362",
                "permissions": [
                  "FULL_CONTROL"
                ],
                "type": "CanonicalUser",
                "uri": ""
              }
            ],
            "hosted_zone_id": "Z21DNDUVLTQW6Q",
            "id": "efs-backup-storage-bucket",
            "lifecycle_rule": [],
            "logging": [],
            "object_lock_configuration": [],
            "object_lock_enabled": false,
            "policy": "",
            "region": "eu-central-1",
            "replication_configuration": [],
            "request_payer": "BucketOwner",
            "server_side_encryption_configuration": [
              {
                "rule": [
                  {
                    "apply_server_side_encryption_by_default": [
                      {
                        "kms_master_key_id": "",
                        "sse_algorithm": "AES256"
                      }
                    ],
                    "bucket_key_enabled": false
                  }
                ]
              }
            ],
            "tags": null,
            "tags_all": {},
            "timeouts": null,
            "versioning": [
              {
                "enabled": false,
                "mfa_delete": false
              }
            ],
            "website": [],
            "website_domain": null,
            "website_endpoint": null
          },
          "sensitive_attributes": [],
          "identity_schema_version": 0,
          "private": "eyJlMmJmYjczMC1lY2FhLTExZTYtOGY4OC0zNDM2M2JjN2M0YzAiOnsiY3JlYXRlIjoxMjAwMDAwMDAwMDAwLCJkZWxldGUiOjM2MDAwMDAwMDAwMDAsInJlYWQiOjEyMDAwMDAwMDAwMDAsInVwZGF0ZSI6MTIwMDAwMDAwMDAwMH19"
        }
      ]
    },
    {
      "module": "module.efs",
      "mode": "managed",
      "type": "aws_efs_access_point",
      "name": "this",
      "provider": "provider[\"registry.terraform.io/hashicorp/aws\"]",
      "instances": [
        {
          "schema_version": 0,
          "attributes": {
            "arn": "arn:aws:elasticfilesystem:eu-central-1:686255985275:access-point/fsap-05aa39828147f7aad",
            "file_system_arn": "arn:aws:elasticfilesystem:eu-central-1:686255985275:file-system/fs-07239edf016aabb5c",
            "file_system_id": "fs-07239edf016aabb5c",
            "id": "fsap-05aa39828147f7aad",
            "owner_id": "686255985275",
            "posix_user": [
              {
                "gid": 1000,
                "secondary_gids": null,
                "uid": 1000
              }
            ],
            "root_directory": [
              {
                "creation_info": [
                  {
                    "owner_gid": 1000,
                    "owner_uid": 1000,
                    "permissions": "755"
                  }
                ],
                "path": "/lambda"
              }
            ],
            "tags": null,
            "tags_all": {}
          },
          "sensitive_attributes": [],
          "identity_schema_version": 0,
          "private": "bnVsbA==",
          "dependencies": [
            "data.aws_vpc.default",
            "module.app_sg.aws_security_group.this",
            "module.app_sg.aws_security_group_rule.self_allow_2049",
            "module.efs.aws_efs_file_system.this"
          ]
        }
      ]
    },
    {
      "module": "module.efs",
      "mode": "managed",
      "type": "aws_efs_file_system",
      "name": "this",
      "provider": "provider[\"registry.terraform.io/hashicorp/aws\"]",
      "instances": [
        {
          "schema_version": 0,
          "attributes": {
            "arn": "arn:aws:elasticfilesystem:eu-central-1:686255985275:file-system/fs-07239edf016aabb5c",
            "availability_zone_id": "",
            "availability_zone_name": "",
            "creation_token": "efs-backup",
            "dns_name": "fs-07239edf016aabb5c.efs.eu-central-1.amazonaws.com",
            "encrypted": false,
            "id": "fs-07239edf016aabb5c",
            "kms_key_id": "",
            "lifecycle_policy": [],
            "name": "efs-backup",
            "number_of_mount_targets": 0,
            "owner_id": "686255985275",
            "performance_mode": "generalPurpose",
            "protection": [
              {
                "replication_overwrite": "ENABLED"
              }
            ],
            "provisioned_throughput_in_mibps": 0,
            "size_in_bytes": [
              {
                "value": 6144,
                "value_in_ia": 0,
                "value_in_standard": 6144
              }
            ],
            "tags": {
              "Name": "efs-backup"
            },
            "tags_all": {
              "Name": "efs-backup"
            },
            "throughput_mode": "bursting"
          },
          "sensitive_attributes": [],
          "identity_schema_version": 0,
          "private": "bnVsbA==",
          "dependencies": [
            "data.aws_vpc.default",
            "module.app_sg.aws_security_group.this",
            "module.app_sg.aws_security_group_rule.self_allow_2049"
          ]
        }
      ]
    },
    {
      "module": "module.efs",
      "mode": "managed",
      "type": "aws_efs_mount_target",
      "name": "target",
      "provider": "provider[\"registry.terraform.io/hashicorp/aws\"]",
      "instances": [
        {
          "schema_version": 0,
          "attributes": {
            "availability_zone_id": "euc1-az1",
            "availability_zone_name": "eu-central-1c",
            "dns_name": "fs-07239edf016aabb5c.efs.eu-central-1.amazonaws.com",
            "file_system_arn": "arn:aws:elasticfilesystem:eu-central-1:686255985275:file-system/fs-07239edf016aabb5c",
            "file_system_id": "fs-07239edf016aabb5c",
            "id": "fsmt-0b956978ee31f1aad",
            "ip_address": "172.31.9.24",
            "mount_target_dns_name": "eu-central-1c.fs-07239edf016aabb5c.efs.eu-central-1.amazonaws.com",
            "network_interface_id": "eni-06c866fab35a63597",
            "owner_id": "686255985275",
            "security_groups": [
              "sg-07b14391595c2320d"
            ],
            "subnet_id": "subnet-0038b1fe0553c625b",
            "timeouts": null
          },
          "sensitive_attributes": [],
          "identity_schema_version": 0,
          "private": "eyJlMmJmYjczMC1lY2FhLTExZTYtOGY4OC0zNDM2M2JjN2M0YzAiOnsiY3JlYXRlIjoxODAwMDAwMDAwMDAwLCJkZWxldGUiOjYwMDAwMDAwMDAwMH19",
          "dependencies": [
            "data.aws_subnet.first",
            "data.aws_subnets.default",
            "data.aws_vpc.default",
            "module.app_sg.aws_security_group.this",
            "module.app_sg.aws_security_group_rule.self_allow_2049",
            "module.efs.aws_efs_file_system.this"
          ]
        }
      ]
    },
    {
      "module": "module.efs_backup_lambda",
      "mode": "managed",
      "type": "aws_iam_role",
      "name": "lambda_exec",
      "provider": "provider[\"registry.terraform.io/hashicorp/aws\"]",
      "instances": [
        {
          "schema_version": 0,
          "attributes": {
            "arn": "arn:aws:iam::686255985275:role/efs-to-s3-backup-exec",
            "assume_role_policy": "{\"Statement\":[{\"Action\":\"sts:AssumeRole\",\"Effect\":\"Allow\",\"Principal\":{\"Service\":\"lambda.amazonaws.com\"}}],\"Version\":\"2012-10-17\"}",
            "create_date": "2025-06-04T08:24:18Z",
            "description": "",
            "force_detach_policies": false,
            "id": "efs-to-s3-backup-exec",
            "inline_policy": [],
            "managed_policy_arns": [],
            "max_session_duration": 3600,
            "name": "efs-to-s3-backup-exec",
            "name_prefix": "",
            "path": "/",
            "permissions_boundary": "",
            "tags": null,
            "tags_all": {},
            "unique_id": "AROAZ7SALKJ5532M2NZL3"
          },
          "sensitive_attributes": [],
          "identity_schema_version": 0,
          "private": "bnVsbA==",
          "dependencies": [
            "data.aws_subnet.first",
            "data.aws_subnets.default",
            "data.aws_vpc.default",
            "module.app_sg.aws_security_group.this",
            "module.app_sg.aws_security_group_rule.self_allow_2049",
            "module.efs.aws_efs_access_point.this",
            "module.efs.aws_efs_file_system.this",
            "module.efs.aws_efs_mount_target.target"
          ]
        }
      ]
    },
    {
      "module": "module.efs_backup_lambda",
      "mode": "managed",
      "type": "aws_iam_role_policy_attachment",
      "name": "lambda_policy",
      "provider": "provider[\"registry.terraform.io/hashicorp/aws\"]",
      "instances": [
        {
          "schema_version": 0,
          "attributes": {
            "id": "efs-to-s3-backup-exec-20250604082419825600000008",
            "policy_arn": "arn:aws:iam::aws:policy/AWSLambda_FullAccess",
            "role": "efs-to-s3-backup-exec"
          },
          "sensitive_attributes": [],
          "identity_schema_version": 0,
          "private": "bnVsbA==",
          "dependencies": [
            "data.aws_subnet.first",
            "data.aws_subnets.default",
            "data.aws_vpc.default",
            "module.app_sg.aws_security_group.this",
            "module.app_sg.aws_security_group_rule.self_allow_2049",
            "module.efs.aws_efs_access_point.this",
            "module.efs.aws_efs_file_system.this",
            "module.efs.aws_efs_mount_target.target",
            "module.efs_backup_lambda.aws_iam_role.lambda_exec"
          ]
        }
      ]
    },
    {
      "module": "module.efs_backup_lambda",
      "mode": "managed",
      "type": "aws_iam_role_policy_attachment",
      "name": "lambda_policy_base",
      "provider": "provider[\"registry.terraform.io/hashicorp/aws\"]",
      "instances": [
        {
          "schema_version": 0,
          "attributes": {
            "id": "efs-to-s3-backup-exec-20250604082419619600000007",
            "policy_arn": "arn:aws:iam::aws:policy/AWSLambda_FullAccess",
            "role": "efs-to-s3-backup-exec"
          },
          "sensitive_attributes": [],
          "identity_schema_version": 0,
          "private": "bnVsbA==",
          "dependencies": [
            "data.aws_subnet.first",
            "data.aws_subnets.default",
            "data.aws_vpc.default",
            "module.app_sg.aws_security_group.this",
            "module.app_sg.aws_security_group_rule.self_allow_2049",
            "module.efs.aws_efs_access_point.this",
            "module.efs.aws_efs_file_system.this",
            "module.efs.aws_efs_mount_target.target",
            "module.efs_backup_lambda.aws_iam_role.lambda_exec"
          ]
        }
      ]
    },
    {
      "module": "module.efs_backup_lambda",
      "mode": "managed",
      "type": "aws_iam_role_policy_attachment",
      "name": "lambda_policy_efs",
      "provider": "provider[\"registry.terraform.io/hashicorp/aws\"]",
      "instances": [
        {
          "schema_version": 0,
          "attributes": {
            "id": "efs-to-s3-backup-exec-20250604082420046900000009",
            "policy_arn": "arn:aws:iam::aws:policy/AmazonElasticFileSystemClientFullAccess",
            "role": "efs-to-s3-backup-exec"
          },
          "sensitive_attributes": [],
          "identity_schema_version": 0,
          "private": "bnVsbA==",
          "dependencies": [
            "data.aws_subnet.first",
            "data.aws_subnets.default",
            "data.aws_vpc.default",
            "module.app_sg.aws_security_group.this",
            "module.app_sg.aws_security_group_rule.self_allow_2049",
            "module.efs.aws_efs_access_point.this",
            "module.efs.aws_efs_file_system.this",
            "module.efs.aws_efs_mount_target.target",
            "module.efs_backup_lambda.aws_iam_role.lambda_exec"
          ]
        }
      ]
    },
    {
      "module": "module.efs_backup_lambda",
      "mode": "managed",
      "type": "aws_iam_role_policy_attachment",
      "name": "lambda_policy_vpc",
      "provider": "provider[\"registry.terraform.io/hashicorp/aws\"]",
      "instances": [
        {
          "schema_version": 0,
          "attributes": {
            "id": "efs-to-s3-backup-exec-2025060408242011110000000a",
            "policy_arn": "arn:aws:iam::aws:policy/service-role/AWSLambdaVPCAccessExecutionRole",
            "role": "efs-to-s3-backup-exec"
          },
          "sensitive_attributes": [],
          "identity_schema_version": 0,
          "private": "bnVsbA==",
          "dependencies": [
            "data.aws_subnet.first",
            "data.aws_subnets.default",
            "data.aws_vpc.default",
            "module.app_sg.aws_security_group.this",
            "module.app_sg.aws_security_group_rule.self_allow_2049",
            "module.efs.aws_efs_access_point.this",
            "module.efs.aws_efs_file_system.this",
            "module.efs.aws_efs_mount_target.target",
            "module.efs_backup_lambda.aws_iam_role.lambda_exec"
          ]
        }
      ]
    },
    {
      "module": "module.efs_backup_lambda",
      "mode": "managed",
      "type": "aws_lambda_function",
      "name": "this",
      "provider": "provider[\"registry.terraform.io/hashicorp/aws\"]",
      "instances": [
        {
          "schema_version": 0,
          "attributes": {
            "architectures": [
              "x86_64"
            ],
            "arn": "arn:aws:lambda:eu-central-1:686255985275:function:efs-to-s3-backup",
            "code_sha256": "syK7ANoLCV1WPEvC+W5yvOYiOIXlNwCdAmR5FArtLRM=",
            "code_signing_config_arn": "",
            "dead_letter_config": [],
            "description": "",
            "environment": [
              {
                "variables": {
                  "TARGET_BUCKET": "efs-backup-storage-bucket"
                }
              }
            ],
            "ephemeral_storage": [
              {
                "size": 512
              }
            ],
            "file_system_config": [
              {
                "arn": "arn:aws:elasticfilesystem:eu-central-1:686255985275:access-point/fsap-05aa39828147f7aad",
                "local_mount_path": "/mnt/efs"
              }
            ],
            "filename": "./../../modules/lambda/efs_backup_lambda.zip",
            "function_name": "efs-to-s3-backup",
            "handler": "index.handler",
            "id": "efs-to-s3-backup",
            "image_config": [],
            "image_uri": "",
            "invoke_arn": "arn:aws:apigateway:eu-central-1:lambda:path/2015-03-31/functions/arn:aws:lambda:eu-central-1:686255985275:function:efs-to-s3-backup/invocations",
            "kms_key_arn": "",
            "last_modified": "2025-06-04T08:24:29.893+0000",
            "layers": null,
            "logging_config": [
              {
                "application_log_level": "",
                "log_format": "Text",
                "log_group": "/aws/lambda/efs-to-s3-backup",
                "system_log_level": ""
              }
            ],
            "memory_size": 128,
            "package_type": "Zip",
            "publish": false,
            "qualified_arn": "arn:aws:lambda:eu-central-1:686255985275:function:efs-to-s3-backup:$LATEST",
            "qualified_invoke_arn": "arn:aws:apigateway:eu-central-1:lambda:path/2015-03-31/functions/arn:aws:lambda:eu-central-1:686255985275:function:efs-to-s3-backup:$LATEST/invocations",
            "replace_security_groups_on_destroy": null,
            "replacement_security_group_ids": null,
            "reserved_concurrent_executions": -1,
            "role": "arn:aws:iam::686255985275:role/efs-to-s3-backup-exec",
            "runtime": "python3.9",
            "s3_bucket": null,
            "s3_key": null,
            "s3_object_version": null,
            "signing_job_arn": "",
            "signing_profile_version_arn": "",
            "skip_destroy": false,
            "snap_start": [],
            "source_code_hash": "",
            "source_code_size": 342,
            "tags": null,
            "tags_all": {},
            "timeout": 60,
            "timeouts": null,
            "tracing_config": [
              {
                "mode": "PassThrough"
              }
            ],
            "version": "$LATEST",
            "vpc_config": [
              {
                "ipv6_allowed_for_dual_stack": false,
                "security_group_ids": [
                  "sg-07b14391595c2320d"
                ],
                "subnet_ids": [
                  "subnet-0038b1fe0553c625b"
                ],
                "vpc_id": "vpc-0cd726ed01a18b4fe"
              }
            ]
          },
          "sensitive_attributes": [],
          "identity_schema_version": 0,
          "private": "eyJlMmJmYjczMC1lY2FhLTExZTYtOGY4OC0zNDM2M2JjN2M0YzAiOnsiY3JlYXRlIjo2MDAwMDAwMDAwMDAsImRlbGV0ZSI6NjAwMDAwMDAwMDAwLCJ1cGRhdGUiOjYwMDAwMDAwMDAwMH19",
          "dependencies": [
            "data.aws_subnet.first",
            "data.aws_subnets.default",
            "data.aws_vpc.default",
            "module.app_sg.aws_security_group.this",
            "module.app_sg.aws_security_group_rule.self_allow_2049",
            "module.backup_bucket.aws_s3_bucket.this",
            "module.efs.aws_efs_access_point.this",
            "module.efs.aws_efs_file_system.this",
            "module.efs.aws_efs_mount_target.target",
            "module.efs_backup_lambda.aws_iam_role.lambda_exec"
          ]
        }
      ]
    },
    {
      "module": "module.jenkins",
      "mode": "managed",
      "type": "aws_instance",
      "name": "this",
      "provider": "provider[\"registry.terraform.io/hashicorp/aws\"]",
      "instances": [
        {
          "schema_version": 1,
          "attributes": {
            "ami": "ami-06c374f393664f330",
            "arn": "arn:aws:ec2:eu-central-1:686255985275:instance/i-043e0dcb9c6773944",
            "associate_public_ip_address": true,
            "availability_zone": "eu-central-1a",
            "capacity_reservation_specification": [
              {
                "capacity_reservation_preference": "open",
                "capacity_reservation_target": []
              }
            ],
            "cpu_core_count": 2,
            "cpu_options": [
              {
                "amd_sev_snp": "",
                "core_count": 2,
                "threads_per_core": 1
              }
            ],
            "cpu_threads_per_core": 1,
            "credit_specification": [
              {
                "cpu_credits": "standard"
              }
            ],
            "disable_api_stop": false,
            "disable_api_termination": false,
            "ebs_block_device": [],
            "ebs_optimized": false,
            "enable_primary_ipv6": null,
            "enclave_options": [
              {
                "enabled": false
              }
            ],
            "ephemeral_block_device": [],
            "get_password_data": false,
            "hibernation": false,
            "host_id": "",
            "host_resource_group_arn": null,
            "iam_instance_profile": "",
            "id": "i-043e0dcb9c6773944",
            "instance_initiated_shutdown_behavior": "stop",
            "instance_lifecycle": "",
            "instance_market_options": [],
            "instance_state": "running",
            "instance_type": "t2.medium",
            "ipv6_address_count": 0,
            "ipv6_addresses": [],
            "key_name": "ocs-key",
            "launch_template": [],
            "maintenance_options": [
              {
                "auto_recovery": "default"
              }
            ],
            "metadata_options": [
              {
                "http_endpoint": "enabled",
                "http_protocol_ipv6": "disabled",
                "http_put_response_hop_limit": 1,
                "http_tokens": "optional",
                "instance_metadata_tags": "disabled"
              }
            ],
            "monitoring": false,
            "network_interface": [],
            "outpost_arn": "",
            "password_data": "",
            "placement_group": "",
            "placement_partition_number": 0,
            "primary_network_interface_id": "eni-0488364b603ffc609",
            "private_dns": "ip-172-31-22-53.eu-central-1.compute.internal",
            "private_dns_name_options": [
              {
                "enable_resource_name_dns_a_record": false,
                "enable_resource_name_dns_aaaa_record": false,
                "hostname_type": "ip-name"
              }
            ],
            "private_ip": "172.31.22.53",
            "public_dns": "ec2-18-192-58-176.eu-central-1.compute.amazonaws.com",
            "public_ip": "18.192.58.176",
            "root_block_device": [
              {
                "delete_on_termination": true,
                "device_name": "/dev/sda1",
                "encrypted": false,
                "iops": 100,
                "kms_key_id": "",
                "tags": null,
                "tags_all": {},
                "throughput": 0,
                "volume_id": "vol-0d386c61de8c46f6e",
                "volume_size": 20,
                "volume_type": "gp2"
              }
            ],
            "secondary_private_ips": [],
            "security_groups": [
              "ramo-beko-sg"
            ],
            "source_dest_check": true,
            "spot_instance_request_id": "",
            "subnet_id": "subnet-0b5b1dac403a2527d",
            "tags": {
              "Name": "jenkins"
            },
            "tags_all": {
              "Name": "jenkins"
            },
            "tenancy": "default",
            "timeouts": null,
            "user_data": null,
            "user_data_base64": null,
            "user_data_replace_on_change": false,
            "volume_tags": null,
            "vpc_security_group_ids": [
              "sg-07b14391595c2320d"
            ]
          },
          "sensitive_attributes": [],
          "identity_schema_version": 0,
          "private": "eyJlMmJmYjczMC1lY2FhLTExZTYtOGY4OC0zNDM2M2JjN2M0YzAiOnsiY3JlYXRlIjo2MDAwMDAwMDAwMDAsImRlbGV0ZSI6MTIwMDAwMDAwMDAwMCwicmVhZCI6OTAwMDAwMDAwMDAwLCJ1cGRhdGUiOjYwMDAwMDAwMDAwMH0sInNjaGVtYV92ZXJzaW9uIjoiMSJ9",
          "dependencies": [
            "aws_key_pair.ocs_key",
            "data.aws_ami.ubuntu_latest",
            "data.aws_vpc.default",
            "module.app_sg.aws_security_group.this",
            "module.app_sg.aws_security_group_rule.self_allow_2049",
            "tls_private_key.ocs_key"
          ]
        }
      ]
    },
    {
      "module": "module.k8s_master",
      "mode": "managed",
      "type": "aws_instance",
      "name": "this",
      "provider": "provider[\"registry.terraform.io/hashicorp/aws\"]",
      "instances": [
        {
          "schema_version": 1,
          "attributes": {
            "ami": "ami-06c374f393664f330",
            "arn": "arn:aws:ec2:eu-central-1:686255985275:instance/i-02473f38d17a5c92d",
            "associate_public_ip_address": true,
            "availability_zone": "eu-central-1a",
            "capacity_reservation_specification": [
              {
                "capacity_reservation_preference": "open",
                "capacity_reservation_target": []
              }
            ],
            "cpu_core_count": 2,
            "cpu_options": [
              {
                "amd_sev_snp": "",
                "core_count": 2,
                "threads_per_core": 1
              }
            ],
            "cpu_threads_per_core": 1,
            "credit_specification": [
              {
                "cpu_credits": "standard"
              }
            ],
            "disable_api_stop": false,
            "disable_api_termination": false,
            "ebs_block_device": [],
            "ebs_optimized": false,
            "enable_primary_ipv6": null,
            "enclave_options": [
              {
                "enabled": false
              }
            ],
            "ephemeral_block_device": [],
            "get_password_data": false,
            "hibernation": false,
            "host_id": "",
            "host_resource_group_arn": null,
            "iam_instance_profile": "",
            "id": "i-02473f38d17a5c92d",
            "instance_initiated_shutdown_behavior": "stop",
            "instance_lifecycle": "",
            "instance_market_options": [],
            "instance_state": "running",
            "instance_type": "t2.medium",
            "ipv6_address_count": 0,
            "ipv6_addresses": [],
            "key_name": "ocs-key",
            "launch_template": [],
            "maintenance_options": [
              {
                "auto_recovery": "default"
              }
            ],
            "metadata_options": [
              {
                "http_endpoint": "enabled",
                "http_protocol_ipv6": "disabled",
                "http_put_response_hop_limit": 1,
                "http_tokens": "optional",
                "instance_metadata_tags": "disabled"
              }
            ],
            "monitoring": false,
            "network_interface": [],
            "outpost_arn": "",
            "password_data": "",
            "placement_group": "",
            "placement_partition_number": 0,
            "primary_network_interface_id": "eni-0987b5b02e7e53e07",
            "private_dns": "ip-172-31-22-112.eu-central-1.compute.internal",
            "private_dns_name_options": [
              {
                "enable_resource_name_dns_a_record": false,
                "enable_resource_name_dns_aaaa_record": false,
                "hostname_type": "ip-name"
              }
            ],
            "private_ip": "172.31.22.112",
            "public_dns": "ec2-18-197-200-13.eu-central-1.compute.amazonaws.com",
            "public_ip": "18.197.200.13",
            "root_block_device": [
              {
                "delete_on_termination": true,
                "device_name": "/dev/sda1",
                "encrypted": false,
                "iops": 100,
                "kms_key_id": "",
                "tags": null,
                "tags_all": {},
                "throughput": 0,
                "volume_id": "vol-030ba743433535a80",
                "volume_size": 25,
                "volume_type": "gp2"
              }
            ],
            "secondary_private_ips": [],
            "security_groups": [
              "ramo-beko-sg"
            ],
            "source_dest_check": true,
            "spot_instance_request_id": "",
            "subnet_id": "subnet-0b5b1dac403a2527d",
            "tags": {
              "Name": "kubernetes-master"
            },
            "tags_all": {
              "Name": "kubernetes-master"
            },
            "tenancy": "default",
            "timeouts": null,
            "user_data": null,
            "user_data_base64": null,
            "user_data_replace_on_change": false,
            "volume_tags": null,
            "vpc_security_group_ids": [
              "sg-07b14391595c2320d"
            ]
          },
          "sensitive_attributes": [],
          "identity_schema_version": 0,
          "private": "eyJlMmJmYjczMC1lY2FhLTExZTYtOGY4OC0zNDM2M2JjN2M0YzAiOnsiY3JlYXRlIjo2MDAwMDAwMDAwMDAsImRlbGV0ZSI6MTIwMDAwMDAwMDAwMCwicmVhZCI6OTAwMDAwMDAwMDAwLCJ1cGRhdGUiOjYwMDAwMDAwMDAwMH0sInNjaGVtYV92ZXJzaW9uIjoiMSJ9",
          "dependencies": [
            "aws_key_pair.ocs_key",
            "data.aws_ami.ubuntu_latest",
            "data.aws_vpc.default",
            "module.app_sg.aws_security_group.this",
            "module.app_sg.aws_security_group_rule.self_allow_2049",
            "tls_private_key.ocs_key"
          ]
        }
      ]
    },
    {
      "module": "module.k8s_slave_1",
      "mode": "managed",
      "type": "aws_instance",
      "name": "this",
      "provider": "provider[\"registry.terraform.io/hashicorp/aws\"]",
      "instances": [
        {
          "schema_version": 1,
          "attributes": {
            "ami": "ami-06c374f393664f330",
            "arn": "arn:aws:ec2:eu-central-1:686255985275:instance/i-01d17a030bff1a172",
            "associate_public_ip_address": true,
            "availability_zone": "eu-central-1a",
            "capacity_reservation_specification": [
              {
                "capacity_reservation_preference": "open",
                "capacity_reservation_target": []
              }
            ],
            "cpu_core_count": 2,
            "cpu_options": [
              {
                "amd_sev_snp": "",
                "core_count": 2,
                "threads_per_core": 1
              }
            ],
            "cpu_threads_per_core": 1,
            "credit_specification": [
              {
                "cpu_credits": "standard"
              }
            ],
            "disable_api_stop": false,
            "disable_api_termination": false,
            "ebs_block_device": [],
            "ebs_optimized": false,
            "enable_primary_ipv6": null,
            "enclave_options": [
              {
                "enabled": false
              }
            ],
            "ephemeral_block_device": [],
            "get_password_data": false,
            "hibernation": false,
            "host_id": "",
            "host_resource_group_arn": null,
            "iam_instance_profile": "",
            "id": "i-01d17a030bff1a172",
            "instance_initiated_shutdown_behavior": "stop",
            "instance_lifecycle": "",
            "instance_market_options": [],
            "instance_state": "running",
            "instance_type": "t2.medium",
            "ipv6_address_count": 0,
            "ipv6_addresses": [],
            "key_name": "ocs-key",
            "launch_template": [],
            "maintenance_options": [
              {
                "auto_recovery": "default"
              }
            ],
            "metadata_options": [
              {
                "http_endpoint": "enabled",
                "http_protocol_ipv6": "disabled",
                "http_put_response_hop_limit": 1,
                "http_tokens": "optional",
                "instance_metadata_tags": "disabled"
              }
            ],
            "monitoring": false,
            "network_interface": [],
            "outpost_arn": "",
            "password_data": "",
            "placement_group": "",
            "placement_partition_number": 0,
            "primary_network_interface_id": "eni-0ba0df7afeede46ac",
            "private_dns": "ip-172-31-16-173.eu-central-1.compute.internal",
            "private_dns_name_options": [
              {
                "enable_resource_name_dns_a_record": false,
                "enable_resource_name_dns_aaaa_record": false,
                "hostname_type": "ip-name"
              }
            ],
            "private_ip": "172.31.16.173",
            "public_dns": "ec2-18-159-206-37.eu-central-1.compute.amazonaws.com",
            "public_ip": "18.159.206.37",
            "root_block_device": [
              {
                "delete_on_termination": true,
                "device_name": "/dev/sda1",
                "encrypted": false,
                "iops": 100,
                "kms_key_id": "",
                "tags": null,
                "tags_all": {},
                "throughput": 0,
                "volume_id": "vol-0696c9271b5a0a473",
                "volume_size": 25,
                "volume_type": "gp2"
              }
            ],
            "secondary_private_ips": [],
            "security_groups": [
              "ramo-beko-sg"
            ],
            "source_dest_check": true,
            "spot_instance_request_id": "",
            "subnet_id": "subnet-0b5b1dac403a2527d",
            "tags": {
              "Name": "kubernetes-slave-1"
            },
            "tags_all": {
              "Name": "kubernetes-slave-1"
            },
            "tenancy": "default",
            "timeouts": null,
            "user_data": null,
            "user_data_base64": null,
            "user_data_replace_on_change": false,
            "volume_tags": null,
            "vpc_security_group_ids": [
              "sg-07b14391595c2320d"
            ]
          },
          "sensitive_attributes": [],
          "identity_schema_version": 0,
          "private": "eyJlMmJmYjczMC1lY2FhLTExZTYtOGY4OC0zNDM2M2JjN2M0YzAiOnsiY3JlYXRlIjo2MDAwMDAwMDAwMDAsImRlbGV0ZSI6MTIwMDAwMDAwMDAwMCwicmVhZCI6OTAwMDAwMDAwMDAwLCJ1cGRhdGUiOjYwMDAwMDAwMDAwMH0sInNjaGVtYV92ZXJzaW9uIjoiMSJ9",
          "dependencies": [
            "aws_key_pair.ocs_key",
            "data.aws_ami.ubuntu_latest",
            "data.aws_vpc.default",
            "module.app_sg.aws_security_group.this",
            "module.app_sg.aws_security_group_rule.self_allow_2049",
            "tls_private_key.ocs_key"
          ]
        }
      ]
    },
    {
      "module": "module.k8s_slave_2",
      "mode": "managed",
      "type": "aws_instance",
      "name": "this",
      "provider": "provider[\"registry.terraform.io/hashicorp/aws\"]",
      "instances": [
        {
          "schema_version": 1,
          "attributes": {
            "ami": "ami-06c374f393664f330",
            "arn": "arn:aws:ec2:eu-central-1:686255985275:instance/i-095f77eeed471c17b",
            "associate_public_ip_address": true,
            "availability_zone": "eu-central-1a",
            "capacity_reservation_specification": [
              {
                "capacity_reservation_preference": "open",
                "capacity_reservation_target": []
              }
            ],
            "cpu_core_count": 2,
            "cpu_options": [
              {
                "amd_sev_snp": "",
                "core_count": 2,
                "threads_per_core": 1
              }
            ],
            "cpu_threads_per_core": 1,
            "credit_specification": [
              {
                "cpu_credits": "standard"
              }
            ],
            "disable_api_stop": false,
            "disable_api_termination": false,
            "ebs_block_device": [],
            "ebs_optimized": false,
            "enable_primary_ipv6": null,
            "enclave_options": [
              {
                "enabled": false
              }
            ],
            "ephemeral_block_device": [],
            "get_password_data": false,
            "hibernation": false,
            "host_id": "",
            "host_resource_group_arn": null,
            "iam_instance_profile": "",
            "id": "i-095f77eeed471c17b",
            "instance_initiated_shutdown_behavior": "stop",
            "instance_lifecycle": "",
            "instance_market_options": [],
            "instance_state": "running",
            "instance_type": "t2.medium",
            "ipv6_address_count": 0,
            "ipv6_addresses": [],
            "key_name": "ocs-key",
            "launch_template": [],
            "maintenance_options": [
              {
                "auto_recovery": "default"
              }
            ],
            "metadata_options": [
              {
                "http_endpoint": "enabled",
                "http_protocol_ipv6": "disabled",
                "http_put_response_hop_limit": 1,
                "http_tokens": "optional",
                "instance_metadata_tags": "disabled"
              }
            ],
            "monitoring": false,
            "network_interface": [],
            "outpost_arn": "",
            "password_data": "",
            "placement_group": "",
            "placement_partition_number": 0,
            "primary_network_interface_id": "eni-0ed91e996b846c4b4",
            "private_dns": "ip-172-31-22-95.eu-central-1.compute.internal",
            "private_dns_name_options": [
              {
                "enable_resource_name_dns_a_record": false,
                "enable_resource_name_dns_aaaa_record": false,
                "hostname_type": "ip-name"
              }
            ],
            "private_ip": "172.31.22.95",
            "public_dns": "ec2-52-57-108-211.eu-central-1.compute.amazonaws.com",
            "public_ip": "52.57.108.211",
            "root_block_device": [
              {
                "delete_on_termination": true,
                "device_name": "/dev/sda1",
                "encrypted": false,
                "iops": 100,
                "kms_key_id": "",
                "tags": null,
                "tags_all": {},
                "throughput": 0,
                "volume_id": "vol-00f101ca6186e6273",
                "volume_size": 25,
                "volume_type": "gp2"
              }
            ],
            "secondary_private_ips": [],
            "security_groups": [
              "ramo-beko-sg"
            ],
            "source_dest_check": true,
            "spot_instance_request_id": "",
            "subnet_id": "subnet-0b5b1dac403a2527d",
            "tags": {
              "Name": "kubernetes-slave-2"
            },
            "tags_all": {
              "Name": "kubernetes-slave-2"
            },
            "tenancy": "default",
            "timeouts": null,
            "user_data": null,
            "user_data_base64": null,
            "user_data_replace_on_change": false,
            "volume_tags": null,
            "vpc_security_group_ids": [
              "sg-07b14391595c2320d"
            ]
          },
          "sensitive_attributes": [],
          "identity_schema_version": 0,
          "private": "eyJlMmJmYjczMC1lY2FhLTExZTYtOGY4OC0zNDM2M2JjN2M0YzAiOnsiY3JlYXRlIjo2MDAwMDAwMDAwMDAsImRlbGV0ZSI6MTIwMDAwMDAwMDAwMCwicmVhZCI6OTAwMDAwMDAwMDAwLCJ1cGRhdGUiOjYwMDAwMDAwMDAwMH0sInNjaGVtYV92ZXJzaW9uIjoiMSJ9",
          "dependencies": [
            "aws_key_pair.ocs_key",
            "data.aws_ami.ubuntu_latest",
            "data.aws_vpc.default",
            "module.app_sg.aws_security_group.this",
            "module.app_sg.aws_security_group_rule.self_allow_2049",
            "tls_private_key.ocs_key"
          ]
        }
      ]
    },
    {
      "module": "module.nexus",
      "mode": "managed",
      "type": "aws_instance",
      "name": "this",
      "provider": "provider[\"registry.terraform.io/hashicorp/aws\"]",
      "instances": [
        {
          "schema_version": 1,
          "attributes": {
            "ami": "ami-06c374f393664f330",
            "arn": "arn:aws:ec2:eu-central-1:686255985275:instance/i-0379549ca1f2c6be6",
            "associate_public_ip_address": true,
            "availability_zone": "eu-central-1a",
            "capacity_reservation_specification": [
              {
                "capacity_reservation_preference": "open",
                "capacity_reservation_target": []
              }
            ],
            "cpu_core_count": 2,
            "cpu_options": [
              {
                "amd_sev_snp": "",
                "core_count": 2,
                "threads_per_core": 1
              }
            ],
            "cpu_threads_per_core": 1,
            "credit_specification": [
              {
                "cpu_credits": "standard"
              }
            ],
            "disable_api_stop": false,
            "disable_api_termination": false,
            "ebs_block_device": [],
            "ebs_optimized": false,
            "enable_primary_ipv6": null,
            "enclave_options": [
              {
                "enabled": false
              }
            ],
            "ephemeral_block_device": [],
            "get_password_data": false,
            "hibernation": false,
            "host_id": "",
            "host_resource_group_arn": null,
            "iam_instance_profile": "",
            "id": "i-0379549ca1f2c6be6",
            "instance_initiated_shutdown_behavior": "stop",
            "instance_lifecycle": "",
            "instance_market_options": [],
            "instance_state": "running",
            "instance_type": "t2.medium",
            "ipv6_address_count": 0,
            "ipv6_addresses": [],
            "key_name": "ocs-key",
            "launch_template": [],
            "maintenance_options": [
              {
                "auto_recovery": "default"
              }
            ],
            "metadata_options": [
              {
                "http_endpoint": "enabled",
                "http_protocol_ipv6": "disabled",
                "http_put_response_hop_limit": 1,
                "http_tokens": "optional",
                "instance_metadata_tags": "disabled"
              }
            ],
            "monitoring": false,
            "network_interface": [],
            "outpost_arn": "",
            "password_data": "",
            "placement_group": "",
            "placement_partition_number": 0,
            "primary_network_interface_id": "eni-02d2877e7e4bd9a1f",
            "private_dns": "ip-172-31-26-30.eu-central-1.compute.internal",
            "private_dns_name_options": [
              {
                "enable_resource_name_dns_a_record": false,
                "enable_resource_name_dns_aaaa_record": false,
                "hostname_type": "ip-name"
              }
            ],
            "private_ip": "172.31.26.30",
            "public_dns": "ec2-18-192-122-132.eu-central-1.compute.amazonaws.com",
            "public_ip": "18.192.122.132",
            "root_block_device": [
              {
                "delete_on_termination": true,
                "device_name": "/dev/sda1",
                "encrypted": false,
                "iops": 100,
                "kms_key_id": "",
                "tags": null,
                "tags_all": {},
                "throughput": 0,
                "volume_id": "vol-068ed671c0b48d64f",
                "volume_size": 20,
                "volume_type": "gp2"
              }
            ],
            "secondary_private_ips": [],
            "security_groups": [
              "ramo-beko-sg"
            ],
            "source_dest_check": true,
            "spot_instance_request_id": "",
            "subnet_id": "subnet-0b5b1dac403a2527d",
            "tags": {
              "Name": "nexus"
            },
            "tags_all": {
              "Name": "nexus"
            },
            "tenancy": "default",
            "timeouts": null,
            "user_data": null,
            "user_data_base64": null,
            "user_data_replace_on_change": false,
            "volume_tags": null,
            "vpc_security_group_ids": [
              "sg-07b14391595c2320d"
            ]
          },
          "sensitive_attributes": [],
          "identity_schema_version": 0,
          "private": "eyJlMmJmYjczMC1lY2FhLTExZTYtOGY4OC0zNDM2M2JjN2M0YzAiOnsiY3JlYXRlIjo2MDAwMDAwMDAwMDAsImRlbGV0ZSI6MTIwMDAwMDAwMDAwMCwicmVhZCI6OTAwMDAwMDAwMDAwLCJ1cGRhdGUiOjYwMDAwMDAwMDAwMH0sInNjaGVtYV92ZXJzaW9uIjoiMSJ9",
          "dependencies": [
            "aws_key_pair.ocs_key",
            "data.aws_ami.ubuntu_latest",
            "data.aws_vpc.default",
            "module.app_sg.aws_security_group.this",
            "module.app_sg.aws_security_group_rule.self_allow_2049",
            "tls_private_key.ocs_key"
          ]
        }
      ]
    },
    {
      "module": "module.sonarqube",
      "mode": "managed",
      "type": "aws_instance",
      "name": "this",
      "provider": "provider[\"registry.terraform.io/hashicorp/aws\"]",
      "instances": [
        {
          "schema_version": 1,
          "attributes": {
            "ami": "ami-06c374f393664f330",
            "arn": "arn:aws:ec2:eu-central-1:686255985275:instance/i-07bf1f899303a710d",
            "associate_public_ip_address": true,
            "availability_zone": "eu-central-1a",
            "capacity_reservation_specification": [
              {
                "capacity_reservation_preference": "open",
                "capacity_reservation_target": []
              }
            ],
            "cpu_core_count": 2,
            "cpu_options": [
              {
                "amd_sev_snp": "",
                "core_count": 2,
                "threads_per_core": 1
              }
            ],
            "cpu_threads_per_core": 1,
            "credit_specification": [
              {
                "cpu_credits": "standard"
              }
            ],
            "disable_api_stop": false,
            "disable_api_termination": false,
            "ebs_block_device": [],
            "ebs_optimized": false,
            "enable_primary_ipv6": null,
            "enclave_options": [
              {
                "enabled": false
              }
            ],
            "ephemeral_block_device": [],
            "get_password_data": false,
            "hibernation": false,
            "host_id": "",
            "host_resource_group_arn": null,
            "iam_instance_profile": "",
            "id": "i-07bf1f899303a710d",
            "instance_initiated_shutdown_behavior": "stop",
            "instance_lifecycle": "",
            "instance_market_options": [],
            "instance_state": "running",
            "instance_type": "t2.medium",
            "ipv6_address_count": 0,
            "ipv6_addresses": [],
            "key_name": "ocs-key",
            "launch_template": [],
            "maintenance_options": [
              {
                "auto_recovery": "default"
              }
            ],
            "metadata_options": [
              {
                "http_endpoint": "enabled",
                "http_protocol_ipv6": "disabled",
                "http_put_response_hop_limit": 1,
                "http_tokens": "optional",
                "instance_metadata_tags": "disabled"
              }
            ],
            "monitoring": false,
            "network_interface": [],
            "outpost_arn": "",
            "password_data": "",
            "placement_group": "",
            "placement_partition_number": 0,
            "primary_network_interface_id": "eni-07ad893c79a5f9daf",
            "private_dns": "ip-172-31-31-199.eu-central-1.compute.internal",
            "private_dns_name_options": [
              {
                "enable_resource_name_dns_a_record": false,
                "enable_resource_name_dns_aaaa_record": false,
                "hostname_type": "ip-name"
              }
            ],
            "private_ip": "172.31.31.199",
            "public_dns": "ec2-3-68-92-249.eu-central-1.compute.amazonaws.com",
            "public_ip": "3.68.92.249",
            "root_block_device": [
              {
                "delete_on_termination": true,
                "device_name": "/dev/sda1",
                "encrypted": false,
                "iops": 100,
                "kms_key_id": "",
                "tags": null,
                "tags_all": {},
                "throughput": 0,
                "volume_id": "vol-0108c8a1bf0c096a2",
                "volume_size": 20,
                "volume_type": "gp2"
              }
            ],
            "secondary_private_ips": [],
            "security_groups": [
              "ramo-beko-sg"
            ],
            "source_dest_check": true,
            "spot_instance_request_id": "",
            "subnet_id": "subnet-0b5b1dac403a2527d",
            "tags": {
              "Name": "sonarqube"
            },
            "tags_all": {
              "Name": "sonarqube"
            },
            "tenancy": "default",
            "timeouts": null,
            "user_data": null,
            "user_data_base64": null,
            "user_data_replace_on_change": false,
            "volume_tags": null,
            "vpc_security_group_ids": [
              "sg-07b14391595c2320d"
            ]
          },
          "sensitive_attributes": [],
          "identity_schema_version": 0,
          "private": "eyJlMmJmYjczMC1lY2FhLTExZTYtOGY4OC0zNDM2M2JjN2M0YzAiOnsiY3JlYXRlIjo2MDAwMDAwMDAwMDAsImRlbGV0ZSI6MTIwMDAwMDAwMDAwMCwicmVhZCI6OTAwMDAwMDAwMDAwLCJ1cGRhdGUiOjYwMDAwMDAwMDAwMH0sInNjaGVtYV92ZXJzaW9uIjoiMSJ9",
          "dependencies": [
            "aws_key_pair.ocs_key",
            "data.aws_ami.ubuntu_latest",
            "data.aws_vpc.default",
            "module.app_sg.aws_security_group.this",
            "module.app_sg.aws_security_group_rule.self_allow_2049",
            "tls_private_key.ocs_key"
          ]
        }
      ]
    }
  ],
  "check_results": null
}
