{
  "version": 4,
  "terraform_version": "1.12.0",
  "serial": 507,
  "lineage": "b21f79db-f62a-beb9-8434-c9caf1899576",
  "outputs": {
    "all_ips": {
      "value": {
        "jenkins": "3.94.171.20",
        "k8s_master": "3.85.235.56",
        "k8s_slave_1": "13.219.85.156",
        "k8s_slave_2": "52.23.210.224",
        "nexus": "3.92.132.69",
        "sonarqube": "52.90.237.253"
      },
      "type": [
        "object",
        {
          "jenkins": "string",
          "k8s_master": "string",
          "k8s_slave_1": "string",
          "k8s_slave_2": "string",
          "nexus": "string",
          "sonarqube": "string"
        }
      ]
    }
  },
  "resources": [
    {
      "mode": "data",
      "type": "aws_ami",
      "name": "ubuntu_latest",
      "provider": "provider[\"registry.terraform.io/hashicorp/aws\"]",
      "instances": [
        {
          "schema_version": 0,
          "attributes": {
            "architecture": "x86_64",
            "arn": "arn:aws:ec2:us-east-1::image/ami-054d6a336762e438e",
            "block_device_mappings": [
              {
                "device_name": "/dev/sda1",
                "ebs": {
                  "delete_on_termination": "true",
                  "encrypted": "false",
                  "iops": "0",
                  "snapshot_id": "snap-00487d956ad1fa833",
                  "throughput": "0",
                  "volume_size": "8",
                  "volume_type": "gp2"
                },
                "no_device": "",
                "virtual_name": ""
              },
              {
                "device_name": "/dev/sdb",
                "ebs": {},
                "no_device": "",
                "virtual_name": "ephemeral0"
              },
              {
                "device_name": "/dev/sdc",
                "ebs": {},
                "no_device": "",
                "virtual_name": "ephemeral1"
              }
            ],
            "boot_mode": "legacy-bios",
            "creation_date": "2025-06-03T15:17:26.000Z",
            "deprecation_time": "2027-06-03T15:17:26.000Z",
            "description": "Canonical, Ubuntu, 20.04, amd64 focal image",
            "ena_support": true,
            "executable_users": null,
            "filter": [
              {
                "name": "name",
                "values": [
                  "ubuntu/images/hvm-ssd/ubuntu-*-amd64-server-*"
                ]
              },
              {
                "name": "virtualization-type",
                "values": [
                  "hvm"
                ]
              }
            ],
            "hypervisor": "xen",
            "id": "ami-054d6a336762e438e",
            "image_id": "ami-054d6a336762e438e",
            "image_location": "amazon/ubuntu/images/hvm-ssd/ubuntu-focal-20.04-amd64-server-20250603",
            "image_owner_alias": "amazon",
            "image_type": "machine",
            "imds_support": "",
            "include_deprecated": false,
            "kernel_id": "",
            "last_launched_time": "",
            "most_recent": true,
            "name": "ubuntu/images/hvm-ssd/ubuntu-focal-20.04-amd64-server-20250603",
            "name_regex": null,
            "owner_id": "099720109477",
            "owners": [
              "099720109477"
            ],
            "platform": "",
            "platform_details": "Linux/UNIX",
            "product_codes": [],
            "public": true,
            "ramdisk_id": "",
            "root_device_name": "/dev/sda1",
            "root_device_type": "ebs",
            "root_snapshot_id": "snap-00487d956ad1fa833",
            "sriov_net_support": "simple",
            "state": "available",
            "state_reason": {
              "code": "UNSET",
              "message": "UNSET"
            },
            "tags": {},
            "timeouts": null,
            "tpm_support": "",
            "uefi_data": null,
            "usage_operation": "RunInstances",
            "virtualization_type": "hvm"
          },
          "sensitive_attributes": [],
          "identity_schema_version": 0
        }
      ]
    },
    {
      "mode": "data",
      "type": "aws_subnet",
      "name": "first",
      "provider": "provider[\"registry.terraform.io/hashicorp/aws\"]",
      "instances": [
        {
          "schema_version": 0,
          "attributes": {
            "arn": "arn:aws:ec2:us-east-1:686255985275:subnet/subnet-01afe15d77fa192be",
            "assign_ipv6_address_on_creation": false,
            "availability_zone": "us-east-1c",
            "availability_zone_id": "use1-az6",
            "available_ip_address_count": 4089,
            "cidr_block": "172.31.32.0/20",
            "customer_owned_ipv4_pool": "",
            "default_for_az": true,
            "enable_dns64": false,
            "enable_lni_at_device_index": 0,
            "enable_resource_name_dns_a_record_on_launch": false,
            "enable_resource_name_dns_aaaa_record_on_launch": false,
            "filter": null,
            "id": "subnet-01afe15d77fa192be",
            "ipv6_cidr_block": "",
            "ipv6_cidr_block_association_id": "",
            "ipv6_native": false,
            "map_customer_owned_ip_on_launch": false,
            "map_public_ip_on_launch": true,
            "outpost_arn": "",
            "owner_id": "686255985275",
            "private_dns_hostname_type_on_launch": "ip-name",
            "state": "available",
            "tags": {},
            "timeouts": null,
            "vpc_id": "vpc-0e5762d7b0fce1202"
          },
          "sensitive_attributes": [],
          "identity_schema_version": 0
        }
      ]
    },
    {
      "mode": "data",
      "type": "aws_subnets",
      "name": "default",
      "provider": "provider[\"registry.terraform.io/hashicorp/aws\"]",
      "instances": [
        {
          "schema_version": 0,
          "attributes": {
            "filter": [
              {
                "name": "vpc-id",
                "values": [
                  "vpc-0e5762d7b0fce1202"
                ]
              }
            ],
            "id": "us-east-1",
            "ids": [
              "subnet-01afe15d77fa192be",
              "subnet-024d2ca427751c468",
              "subnet-0592ded1e94dc1c84",
              "subnet-0976ca175839a158c",
              "subnet-098f99877c7803ccc",
              "subnet-0813496b20f5edb2d"
            ],
            "tags": null,
            "timeouts": null
          },
          "sensitive_attributes": [],
          "identity_schema_version": 0
        }
      ]
    },
    {
      "mode": "data",
      "type": "aws_vpc",
      "name": "default",
      "provider": "provider[\"registry.terraform.io/hashicorp/aws\"]",
      "instances": [
        {
          "schema_version": 0,
          "attributes": {
            "arn": "arn:aws:ec2:us-east-1:686255985275:vpc/vpc-0e5762d7b0fce1202",
            "cidr_block": "172.31.0.0/16",
            "cidr_block_associations": [
              {
                "association_id": "vpc-cidr-assoc-08f54586050531d41",
                "cidr_block": "172.31.0.0/16",
                "state": "associated"
              }
            ],
            "default": true,
            "dhcp_options_id": "dopt-0923b754f249b34ad",
            "enable_dns_hostnames": true,
            "enable_dns_support": true,
            "enable_network_address_usage_metrics": false,
            "filter": null,
            "id": "vpc-0e5762d7b0fce1202",
            "instance_tenancy": "default",
            "ipv6_association_id": "",
            "ipv6_cidr_block": "",
            "main_route_table_id": "rtb-04d86edce383a5cf8",
            "owner_id": "686255985275",
            "state": null,
            "tags": {},
            "timeouts": null
          },
          "sensitive_attributes": [],
          "identity_schema_version": 0
        }
      ]
    },
    {
      "mode": "managed",
      "type": "aws_key_pair",
      "name": "ocs_key",
      "provider": "provider[\"registry.terraform.io/hashicorp/aws\"]",
      "instances": [
        {
          "schema_version": 1,
          "attributes": {
            "arn": "arn:aws:ec2:us-east-1:686255985275:key-pair/ocs-key",
            "fingerprint": "bb:69:93:15:c6:82:ff:66:a2:eb:56:44:38:00:db:a6",
            "id": "ocs-key",
            "key_name": "ocs-key",
            "key_name_prefix": "",
            "key_pair_id": "key-0fccec7f2226c074c",
            "key_type": "rsa",
            "public_key": "ssh-rsa AAAAB3NzaC1yc2EAAAADAQABAAACAQCyYJAtagERURMrSbafQLQ55kpTCF4eRJat9wWLCI2DUdkBq4oN7bk8qBfSsKU2i8fdbgKJaQhLogWU+QaqRKuaJPy6gMb6JurLPQ5LHQFVKosGpHQ5tTEPw/Xit1Va8IdCqF68uQKs49p31t2yn19oZDWdLKfPnzg0m6gTVxsAC7nCl9qwrKP6yVkS6PPFZFPG4JuaA/YQBUPfQPgb5emyQPNj4KtF/0Q+qgHd6cIJh32urWGXckDNM988mU7rHcwyweQr/lqwKAlfreJ0SDvJgQfhU+zF8aPRYsiYnbpGlKUVS0BQR+jGSViRAgQym3HeSQA/tgqUUlSEmQdsU1SqA/X8zKRvHE3jjktndJI+uilVeH+EpRBlb2Sw0Rjqrod5BsefWO8XODa/LKDAZQJTwTNPNMQvxc0IM7SW2j3Hy3i3xGvljOukeHzyh7hV/mXPsyHQ2vKJU+cTMI9kvKSFNvronDApJZAO3buuiKmb5Mse4iX8b29258lfCsdpS7BcJs5yk5+lHWqsK3QKcdzcqlDELtjQUsx9J6oqEmDLP5HYDRmjPlN2J5fx23TwBMRUSEUzAxa3jvyBMVuYTDd5L3rfZF8KcoTTs6Z9anA1W5QGfQiUg2LPBVvh91swtYMwu7vS8YrDxLF9N5uRfJh16Zc4/VoSHpg3ZXVQ+nunew==",
            "tags": {},
            "tags_all": {}
          },
          "sensitive_attributes": [],
          "identity_schema_version": 0,
          "private": "eyJzY2hlbWFfdmVyc2lvbiI6IjEifQ==",
          "dependencies": [
            "tls_private_key.ocs_key"
          ]
        }
      ]
    },
    {
      "mode": "managed",
      "type": "local_file",
      "name": "private_key",
      "provider": "provider[\"registry.terraform.io/hashicorp/local\"]",
      "instances": [
        {
          "schema_version": 0,
          "attributes": {
            "content": "-----BEGIN RSA PRIVATE KEY-----\nMIIJJwIBAAKCAgEAsmCQLWoBEVETK0m2n0C0OeZKUwheHkSWrfcFiwiNg1HZAauK\nDe25PKgX0rClNovH3W4CiWkIS6IFlPkGqkSrmiT8uoDG+ibqyz0OSx0BVSqLBqR0\nObUxD8P14rdVWvCHQqhevLkCrOPad9bdsp9faGQ1nSynz584NJuoE1cbAAu5wpfa\nsKyj+slZEujzxWRTxuCbmgP2EAVD30D4G+XpskDzY+CrRf9EPqoB3enCCYd9rq1h\nl3JAzTPfPJlO6x3MMsHkK/5asCgJX63idEg7yYEH4VPsxfGj0WLImJ26RpSlFUtA\nUEfoxklYkQIEMptx3kkAP7YKlFJUhJkHbFNUqgP1/MykbxxN445LZ3SSPropVXh/\nhKUQZW9ksNEY6q6HeQbHn1jvFzg2vyygwGUCU8EzTzTEL8XNCDO0lto9x8t4t8Rr\n5YzrpHh88oe4Vf5lz7Mh0NryiVPnEzCPZLykhTb66JwwKSWQDt27roipm+TLHuIl\n/G9vdufJXwrHaUuwXCbOcpOfpR1qrCt0CnHc3KpQxC7Y0FLMfSeqKhJgyz+R2A0Z\noz5TdieX8dt08ATEVEhFMwMWt478gTFbmEw3eS9632RfCnKE07OmfWpwNVuUBn0I\nlINizwVb4fdbMLWDMLu70vGKw8SxfTebkXyYdemXOP1aEh6YN2V1UPp7p3sCAwEA\nAQKCAgACo4YOfe51HJ9teQIwGetwndUEpG+MABTAjxJwa5h4VFoi+bApo5YlbREp\nJz7Sbz/uKSX1dW3PfJ6bhRGRrEFjnt90PNp0seWwSv9uoge2hFIZL46eme0XYB0/\nlNm45i0CEe6Q2SXOe/Jr6mxOK6hkKXNXl2UGH8Nbl9/lJVk7Z3EAjXGJQoyMdbUR\nIAwXI/RPUVxL63oU45cM8u+Yrg6Gegp/tD+kYfHXAXnUmBQsQupbjqoObPzDbFyF\nj3kI5mByccbX1cPurjDxTue2M6lawkNlFHJAvWHgg5cXFuI+EA3fIkVZyq6JXGVo\ng8CfJQiKssbDqoQ+jHc+nOrssdDjSqeIsc4ecwN9Z/otlOc1mk933NKEOPE+Vpp/\nujoGfpx2TEAbDcR/Ciw2+i5cQ1O3x957W0dUlkWAp+47g3bJOpG4YRwy47I7h79z\nqphd2rMBnWsy78frzXcd4+3ovjFhBxRO9mcXYN9MNDVWhZM9M4f4V7NQehPsSFje\nSPdSDhMZ4EgHs7QDYANp4d6CFYaCoVXj2JmqCGvCGRC0pCxJGfsyTzMScvnQeT3p\nADadm0LR9JyeevvYqEi666eGkolD/FvJJT74FyjV1gMlqS28SVKvQgmACqhV+/kd\nykmWej081k0K6NAijBaVvM9wMvYQemzjP3QeGygudGPWZa++4QKCAQEAz9xumB9Z\n7GUs59AD5JPK+y5m7+g/2XoLm1++LHqZd9JdIOq5v8nI8WUqaGsN55l+dKGNOOFa\no+L8w54ypHa2g5KZYl45i6ij435B9Grxl+6OCkyOnsK0lZdzOG033zpJwt4EXgkA\njybRpundBqaextyEMCi4LjiCYI/4DvRM8vDbQeWidx1DmdsQOOd0X9KktFoghduF\nYVhTkUDh87DJYQu+7UicTEO1mkgPOQsHFMTCSqe4n6/1/VOFl+upV/ybkoeF+bR0\nuo9X369YxIN1a2bj0axchS5AhQQctIYnTZTOcueB4AOX1u4Bqnsseku5msbYLd3p\nJOb8izIyDNrQIQKCAQEA27AbHsjgmv+1Ex4plM1WKrIB3WJQbKtE4Fc+w1Bc7ZN3\nVhx0FrClGwz0HgfmEBiqGnY8kWxO1ZQ/E/ZS3NguGdXCzRtFUNd4/uKXNr4oC+6o\nZWqehvOa0Em4xzRZdoisFVxiqzFh5ZSn4+VMLwerMF7cRH9l8zaYkPRRPjTOFRvv\nboGShnhTgxazPdVYZ7NNyTN0qUAx97bUvazTLRkHNj4y5Z+97Az+MZWICAsph/sG\nMTfLB451fLKRFY6A9ZfOh32UjmpUujkVJsAsnaJtibssxuK7ts+mlKX+MKUKggQE\nI6Eqr9EC8QeFvrjiEJ8BGLfoT9nAVm5lFRGqvQE0GwKCAQAD5eFZDvVzvm36Jud7\nyN28miEqDJPt8yD2l/QMB3yLR7GhZWV4WENha4FBFgjbuAAsFb99OpSlkCMnU/cl\nKGjBzOT9eEDiApaYNIzuFXdUXw/g15CxH3uddoqdm0a58/DgK6OvU8Hj7VlvJOGV\nN1iw5/++m3TgwQSI5QpE1YX/5E5oTPMgArd60iXau1RuW5flHe+QMw6sRajDh5D1\nLfKI1FyPPJZZw8dLDmDis/c9B3eRSNXogLc/Oeq+b5fsY3tTYyE7DoxF11xRgItM\nnB5+lh5dlzrg8H4bQHl9VSq1hL3eX8MKvWaCjFIRrV+nJ3ZilaoGKiwuGfrQbW+M\n2CmhAoIBADnS9rB5qzThDWZE0CkMixud0wPUdtrDkdOC41BBfNRDtmuB/cRjJnIi\nTLcC2TlvZIamjHayjWWGKbw1X8YlWK0QKMAX53zJ2l0sgySzlJLfdI+NKsDWqe8d\nGHfGfa3Hd5P/xzDMRLpLEI3Zst3GJPcMYOneppUHz8yHokK/X2cK/VCW5lxim4ir\nlu41k5loBpdo5dIOxZgwFXr/XG5IYi+S2465JyJUoSun8jA7z+is2ApoZxZMFvyF\ne86yvZrnJENheJKrxjVmBP04JAYx1KcmDzkiQMpziaMite9T4ZorOHOwXi3808th\ncYCr5UT+tSkubwVliUy2rgCHr+sjv/UCggEANMerfrwz9ZWYeuxyWtK0LE5EbXJ9\nAyO4Oq+7stLFgjqzin4MIx+MOAW0CWNvpRWrBivl042HfdCPpE9j8OF58a9AHyHg\nH0hqsnT5hcmToNU2rEDGLy2hQqhqDTmr7kodLOqj4mqIFFiVKiZm82SOCX76UPAS\nfaTu1FLA96r/Ea6dj8pYr2JFLZPhaATkdVDwL37RbVrU7aD0tTLq0iAiI+R3vtDD\noKYk+J3B13swBBsgfBqmMf31Oi+EvCemQVSyy3FxjCmA5KNbaTbRublQWVUvtMhO\nxwYdwgbpsMV8zBxqkA75t/NrhUmIg5vImcYpeImty+ZDErfQ1ZjmeHop5A==\n-----END RSA PRIVATE KEY-----\n",
            "content_base64": null,
            "content_base64sha256": "gBbyuabTDi5DdQ513WGLE2jB3muNs5siSPv7QsWZe5g=",
            "content_base64sha512": "Pjgk/lPVhj8nRFz0Ph+/c6Q3qMAhoLJSDvvMsZq0go+lhOGxvLwKiUSF/PJifybAJYO9k+ekOENtBXdJxWSMsw==",
            "content_md5": "bfb7c7f27711a45d2001dbb080be7620",
            "content_sha1": "893e7448c02f8bffd5e0669018f69b76ef3a3e02",
            "content_sha256": "8016f2b9a6d30e2e43750e75dd618b1368c1de6b8db39b2248fbfb42c5997b98",
            "content_sha512": "3e3824fe53d5863f27445cf43e1fbf73a437a8c021a0b2520efbccb19ab4828fa584e1b1bcbc0a894485fcf2627f26c02583bd93e7a438436d057749c5648cb3",
            "directory_permission": "0700",
            "file_permission": "0400",
            "filename": "./ocs-key.pem",
            "id": "893e7448c02f8bffd5e0669018f69b76ef3a3e02",
            "sensitive_content": null,
            "source": null
          },
          "sensitive_attributes": [
            [
              {
                "type": "get_attr",
                "value": "content"
              }
            ],
            [
              {
                "type": "get_attr",
                "value": "sensitive_content"
              }
            ]
          ],
          "identity_schema_version": 0,
          "dependencies": [
            "tls_private_key.ocs_key"
          ]
        }
      ]
    },
    {
      "mode": "managed",
      "type": "tls_private_key",
      "name": "ocs_key",
      "provider": "provider[\"registry.terraform.io/hashicorp/tls\"]",
      "instances": [
        {
          "schema_version": 1,
          "attributes": {
            "algorithm": "RSA",
            "ecdsa_curve": "P224",
            "id": "ce6fcee0f731113a0202ad0e65322989aae45798",
            "private_key_openssh": "-----BEGIN OPENSSH PRIVATE KEY-----\nb3BlbnNzaC1rZXktdjEAAAAABG5vbmUAAAAEbm9uZQAAAAAAAAABAAACFwAAAAdz\nc2gtcnNhAAAAAwEAAQAAAgEAsmCQLWoBEVETK0m2n0C0OeZKUwheHkSWrfcFiwiN\ng1HZAauKDe25PKgX0rClNovH3W4CiWkIS6IFlPkGqkSrmiT8uoDG+ibqyz0OSx0B\nVSqLBqR0ObUxD8P14rdVWvCHQqhevLkCrOPad9bdsp9faGQ1nSynz584NJuoE1cb\nAAu5wpfasKyj+slZEujzxWRTxuCbmgP2EAVD30D4G+XpskDzY+CrRf9EPqoB3enC\nCYd9rq1hl3JAzTPfPJlO6x3MMsHkK/5asCgJX63idEg7yYEH4VPsxfGj0WLImJ26\nRpSlFUtAUEfoxklYkQIEMptx3kkAP7YKlFJUhJkHbFNUqgP1/MykbxxN445LZ3SS\nPropVXh/hKUQZW9ksNEY6q6HeQbHn1jvFzg2vyygwGUCU8EzTzTEL8XNCDO0lto9\nx8t4t8Rr5YzrpHh88oe4Vf5lz7Mh0NryiVPnEzCPZLykhTb66JwwKSWQDt27roip\nm+TLHuIl/G9vdufJXwrHaUuwXCbOcpOfpR1qrCt0CnHc3KpQxC7Y0FLMfSeqKhJg\nyz+R2A0Zoz5TdieX8dt08ATEVEhFMwMWt478gTFbmEw3eS9632RfCnKE07OmfWpw\nNVuUBn0IlINizwVb4fdbMLWDMLu70vGKw8SxfTebkXyYdemXOP1aEh6YN2V1UPp7\np3sAAAc4rRwhRq0cIUYAAAAHc3NoLXJzYQAAAgEAsmCQLWoBEVETK0m2n0C0OeZK\nUwheHkSWrfcFiwiNg1HZAauKDe25PKgX0rClNovH3W4CiWkIS6IFlPkGqkSrmiT8\nuoDG+ibqyz0OSx0BVSqLBqR0ObUxD8P14rdVWvCHQqhevLkCrOPad9bdsp9faGQ1\nnSynz584NJuoE1cbAAu5wpfasKyj+slZEujzxWRTxuCbmgP2EAVD30D4G+XpskDz\nY+CrRf9EPqoB3enCCYd9rq1hl3JAzTPfPJlO6x3MMsHkK/5asCgJX63idEg7yYEH\n4VPsxfGj0WLImJ26RpSlFUtAUEfoxklYkQIEMptx3kkAP7YKlFJUhJkHbFNUqgP1\n/MykbxxN445LZ3SSPropVXh/hKUQZW9ksNEY6q6HeQbHn1jvFzg2vyygwGUCU8Ez\nTzTEL8XNCDO0lto9x8t4t8Rr5YzrpHh88oe4Vf5lz7Mh0NryiVPnEzCPZLykhTb6\n6JwwKSWQDt27roipm+TLHuIl/G9vdufJXwrHaUuwXCbOcpOfpR1qrCt0CnHc3KpQ\nxC7Y0FLMfSeqKhJgyz+R2A0Zoz5TdieX8dt08ATEVEhFMwMWt478gTFbmEw3eS96\n32RfCnKE07OmfWpwNVuUBn0IlINizwVb4fdbMLWDMLu70vGKw8SxfTebkXyYdemX\nOP1aEh6YN2V1UPp7p3sAAAADAQABAAACAAKjhg597nUcn215AjAZ63Cd1QSkb4wA\nFMCPEnBrmHhUWiL5sCmjliVtESknPtJvP+4pJfV1bc98npuFEZGsQWOe33Q82nSx\n5bBK/26iB7aEUhkvjp6Z7RdgHT+U2bjmLQIR7pDZJc578mvqbE4rqGQpc1eXZQYf\nw1uX3+UlWTtncQCNcYlCjIx1tREgDBcj9E9RXEvrehTjlwzy75iuDoZ6Cn+0P6Rh\n8dcBedSYFCxC6luOqg5s/MNsXIWPeQjmYHJxxtfVw+6uMPFO57YzqVrCQ2UUckC9\nYeCDlxcW4j4QDd8iRVnKrolcZWiDwJ8lCIqyxsOqhD6Mdz6c6uyx0ONKp4ixzh5z\nA31n+i2U5zWaT3fc0oQ48T5Wmn+6OgZ+nHZMQBsNxH8KLDb6LlxDU7fH3ntbR1SW\nRYCn7juDdsk6kbhhHDLjsjuHv3OqmF3aswGdazLvx+vNdx3j7ei+MWEHFE72Zxdg\n30w0NVaFkz0zh/hXs1B6E+xIWN5I91IOExngSAeztANgA2nh3oIVhoKhVePYmaoI\na8IZELSkLEkZ+zJPMxJy+dB5PekANp2bQtH0nJ56+9ioSLrrp4aSiUP8W8klPvgX\nKNXWAyWpLbxJUq9CCYAKqFX7+R3KSZZ6PTzWTQro0CKMFpW8z3Ay9hB6bOM/dB4b\nKC50Y9Zlr77hAAABADTHq368M/WVmHrsclrStCxORG1yfQMjuDqvu7LSxYI6s4p+\nDCMfjDgFtAljb6UVqwYr5dONh33Qj6RPY/DhefGvQB8h4B9IarJ0+YXJk6DVNqxA\nxi8toUKoag05q+5KHSzqo+JqiBRYlSomZvNkjgl++lDwEn2k7tRSwPeq/xGunY/K\nWK9iRS2T4WgE5HVQ8C9+0W1a1O2g9LUy6tIgIiPkd77Qw6CmJPidwdd7MAQbIHwa\npjH99TovhLwnpkFUsstxcYwpgOSjW2k20bm5UFlVL7TITscGHcIG6bDFfMwcapAO\n+bfza4VJiIObyJnGKXiJrcvmQxK30NWY5nh6KeQAAAEBAM/cbpgfWexlLOfQA+ST\nyvsuZu/oP9l6C5tfvix6mXfSXSDqub/JyPFlKmhrDeeZfnShjTjhWqPi/MOeMqR2\ntoOSmWJeOYuoo+N+QfRq8ZfujgpMjp7CtJWXczhtN986ScLeBF4JAI8m0abp3Qam\nnsbchDAouC44gmCP+A70TPLw20HloncdQ5nbEDjndF/SpLRaIIXbhWFYU5FA4fOw\nyWELvu1InExDtZpIDzkLBxTEwkqnuJ+v9f1ThZfrqVf8m5KHhfm0dLqPV9+vWMSD\ndWtm49GsXIUuQIUEHLSGJ02UznLngeADl9buAap7LHpLuZrG2C3d6STm/IsyMgza\n0CEAAAEBANuwGx7I4Jr/tRMeKZTNViqyAd1iUGyrROBXPsNQXO2Td1YcdBawpRsM\n9B4H5hAYqhp2PJFsTtWUPxP2UtzYLhnVws0bRVDXeP7ilza+KAvuqGVqnobzmtBJ\nuMc0WXaIrBVcYqsxYeWUp+PlTC8HqzBe3ER/ZfM2mJD0UT40zhUb726BkoZ4U4MW\nsz3VWGezTckzdKlAMfe21L2s0y0ZBzY+MuWfvewM/jGViAgLKYf7BjE3yweOdXyy\nkRWOgPWXzod9lI5qVLo5FSbALJ2ibYm7LMbiu7bPppSl/jClCoIEBCOhKq/RAvEH\nhb644hCfARi36E/ZwFZuZRURqr0BNBsAAAAAAQID\n-----END OPENSSH PRIVATE KEY-----\n",
            "private_key_pem": "-----BEGIN RSA PRIVATE KEY-----\nMIIJJwIBAAKCAgEAsmCQLWoBEVETK0m2n0C0OeZKUwheHkSWrfcFiwiNg1HZAauK\nDe25PKgX0rClNovH3W4CiWkIS6IFlPkGqkSrmiT8uoDG+ibqyz0OSx0BVSqLBqR0\nObUxD8P14rdVWvCHQqhevLkCrOPad9bdsp9faGQ1nSynz584NJuoE1cbAAu5wpfa\nsKyj+slZEujzxWRTxuCbmgP2EAVD30D4G+XpskDzY+CrRf9EPqoB3enCCYd9rq1h\nl3JAzTPfPJlO6x3MMsHkK/5asCgJX63idEg7yYEH4VPsxfGj0WLImJ26RpSlFUtA\nUEfoxklYkQIEMptx3kkAP7YKlFJUhJkHbFNUqgP1/MykbxxN445LZ3SSPropVXh/\nhKUQZW9ksNEY6q6HeQbHn1jvFzg2vyygwGUCU8EzTzTEL8XNCDO0lto9x8t4t8Rr\n5YzrpHh88oe4Vf5lz7Mh0NryiVPnEzCPZLykhTb66JwwKSWQDt27roipm+TLHuIl\n/G9vdufJXwrHaUuwXCbOcpOfpR1qrCt0CnHc3KpQxC7Y0FLMfSeqKhJgyz+R2A0Z\noz5TdieX8dt08ATEVEhFMwMWt478gTFbmEw3eS9632RfCnKE07OmfWpwNVuUBn0I\nlINizwVb4fdbMLWDMLu70vGKw8SxfTebkXyYdemXOP1aEh6YN2V1UPp7p3sCAwEA\nAQKCAgACo4YOfe51HJ9teQIwGetwndUEpG+MABTAjxJwa5h4VFoi+bApo5YlbREp\nJz7Sbz/uKSX1dW3PfJ6bhRGRrEFjnt90PNp0seWwSv9uoge2hFIZL46eme0XYB0/\nlNm45i0CEe6Q2SXOe/Jr6mxOK6hkKXNXl2UGH8Nbl9/lJVk7Z3EAjXGJQoyMdbUR\nIAwXI/RPUVxL63oU45cM8u+Yrg6Gegp/tD+kYfHXAXnUmBQsQupbjqoObPzDbFyF\nj3kI5mByccbX1cPurjDxTue2M6lawkNlFHJAvWHgg5cXFuI+EA3fIkVZyq6JXGVo\ng8CfJQiKssbDqoQ+jHc+nOrssdDjSqeIsc4ecwN9Z/otlOc1mk933NKEOPE+Vpp/\nujoGfpx2TEAbDcR/Ciw2+i5cQ1O3x957W0dUlkWAp+47g3bJOpG4YRwy47I7h79z\nqphd2rMBnWsy78frzXcd4+3ovjFhBxRO9mcXYN9MNDVWhZM9M4f4V7NQehPsSFje\nSPdSDhMZ4EgHs7QDYANp4d6CFYaCoVXj2JmqCGvCGRC0pCxJGfsyTzMScvnQeT3p\nADadm0LR9JyeevvYqEi666eGkolD/FvJJT74FyjV1gMlqS28SVKvQgmACqhV+/kd\nykmWej081k0K6NAijBaVvM9wMvYQemzjP3QeGygudGPWZa++4QKCAQEAz9xumB9Z\n7GUs59AD5JPK+y5m7+g/2XoLm1++LHqZd9JdIOq5v8nI8WUqaGsN55l+dKGNOOFa\no+L8w54ypHa2g5KZYl45i6ij435B9Grxl+6OCkyOnsK0lZdzOG033zpJwt4EXgkA\njybRpundBqaextyEMCi4LjiCYI/4DvRM8vDbQeWidx1DmdsQOOd0X9KktFoghduF\nYVhTkUDh87DJYQu+7UicTEO1mkgPOQsHFMTCSqe4n6/1/VOFl+upV/ybkoeF+bR0\nuo9X369YxIN1a2bj0axchS5AhQQctIYnTZTOcueB4AOX1u4Bqnsseku5msbYLd3p\nJOb8izIyDNrQIQKCAQEA27AbHsjgmv+1Ex4plM1WKrIB3WJQbKtE4Fc+w1Bc7ZN3\nVhx0FrClGwz0HgfmEBiqGnY8kWxO1ZQ/E/ZS3NguGdXCzRtFUNd4/uKXNr4oC+6o\nZWqehvOa0Em4xzRZdoisFVxiqzFh5ZSn4+VMLwerMF7cRH9l8zaYkPRRPjTOFRvv\nboGShnhTgxazPdVYZ7NNyTN0qUAx97bUvazTLRkHNj4y5Z+97Az+MZWICAsph/sG\nMTfLB451fLKRFY6A9ZfOh32UjmpUujkVJsAsnaJtibssxuK7ts+mlKX+MKUKggQE\nI6Eqr9EC8QeFvrjiEJ8BGLfoT9nAVm5lFRGqvQE0GwKCAQAD5eFZDvVzvm36Jud7\nyN28miEqDJPt8yD2l/QMB3yLR7GhZWV4WENha4FBFgjbuAAsFb99OpSlkCMnU/cl\nKGjBzOT9eEDiApaYNIzuFXdUXw/g15CxH3uddoqdm0a58/DgK6OvU8Hj7VlvJOGV\nN1iw5/++m3TgwQSI5QpE1YX/5E5oTPMgArd60iXau1RuW5flHe+QMw6sRajDh5D1\nLfKI1FyPPJZZw8dLDmDis/c9B3eRSNXogLc/Oeq+b5fsY3tTYyE7DoxF11xRgItM\nnB5+lh5dlzrg8H4bQHl9VSq1hL3eX8MKvWaCjFIRrV+nJ3ZilaoGKiwuGfrQbW+M\n2CmhAoIBADnS9rB5qzThDWZE0CkMixud0wPUdtrDkdOC41BBfNRDtmuB/cRjJnIi\nTLcC2TlvZIamjHayjWWGKbw1X8YlWK0QKMAX53zJ2l0sgySzlJLfdI+NKsDWqe8d\nGHfGfa3Hd5P/xzDMRLpLEI3Zst3GJPcMYOneppUHz8yHokK/X2cK/VCW5lxim4ir\nlu41k5loBpdo5dIOxZgwFXr/XG5IYi+S2465JyJUoSun8jA7z+is2ApoZxZMFvyF\ne86yvZrnJENheJKrxjVmBP04JAYx1KcmDzkiQMpziaMite9T4ZorOHOwXi3808th\ncYCr5UT+tSkubwVliUy2rgCHr+sjv/UCggEANMerfrwz9ZWYeuxyWtK0LE5EbXJ9\nAyO4Oq+7stLFgjqzin4MIx+MOAW0CWNvpRWrBivl042HfdCPpE9j8OF58a9AHyHg\nH0hqsnT5hcmToNU2rEDGLy2hQqhqDTmr7kodLOqj4mqIFFiVKiZm82SOCX76UPAS\nfaTu1FLA96r/Ea6dj8pYr2JFLZPhaATkdVDwL37RbVrU7aD0tTLq0iAiI+R3vtDD\noKYk+J3B13swBBsgfBqmMf31Oi+EvCemQVSyy3FxjCmA5KNbaTbRublQWVUvtMhO\nxwYdwgbpsMV8zBxqkA75t/NrhUmIg5vImcYpeImty+ZDErfQ1ZjmeHop5A==\n-----END RSA PRIVATE KEY-----\n",
            "private_key_pem_pkcs8": "-----BEGIN PRIVATE KEY-----\nMIIJQQIBADANBgkqhkiG9w0BAQEFAASCCSswggknAgEAAoICAQCyYJAtagERURMr\nSbafQLQ55kpTCF4eRJat9wWLCI2DUdkBq4oN7bk8qBfSsKU2i8fdbgKJaQhLogWU\n+QaqRKuaJPy6gMb6JurLPQ5LHQFVKosGpHQ5tTEPw/Xit1Va8IdCqF68uQKs49p3\n1t2yn19oZDWdLKfPnzg0m6gTVxsAC7nCl9qwrKP6yVkS6PPFZFPG4JuaA/YQBUPf\nQPgb5emyQPNj4KtF/0Q+qgHd6cIJh32urWGXckDNM988mU7rHcwyweQr/lqwKAlf\nreJ0SDvJgQfhU+zF8aPRYsiYnbpGlKUVS0BQR+jGSViRAgQym3HeSQA/tgqUUlSE\nmQdsU1SqA/X8zKRvHE3jjktndJI+uilVeH+EpRBlb2Sw0Rjqrod5BsefWO8XODa/\nLKDAZQJTwTNPNMQvxc0IM7SW2j3Hy3i3xGvljOukeHzyh7hV/mXPsyHQ2vKJU+cT\nMI9kvKSFNvronDApJZAO3buuiKmb5Mse4iX8b29258lfCsdpS7BcJs5yk5+lHWqs\nK3QKcdzcqlDELtjQUsx9J6oqEmDLP5HYDRmjPlN2J5fx23TwBMRUSEUzAxa3jvyB\nMVuYTDd5L3rfZF8KcoTTs6Z9anA1W5QGfQiUg2LPBVvh91swtYMwu7vS8YrDxLF9\nN5uRfJh16Zc4/VoSHpg3ZXVQ+nunewIDAQABAoICAAKjhg597nUcn215AjAZ63Cd\n1QSkb4wAFMCPEnBrmHhUWiL5sCmjliVtESknPtJvP+4pJfV1bc98npuFEZGsQWOe\n33Q82nSx5bBK/26iB7aEUhkvjp6Z7RdgHT+U2bjmLQIR7pDZJc578mvqbE4rqGQp\nc1eXZQYfw1uX3+UlWTtncQCNcYlCjIx1tREgDBcj9E9RXEvrehTjlwzy75iuDoZ6\nCn+0P6Rh8dcBedSYFCxC6luOqg5s/MNsXIWPeQjmYHJxxtfVw+6uMPFO57YzqVrC\nQ2UUckC9YeCDlxcW4j4QDd8iRVnKrolcZWiDwJ8lCIqyxsOqhD6Mdz6c6uyx0ONK\np4ixzh5zA31n+i2U5zWaT3fc0oQ48T5Wmn+6OgZ+nHZMQBsNxH8KLDb6LlxDU7fH\n3ntbR1SWRYCn7juDdsk6kbhhHDLjsjuHv3OqmF3aswGdazLvx+vNdx3j7ei+MWEH\nFE72Zxdg30w0NVaFkz0zh/hXs1B6E+xIWN5I91IOExngSAeztANgA2nh3oIVhoKh\nVePYmaoIa8IZELSkLEkZ+zJPMxJy+dB5PekANp2bQtH0nJ56+9ioSLrrp4aSiUP8\nW8klPvgXKNXWAyWpLbxJUq9CCYAKqFX7+R3KSZZ6PTzWTQro0CKMFpW8z3Ay9hB6\nbOM/dB4bKC50Y9Zlr77hAoIBAQDP3G6YH1nsZSzn0APkk8r7Lmbv6D/ZegubX74s\nepl30l0g6rm/ycjxZSpoaw3nmX50oY044Vqj4vzDnjKkdraDkpliXjmLqKPjfkH0\navGX7o4KTI6ewrSVl3M4bTffOknC3gReCQCPJtGm6d0Gpp7G3IQwKLguOIJgj/gO\n9Ezy8NtB5aJ3HUOZ2xA453Rf0qS0WiCF24VhWFORQOHzsMlhC77tSJxMQ7WaSA85\nCwcUxMJKp7ifr/X9U4WX66lX/JuSh4X5tHS6j1ffr1jEg3VrZuPRrFyFLkCFBBy0\nhidNlM5y54HgA5fW7gGqeyx6S7maxtgt3ekk5vyLMjIM2tAhAoIBAQDbsBseyOCa\n/7UTHimUzVYqsgHdYlBsq0TgVz7DUFztk3dWHHQWsKUbDPQeB+YQGKoadjyRbE7V\nlD8T9lLc2C4Z1cLNG0VQ13j+4pc2vigL7qhlap6G85rQSbjHNFl2iKwVXGKrMWHl\nlKfj5UwvB6swXtxEf2XzNpiQ9FE+NM4VG+9ugZKGeFODFrM91Vhns03JM3SpQDH3\nttS9rNMtGQc2PjLln73sDP4xlYgICymH+wYxN8sHjnV8spEVjoD1l86HfZSOalS6\nORUmwCydom2JuyzG4ru2z6aUpf4wpQqCBAQjoSqv0QLxB4W+uOIQnwEYt+hP2cBW\nbmUVEaq9ATQbAoIBAAPl4VkO9XO+bfom53vI3byaISoMk+3zIPaX9AwHfItHsaFl\nZXhYQ2FrgUEWCNu4ACwVv306lKWQIydT9yUoaMHM5P14QOIClpg0jO4Vd1RfD+DX\nkLEfe512ip2bRrnz8OAro69TwePtWW8k4ZU3WLDn/76bdODBBIjlCkTVhf/kTmhM\n8yACt3rSJdq7VG5bl+Ud75AzDqxFqMOHkPUt8ojUXI88llnDx0sOYOKz9z0Hd5FI\n1eiAtz856r5vl+xje1NjITsOjEXXXFGAi0ycHn6WHl2XOuDwfhtAeX1VKrWEvd5f\nwwq9ZoKMUhGtX6cndmKVqgYqLC4Z+tBtb4zYKaECggEAOdL2sHmrNOENZkTQKQyL\nG53TA9R22sOR04LjUEF81EO2a4H9xGMmciJMtwLZOW9khqaMdrKNZYYpvDVfxiVY\nrRAowBfnfMnaXSyDJLOUkt90j40qwNap7x0Yd8Z9rcd3k//HMMxEuksQjdmy3cYk\n9wxg6d6mlQfPzIeiQr9fZwr9UJbmXGKbiKuW7jWTmWgGl2jl0g7FmDAVev9cbkhi\nL5LbjrknIlShK6fyMDvP6KzYCmhnFkwW/IV7zrK9muckQ2F4kqvGNWYE/TgkBjHU\npyYPOSJAynOJoyK171Phmis4c7BeLfzTy2FxgKvlRP61KS5vBWWJTLauAIev6yO/\n9QKCAQA0x6t+vDP1lZh67HJa0rQsTkRtcn0DI7g6r7uy0sWCOrOKfgwjH4w4BbQJ\nY2+lFasGK+XTjYd90I+kT2Pw4Xnxr0AfIeAfSGqydPmFyZOg1TasQMYvLaFCqGoN\nOavuSh0s6qPiaogUWJUqJmbzZI4JfvpQ8BJ9pO7UUsD3qv8Rrp2PylivYkUtk+Fo\nBOR1UPAvftFtWtTtoPS1MurSICIj5He+0MOgpiT4ncHXezAEGyB8GqYx/fU6L4S8\nJ6ZBVLLLcXGMKYDko1tpNtG5uVBZVS+0yE7HBh3CBumwxXzMHGqQDvm382uFSYiD\nm8iZxil4ia3L5kMSt9DVmOZ4eink\n-----END PRIVATE KEY-----\n",
            "public_key_fingerprint_md5": "73:36:d7:41:b2:85:b7:72:09:36:34:a8:ea:e9:d0:c9",
            "public_key_fingerprint_sha256": "SHA256:X+d5S6+w+q7eoRnRmGyqJ41+Ih9HNC1wwoL+jwVO8vQ",
            "public_key_openssh": "ssh-rsa AAAAB3NzaC1yc2EAAAADAQABAAACAQCyYJAtagERURMrSbafQLQ55kpTCF4eRJat9wWLCI2DUdkBq4oN7bk8qBfSsKU2i8fdbgKJaQhLogWU+QaqRKuaJPy6gMb6JurLPQ5LHQFVKosGpHQ5tTEPw/Xit1Va8IdCqF68uQKs49p31t2yn19oZDWdLKfPnzg0m6gTVxsAC7nCl9qwrKP6yVkS6PPFZFPG4JuaA/YQBUPfQPgb5emyQPNj4KtF/0Q+qgHd6cIJh32urWGXckDNM988mU7rHcwyweQr/lqwKAlfreJ0SDvJgQfhU+zF8aPRYsiYnbpGlKUVS0BQR+jGSViRAgQym3HeSQA/tgqUUlSEmQdsU1SqA/X8zKRvHE3jjktndJI+uilVeH+EpRBlb2Sw0Rjqrod5BsefWO8XODa/LKDAZQJTwTNPNMQvxc0IM7SW2j3Hy3i3xGvljOukeHzyh7hV/mXPsyHQ2vKJU+cTMI9kvKSFNvronDApJZAO3buuiKmb5Mse4iX8b29258lfCsdpS7BcJs5yk5+lHWqsK3QKcdzcqlDELtjQUsx9J6oqEmDLP5HYDRmjPlN2J5fx23TwBMRUSEUzAxa3jvyBMVuYTDd5L3rfZF8KcoTTs6Z9anA1W5QGfQiUg2LPBVvh91swtYMwu7vS8YrDxLF9N5uRfJh16Zc4/VoSHpg3ZXVQ+nunew==\n",
            "public_key_pem": "-----BEGIN PUBLIC KEY-----\nMIICIjANBgkqhkiG9w0BAQEFAAOCAg8AMIICCgKCAgEAsmCQLWoBEVETK0m2n0C0\nOeZKUwheHkSWrfcFiwiNg1HZAauKDe25PKgX0rClNovH3W4CiWkIS6IFlPkGqkSr\nmiT8uoDG+ibqyz0OSx0BVSqLBqR0ObUxD8P14rdVWvCHQqhevLkCrOPad9bdsp9f\naGQ1nSynz584NJuoE1cbAAu5wpfasKyj+slZEujzxWRTxuCbmgP2EAVD30D4G+Xp\nskDzY+CrRf9EPqoB3enCCYd9rq1hl3JAzTPfPJlO6x3MMsHkK/5asCgJX63idEg7\nyYEH4VPsxfGj0WLImJ26RpSlFUtAUEfoxklYkQIEMptx3kkAP7YKlFJUhJkHbFNU\nqgP1/MykbxxN445LZ3SSPropVXh/hKUQZW9ksNEY6q6HeQbHn1jvFzg2vyygwGUC\nU8EzTzTEL8XNCDO0lto9x8t4t8Rr5YzrpHh88oe4Vf5lz7Mh0NryiVPnEzCPZLyk\nhTb66JwwKSWQDt27roipm+TLHuIl/G9vdufJXwrHaUuwXCbOcpOfpR1qrCt0CnHc\n3KpQxC7Y0FLMfSeqKhJgyz+R2A0Zoz5TdieX8dt08ATEVEhFMwMWt478gTFbmEw3\neS9632RfCnKE07OmfWpwNVuUBn0IlINizwVb4fdbMLWDMLu70vGKw8SxfTebkXyY\ndemXOP1aEh6YN2V1UPp7p3sCAwEAAQ==\n-----END PUBLIC KEY-----\n",
            "rsa_bits": 4096
          },
          "sensitive_attributes": [
            [
              {
                "type": "get_attr",
                "value": "private_key_openssh"
              }
            ],
            [
              {
                "type": "get_attr",
                "value": "private_key_pem"
              }
            ],
            [
              {
                "type": "get_attr",
                "value": "private_key_pem_pkcs8"
              }
            ]
          ],
          "identity_schema_version": 0
        }
      ]
    },
    {
      "module": "module.app_sg",
      "mode": "managed",
      "type": "aws_security_group",
      "name": "this",
      "provider": "provider[\"registry.terraform.io/hashicorp/aws\"]",
      "instances": [
        {
          "schema_version": 1,
          "attributes": {
            "arn": "arn:aws:ec2:us-east-1:686255985275:security-group/sg-0a662ec55c2155695",
            "description": "Allow required inbound traffic",
            "egress": [
              {
                "cidr_blocks": [
                  "0.0.0.0/0"
                ],
                "description": "",
                "from_port": 0,
                "ipv6_cidr_blocks": [],
                "prefix_list_ids": [],
                "protocol": "-1",
                "security_groups": [],
                "self": false,
                "to_port": 0
              }
            ],
            "id": "sg-0a662ec55c2155695",
            "ingress": [
              {
                "cidr_blocks": [
                  "0.0.0.0/0"
                ],
                "description": null,
                "from_port": 22,
                "ipv6_cidr_blocks": [],
                "prefix_list_ids": [],
                "protocol": "tcp",
                "security_groups": [],
                "self": false,
                "to_port": 22
              },
              {
                "cidr_blocks": [
                  "0.0.0.0/0"
                ],
                "description": null,
                "from_port": 25,
                "ipv6_cidr_blocks": [],
                "prefix_list_ids": [],
                "protocol": "tcp",
                "security_groups": [],
                "self": false,
                "to_port": 25
              },
              {
                "cidr_blocks": [
                  "0.0.0.0/0"
                ],
                "description": null,
                "from_port": 30000,
                "ipv6_cidr_blocks": [],
                "prefix_list_ids": [],
                "protocol": "tcp",
                "security_groups": [],
                "self": false,
                "to_port": 32767
              },
              {
                "cidr_blocks": [
                  "0.0.0.0/0"
                ],
                "description": null,
                "from_port": 3000,
                "ipv6_cidr_blocks": [],
                "prefix_list_ids": [],
                "protocol": "tcp",
                "security_groups": [],
                "self": false,
                "to_port": 10000
              },
              {
                "cidr_blocks": [
                  "0.0.0.0/0"
                ],
                "description": null,
                "from_port": 443,
                "ipv6_cidr_blocks": [],
                "prefix_list_ids": [],
                "protocol": "tcp",
                "security_groups": [],
                "self": false,
                "to_port": 443
              },
              {
                "cidr_blocks": [
                  "0.0.0.0/0"
                ],
                "description": null,
                "from_port": 465,
                "ipv6_cidr_blocks": [],
                "prefix_list_ids": [],
                "protocol": "tcp",
                "security_groups": [],
                "self": false,
                "to_port": 465
              },
              {
                "cidr_blocks": [
                  "0.0.0.0/0"
                ],
                "description": null,
                "from_port": 6443,
                "ipv6_cidr_blocks": [],
                "prefix_list_ids": [],
                "protocol": "tcp",
                "security_groups": [],
                "self": false,
                "to_port": 6443
              },
              {
                "cidr_blocks": [
                  "0.0.0.0/0"
                ],
                "description": null,
                "from_port": 80,
                "ipv6_cidr_blocks": [],
                "prefix_list_ids": [],
                "protocol": "tcp",
                "security_groups": [],
                "self": false,
                "to_port": 80
              }
            ],
            "name": "ramo-beko-sg",
            "name_prefix": "",
            "owner_id": "686255985275",
            "revoke_rules_on_delete": false,
            "tags": {
              "Name": "ramo-beko-sg"
            },
            "tags_all": {
              "Name": "ramo-beko-sg"
            },
            "timeouts": null,
            "vpc_id": "vpc-0e5762d7b0fce1202"
          },
          "sensitive_attributes": [],
          "identity_schema_version": 0,
          "private": "eyJlMmJmYjczMC1lY2FhLTExZTYtOGY4OC0zNDM2M2JjN2M0YzAiOnsiY3JlYXRlIjo2MDAwMDAwMDAwMDAsImRlbGV0ZSI6OTAwMDAwMDAwMDAwfSwic2NoZW1hX3ZlcnNpb24iOiIxIn0=",
          "dependencies": [
            "data.aws_vpc.default"
          ]
        }
      ]
    },
    {
      "module": "module.app_sg",
      "mode": "managed",
      "type": "aws_security_group_rule",
      "name": "self_allow_2049",
      "provider": "provider[\"registry.terraform.io/hashicorp/aws\"]",
      "instances": [
        {
          "schema_version": 2,
          "attributes": {
            "cidr_blocks": null,
            "description": null,
            "from_port": 2049,
            "id": "sgrule-1177353877",
            "ipv6_cidr_blocks": null,
            "prefix_list_ids": null,
            "protocol": "tcp",
            "security_group_id": "sg-0a662ec55c2155695",
            "security_group_rule_id": "sgr-09653a19a2d2472d9",
            "self": false,
            "source_security_group_id": "sg-0a662ec55c2155695",
            "timeouts": null,
            "to_port": 2049,
            "type": "ingress"
          },
          "sensitive_attributes": [],
          "identity_schema_version": 0,
          "private": "eyJlMmJmYjczMC1lY2FhLTExZTYtOGY4OC0zNDM2M2JjN2M0YzAiOnsiY3JlYXRlIjozMDAwMDAwMDAwMDB9LCJzY2hlbWFfdmVyc2lvbiI6IjIifQ==",
          "dependencies": [
            "data.aws_vpc.default",
            "module.app_sg.aws_security_group.this"
          ]
        }
      ]
    },
    {
      "module": "module.backup_bucket",
      "mode": "managed",
      "type": "aws_s3_bucket",
      "name": "this",
      "provider": "provider[\"registry.terraform.io/hashicorp/aws\"]",
      "instances": [
        {
          "schema_version": 0,
          "attributes": {
            "acceleration_status": "",
            "acl": null,
            "arn": "arn:aws:s3:::efs-backup-storage-bucket",
            "bucket": "efs-backup-storage-bucket",
            "bucket_domain_name": "efs-backup-storage-bucket.s3.amazonaws.com",
            "bucket_prefix": "",
            "bucket_regional_domain_name": "efs-backup-storage-bucket.s3.us-east-1.amazonaws.com",
            "cors_rule": [],
            "force_destroy": false,
            "grant": [
              {
                "id": "724deb73b55843715e458fd7c88913781ee2eed8f4643dc7a8b8c8ece988d362",
                "permissions": [
                  "FULL_CONTROL"
                ],
                "type": "CanonicalUser",
                "uri": ""
              }
            ],
            "hosted_zone_id": "Z3AQBSTGFYJSTF",
            "id": "efs-backup-storage-bucket",
            "lifecycle_rule": [],
            "logging": [],
            "object_lock_configuration": [],
            "object_lock_enabled": false,
            "policy": "",
            "region": "us-east-1",
            "replication_configuration": [],
            "request_payer": "BucketOwner",
            "server_side_encryption_configuration": [
              {
                "rule": [
                  {
                    "apply_server_side_encryption_by_default": [
                      {
                        "kms_master_key_id": "",
                        "sse_algorithm": "AES256"
                      }
                    ],
                    "bucket_key_enabled": false
                  }
                ]
              }
            ],
            "tags": {},
            "tags_all": {},
            "timeouts": null,
            "versioning": [
              {
                "enabled": false,
                "mfa_delete": false
              }
            ],
            "website": [],
            "website_domain": null,
            "website_endpoint": null
          },
          "sensitive_attributes": [],
          "identity_schema_version": 0,
          "private": "eyJlMmJmYjczMC1lY2FhLTExZTYtOGY4OC0zNDM2M2JjN2M0YzAiOnsiY3JlYXRlIjoxMjAwMDAwMDAwMDAwLCJkZWxldGUiOjM2MDAwMDAwMDAwMDAsInJlYWQiOjEyMDAwMDAwMDAwMDAsInVwZGF0ZSI6MTIwMDAwMDAwMDAwMH19"
        }
      ]
    },
    {
      "module": "module.efs",
      "mode": "managed",
      "type": "aws_efs_access_point",
      "name": "this",
      "provider": "provider[\"registry.terraform.io/hashicorp/aws\"]",
      "instances": [
        {
          "schema_version": 0,
          "attributes": {
            "arn": "arn:aws:elasticfilesystem:us-east-1:686255985275:access-point/fsap-0ca9749ebc02355f3",
            "file_system_arn": "arn:aws:elasticfilesystem:us-east-1:686255985275:file-system/fs-031279b6252298694",
            "file_system_id": "fs-031279b6252298694",
            "id": "fsap-0ca9749ebc02355f3",
            "owner_id": "686255985275",
            "posix_user": [
              {
                "gid": 1000,
                "secondary_gids": [],
                "uid": 1000
              }
            ],
            "root_directory": [
              {
                "creation_info": [
                  {
                    "owner_gid": 1000,
                    "owner_uid": 1000,
                    "permissions": "755"
                  }
                ],
                "path": "/lambda"
              }
            ],
            "tags": {},
            "tags_all": {}
          },
          "sensitive_attributes": [],
          "identity_schema_version": 0,
          "private": "bnVsbA==",
          "dependencies": [
            "data.aws_vpc.default",
            "module.app_sg.aws_security_group.this",
            "module.app_sg.aws_security_group_rule.self_allow_2049",
            "module.efs.aws_efs_file_system.this"
          ]
        }
      ]
    },
    {
      "module": "module.efs",
      "mode": "managed",
      "type": "aws_efs_file_system",
      "name": "this",
      "provider": "provider[\"registry.terraform.io/hashicorp/aws\"]",
      "instances": [
        {
          "schema_version": 0,
          "attributes": {
            "arn": "arn:aws:elasticfilesystem:us-east-1:686255985275:file-system/fs-031279b6252298694",
            "availability_zone_id": "",
            "availability_zone_name": "",
            "creation_token": "efs-backup",
            "dns_name": "fs-031279b6252298694.efs.us-east-1.amazonaws.com",
            "encrypted": false,
            "id": "fs-031279b6252298694",
            "kms_key_id": "",
            "lifecycle_policy": [],
            "name": "efs-backup",
            "number_of_mount_targets": 1,
            "owner_id": "686255985275",
            "performance_mode": "generalPurpose",
            "protection": [
              {
                "replication_overwrite": "ENABLED"
              }
            ],
            "provisioned_throughput_in_mibps": 0,
            "size_in_bytes": [
              {
                "value": 6144,
                "value_in_ia": 0,
                "value_in_standard": 6144
              }
            ],
            "tags": {
              "Name": "efs-backup"
            },
            "tags_all": {
              "Name": "efs-backup"
            },
            "throughput_mode": "bursting"
          },
          "sensitive_attributes": [],
          "identity_schema_version": 0,
          "private": "bnVsbA==",
          "dependencies": [
            "data.aws_vpc.default",
            "module.app_sg.aws_security_group.this",
            "module.app_sg.aws_security_group_rule.self_allow_2049"
          ]
        }
      ]
    },
    {
      "module": "module.efs",
      "mode": "managed",
      "type": "aws_efs_mount_target",
      "name": "target",
      "provider": "provider[\"registry.terraform.io/hashicorp/aws\"]",
      "instances": [
        {
          "schema_version": 0,
          "attributes": {
            "availability_zone_id": "use1-az6",
            "availability_zone_name": "us-east-1c",
            "dns_name": "fs-031279b6252298694.efs.us-east-1.amazonaws.com",
            "file_system_arn": "arn:aws:elasticfilesystem:us-east-1:686255985275:file-system/fs-031279b6252298694",
            "file_system_id": "fs-031279b6252298694",
            "id": "fsmt-071934d1a5ef7fce8",
            "ip_address": "172.31.35.206",
            "mount_target_dns_name": "us-east-1c.fs-031279b6252298694.efs.us-east-1.amazonaws.com",
            "network_interface_id": "eni-008c9f19ab1541216",
            "owner_id": "686255985275",
            "security_groups": [
              "sg-0a662ec55c2155695"
            ],
            "subnet_id": "subnet-01afe15d77fa192be",
            "timeouts": null
          },
          "sensitive_attributes": [],
          "identity_schema_version": 0,
          "private": "eyJlMmJmYjczMC1lY2FhLTExZTYtOGY4OC0zNDM2M2JjN2M0YzAiOnsiY3JlYXRlIjoxODAwMDAwMDAwMDAwLCJkZWxldGUiOjYwMDAwMDAwMDAwMH19",
          "dependencies": [
            "data.aws_subnet.first",
            "data.aws_subnets.default",
            "data.aws_vpc.default",
            "module.app_sg.aws_security_group.this",
            "module.app_sg.aws_security_group_rule.self_allow_2049",
            "module.efs.aws_efs_file_system.this"
          ]
        }
      ]
    },
    {
      "module": "module.efs_backup_lambda",
      "mode": "managed",
      "type": "aws_iam_role",
      "name": "lambda_exec",
      "provider": "provider[\"registry.terraform.io/hashicorp/aws\"]",
      "instances": [
        {
          "schema_version": 0,
          "attributes": {
            "arn": "arn:aws:iam::686255985275:role/efs-to-s3-backup-exec",
            "assume_role_policy": "{\"Statement\":[{\"Action\":\"sts:AssumeRole\",\"Effect\":\"Allow\",\"Principal\":{\"Service\":\"lambda.amazonaws.com\"}}],\"Version\":\"2012-10-17\"}",
            "create_date": "2025-06-04T21:46:40Z",
            "description": "",
            "force_detach_policies": false,
            "id": "efs-to-s3-backup-exec",
            "inline_policy": [],
            "managed_policy_arns": [
              "arn:aws:iam::aws:policy/AWSLambda_FullAccess",
              "arn:aws:iam::aws:policy/AmazonElasticFileSystemClientFullAccess",
              "arn:aws:iam::aws:policy/service-role/AWSLambdaVPCAccessExecutionRole"
            ],
            "max_session_duration": 3600,
            "name": "efs-to-s3-backup-exec",
            "name_prefix": "",
            "path": "/",
            "permissions_boundary": "",
            "tags": {},
            "tags_all": {},
            "unique_id": "AROAZ7SALKJ5WTK7COC67"
          },
          "sensitive_attributes": [],
          "identity_schema_version": 0,
          "private": "bnVsbA==",
          "dependencies": [
            "data.aws_subnet.first",
            "data.aws_subnets.default",
            "data.aws_vpc.default",
            "module.app_sg.aws_security_group.this",
            "module.app_sg.aws_security_group_rule.self_allow_2049",
            "module.efs.aws_efs_access_point.this",
            "module.efs.aws_efs_file_system.this",
            "module.efs.aws_efs_mount_target.target"
          ]
        }
      ]
    },
    {
      "module": "module.efs_backup_lambda",
      "mode": "managed",
      "type": "aws_iam_role_policy_attachment",
      "name": "lambda_policy",
      "provider": "provider[\"registry.terraform.io/hashicorp/aws\"]",
      "instances": [
        {
          "schema_version": 0,
          "attributes": {
            "id": "efs-to-s3-backup-exec-20250604214642117900000008",
            "policy_arn": "arn:aws:iam::aws:policy/AWSLambda_FullAccess",
            "role": "efs-to-s3-backup-exec"
          },
          "sensitive_attributes": [],
          "identity_schema_version": 0,
          "private": "bnVsbA==",
          "dependencies": [
            "data.aws_subnet.first",
            "data.aws_subnets.default",
            "data.aws_vpc.default",
            "module.app_sg.aws_security_group.this",
            "module.app_sg.aws_security_group_rule.self_allow_2049",
            "module.efs.aws_efs_access_point.this",
            "module.efs.aws_efs_file_system.this",
            "module.efs.aws_efs_mount_target.target",
            "module.efs_backup_lambda.aws_iam_role.lambda_exec"
          ]
        }
      ]
    },
    {
      "module": "module.efs_backup_lambda",
      "mode": "managed",
      "type": "aws_iam_role_policy_attachment",
      "name": "lambda_policy_base",
      "provider": "provider[\"registry.terraform.io/hashicorp/aws\"]",
      "instances": [
        {
          "schema_version": 0,
          "attributes": {
            "id": "efs-to-s3-backup-exec-20250604214641895500000007",
            "policy_arn": "arn:aws:iam::aws:policy/AWSLambda_FullAccess",
            "role": "efs-to-s3-backup-exec"
          },
          "sensitive_attributes": [],
          "identity_schema_version": 0,
          "private": "bnVsbA==",
          "dependencies": [
            "data.aws_subnet.first",
            "data.aws_subnets.default",
            "data.aws_vpc.default",
            "module.app_sg.aws_security_group.this",
            "module.app_sg.aws_security_group_rule.self_allow_2049",
            "module.efs.aws_efs_access_point.this",
            "module.efs.aws_efs_file_system.this",
            "module.efs.aws_efs_mount_target.target",
            "module.efs_backup_lambda.aws_iam_role.lambda_exec"
          ]
        }
      ]
    },
    {
      "module": "module.efs_backup_lambda",
      "mode": "managed",
      "type": "aws_iam_role_policy_attachment",
      "name": "lambda_policy_efs",
      "provider": "provider[\"registry.terraform.io/hashicorp/aws\"]",
      "instances": [
        {
          "schema_version": 0,
          "attributes": {
            "id": "efs-to-s3-backup-exec-20250604214642334600000009",
            "policy_arn": "arn:aws:iam::aws:policy/AmazonElasticFileSystemClientFullAccess",
            "role": "efs-to-s3-backup-exec"
          },
          "sensitive_attributes": [],
          "identity_schema_version": 0,
          "private": "bnVsbA==",
          "dependencies": [
            "data.aws_subnet.first",
            "data.aws_subnets.default",
            "data.aws_vpc.default",
            "module.app_sg.aws_security_group.this",
            "module.app_sg.aws_security_group_rule.self_allow_2049",
            "module.efs.aws_efs_access_point.this",
            "module.efs.aws_efs_file_system.this",
            "module.efs.aws_efs_mount_target.target",
            "module.efs_backup_lambda.aws_iam_role.lambda_exec"
          ]
        }
      ]
    },
    {
      "module": "module.efs_backup_lambda",
      "mode": "managed",
      "type": "aws_iam_role_policy_attachment",
      "name": "lambda_policy_vpc",
      "provider": "provider[\"registry.terraform.io/hashicorp/aws\"]",
      "instances": [
        {
          "schema_version": 0,
          "attributes": {
            "id": "efs-to-s3-backup-exec-2025060421464247410000000a",
            "policy_arn": "arn:aws:iam::aws:policy/service-role/AWSLambdaVPCAccessExecutionRole",
            "role": "efs-to-s3-backup-exec"
          },
          "sensitive_attributes": [],
          "identity_schema_version": 0,
          "private": "bnVsbA==",
          "dependencies": [
            "data.aws_subnet.first",
            "data.aws_subnets.default",
            "data.aws_vpc.default",
            "module.app_sg.aws_security_group.this",
            "module.app_sg.aws_security_group_rule.self_allow_2049",
            "module.efs.aws_efs_access_point.this",
            "module.efs.aws_efs_file_system.this",
            "module.efs.aws_efs_mount_target.target",
            "module.efs_backup_lambda.aws_iam_role.lambda_exec"
          ]
        }
      ]
    },
    {
      "module": "module.efs_backup_lambda",
      "mode": "managed",
      "type": "aws_lambda_function",
      "name": "this",
      "provider": "provider[\"registry.terraform.io/hashicorp/aws\"]",
      "instances": [
        {
          "schema_version": 0,
          "attributes": {
            "architectures": [
              "x86_64"
            ],
            "arn": "arn:aws:lambda:us-east-1:686255985275:function:efs-to-s3-backup",
            "code_sha256": "ewnC94uZmhkVri8pVe7psdqguAbVD9etSvwKR+8LJfA=",
            "code_signing_config_arn": "",
            "dead_letter_config": [],
            "description": "",
            "environment": [
              {
                "variables": {
                  "TARGET_BUCKET": "efs-backup-storage-bucket"
                }
              }
            ],
            "ephemeral_storage": [
              {
                "size": 512
              }
            ],
            "file_system_config": [
              {
                "arn": "arn:aws:elasticfilesystem:us-east-1:686255985275:access-point/fsap-0ca9749ebc02355f3",
                "local_mount_path": "/mnt/efs"
              }
            ],
            "filename": "./../../modules/lambda/efs_backup_lambda.zip",
            "function_name": "efs-to-s3-backup",
            "handler": "index.handler",
            "id": "efs-to-s3-backup",
            "image_config": [],
            "image_uri": "",
            "invoke_arn": "arn:aws:apigateway:us-east-1:lambda:path/2015-03-31/functions/arn:aws:lambda:us-east-1:686255985275:function:efs-to-s3-backup/invocations",
            "kms_key_arn": "",
            "last_modified": "2025-06-04T21:46:52.485+0000",
            "layers": [],
            "logging_config": [
              {
                "application_log_level": "",
                "log_format": "Text",
                "log_group": "/aws/lambda/efs-to-s3-backup",
                "system_log_level": ""
              }
            ],
            "memory_size": 128,
            "package_type": "Zip",
            "publish": false,
            "qualified_arn": "arn:aws:lambda:us-east-1:686255985275:function:efs-to-s3-backup:$LATEST",
            "qualified_invoke_arn": "arn:aws:apigateway:us-east-1:lambda:path/2015-03-31/functions/arn:aws:lambda:us-east-1:686255985275:function:efs-to-s3-backup:$LATEST/invocations",
            "replace_security_groups_on_destroy": null,
            "replacement_security_group_ids": null,
            "reserved_concurrent_executions": -1,
            "role": "arn:aws:iam::686255985275:role/efs-to-s3-backup-exec",
            "runtime": "python3.9",
            "s3_bucket": null,
            "s3_key": null,
            "s3_object_version": null,
            "signing_job_arn": "",
            "signing_profile_version_arn": "",
            "skip_destroy": false,
            "snap_start": [],
            "source_code_hash": "",
            "source_code_size": 342,
            "tags": {},
            "tags_all": {},
            "timeout": 60,
            "timeouts": null,
            "tracing_config": [
              {
                "mode": "PassThrough"
              }
            ],
            "version": "$LATEST",
            "vpc_config": [
              {
                "ipv6_allowed_for_dual_stack": false,
                "security_group_ids": [
                  "sg-0a662ec55c2155695"
                ],
                "subnet_ids": [
                  "subnet-01afe15d77fa192be"
                ],
                "vpc_id": "vpc-0e5762d7b0fce1202"
              }
            ]
          },
          "sensitive_attributes": [],
          "identity_schema_version": 0,
          "private": "eyJlMmJmYjczMC1lY2FhLTExZTYtOGY4OC0zNDM2M2JjN2M0YzAiOnsiY3JlYXRlIjo2MDAwMDAwMDAwMDAsImRlbGV0ZSI6NjAwMDAwMDAwMDAwLCJ1cGRhdGUiOjYwMDAwMDAwMDAwMH19",
          "dependencies": [
            "data.aws_subnet.first",
            "data.aws_subnets.default",
            "data.aws_vpc.default",
            "module.app_sg.aws_security_group.this",
            "module.app_sg.aws_security_group_rule.self_allow_2049",
            "module.backup_bucket.aws_s3_bucket.this",
            "module.efs.aws_efs_access_point.this",
            "module.efs.aws_efs_file_system.this",
            "module.efs.aws_efs_mount_target.target",
            "module.efs_backup_lambda.aws_iam_role.lambda_exec"
          ]
        }
      ]
    },
    {
      "module": "module.jenkins",
      "mode": "managed",
      "type": "aws_instance",
      "name": "this",
      "provider": "provider[\"registry.terraform.io/hashicorp/aws\"]",
      "instances": [
        {
          "schema_version": 1,
          "attributes": {
            "ami": "ami-054d6a336762e438e",
            "arn": "arn:aws:ec2:us-east-1:686255985275:instance/i-0cf1a47d6ce338a2e",
            "associate_public_ip_address": true,
            "availability_zone": "us-east-1a",
            "capacity_reservation_specification": [
              {
                "capacity_reservation_preference": "open",
                "capacity_reservation_target": []
              }
            ],
            "cpu_core_count": 2,
            "cpu_options": [
              {
                "amd_sev_snp": "",
                "core_count": 2,
                "threads_per_core": 1
              }
            ],
            "cpu_threads_per_core": 1,
            "credit_specification": [
              {
                "cpu_credits": "standard"
              }
            ],
            "disable_api_stop": false,
            "disable_api_termination": false,
            "ebs_block_device": [],
            "ebs_optimized": false,
            "enable_primary_ipv6": null,
            "enclave_options": [
              {
                "enabled": false
              }
            ],
            "ephemeral_block_device": [],
            "get_password_data": false,
            "hibernation": false,
            "host_id": "",
            "host_resource_group_arn": null,
            "iam_instance_profile": "",
            "id": "i-0cf1a47d6ce338a2e",
            "instance_initiated_shutdown_behavior": "stop",
            "instance_lifecycle": "",
            "instance_market_options": [],
            "instance_state": "running",
            "instance_type": "t2.medium",
            "ipv6_address_count": 0,
            "ipv6_addresses": [],
            "key_name": "ocs-key",
            "launch_template": [],
            "maintenance_options": [
              {
                "auto_recovery": "default"
              }
            ],
            "metadata_options": [
              {
                "http_endpoint": "enabled",
                "http_protocol_ipv6": "disabled",
                "http_put_response_hop_limit": 1,
                "http_tokens": "optional",
                "instance_metadata_tags": "disabled"
              }
            ],
            "monitoring": false,
            "network_interface": [],
            "outpost_arn": "",
            "password_data": "",
            "placement_group": "",
            "placement_partition_number": 0,
            "primary_network_interface_id": "eni-0481734da0d2749cb",
            "private_dns": "ip-172-31-85-199.ec2.internal",
            "private_dns_name_options": [
              {
                "enable_resource_name_dns_a_record": false,
                "enable_resource_name_dns_aaaa_record": false,
                "hostname_type": "ip-name"
              }
            ],
            "private_ip": "172.31.85.199",
            "public_dns": "ec2-3-94-171-20.compute-1.amazonaws.com",
            "public_ip": "3.94.171.20",
            "root_block_device": [
              {
                "delete_on_termination": true,
                "device_name": "/dev/sda1",
                "encrypted": false,
                "iops": 100,
                "kms_key_id": "",
                "tags": {},
                "tags_all": {},
                "throughput": 0,
                "volume_id": "vol-08d9620fbc858d2eb",
                "volume_size": 20,
                "volume_type": "gp2"
              }
            ],
            "secondary_private_ips": [],
            "security_groups": [
              "ramo-beko-sg"
            ],
            "source_dest_check": true,
            "spot_instance_request_id": "",
            "subnet_id": "subnet-098f99877c7803ccc",
            "tags": {
              "Name": "jenkins"
            },
            "tags_all": {
              "Name": "jenkins"
            },
            "tenancy": "default",
            "timeouts": null,
            "user_data": null,
            "user_data_base64": null,
            "user_data_replace_on_change": false,
            "volume_tags": null,
            "vpc_security_group_ids": [
              "sg-0a662ec55c2155695"
            ]
          },
          "sensitive_attributes": [],
          "identity_schema_version": 0,
          "private": "eyJlMmJmYjczMC1lY2FhLTExZTYtOGY4OC0zNDM2M2JjN2M0YzAiOnsiY3JlYXRlIjo2MDAwMDAwMDAwMDAsImRlbGV0ZSI6MTIwMDAwMDAwMDAwMCwicmVhZCI6OTAwMDAwMDAwMDAwLCJ1cGRhdGUiOjYwMDAwMDAwMDAwMH0sInNjaGVtYV92ZXJzaW9uIjoiMSJ9",
          "dependencies": [
            "aws_key_pair.ocs_key",
            "data.aws_ami.ubuntu_latest",
            "data.aws_vpc.default",
            "module.app_sg.aws_security_group.this",
            "module.app_sg.aws_security_group_rule.self_allow_2049",
            "tls_private_key.ocs_key"
          ]
        }
      ]
    },
    {
      "module": "module.k8s_master",
      "mode": "managed",
      "type": "aws_instance",
      "name": "this",
      "provider": "provider[\"registry.terraform.io/hashicorp/aws\"]",
      "instances": [
        {
          "schema_version": 1,
          "attributes": {
            "ami": "ami-054d6a336762e438e",
            "arn": "arn:aws:ec2:us-east-1:686255985275:instance/i-0906b26dda7e0109c",
            "associate_public_ip_address": true,
            "availability_zone": "us-east-1a",
            "capacity_reservation_specification": [
              {
                "capacity_reservation_preference": "open",
                "capacity_reservation_target": []
              }
            ],
            "cpu_core_count": 2,
            "cpu_options": [
              {
                "amd_sev_snp": "",
                "core_count": 2,
                "threads_per_core": 1
              }
            ],
            "cpu_threads_per_core": 1,
            "credit_specification": [
              {
                "cpu_credits": "standard"
              }
            ],
            "disable_api_stop": false,
            "disable_api_termination": false,
            "ebs_block_device": [],
            "ebs_optimized": false,
            "enable_primary_ipv6": null,
            "enclave_options": [
              {
                "enabled": false
              }
            ],
            "ephemeral_block_device": [],
            "get_password_data": false,
            "hibernation": false,
            "host_id": "",
            "host_resource_group_arn": null,
            "iam_instance_profile": "",
            "id": "i-0906b26dda7e0109c",
            "instance_initiated_shutdown_behavior": "stop",
            "instance_lifecycle": "",
            "instance_market_options": [],
            "instance_state": "running",
            "instance_type": "t2.medium",
            "ipv6_address_count": 0,
            "ipv6_addresses": [],
            "key_name": "ocs-key",
            "launch_template": [],
            "maintenance_options": [
              {
                "auto_recovery": "default"
              }
            ],
            "metadata_options": [
              {
                "http_endpoint": "enabled",
                "http_protocol_ipv6": "disabled",
                "http_put_response_hop_limit": 1,
                "http_tokens": "optional",
                "instance_metadata_tags": "disabled"
              }
            ],
            "monitoring": false,
            "network_interface": [],
            "outpost_arn": "",
            "password_data": "",
            "placement_group": "",
            "placement_partition_number": 0,
            "primary_network_interface_id": "eni-06849dbb1bcecf9bf",
            "private_dns": "ip-172-31-89-210.ec2.internal",
            "private_dns_name_options": [
              {
                "enable_resource_name_dns_a_record": false,
                "enable_resource_name_dns_aaaa_record": false,
                "hostname_type": "ip-name"
              }
            ],
            "private_ip": "172.31.89.210",
            "public_dns": "ec2-3-85-235-56.compute-1.amazonaws.com",
            "public_ip": "3.85.235.56",
            "root_block_device": [
              {
                "delete_on_termination": true,
                "device_name": "/dev/sda1",
                "encrypted": false,
                "iops": 100,
                "kms_key_id": "",
                "tags": {},
                "tags_all": {},
                "throughput": 0,
                "volume_id": "vol-08ebb144044f5170f",
                "volume_size": 25,
                "volume_type": "gp2"
              }
            ],
            "secondary_private_ips": [],
            "security_groups": [
              "ramo-beko-sg"
            ],
            "source_dest_check": true,
            "spot_instance_request_id": "",
            "subnet_id": "subnet-098f99877c7803ccc",
            "tags": {
              "Name": "kubernetes-master"
            },
            "tags_all": {
              "Name": "kubernetes-master"
            },
            "tenancy": "default",
            "timeouts": null,
            "user_data": null,
            "user_data_base64": null,
            "user_data_replace_on_change": false,
            "volume_tags": null,
            "vpc_security_group_ids": [
              "sg-0a662ec55c2155695"
            ]
          },
          "sensitive_attributes": [],
          "identity_schema_version": 0,
          "private": "eyJlMmJmYjczMC1lY2FhLTExZTYtOGY4OC0zNDM2M2JjN2M0YzAiOnsiY3JlYXRlIjo2MDAwMDAwMDAwMDAsImRlbGV0ZSI6MTIwMDAwMDAwMDAwMCwicmVhZCI6OTAwMDAwMDAwMDAwLCJ1cGRhdGUiOjYwMDAwMDAwMDAwMH0sInNjaGVtYV92ZXJzaW9uIjoiMSJ9",
          "dependencies": [
            "aws_key_pair.ocs_key",
            "data.aws_ami.ubuntu_latest",
            "data.aws_vpc.default",
            "module.app_sg.aws_security_group.this",
            "module.app_sg.aws_security_group_rule.self_allow_2049",
            "tls_private_key.ocs_key"
          ]
        }
      ]
    },
    {
      "module": "module.k8s_slave_1",
      "mode": "managed",
      "type": "aws_instance",
      "name": "this",
      "provider": "provider[\"registry.terraform.io/hashicorp/aws\"]",
      "instances": [
        {
          "schema_version": 1,
          "attributes": {
            "ami": "ami-054d6a336762e438e",
            "arn": "arn:aws:ec2:us-east-1:686255985275:instance/i-05ba52479c2798e16",
            "associate_public_ip_address": true,
            "availability_zone": "us-east-1a",
            "capacity_reservation_specification": [
              {
                "capacity_reservation_preference": "open",
                "capacity_reservation_target": []
              }
            ],
            "cpu_core_count": 2,
            "cpu_options": [
              {
                "amd_sev_snp": "",
                "core_count": 2,
                "threads_per_core": 1
              }
            ],
            "cpu_threads_per_core": 1,
            "credit_specification": [
              {
                "cpu_credits": "standard"
              }
            ],
            "disable_api_stop": false,
            "disable_api_termination": false,
            "ebs_block_device": [],
            "ebs_optimized": false,
            "enable_primary_ipv6": null,
            "enclave_options": [
              {
                "enabled": false
              }
            ],
            "ephemeral_block_device": [],
            "get_password_data": false,
            "hibernation": false,
            "host_id": "",
            "host_resource_group_arn": null,
            "iam_instance_profile": "",
            "id": "i-05ba52479c2798e16",
            "instance_initiated_shutdown_behavior": "stop",
            "instance_lifecycle": "",
            "instance_market_options": [],
            "instance_state": "running",
            "instance_type": "t2.medium",
            "ipv6_address_count": 0,
            "ipv6_addresses": [],
            "key_name": "ocs-key",
            "launch_template": [],
            "maintenance_options": [
              {
                "auto_recovery": "default"
              }
            ],
            "metadata_options": [
              {
                "http_endpoint": "enabled",
                "http_protocol_ipv6": "disabled",
                "http_put_response_hop_limit": 1,
                "http_tokens": "optional",
                "instance_metadata_tags": "disabled"
              }
            ],
            "monitoring": false,
            "network_interface": [],
            "outpost_arn": "",
            "password_data": "",
            "placement_group": "",
            "placement_partition_number": 0,
            "primary_network_interface_id": "eni-0a4e17b2a77941082",
            "private_dns": "ip-172-31-80-65.ec2.internal",
            "private_dns_name_options": [
              {
                "enable_resource_name_dns_a_record": false,
                "enable_resource_name_dns_aaaa_record": false,
                "hostname_type": "ip-name"
              }
            ],
            "private_ip": "172.31.80.65",
            "public_dns": "ec2-13-219-85-156.compute-1.amazonaws.com",
            "public_ip": "13.219.85.156",
            "root_block_device": [
              {
                "delete_on_termination": true,
                "device_name": "/dev/sda1",
                "encrypted": false,
                "iops": 100,
                "kms_key_id": "",
                "tags": {},
                "tags_all": {},
                "throughput": 0,
                "volume_id": "vol-0c08036a0f126dc33",
                "volume_size": 25,
                "volume_type": "gp2"
              }
            ],
            "secondary_private_ips": [],
            "security_groups": [
              "ramo-beko-sg"
            ],
            "source_dest_check": true,
            "spot_instance_request_id": "",
            "subnet_id": "subnet-098f99877c7803ccc",
            "tags": {
              "Name": "kubernetes-slave-1"
            },
            "tags_all": {
              "Name": "kubernetes-slave-1"
            },
            "tenancy": "default",
            "timeouts": null,
            "user_data": null,
            "user_data_base64": null,
            "user_data_replace_on_change": false,
            "volume_tags": null,
            "vpc_security_group_ids": [
              "sg-0a662ec55c2155695"
            ]
          },
          "sensitive_attributes": [],
          "identity_schema_version": 0,
          "private": "eyJlMmJmYjczMC1lY2FhLTExZTYtOGY4OC0zNDM2M2JjN2M0YzAiOnsiY3JlYXRlIjo2MDAwMDAwMDAwMDAsImRlbGV0ZSI6MTIwMDAwMDAwMDAwMCwicmVhZCI6OTAwMDAwMDAwMDAwLCJ1cGRhdGUiOjYwMDAwMDAwMDAwMH0sInNjaGVtYV92ZXJzaW9uIjoiMSJ9",
          "dependencies": [
            "aws_key_pair.ocs_key",
            "data.aws_ami.ubuntu_latest",
            "data.aws_vpc.default",
            "module.app_sg.aws_security_group.this",
            "module.app_sg.aws_security_group_rule.self_allow_2049",
            "tls_private_key.ocs_key"
          ]
        }
      ]
    },
    {
      "module": "module.k8s_slave_2",
      "mode": "managed",
      "type": "aws_instance",
      "name": "this",
      "provider": "provider[\"registry.terraform.io/hashicorp/aws\"]",
      "instances": [
        {
          "schema_version": 1,
          "attributes": {
            "ami": "ami-054d6a336762e438e",
            "arn": "arn:aws:ec2:us-east-1:686255985275:instance/i-016c6db3828e796a6",
            "associate_public_ip_address": true,
            "availability_zone": "us-east-1a",
            "capacity_reservation_specification": [
              {
                "capacity_reservation_preference": "open",
                "capacity_reservation_target": []
              }
            ],
            "cpu_core_count": 2,
            "cpu_options": [
              {
                "amd_sev_snp": "",
                "core_count": 2,
                "threads_per_core": 1
              }
            ],
            "cpu_threads_per_core": 1,
            "credit_specification": [
              {
                "cpu_credits": "standard"
              }
            ],
            "disable_api_stop": false,
            "disable_api_termination": false,
            "ebs_block_device": [],
            "ebs_optimized": false,
            "enable_primary_ipv6": null,
            "enclave_options": [
              {
                "enabled": false
              }
            ],
            "ephemeral_block_device": [],
            "get_password_data": false,
            "hibernation": false,
            "host_id": "",
            "host_resource_group_arn": null,
            "iam_instance_profile": "",
            "id": "i-016c6db3828e796a6",
            "instance_initiated_shutdown_behavior": "stop",
            "instance_lifecycle": "",
            "instance_market_options": [],
            "instance_state": "running",
            "instance_type": "t2.medium",
            "ipv6_address_count": 0,
            "ipv6_addresses": [],
            "key_name": "ocs-key",
            "launch_template": [],
            "maintenance_options": [
              {
                "auto_recovery": "default"
              }
            ],
            "metadata_options": [
              {
                "http_endpoint": "enabled",
                "http_protocol_ipv6": "disabled",
                "http_put_response_hop_limit": 1,
                "http_tokens": "optional",
                "instance_metadata_tags": "disabled"
              }
            ],
            "monitoring": false,
            "network_interface": [],
            "outpost_arn": "",
            "password_data": "",
            "placement_group": "",
            "placement_partition_number": 0,
            "primary_network_interface_id": "eni-08668487fe7696ab4",
            "private_dns": "ip-172-31-82-181.ec2.internal",
            "private_dns_name_options": [
              {
                "enable_resource_name_dns_a_record": false,
                "enable_resource_name_dns_aaaa_record": false,
                "hostname_type": "ip-name"
              }
            ],
            "private_ip": "172.31.82.181",
            "public_dns": "ec2-52-23-210-224.compute-1.amazonaws.com",
            "public_ip": "52.23.210.224",
            "root_block_device": [
              {
                "delete_on_termination": true,
                "device_name": "/dev/sda1",
                "encrypted": false,
                "iops": 100,
                "kms_key_id": "",
                "tags": {},
                "tags_all": {},
                "throughput": 0,
                "volume_id": "vol-04a0dfbd983893277",
                "volume_size": 25,
                "volume_type": "gp2"
              }
            ],
            "secondary_private_ips": [],
            "security_groups": [
              "ramo-beko-sg"
            ],
            "source_dest_check": true,
            "spot_instance_request_id": "",
            "subnet_id": "subnet-098f99877c7803ccc",
            "tags": {
              "Name": "kubernetes-slave-2"
            },
            "tags_all": {
              "Name": "kubernetes-slave-2"
            },
            "tenancy": "default",
            "timeouts": null,
            "user_data": null,
            "user_data_base64": null,
            "user_data_replace_on_change": false,
            "volume_tags": null,
            "vpc_security_group_ids": [
              "sg-0a662ec55c2155695"
            ]
          },
          "sensitive_attributes": [],
          "identity_schema_version": 0,
          "private": "eyJlMmJmYjczMC1lY2FhLTExZTYtOGY4OC0zNDM2M2JjN2M0YzAiOnsiY3JlYXRlIjo2MDAwMDAwMDAwMDAsImRlbGV0ZSI6MTIwMDAwMDAwMDAwMCwicmVhZCI6OTAwMDAwMDAwMDAwLCJ1cGRhdGUiOjYwMDAwMDAwMDAwMH0sInNjaGVtYV92ZXJzaW9uIjoiMSJ9",
          "dependencies": [
            "aws_key_pair.ocs_key",
            "data.aws_ami.ubuntu_latest",
            "data.aws_vpc.default",
            "module.app_sg.aws_security_group.this",
            "module.app_sg.aws_security_group_rule.self_allow_2049",
            "tls_private_key.ocs_key"
          ]
        }
      ]
    },
    {
      "module": "module.nexus",
      "mode": "managed",
      "type": "aws_instance",
      "name": "this",
      "provider": "provider[\"registry.terraform.io/hashicorp/aws\"]",
      "instances": [
        {
          "schema_version": 1,
          "attributes": {
            "ami": "ami-054d6a336762e438e",
            "arn": "arn:aws:ec2:us-east-1:686255985275:instance/i-0390ea2d5f9c2e7c2",
            "associate_public_ip_address": true,
            "availability_zone": "us-east-1a",
            "capacity_reservation_specification": [
              {
                "capacity_reservation_preference": "open",
                "capacity_reservation_target": []
              }
            ],
            "cpu_core_count": 2,
            "cpu_options": [
              {
                "amd_sev_snp": "",
                "core_count": 2,
                "threads_per_core": 1
              }
            ],
            "cpu_threads_per_core": 1,
            "credit_specification": [
              {
                "cpu_credits": "standard"
              }
            ],
            "disable_api_stop": false,
            "disable_api_termination": false,
            "ebs_block_device": [],
            "ebs_optimized": false,
            "enable_primary_ipv6": null,
            "enclave_options": [
              {
                "enabled": false
              }
            ],
            "ephemeral_block_device": [],
            "get_password_data": false,
            "hibernation": false,
            "host_id": "",
            "host_resource_group_arn": null,
            "iam_instance_profile": "",
            "id": "i-0390ea2d5f9c2e7c2",
            "instance_initiated_shutdown_behavior": "stop",
            "instance_lifecycle": "",
            "instance_market_options": [],
            "instance_state": "running",
            "instance_type": "t2.medium",
            "ipv6_address_count": 0,
            "ipv6_addresses": [],
            "key_name": "ocs-key",
            "launch_template": [],
            "maintenance_options": [
              {
                "auto_recovery": "default"
              }
            ],
            "metadata_options": [
              {
                "http_endpoint": "enabled",
                "http_protocol_ipv6": "disabled",
                "http_put_response_hop_limit": 1,
                "http_tokens": "optional",
                "instance_metadata_tags": "disabled"
              }
            ],
            "monitoring": false,
            "network_interface": [],
            "outpost_arn": "",
            "password_data": "",
            "placement_group": "",
            "placement_partition_number": 0,
            "primary_network_interface_id": "eni-0069e630bd8a01a40",
            "private_dns": "ip-172-31-88-203.ec2.internal",
            "private_dns_name_options": [
              {
                "enable_resource_name_dns_a_record": false,
                "enable_resource_name_dns_aaaa_record": false,
                "hostname_type": "ip-name"
              }
            ],
            "private_ip": "172.31.88.203",
            "public_dns": "ec2-3-92-132-69.compute-1.amazonaws.com",
            "public_ip": "3.92.132.69",
            "root_block_device": [
              {
                "delete_on_termination": true,
                "device_name": "/dev/sda1",
                "encrypted": false,
                "iops": 100,
                "kms_key_id": "",
                "tags": {},
                "tags_all": {},
                "throughput": 0,
                "volume_id": "vol-0929fda9f26b039d6",
                "volume_size": 20,
                "volume_type": "gp2"
              }
            ],
            "secondary_private_ips": [],
            "security_groups": [
              "ramo-beko-sg"
            ],
            "source_dest_check": true,
            "spot_instance_request_id": "",
            "subnet_id": "subnet-098f99877c7803ccc",
            "tags": {
              "Name": "nexus"
            },
            "tags_all": {
              "Name": "nexus"
            },
            "tenancy": "default",
            "timeouts": null,
            "user_data": null,
            "user_data_base64": null,
            "user_data_replace_on_change": false,
            "volume_tags": null,
            "vpc_security_group_ids": [
              "sg-0a662ec55c2155695"
            ]
          },
          "sensitive_attributes": [],
          "identity_schema_version": 0,
          "private": "eyJlMmJmYjczMC1lY2FhLTExZTYtOGY4OC0zNDM2M2JjN2M0YzAiOnsiY3JlYXRlIjo2MDAwMDAwMDAwMDAsImRlbGV0ZSI6MTIwMDAwMDAwMDAwMCwicmVhZCI6OTAwMDAwMDAwMDAwLCJ1cGRhdGUiOjYwMDAwMDAwMDAwMH0sInNjaGVtYV92ZXJzaW9uIjoiMSJ9",
          "dependencies": [
            "aws_key_pair.ocs_key",
            "data.aws_ami.ubuntu_latest",
            "data.aws_vpc.default",
            "module.app_sg.aws_security_group.this",
            "module.app_sg.aws_security_group_rule.self_allow_2049",
            "tls_private_key.ocs_key"
          ]
        }
      ]
    },
    {
      "module": "module.sonarqube",
      "mode": "managed",
      "type": "aws_instance",
      "name": "this",
      "provider": "provider[\"registry.terraform.io/hashicorp/aws\"]",
      "instances": [
        {
          "schema_version": 1,
          "attributes": {
            "ami": "ami-054d6a336762e438e",
            "arn": "arn:aws:ec2:us-east-1:686255985275:instance/i-06ebe0e910d2bddcb",
            "associate_public_ip_address": true,
            "availability_zone": "us-east-1a",
            "capacity_reservation_specification": [
              {
                "capacity_reservation_preference": "open",
                "capacity_reservation_target": []
              }
            ],
            "cpu_core_count": 2,
            "cpu_options": [
              {
                "amd_sev_snp": "",
                "core_count": 2,
                "threads_per_core": 1
              }
            ],
            "cpu_threads_per_core": 1,
            "credit_specification": [
              {
                "cpu_credits": "standard"
              }
            ],
            "disable_api_stop": false,
            "disable_api_termination": false,
            "ebs_block_device": [],
            "ebs_optimized": false,
            "enable_primary_ipv6": null,
            "enclave_options": [
              {
                "enabled": false
              }
            ],
            "ephemeral_block_device": [],
            "get_password_data": false,
            "hibernation": false,
            "host_id": "",
            "host_resource_group_arn": null,
            "iam_instance_profile": "",
            "id": "i-06ebe0e910d2bddcb",
            "instance_initiated_shutdown_behavior": "stop",
            "instance_lifecycle": "",
            "instance_market_options": [],
            "instance_state": "running",
            "instance_type": "t2.medium",
            "ipv6_address_count": 0,
            "ipv6_addresses": [],
            "key_name": "ocs-key",
            "launch_template": [],
            "maintenance_options": [
              {
                "auto_recovery": "default"
              }
            ],
            "metadata_options": [
              {
                "http_endpoint": "enabled",
                "http_protocol_ipv6": "disabled",
                "http_put_response_hop_limit": 1,
                "http_tokens": "optional",
                "instance_metadata_tags": "disabled"
              }
            ],
            "monitoring": false,
            "network_interface": [],
            "outpost_arn": "",
            "password_data": "",
            "placement_group": "",
            "placement_partition_number": 0,
            "primary_network_interface_id": "eni-06745a5c762bc982d",
            "private_dns": "ip-172-31-92-138.ec2.internal",
            "private_dns_name_options": [
              {
                "enable_resource_name_dns_a_record": false,
                "enable_resource_name_dns_aaaa_record": false,
                "hostname_type": "ip-name"
              }
            ],
            "private_ip": "172.31.92.138",
            "public_dns": "ec2-52-90-237-253.compute-1.amazonaws.com",
            "public_ip": "52.90.237.253",
            "root_block_device": [
              {
                "delete_on_termination": true,
                "device_name": "/dev/sda1",
                "encrypted": false,
                "iops": 100,
                "kms_key_id": "",
                "tags": {},
                "tags_all": {},
                "throughput": 0,
                "volume_id": "vol-0d4088fbb61b30ee5",
                "volume_size": 20,
                "volume_type": "gp2"
              }
            ],
            "secondary_private_ips": [],
            "security_groups": [
              "ramo-beko-sg"
            ],
            "source_dest_check": true,
            "spot_instance_request_id": "",
            "subnet_id": "subnet-098f99877c7803ccc",
            "tags": {
              "Name": "sonarqube"
            },
            "tags_all": {
              "Name": "sonarqube"
            },
            "tenancy": "default",
            "timeouts": null,
            "user_data": null,
            "user_data_base64": null,
            "user_data_replace_on_change": false,
            "volume_tags": null,
            "vpc_security_group_ids": [
              "sg-0a662ec55c2155695"
            ]
          },
          "sensitive_attributes": [],
          "identity_schema_version": 0,
          "private": "eyJlMmJmYjczMC1lY2FhLTExZTYtOGY4OC0zNDM2M2JjN2M0YzAiOnsiY3JlYXRlIjo2MDAwMDAwMDAwMDAsImRlbGV0ZSI6MTIwMDAwMDAwMDAwMCwicmVhZCI6OTAwMDAwMDAwMDAwLCJ1cGRhdGUiOjYwMDAwMDAwMDAwMH0sInNjaGVtYV92ZXJzaW9uIjoiMSJ9",
          "dependencies": [
            "aws_key_pair.ocs_key",
            "data.aws_ami.ubuntu_latest",
            "data.aws_vpc.default",
            "module.app_sg.aws_security_group.this",
            "module.app_sg.aws_security_group_rule.self_allow_2049",
            "tls_private_key.ocs_key"
          ]
        }
      ]
    }
  ],
  "check_results": null
}
