{
  "version": 4,
  "terraform_version": "1.12.0",
  "serial": 628,
  "lineage": "b21f79db-f62a-beb9-8434-c9caf1899576",
  "outputs": {
    "all_ips": {
      "value": {
        "jenkins": "63.176.155.155",
        "k8s_master": "54.93.58.117",
        "k8s_slave_1": "3.67.94.81",
        "k8s_slave_2": "18.196.154.113",
        "nexus": "52.59.242.207",
        "sonarqube": "52.29.225.131"
      },
      "type": [
        "object",
        {
          "jenkins": "string",
          "k8s_master": "string",
          "k8s_slave_1": "string",
          "k8s_slave_2": "string",
          "nexus": "string",
          "sonarqube": "string"
        }
      ]
    }
  },
  "resources": [
    {
      "mode": "data",
      "type": "aws_ami",
      "name": "ubuntu_latest",
      "provider": "provider[\"registry.terraform.io/hashicorp/aws\"]",
      "instances": [
        {
          "schema_version": 0,
          "attributes": {
            "architecture": "x86_64",
            "arn": "arn:aws:ec2:eu-central-1::image/ami-06c374f393664f330",
            "block_device_mappings": [
              {
                "device_name": "/dev/sda1",
                "ebs": {
                  "delete_on_termination": "true",
                  "encrypted": "false",
                  "iops": "0",
                  "snapshot_id": "snap-06240701d35394028",
                  "throughput": "0",
                  "volume_size": "8",
                  "volume_type": "gp2"
                },
                "no_device": "",
                "virtual_name": ""
              },
              {
                "device_name": "/dev/sdb",
                "ebs": {},
                "no_device": "",
                "virtual_name": "ephemeral0"
              },
              {
                "device_name": "/dev/sdc",
                "ebs": {},
                "no_device": "",
                "virtual_name": "ephemeral1"
              }
            ],
            "boot_mode": "legacy-bios",
            "creation_date": "2025-06-03T15:16:57.000Z",
            "deprecation_time": "2027-06-03T15:16:57.000Z",
            "description": "Canonical, Ubuntu, 20.04, amd64 focal image",
            "ena_support": true,
            "executable_users": null,
            "filter": [
              {
                "name": "name",
                "values": [
                  "ubuntu/images/hvm-ssd/ubuntu-*-amd64-server-*"
                ]
              },
              {
                "name": "virtualization-type",
                "values": [
                  "hvm"
                ]
              }
            ],
            "hypervisor": "xen",
            "id": "ami-06c374f393664f330",
            "image_id": "ami-06c374f393664f330",
            "image_location": "amazon/ubuntu/images/hvm-ssd/ubuntu-focal-20.04-amd64-server-20250603",
            "image_owner_alias": "amazon",
            "image_type": "machine",
            "imds_support": "",
            "include_deprecated": false,
            "kernel_id": "",
            "last_launched_time": "",
            "most_recent": true,
            "name": "ubuntu/images/hvm-ssd/ubuntu-focal-20.04-amd64-server-20250603",
            "name_regex": null,
            "owner_id": "099720109477",
            "owners": [
              "099720109477"
            ],
            "platform": "",
            "platform_details": "Linux/UNIX",
            "product_codes": [],
            "public": true,
            "ramdisk_id": "",
            "root_device_name": "/dev/sda1",
            "root_device_type": "ebs",
            "root_snapshot_id": "snap-06240701d35394028",
            "sriov_net_support": "simple",
            "state": "available",
            "state_reason": {
              "code": "UNSET",
              "message": "UNSET"
            },
            "tags": {},
            "timeouts": null,
            "tpm_support": "",
            "uefi_data": null,
            "usage_operation": "RunInstances",
            "virtualization_type": "hvm"
          },
          "sensitive_attributes": [],
          "identity_schema_version": 0
        }
      ]
    },
    {
      "mode": "data",
      "type": "aws_subnet",
      "name": "first",
      "provider": "provider[\"registry.terraform.io/hashicorp/aws\"]",
      "instances": [
        {
          "schema_version": 0,
          "attributes": {
            "arn": "arn:aws:ec2:eu-central-1:686255985275:subnet/subnet-0038b1fe0553c625b",
            "assign_ipv6_address_on_creation": false,
            "availability_zone": "eu-central-1c",
            "availability_zone_id": "euc1-az1",
            "available_ip_address_count": 4088,
            "cidr_block": "172.31.0.0/20",
            "customer_owned_ipv4_pool": "",
            "default_for_az": true,
            "enable_dns64": false,
            "enable_lni_at_device_index": 0,
            "enable_resource_name_dns_a_record_on_launch": false,
            "enable_resource_name_dns_aaaa_record_on_launch": false,
            "filter": null,
            "id": "subnet-0038b1fe0553c625b",
            "ipv6_cidr_block": "",
            "ipv6_cidr_block_association_id": "",
            "ipv6_native": false,
            "map_customer_owned_ip_on_launch": false,
            "map_public_ip_on_launch": true,
            "outpost_arn": "",
            "owner_id": "686255985275",
            "private_dns_hostname_type_on_launch": "ip-name",
            "state": "available",
            "tags": {},
            "timeouts": null,
            "vpc_id": "vpc-0cd726ed01a18b4fe"
          },
          "sensitive_attributes": [],
          "identity_schema_version": 0
        }
      ]
    },
    {
      "mode": "data",
      "type": "aws_subnets",
      "name": "default",
      "provider": "provider[\"registry.terraform.io/hashicorp/aws\"]",
      "instances": [
        {
          "schema_version": 0,
          "attributes": {
            "filter": [
              {
                "name": "vpc-id",
                "values": [
                  "vpc-0cd726ed01a18b4fe"
                ]
              }
            ],
            "id": "eu-central-1",
            "ids": [
              "subnet-0038b1fe0553c625b",
              "subnet-0b5b1dac403a2527d",
              "subnet-01627f3d3717a3ed2"
            ],
            "tags": null,
            "timeouts": null
          },
          "sensitive_attributes": [],
          "identity_schema_version": 0
        }
      ]
    },
    {
      "mode": "data",
      "type": "aws_vpc",
      "name": "default",
      "provider": "provider[\"registry.terraform.io/hashicorp/aws\"]",
      "instances": [
        {
          "schema_version": 0,
          "attributes": {
            "arn": "arn:aws:ec2:eu-central-1:686255985275:vpc/vpc-0cd726ed01a18b4fe",
            "cidr_block": "172.31.0.0/16",
            "cidr_block_associations": [
              {
                "association_id": "vpc-cidr-assoc-08b99024de9a1a3ff",
                "cidr_block": "172.31.0.0/16",
                "state": "associated"
              }
            ],
            "default": true,
            "dhcp_options_id": "dopt-0827407399adbd6e8",
            "enable_dns_hostnames": true,
            "enable_dns_support": true,
            "enable_network_address_usage_metrics": false,
            "filter": null,
            "id": "vpc-0cd726ed01a18b4fe",
            "instance_tenancy": "default",
            "ipv6_association_id": "",
            "ipv6_cidr_block": "",
            "main_route_table_id": "rtb-036c8d695d5f81e52",
            "owner_id": "686255985275",
            "state": null,
            "tags": {},
            "timeouts": null
          },
          "sensitive_attributes": [],
          "identity_schema_version": 0
        }
      ]
    },
    {
      "mode": "managed",
      "type": "aws_key_pair",
      "name": "ocs_key",
      "provider": "provider[\"registry.terraform.io/hashicorp/aws\"]",
      "instances": [
        {
          "schema_version": 1,
          "attributes": {
            "arn": "arn:aws:ec2:eu-central-1:686255985275:key-pair/ocs-key",
            "fingerprint": "8f:1c:af:43:8b:83:35:48:e5:b4:5e:6b:c6:b3:ca:98",
            "id": "ocs-key",
            "key_name": "ocs-key",
            "key_name_prefix": "",
            "key_pair_id": "key-02f51cee8db9aa3c3",
            "key_type": "rsa",
            "public_key": "ssh-rsa AAAAB3NzaC1yc2EAAAADAQABAAACAQDSATYIWQGjZaE7wAVJ3YtkwGy0luc93cp7TpTXGxWXMPm17/ZarRXhKo5oHXyceWo3e9Od6R5rQaraKzakz3Ipq/6ohCG5Qn709YUYCS5tp7qx8Kg2EFfjzJGsE5okMI/qE3yisEZEDKHyazXMP9+VoRBXQZSx8F+6exS9qrTnuR8XvksHXa3jA17mHqHyFWEOUHnKCuWQvLNBvb9UuJdhCOOY6Zp9DqyzSPhi5/YChJwVp0gylopv30IcwaOzG2FD5lYCQ/AuuVoPtpYfHlcl/y7NMYKKdoUxR6O4S/KBfgdF+IU/QyOJg6C8MGz8IcMr0uBJ/PRSxMP/SByX2/xnEYRGiWeiJGzzmkT72UyGj4qpgKFM5vhFsuEmqX3PG/RurmClFEB091+JH7LnZBrK9jCZvIK80heI+0L9GK7BS2+nJdeVxntNZlJRnflzvmgBI2BY+DSLagcQjvvDn5EKETSPrStaSdxHVnV5GMpaIAJLGtPTZEeNJol+wjTD2n8pin0ePTjGUZC9RzRaD4HLHt9hVgKFRSRzoD77RMtzikS0g0ahOb9SgBpvaVGzXvDsF7FbMl5v9pf9tzwuoif8D81Csh4tWN+Ng6sNwazs/xQFVrzrZC5FL1212B2IgXdaUzFUyZrD2uAayUJxz3tEKtgSifbhJG9LVi0gpuTskw==",
            "tags": {},
            "tags_all": {}
          },
          "sensitive_attributes": [],
          "identity_schema_version": 0,
          "private": "eyJzY2hlbWFfdmVyc2lvbiI6IjEifQ==",
          "dependencies": [
            "tls_private_key.ocs_key"
          ]
        }
      ]
    },
    {
      "mode": "managed",
      "type": "local_file",
      "name": "private_key",
      "provider": "provider[\"registry.terraform.io/hashicorp/local\"]",
      "instances": [
        {
          "schema_version": 0,
          "attributes": {
            "content": "-----BEGIN RSA PRIVATE KEY-----\nMIIJKQIBAAKCAgEA0gE2CFkBo2WhO8AFSd2LZMBstJbnPd3Ke06U1xsVlzD5te/2\nWq0V4SqOaB18nHlqN3vTnekea0Gq2is2pM9yKav+qIQhuUJ+9PWFGAkubae6sfCo\nNhBX48yRrBOaJDCP6hN8orBGRAyh8ms1zD/flaEQV0GUsfBfunsUvaq057kfF75L\nB12t4wNe5h6h8hVhDlB5ygrlkLyzQb2/VLiXYQjjmOmafQ6ss0j4Yuf2AoScFadI\nMpaKb99CHMGjsxthQ+ZWAkPwLrlaD7aWHx5XJf8uzTGCinaFMUejuEvygX4HRfiF\nP0MjiYOgvDBs/CHDK9LgSfz0UsTD/0gcl9v8ZxGERolnoiRs85pE+9lMho+KqYCh\nTOb4RbLhJql9zxv0bq5gpRRAdPdfiR+y52QayvYwmbyCvNIXiPtC/RiuwUtvpyXX\nlcZ7TWZSUZ35c75oASNgWPg0i2oHEI77w5+RChE0j60rWkncR1Z1eRjKWiACSxrT\n02RHjSaJfsI0w9p/KYp9Hj04xlGQvUc0Wg+Byx7fYVYChUUkc6A++0TLc4pEtING\noTm/UoAab2lRs17w7BexWzJeb/aX/bc8LqIn/A/NQrIeLVjfjYOrDcGs7P8UBVa8\n62QuRS9dtdgdiIF3WlMxVMmaw9rgGslCcc97RCrYEon24SRvS1YtIKbk7JMCAwEA\nAQKCAgApcZa9t/8ERYq3tXH1vVSEihsJ2pwBEBOlGQFzoAM3RrGJD7Ww+GaQfKsE\n7gjJAocNMxE0oSxhI2D51Dxg8xWHFsvXatgS7QYMBqYA89LnTgogkqtHnBsUOCtp\nZ6bsTG8iVT0sCBid1lZhdnnz+IkByPrmFWmoYhUqQp75vUYdUuHJeELrTbgCzIf+\nZv4zvbddMVGPp23djffcWft310P8oNn1s+hKlMpNSXHHZxqcLZp2BYDQhvgEEu3D\nqg1Jy/X6herkYI72UZrt7e0bcAvn0j/ku8gU1kX7zzUGqmpN1tbNnrmBHhlVypW+\nfdoMOgd/zwp3X4XCDdXWO990srPRMcGr8IUrBf8l/M73VI+AVNf5mjyraBceegNv\n6IlsOV6f1xF8wVoyq1fQLJG+5rqbKZpUS0nrW+gBx5+PHLW8/L77u09xPWNLM/ci\nEuZr54RqgO8QzD6xrgHmcR6A8ddyGg4Rmt/tOBzqPicY9yTAPXv4X+6jgQ6oqed3\n52LVGfbr4hA46YWQXhe0CEkXbq5xIOX+tQhP5z5+Z4oALNk5bf74GHf2Sabgpm8X\n0H7X3IABdFgHVRFHRIb89hD3cCqLrqsls1xZn7A8SLOwk363Syu6wBcro4ssB4Xr\nZzWiMFiZObaTkAH2+hvjVs9W80ssjGrPNDm1/79Pya3nUClFyQKCAQEA8bkO6vCf\n4V9DC5AHok2KSXPb87fSu3pC4NXS0VwfTzwKRRKM2qtdHni6TIbVyzdPonMAVnav\nQL8ErC0lptWUe7zPc1s3OPwCFlVpsrZXmxie3o2jEvO5GCXOxhzWbbUzaUdMNfE4\np85nW+PTb/XsFNxA3LN1bZctIFFSNCmH2HGczRUhM74/3wUIbDjl/kBQ1+/7NYhA\n8VRppiMnj3xbPWo7CG4PhITlaYXFU5YqvkoW85rDUs4NB+I7yHF5MvkIPE4CrghG\nBuNnQT8Fqvt7lUcW6Z9wHRDSOU38eUxQfiYSKNM9L3xckqONkUnAqgBV4AREO90w\nEFPltNe2wpMh6wKCAQEA3miP8aezO54akpZZsiUesB36qmiwBeTTzFr1Y9Ftto3z\nYFyd38y7f+Zzh4hbVrBbbPe5nDzU0CxVfBRLA5TVePlEu+8NX2/dAfmPXzFwKa1i\nEGDxRSIknhLZyfXlTNl0WerBqSLK/GY03zy4ct5HilkFZ7PZoUG5h47N6jKxb/TK\ngYdSdhEJoEwRVMUBw5uuP4y519rKnZ1vDVmUImIkBgYv0cIjU66q79mNC8X1NU3P\n2+vYd7mM6Ja2KhhCgqGCuz5R4664VugMtQwJh6i6Z359tJnmOmGyIOLDtb/1+N7n\nRRU3fN+Mnws6JCKALzTOLOmG46RzNGdp2K67czAN+QKCAQAv4c6Yr22cQTiQs8kv\nV1jLUA4D6yftRzy0OOb33d293lDSeeg48LUTcirFOfhjtuMpdMpeVkhE9RHB4XeR\n4sD0+ePGIA2CVjk7n1O+uOwFpwzhXQEuoeTKacLZ76ByPvCeLCdmkA/+/Z3vz+N0\nTCylvTOEBHCAcu/XdQRpnMhyEZ9T6JmZHFienuqaNXMpuCfLfpgudH0Y0PXUmSYf\nAC06ry5ebx7Xy1N+YadC9X4mD5sYSlHitzpRk3jwLboqZLZC69kQDEeC2cz8WbWP\ntx015s0dHh4hQ9HA1Dfs9zcCphv2xlFadLIJwigq3YcypbpdE7tIeHoq4dOgzRJA\n3NBdAoIBAQCfy8K4XsRRLlxrO+lALJlq8m86ZrMp2Oov5p5u1HcedckKUCECPkft\nMjeJhngRxe46UZajYbWJyIC3AKGQ9iuWmoo++RfDnUzOcW8Idy3eU/ukRvKyuEBU\n7rhZ+fmBCLAnNptkGWJ8jDaquibQKVJ/XUyb4MWZre5OLlVWUovYI6on/IFL4Rvo\ndx7wqAeHcmB0uniAVWvEaOv0TIs5VQgK6AENlY3qPxID+Gv1rIpsfPa+TSqfgspy\nBm7lub53uvGB9NnDW7KIhnsyzW4/cQRU/bX1v6mCAtWH+UWiXUSuRgEmSoMujjOr\nxdZFRiCRSkBkVnkbL/myCicrjweRUFKJAoIBAQDG+pSGSISuKz+EoDytNObRxtpr\n3Q5LVsFkH9wZSDGkE3/rUFM9ul3SsWMVFZMH2J1/6C+26ZIKaYAep1RSFe6E7l1l\nSuvncNmcGFLZ4qR5Mz7OkVvp8vF0y9mbucOdcKOTiRvstsfRDDHu/0fZYGStBPYS\nmJ3wtHbb8+wtzpKFioRhgNph5ba24zi+HKGDQqrZXnxPXbR6hBWKA0UC72Yr0ykj\ndFKa8hzvATlYLhF36uz3bn3uzfs8xpoxyRMWwEYmxoVg3CPRaOck/U9LSi/LTveK\nGoksjQzrCxmqQCejN0/r3hIh7EaTX5VtbpqsfQgI4ar6tYsZuCgM8J22SXwd\n-----END RSA PRIVATE KEY-----\n",
            "content_base64": null,
            "content_base64sha256": "0OxF+oMJlQyf40TU7/3czSQmwrin1fs5rlxdBZDVySc=",
            "content_base64sha512": "V0XvhD4tIhj55T3cRWEj0TSJEoHdx23ybxmr8MML3WerTjoZV6rFyHZyCYyo6FxOnO61A9asS8qGr7btAnm63Q==",
            "content_md5": "94dcb03967eba9602b2b476bfd56ae85",
            "content_sha1": "8870ba9f13e841837ccbbe9e9327b668965082af",
            "content_sha256": "d0ec45fa8309950c9fe344d4effddccd2426c2b8a7d5fb39ae5c5d0590d5c927",
            "content_sha512": "5745ef843e2d2218f9e53ddc456123d134891281ddc76df26f19abf0c30bdd67ab4e3a1957aac5c87672098ca8e85c4e9ceeb503d6ac4bca86afb6ed0279badd",
            "directory_permission": "0700",
            "file_permission": "0400",
            "filename": "./ocs-key.pem",
            "id": "8870ba9f13e841837ccbbe9e9327b668965082af",
            "sensitive_content": null,
            "source": null
          },
          "sensitive_attributes": [
            [
              {
                "type": "get_attr",
                "value": "content"
              }
            ],
            [
              {
                "type": "get_attr",
                "value": "sensitive_content"
              }
            ]
          ],
          "identity_schema_version": 0,
          "dependencies": [
            "tls_private_key.ocs_key"
          ]
        }
      ]
    },
    {
      "mode": "managed",
      "type": "tls_private_key",
      "name": "ocs_key",
      "provider": "provider[\"registry.terraform.io/hashicorp/tls\"]",
      "instances": [
        {
          "schema_version": 1,
          "attributes": {
            "algorithm": "RSA",
            "ecdsa_curve": "P224",
            "id": "4891c0c6b9563e42a3c9f7f6987844c1fcd8a393",
            "private_key_openssh": "-----BEGIN OPENSSH PRIVATE KEY-----\nb3BlbnNzaC1rZXktdjEAAAAABG5vbmUAAAAEbm9uZQAAAAAAAAABAAACFwAAAAdz\nc2gtcnNhAAAAAwEAAQAAAgEA0gE2CFkBo2WhO8AFSd2LZMBstJbnPd3Ke06U1xsV\nlzD5te/2Wq0V4SqOaB18nHlqN3vTnekea0Gq2is2pM9yKav+qIQhuUJ+9PWFGAku\nbae6sfCoNhBX48yRrBOaJDCP6hN8orBGRAyh8ms1zD/flaEQV0GUsfBfunsUvaq0\n57kfF75LB12t4wNe5h6h8hVhDlB5ygrlkLyzQb2/VLiXYQjjmOmafQ6ss0j4Yuf2\nAoScFadIMpaKb99CHMGjsxthQ+ZWAkPwLrlaD7aWHx5XJf8uzTGCinaFMUejuEvy\ngX4HRfiFP0MjiYOgvDBs/CHDK9LgSfz0UsTD/0gcl9v8ZxGERolnoiRs85pE+9lM\nho+KqYChTOb4RbLhJql9zxv0bq5gpRRAdPdfiR+y52QayvYwmbyCvNIXiPtC/Riu\nwUtvpyXXlcZ7TWZSUZ35c75oASNgWPg0i2oHEI77w5+RChE0j60rWkncR1Z1eRjK\nWiACSxrT02RHjSaJfsI0w9p/KYp9Hj04xlGQvUc0Wg+Byx7fYVYChUUkc6A++0TL\nc4pEtINGoTm/UoAab2lRs17w7BexWzJeb/aX/bc8LqIn/A/NQrIeLVjfjYOrDcGs\n7P8UBVa862QuRS9dtdgdiIF3WlMxVMmaw9rgGslCcc97RCrYEon24SRvS1YtIKbk\n7JMAAAc4/YklRf2JJUUAAAAHc3NoLXJzYQAAAgEA0gE2CFkBo2WhO8AFSd2LZMBs\ntJbnPd3Ke06U1xsVlzD5te/2Wq0V4SqOaB18nHlqN3vTnekea0Gq2is2pM9yKav+\nqIQhuUJ+9PWFGAkubae6sfCoNhBX48yRrBOaJDCP6hN8orBGRAyh8ms1zD/flaEQ\nV0GUsfBfunsUvaq057kfF75LB12t4wNe5h6h8hVhDlB5ygrlkLyzQb2/VLiXYQjj\nmOmafQ6ss0j4Yuf2AoScFadIMpaKb99CHMGjsxthQ+ZWAkPwLrlaD7aWHx5XJf8u\nzTGCinaFMUejuEvygX4HRfiFP0MjiYOgvDBs/CHDK9LgSfz0UsTD/0gcl9v8ZxGE\nRolnoiRs85pE+9lMho+KqYChTOb4RbLhJql9zxv0bq5gpRRAdPdfiR+y52QayvYw\nmbyCvNIXiPtC/RiuwUtvpyXXlcZ7TWZSUZ35c75oASNgWPg0i2oHEI77w5+RChE0\nj60rWkncR1Z1eRjKWiACSxrT02RHjSaJfsI0w9p/KYp9Hj04xlGQvUc0Wg+Byx7f\nYVYChUUkc6A++0TLc4pEtINGoTm/UoAab2lRs17w7BexWzJeb/aX/bc8LqIn/A/N\nQrIeLVjfjYOrDcGs7P8UBVa862QuRS9dtdgdiIF3WlMxVMmaw9rgGslCcc97RCrY\nEon24SRvS1YtIKbk7JMAAAADAQABAAACAClxlr23/wRFire1cfW9VISKGwnanAEQ\nE6UZAXOgAzdGsYkPtbD4ZpB8qwTuCMkChw0zETShLGEjYPnUPGDzFYcWy9dq2BLt\nBgwGpgDz0udOCiCSq0ecGxQ4K2lnpuxMbyJVPSwIGJ3WVmF2efP4iQHI+uYVaahi\nFSpCnvm9Rh1S4cl4QutNuALMh/5m/jO9t10xUY+nbd2N99xZ+3fXQ/yg2fWz6EqU\nyk1JccdnGpwtmnYFgNCG+AQS7cOqDUnL9fqF6uRgjvZRmu3t7RtwC+fSP+S7yBTW\nRfvPNQaqak3W1s2euYEeGVXKlb592gw6B3/PCndfhcIN1dY733Sys9ExwavwhSsF\n/yX8zvdUj4BU1/maPKtoFx56A2/oiWw5Xp/XEXzBWjKrV9Askb7mupspmlRLSetb\n6AHHn48ctbz8vvu7T3E9Y0sz9yIS5mvnhGqA7xDMPrGuAeZxHoDx13IaDhGa3+04\nHOo+Jxj3JMA9e/hf7qOBDqip53fnYtUZ9uviEDjphZBeF7QISRdurnEg5f61CE/n\nPn5nigAs2Tlt/vgYd/ZJpuCmbxfQftfcgAF0WAdVEUdEhvz2EPdwKouuqyWzXFmf\nsDxIs7CTfrdLK7rAFyujiywHhetnNaIwWJk5tpOQAfb6G+NWz1bzSyyMas80ObX/\nv0/JredQKUXJAAABAQDG+pSGSISuKz+EoDytNObRxtpr3Q5LVsFkH9wZSDGkE3/r\nUFM9ul3SsWMVFZMH2J1/6C+26ZIKaYAep1RSFe6E7l1lSuvncNmcGFLZ4qR5Mz7O\nkVvp8vF0y9mbucOdcKOTiRvstsfRDDHu/0fZYGStBPYSmJ3wtHbb8+wtzpKFioRh\ngNph5ba24zi+HKGDQqrZXnxPXbR6hBWKA0UC72Yr0ykjdFKa8hzvATlYLhF36uz3\nbn3uzfs8xpoxyRMWwEYmxoVg3CPRaOck/U9LSi/LTveKGoksjQzrCxmqQCejN0/r\n3hIh7EaTX5VtbpqsfQgI4ar6tYsZuCgM8J22SXwdAAABAQDxuQ7q8J/hX0MLkAei\nTYpJc9vzt9K7ekLg1dLRXB9PPApFEozaq10eeLpMhtXLN0+icwBWdq9AvwSsLSWm\n1ZR7vM9zWzc4/AIWVWmytlebGJ7ejaMS87kYJc7GHNZttTNpR0w18Tinzmdb49Nv\n9ewU3EDcs3Vtly0gUVI0KYfYcZzNFSEzvj/fBQhsOOX+QFDX7/s1iEDxVGmmIyeP\nfFs9ajsIbg+EhOVphcVTliq+ShbzmsNSzg0H4jvIcXky+Qg8TgKuCEYG42dBPwWq\n+3uVRxbpn3AdENI5Tfx5TFB+JhIo0z0vfFySo42RScCqAFXgBEQ73TAQU+W017bC\nkyHrAAABAQDeaI/xp7M7nhqSllmyJR6wHfqqaLAF5NPMWvVj0W22jfNgXJ3fzLt/\n5nOHiFtWsFts97mcPNTQLFV8FEsDlNV4+US77w1fb90B+Y9fMXAprWIQYPFFIiSe\nEtnJ9eVM2XRZ6sGpIsr8ZjTfPLhy3keKWQVns9mhQbmHjs3qMrFv9MqBh1J2EQmg\nTBFUxQHDm64/jLnX2sqdnW8NWZQiYiQGBi/RwiNTrqrv2Y0LxfU1Tc/b69h3uYzo\nlrYqGEKCoYK7PlHjrrhW6Ay1DAmHqLpnfn20meY6YbIg4sO1v/X43udFFTd834yf\nCzokIoAvNM4s6YbjpHM0Z2nYrrtzMA35AAAAAAEC\n-----END OPENSSH PRIVATE KEY-----\n",
            "private_key_pem": "-----BEGIN RSA PRIVATE KEY-----\nMIIJKQIBAAKCAgEA0gE2CFkBo2WhO8AFSd2LZMBstJbnPd3Ke06U1xsVlzD5te/2\nWq0V4SqOaB18nHlqN3vTnekea0Gq2is2pM9yKav+qIQhuUJ+9PWFGAkubae6sfCo\nNhBX48yRrBOaJDCP6hN8orBGRAyh8ms1zD/flaEQV0GUsfBfunsUvaq057kfF75L\nB12t4wNe5h6h8hVhDlB5ygrlkLyzQb2/VLiXYQjjmOmafQ6ss0j4Yuf2AoScFadI\nMpaKb99CHMGjsxthQ+ZWAkPwLrlaD7aWHx5XJf8uzTGCinaFMUejuEvygX4HRfiF\nP0MjiYOgvDBs/CHDK9LgSfz0UsTD/0gcl9v8ZxGERolnoiRs85pE+9lMho+KqYCh\nTOb4RbLhJql9zxv0bq5gpRRAdPdfiR+y52QayvYwmbyCvNIXiPtC/RiuwUtvpyXX\nlcZ7TWZSUZ35c75oASNgWPg0i2oHEI77w5+RChE0j60rWkncR1Z1eRjKWiACSxrT\n02RHjSaJfsI0w9p/KYp9Hj04xlGQvUc0Wg+Byx7fYVYChUUkc6A++0TLc4pEtING\noTm/UoAab2lRs17w7BexWzJeb/aX/bc8LqIn/A/NQrIeLVjfjYOrDcGs7P8UBVa8\n62QuRS9dtdgdiIF3WlMxVMmaw9rgGslCcc97RCrYEon24SRvS1YtIKbk7JMCAwEA\nAQKCAgApcZa9t/8ERYq3tXH1vVSEihsJ2pwBEBOlGQFzoAM3RrGJD7Ww+GaQfKsE\n7gjJAocNMxE0oSxhI2D51Dxg8xWHFsvXatgS7QYMBqYA89LnTgogkqtHnBsUOCtp\nZ6bsTG8iVT0sCBid1lZhdnnz+IkByPrmFWmoYhUqQp75vUYdUuHJeELrTbgCzIf+\nZv4zvbddMVGPp23djffcWft310P8oNn1s+hKlMpNSXHHZxqcLZp2BYDQhvgEEu3D\nqg1Jy/X6herkYI72UZrt7e0bcAvn0j/ku8gU1kX7zzUGqmpN1tbNnrmBHhlVypW+\nfdoMOgd/zwp3X4XCDdXWO990srPRMcGr8IUrBf8l/M73VI+AVNf5mjyraBceegNv\n6IlsOV6f1xF8wVoyq1fQLJG+5rqbKZpUS0nrW+gBx5+PHLW8/L77u09xPWNLM/ci\nEuZr54RqgO8QzD6xrgHmcR6A8ddyGg4Rmt/tOBzqPicY9yTAPXv4X+6jgQ6oqed3\n52LVGfbr4hA46YWQXhe0CEkXbq5xIOX+tQhP5z5+Z4oALNk5bf74GHf2Sabgpm8X\n0H7X3IABdFgHVRFHRIb89hD3cCqLrqsls1xZn7A8SLOwk363Syu6wBcro4ssB4Xr\nZzWiMFiZObaTkAH2+hvjVs9W80ssjGrPNDm1/79Pya3nUClFyQKCAQEA8bkO6vCf\n4V9DC5AHok2KSXPb87fSu3pC4NXS0VwfTzwKRRKM2qtdHni6TIbVyzdPonMAVnav\nQL8ErC0lptWUe7zPc1s3OPwCFlVpsrZXmxie3o2jEvO5GCXOxhzWbbUzaUdMNfE4\np85nW+PTb/XsFNxA3LN1bZctIFFSNCmH2HGczRUhM74/3wUIbDjl/kBQ1+/7NYhA\n8VRppiMnj3xbPWo7CG4PhITlaYXFU5YqvkoW85rDUs4NB+I7yHF5MvkIPE4CrghG\nBuNnQT8Fqvt7lUcW6Z9wHRDSOU38eUxQfiYSKNM9L3xckqONkUnAqgBV4AREO90w\nEFPltNe2wpMh6wKCAQEA3miP8aezO54akpZZsiUesB36qmiwBeTTzFr1Y9Ftto3z\nYFyd38y7f+Zzh4hbVrBbbPe5nDzU0CxVfBRLA5TVePlEu+8NX2/dAfmPXzFwKa1i\nEGDxRSIknhLZyfXlTNl0WerBqSLK/GY03zy4ct5HilkFZ7PZoUG5h47N6jKxb/TK\ngYdSdhEJoEwRVMUBw5uuP4y519rKnZ1vDVmUImIkBgYv0cIjU66q79mNC8X1NU3P\n2+vYd7mM6Ja2KhhCgqGCuz5R4664VugMtQwJh6i6Z359tJnmOmGyIOLDtb/1+N7n\nRRU3fN+Mnws6JCKALzTOLOmG46RzNGdp2K67czAN+QKCAQAv4c6Yr22cQTiQs8kv\nV1jLUA4D6yftRzy0OOb33d293lDSeeg48LUTcirFOfhjtuMpdMpeVkhE9RHB4XeR\n4sD0+ePGIA2CVjk7n1O+uOwFpwzhXQEuoeTKacLZ76ByPvCeLCdmkA/+/Z3vz+N0\nTCylvTOEBHCAcu/XdQRpnMhyEZ9T6JmZHFienuqaNXMpuCfLfpgudH0Y0PXUmSYf\nAC06ry5ebx7Xy1N+YadC9X4mD5sYSlHitzpRk3jwLboqZLZC69kQDEeC2cz8WbWP\ntx015s0dHh4hQ9HA1Dfs9zcCphv2xlFadLIJwigq3YcypbpdE7tIeHoq4dOgzRJA\n3NBdAoIBAQCfy8K4XsRRLlxrO+lALJlq8m86ZrMp2Oov5p5u1HcedckKUCECPkft\nMjeJhngRxe46UZajYbWJyIC3AKGQ9iuWmoo++RfDnUzOcW8Idy3eU/ukRvKyuEBU\n7rhZ+fmBCLAnNptkGWJ8jDaquibQKVJ/XUyb4MWZre5OLlVWUovYI6on/IFL4Rvo\ndx7wqAeHcmB0uniAVWvEaOv0TIs5VQgK6AENlY3qPxID+Gv1rIpsfPa+TSqfgspy\nBm7lub53uvGB9NnDW7KIhnsyzW4/cQRU/bX1v6mCAtWH+UWiXUSuRgEmSoMujjOr\nxdZFRiCRSkBkVnkbL/myCicrjweRUFKJAoIBAQDG+pSGSISuKz+EoDytNObRxtpr\n3Q5LVsFkH9wZSDGkE3/rUFM9ul3SsWMVFZMH2J1/6C+26ZIKaYAep1RSFe6E7l1l\nSuvncNmcGFLZ4qR5Mz7OkVvp8vF0y9mbucOdcKOTiRvstsfRDDHu/0fZYGStBPYS\nmJ3wtHbb8+wtzpKFioRhgNph5ba24zi+HKGDQqrZXnxPXbR6hBWKA0UC72Yr0ykj\ndFKa8hzvATlYLhF36uz3bn3uzfs8xpoxyRMWwEYmxoVg3CPRaOck/U9LSi/LTveK\nGoksjQzrCxmqQCejN0/r3hIh7EaTX5VtbpqsfQgI4ar6tYsZuCgM8J22SXwd\n-----END RSA PRIVATE KEY-----\n",
            "private_key_pem_pkcs8": "-----BEGIN PRIVATE KEY-----\nMIIJQwIBADANBgkqhkiG9w0BAQEFAASCCS0wggkpAgEAAoICAQDSATYIWQGjZaE7\nwAVJ3YtkwGy0luc93cp7TpTXGxWXMPm17/ZarRXhKo5oHXyceWo3e9Od6R5rQara\nKzakz3Ipq/6ohCG5Qn709YUYCS5tp7qx8Kg2EFfjzJGsE5okMI/qE3yisEZEDKHy\nazXMP9+VoRBXQZSx8F+6exS9qrTnuR8XvksHXa3jA17mHqHyFWEOUHnKCuWQvLNB\nvb9UuJdhCOOY6Zp9DqyzSPhi5/YChJwVp0gylopv30IcwaOzG2FD5lYCQ/AuuVoP\ntpYfHlcl/y7NMYKKdoUxR6O4S/KBfgdF+IU/QyOJg6C8MGz8IcMr0uBJ/PRSxMP/\nSByX2/xnEYRGiWeiJGzzmkT72UyGj4qpgKFM5vhFsuEmqX3PG/RurmClFEB091+J\nH7LnZBrK9jCZvIK80heI+0L9GK7BS2+nJdeVxntNZlJRnflzvmgBI2BY+DSLagcQ\njvvDn5EKETSPrStaSdxHVnV5GMpaIAJLGtPTZEeNJol+wjTD2n8pin0ePTjGUZC9\nRzRaD4HLHt9hVgKFRSRzoD77RMtzikS0g0ahOb9SgBpvaVGzXvDsF7FbMl5v9pf9\ntzwuoif8D81Csh4tWN+Ng6sNwazs/xQFVrzrZC5FL1212B2IgXdaUzFUyZrD2uAa\nyUJxz3tEKtgSifbhJG9LVi0gpuTskwIDAQABAoICAClxlr23/wRFire1cfW9VISK\nGwnanAEQE6UZAXOgAzdGsYkPtbD4ZpB8qwTuCMkChw0zETShLGEjYPnUPGDzFYcW\ny9dq2BLtBgwGpgDz0udOCiCSq0ecGxQ4K2lnpuxMbyJVPSwIGJ3WVmF2efP4iQHI\n+uYVaahiFSpCnvm9Rh1S4cl4QutNuALMh/5m/jO9t10xUY+nbd2N99xZ+3fXQ/yg\n2fWz6EqUyk1JccdnGpwtmnYFgNCG+AQS7cOqDUnL9fqF6uRgjvZRmu3t7RtwC+fS\nP+S7yBTWRfvPNQaqak3W1s2euYEeGVXKlb592gw6B3/PCndfhcIN1dY733Sys9Ex\nwavwhSsF/yX8zvdUj4BU1/maPKtoFx56A2/oiWw5Xp/XEXzBWjKrV9Askb7mupsp\nmlRLSetb6AHHn48ctbz8vvu7T3E9Y0sz9yIS5mvnhGqA7xDMPrGuAeZxHoDx13Ia\nDhGa3+04HOo+Jxj3JMA9e/hf7qOBDqip53fnYtUZ9uviEDjphZBeF7QISRdurnEg\n5f61CE/nPn5nigAs2Tlt/vgYd/ZJpuCmbxfQftfcgAF0WAdVEUdEhvz2EPdwKouu\nqyWzXFmfsDxIs7CTfrdLK7rAFyujiywHhetnNaIwWJk5tpOQAfb6G+NWz1bzSyyM\nas80ObX/v0/JredQKUXJAoIBAQDxuQ7q8J/hX0MLkAeiTYpJc9vzt9K7ekLg1dLR\nXB9PPApFEozaq10eeLpMhtXLN0+icwBWdq9AvwSsLSWm1ZR7vM9zWzc4/AIWVWmy\ntlebGJ7ejaMS87kYJc7GHNZttTNpR0w18Tinzmdb49Nv9ewU3EDcs3Vtly0gUVI0\nKYfYcZzNFSEzvj/fBQhsOOX+QFDX7/s1iEDxVGmmIyePfFs9ajsIbg+EhOVphcVT\nliq+ShbzmsNSzg0H4jvIcXky+Qg8TgKuCEYG42dBPwWq+3uVRxbpn3AdENI5Tfx5\nTFB+JhIo0z0vfFySo42RScCqAFXgBEQ73TAQU+W017bCkyHrAoIBAQDeaI/xp7M7\nnhqSllmyJR6wHfqqaLAF5NPMWvVj0W22jfNgXJ3fzLt/5nOHiFtWsFts97mcPNTQ\nLFV8FEsDlNV4+US77w1fb90B+Y9fMXAprWIQYPFFIiSeEtnJ9eVM2XRZ6sGpIsr8\nZjTfPLhy3keKWQVns9mhQbmHjs3qMrFv9MqBh1J2EQmgTBFUxQHDm64/jLnX2sqd\nnW8NWZQiYiQGBi/RwiNTrqrv2Y0LxfU1Tc/b69h3uYzolrYqGEKCoYK7PlHjrrhW\n6Ay1DAmHqLpnfn20meY6YbIg4sO1v/X43udFFTd834yfCzokIoAvNM4s6YbjpHM0\nZ2nYrrtzMA35AoIBAC/hzpivbZxBOJCzyS9XWMtQDgPrJ+1HPLQ45vfd3b3eUNJ5\n6DjwtRNyKsU5+GO24yl0yl5WSET1EcHhd5HiwPT548YgDYJWOTufU7647AWnDOFd\nAS6h5MppwtnvoHI+8J4sJ2aQD/79ne/P43RMLKW9M4QEcIBy79d1BGmcyHIRn1Po\nmZkcWJ6e6po1cym4J8t+mC50fRjQ9dSZJh8ALTqvLl5vHtfLU35hp0L1fiYPmxhK\nUeK3OlGTePAtuipktkLr2RAMR4LZzPxZtY+3HTXmzR0eHiFD0cDUN+z3NwKmG/bG\nUVp0sgnCKCrdhzKlul0Tu0h4eirh06DNEkDc0F0CggEBAJ/LwrhexFEuXGs76UAs\nmWrybzpmsynY6i/mnm7Udx51yQpQIQI+R+0yN4mGeBHF7jpRlqNhtYnIgLcAoZD2\nK5aaij75F8OdTM5xbwh3Ld5T+6RG8rK4QFTuuFn5+YEIsCc2m2QZYnyMNqq6JtAp\nUn9dTJvgxZmt7k4uVVZSi9gjqif8gUvhG+h3HvCoB4dyYHS6eIBVa8Ro6/RMizlV\nCAroAQ2Vjeo/EgP4a/Wsimx89r5NKp+CynIGbuW5vne68YH02cNbsoiGezLNbj9x\nBFT9tfW/qYIC1Yf5RaJdRK5GASZKgy6OM6vF1kVGIJFKQGRWeRsv+bIKJyuPB5FQ\nUokCggEBAMb6lIZIhK4rP4SgPK005tHG2mvdDktWwWQf3BlIMaQTf+tQUz26XdKx\nYxUVkwfYnX/oL7bpkgppgB6nVFIV7oTuXWVK6+dw2ZwYUtnipHkzPs6RW+ny8XTL\n2Zu5w51wo5OJG+y2x9EMMe7/R9lgZK0E9hKYnfC0dtvz7C3OkoWKhGGA2mHltrbj\nOL4coYNCqtlefE9dtHqEFYoDRQLvZivTKSN0UpryHO8BOVguEXfq7Pdufe7N+zzG\nmjHJExbARibGhWDcI9Fo5yT9T0tKL8tO94oaiSyNDOsLGapAJ6M3T+veEiHsRpNf\nlW1umqx9CAjhqvq1ixm4KAzwnbZJfB0=\n-----END PRIVATE KEY-----\n",
            "public_key_fingerprint_md5": "13:93:5f:62:43:22:29:7b:46:2c:c0:23:d5:7f:55:a4",
            "public_key_fingerprint_sha256": "SHA256:TYK+4xqOv7Xw9g6UZwGhdxD6UpqJqlTyAyAm14wQL9M",
            "public_key_openssh": "ssh-rsa AAAAB3NzaC1yc2EAAAADAQABAAACAQDSATYIWQGjZaE7wAVJ3YtkwGy0luc93cp7TpTXGxWXMPm17/ZarRXhKo5oHXyceWo3e9Od6R5rQaraKzakz3Ipq/6ohCG5Qn709YUYCS5tp7qx8Kg2EFfjzJGsE5okMI/qE3yisEZEDKHyazXMP9+VoRBXQZSx8F+6exS9qrTnuR8XvksHXa3jA17mHqHyFWEOUHnKCuWQvLNBvb9UuJdhCOOY6Zp9DqyzSPhi5/YChJwVp0gylopv30IcwaOzG2FD5lYCQ/AuuVoPtpYfHlcl/y7NMYKKdoUxR6O4S/KBfgdF+IU/QyOJg6C8MGz8IcMr0uBJ/PRSxMP/SByX2/xnEYRGiWeiJGzzmkT72UyGj4qpgKFM5vhFsuEmqX3PG/RurmClFEB091+JH7LnZBrK9jCZvIK80heI+0L9GK7BS2+nJdeVxntNZlJRnflzvmgBI2BY+DSLagcQjvvDn5EKETSPrStaSdxHVnV5GMpaIAJLGtPTZEeNJol+wjTD2n8pin0ePTjGUZC9RzRaD4HLHt9hVgKFRSRzoD77RMtzikS0g0ahOb9SgBpvaVGzXvDsF7FbMl5v9pf9tzwuoif8D81Csh4tWN+Ng6sNwazs/xQFVrzrZC5FL1212B2IgXdaUzFUyZrD2uAayUJxz3tEKtgSifbhJG9LVi0gpuTskw==\n",
            "public_key_pem": "-----BEGIN PUBLIC KEY-----\nMIICIjANBgkqhkiG9w0BAQEFAAOCAg8AMIICCgKCAgEA0gE2CFkBo2WhO8AFSd2L\nZMBstJbnPd3Ke06U1xsVlzD5te/2Wq0V4SqOaB18nHlqN3vTnekea0Gq2is2pM9y\nKav+qIQhuUJ+9PWFGAkubae6sfCoNhBX48yRrBOaJDCP6hN8orBGRAyh8ms1zD/f\nlaEQV0GUsfBfunsUvaq057kfF75LB12t4wNe5h6h8hVhDlB5ygrlkLyzQb2/VLiX\nYQjjmOmafQ6ss0j4Yuf2AoScFadIMpaKb99CHMGjsxthQ+ZWAkPwLrlaD7aWHx5X\nJf8uzTGCinaFMUejuEvygX4HRfiFP0MjiYOgvDBs/CHDK9LgSfz0UsTD/0gcl9v8\nZxGERolnoiRs85pE+9lMho+KqYChTOb4RbLhJql9zxv0bq5gpRRAdPdfiR+y52Qa\nyvYwmbyCvNIXiPtC/RiuwUtvpyXXlcZ7TWZSUZ35c75oASNgWPg0i2oHEI77w5+R\nChE0j60rWkncR1Z1eRjKWiACSxrT02RHjSaJfsI0w9p/KYp9Hj04xlGQvUc0Wg+B\nyx7fYVYChUUkc6A++0TLc4pEtINGoTm/UoAab2lRs17w7BexWzJeb/aX/bc8LqIn\n/A/NQrIeLVjfjYOrDcGs7P8UBVa862QuRS9dtdgdiIF3WlMxVMmaw9rgGslCcc97\nRCrYEon24SRvS1YtIKbk7JMCAwEAAQ==\n-----END PUBLIC KEY-----\n",
            "rsa_bits": 4096
          },
          "sensitive_attributes": [
            [
              {
                "type": "get_attr",
                "value": "private_key_openssh"
              }
            ],
            [
              {
                "type": "get_attr",
                "value": "private_key_pem"
              }
            ],
            [
              {
                "type": "get_attr",
                "value": "private_key_pem_pkcs8"
              }
            ]
          ],
          "identity_schema_version": 0
        }
      ]
    },
    {
      "module": "module.app_sg",
      "mode": "managed",
      "type": "aws_security_group",
      "name": "this",
      "provider": "provider[\"registry.terraform.io/hashicorp/aws\"]",
      "instances": [
        {
          "schema_version": 1,
          "attributes": {
            "arn": "arn:aws:ec2:eu-central-1:686255985275:security-group/sg-03d1bc75832e1da18",
            "description": "Allow required inbound traffic",
            "egress": [
              {
                "cidr_blocks": [
                  "0.0.0.0/0"
                ],
                "description": "",
                "from_port": 0,
                "ipv6_cidr_blocks": [],
                "prefix_list_ids": [],
                "protocol": "-1",
                "security_groups": [],
                "self": false,
                "to_port": 0
              }
            ],
            "id": "sg-03d1bc75832e1da18",
            "ingress": [
              {
                "cidr_blocks": [
                  "0.0.0.0/0"
                ],
                "description": "",
                "from_port": 22,
                "ipv6_cidr_blocks": [],
                "prefix_list_ids": [],
                "protocol": "tcp",
                "security_groups": [],
                "self": false,
                "to_port": 22
              },
              {
                "cidr_blocks": [
                  "0.0.0.0/0"
                ],
                "description": "",
                "from_port": 25,
                "ipv6_cidr_blocks": [],
                "prefix_list_ids": [],
                "protocol": "tcp",
                "security_groups": [],
                "self": false,
                "to_port": 25
              },
              {
                "cidr_blocks": [
                  "0.0.0.0/0"
                ],
                "description": "",
                "from_port": 30000,
                "ipv6_cidr_blocks": [],
                "prefix_list_ids": [],
                "protocol": "tcp",
                "security_groups": [],
                "self": false,
                "to_port": 32767
              },
              {
                "cidr_blocks": [
                  "0.0.0.0/0"
                ],
                "description": "",
                "from_port": 3000,
                "ipv6_cidr_blocks": [],
                "prefix_list_ids": [],
                "protocol": "tcp",
                "security_groups": [],
                "self": false,
                "to_port": 10000
              },
              {
                "cidr_blocks": [
                  "0.0.0.0/0"
                ],
                "description": "",
                "from_port": 443,
                "ipv6_cidr_blocks": [],
                "prefix_list_ids": [],
                "protocol": "tcp",
                "security_groups": [],
                "self": false,
                "to_port": 443
              },
              {
                "cidr_blocks": [
                  "0.0.0.0/0"
                ],
                "description": "",
                "from_port": 465,
                "ipv6_cidr_blocks": [],
                "prefix_list_ids": [],
                "protocol": "tcp",
                "security_groups": [],
                "self": false,
                "to_port": 465
              },
              {
                "cidr_blocks": [
                  "0.0.0.0/0"
                ],
                "description": "",
                "from_port": 6443,
                "ipv6_cidr_blocks": [],
                "prefix_list_ids": [],
                "protocol": "tcp",
                "security_groups": [],
                "self": false,
                "to_port": 6443
              },
              {
                "cidr_blocks": [
                  "0.0.0.0/0"
                ],
                "description": "",
                "from_port": 80,
                "ipv6_cidr_blocks": [],
                "prefix_list_ids": [],
                "protocol": "tcp",
                "security_groups": [],
                "self": false,
                "to_port": 80
              }
            ],
            "name": "ramo-beko-sg",
            "name_prefix": "",
            "owner_id": "686255985275",
            "revoke_rules_on_delete": false,
            "tags": {
              "Name": "ramo-beko-sg"
            },
            "tags_all": {
              "Name": "ramo-beko-sg"
            },
            "timeouts": null,
            "vpc_id": "vpc-0cd726ed01a18b4fe"
          },
          "sensitive_attributes": [],
          "identity_schema_version": 0,
          "private": "eyJlMmJmYjczMC1lY2FhLTExZTYtOGY4OC0zNDM2M2JjN2M0YzAiOnsiY3JlYXRlIjo2MDAwMDAwMDAwMDAsImRlbGV0ZSI6OTAwMDAwMDAwMDAwfSwic2NoZW1hX3ZlcnNpb24iOiIxIn0=",
          "dependencies": [
            "data.aws_vpc.default"
          ]
        }
      ]
    },
    {
      "module": "module.app_sg",
      "mode": "managed",
      "type": "aws_security_group_rule",
      "name": "self_allow_2049",
      "provider": "provider[\"registry.terraform.io/hashicorp/aws\"]",
      "instances": [
        {
          "schema_version": 2,
          "attributes": {
            "cidr_blocks": null,
            "description": null,
            "from_port": 2049,
            "id": "sgrule-2649704149",
            "ipv6_cidr_blocks": null,
            "prefix_list_ids": null,
            "protocol": "tcp",
            "security_group_id": "sg-03d1bc75832e1da18",
            "security_group_rule_id": "sgr-097807780a6870002",
            "self": false,
            "source_security_group_id": "sg-03d1bc75832e1da18",
            "timeouts": null,
            "to_port": 2049,
            "type": "ingress"
          },
          "sensitive_attributes": [],
          "identity_schema_version": 0,
          "private": "eyJlMmJmYjczMC1lY2FhLTExZTYtOGY4OC0zNDM2M2JjN2M0YzAiOnsiY3JlYXRlIjozMDAwMDAwMDAwMDB9LCJzY2hlbWFfdmVyc2lvbiI6IjIifQ==",
          "dependencies": [
            "data.aws_vpc.default",
            "module.app_sg.aws_security_group.this"
          ]
        }
      ]
    },
    {
      "module": "module.backup_bucket",
      "mode": "managed",
      "type": "aws_s3_bucket",
      "name": "this",
      "provider": "provider[\"registry.terraform.io/hashicorp/aws\"]",
      "instances": [
        {
          "schema_version": 0,
          "attributes": {
            "acceleration_status": "",
            "acl": null,
            "arn": "arn:aws:s3:::efs-backup-storage-bucket",
            "bucket": "efs-backup-storage-bucket",
            "bucket_domain_name": "efs-backup-storage-bucket.s3.amazonaws.com",
            "bucket_prefix": "",
            "bucket_regional_domain_name": "efs-backup-storage-bucket.s3.eu-central-1.amazonaws.com",
            "cors_rule": [],
            "force_destroy": false,
            "grant": [
              {
                "id": "724deb73b55843715e458fd7c88913781ee2eed8f4643dc7a8b8c8ece988d362",
                "permissions": [
                  "FULL_CONTROL"
                ],
                "type": "CanonicalUser",
                "uri": ""
              }
            ],
            "hosted_zone_id": "Z21DNDUVLTQW6Q",
            "id": "efs-backup-storage-bucket",
            "lifecycle_rule": [],
            "logging": [],
            "object_lock_configuration": [],
            "object_lock_enabled": false,
            "policy": "",
            "region": "eu-central-1",
            "replication_configuration": [],
            "request_payer": "BucketOwner",
            "server_side_encryption_configuration": [
              {
                "rule": [
                  {
                    "apply_server_side_encryption_by_default": [
                      {
                        "kms_master_key_id": "",
                        "sse_algorithm": "AES256"
                      }
                    ],
                    "bucket_key_enabled": false
                  }
                ]
              }
            ],
            "tags": {},
            "tags_all": {},
            "timeouts": null,
            "versioning": [
              {
                "enabled": false,
                "mfa_delete": false
              }
            ],
            "website": [],
            "website_domain": null,
            "website_endpoint": null
          },
          "sensitive_attributes": [],
          "identity_schema_version": 0,
          "private": "eyJlMmJmYjczMC1lY2FhLTExZTYtOGY4OC0zNDM2M2JjN2M0YzAiOnsiY3JlYXRlIjoxMjAwMDAwMDAwMDAwLCJkZWxldGUiOjM2MDAwMDAwMDAwMDAsInJlYWQiOjEyMDAwMDAwMDAwMDAsInVwZGF0ZSI6MTIwMDAwMDAwMDAwMH19"
        }
      ]
    },
    {
      "module": "module.efs",
      "mode": "managed",
      "type": "aws_efs_access_point",
      "name": "this",
      "provider": "provider[\"registry.terraform.io/hashicorp/aws\"]",
      "instances": [
        {
          "schema_version": 0,
          "attributes": {
            "arn": "arn:aws:elasticfilesystem:eu-central-1:686255985275:access-point/fsap-0d76d03ada19c3c1b",
            "file_system_arn": "arn:aws:elasticfilesystem:eu-central-1:686255985275:file-system/fs-0da1da96a31ec91da",
            "file_system_id": "fs-0da1da96a31ec91da",
            "id": "fsap-0d76d03ada19c3c1b",
            "owner_id": "686255985275",
            "posix_user": [
              {
                "gid": 1000,
                "secondary_gids": [],
                "uid": 1000
              }
            ],
            "root_directory": [
              {
                "creation_info": [
                  {
                    "owner_gid": 1000,
                    "owner_uid": 1000,
                    "permissions": "755"
                  }
                ],
                "path": "/lambda"
              }
            ],
            "tags": {},
            "tags_all": {}
          },
          "sensitive_attributes": [],
          "identity_schema_version": 0,
          "private": "bnVsbA==",
          "dependencies": [
            "data.aws_vpc.default",
            "module.app_sg.aws_security_group.this",
            "module.app_sg.aws_security_group_rule.self_allow_2049",
            "module.efs.aws_efs_file_system.this"
          ]
        }
      ]
    },
    {
      "module": "module.efs",
      "mode": "managed",
      "type": "aws_efs_file_system",
      "name": "this",
      "provider": "provider[\"registry.terraform.io/hashicorp/aws\"]",
      "instances": [
        {
          "schema_version": 0,
          "attributes": {
            "arn": "arn:aws:elasticfilesystem:eu-central-1:686255985275:file-system/fs-0da1da96a31ec91da",
            "availability_zone_id": "",
            "availability_zone_name": "",
            "creation_token": "efs-backup",
            "dns_name": "fs-0da1da96a31ec91da.efs.eu-central-1.amazonaws.com",
            "encrypted": false,
            "id": "fs-0da1da96a31ec91da",
            "kms_key_id": "",
            "lifecycle_policy": [],
            "name": "efs-backup",
            "number_of_mount_targets": 1,
            "owner_id": "686255985275",
            "performance_mode": "generalPurpose",
            "protection": [
              {
                "replication_overwrite": "ENABLED"
              }
            ],
            "provisioned_throughput_in_mibps": 0,
            "size_in_bytes": [
              {
                "value": 6144,
                "value_in_ia": 0,
                "value_in_standard": 6144
              }
            ],
            "tags": {
              "Name": "efs-backup"
            },
            "tags_all": {
              "Name": "efs-backup"
            },
            "throughput_mode": "bursting"
          },
          "sensitive_attributes": [],
          "identity_schema_version": 0,
          "private": "bnVsbA==",
          "dependencies": [
            "data.aws_vpc.default",
            "module.app_sg.aws_security_group.this",
            "module.app_sg.aws_security_group_rule.self_allow_2049"
          ]
        }
      ]
    },
    {
      "module": "module.efs",
      "mode": "managed",
      "type": "aws_efs_mount_target",
      "name": "target",
      "provider": "provider[\"registry.terraform.io/hashicorp/aws\"]",
      "instances": [
        {
          "schema_version": 0,
          "attributes": {
            "availability_zone_id": "euc1-az1",
            "availability_zone_name": "eu-central-1c",
            "dns_name": "fs-0da1da96a31ec91da.efs.eu-central-1.amazonaws.com",
            "file_system_arn": "arn:aws:elasticfilesystem:eu-central-1:686255985275:file-system/fs-0da1da96a31ec91da",
            "file_system_id": "fs-0da1da96a31ec91da",
            "id": "fsmt-0572a7cf8276aa859",
            "ip_address": "172.31.7.152",
            "mount_target_dns_name": "eu-central-1c.fs-0da1da96a31ec91da.efs.eu-central-1.amazonaws.com",
            "network_interface_id": "eni-038967987ed55810d",
            "owner_id": "686255985275",
            "security_groups": [
              "sg-03d1bc75832e1da18"
            ],
            "subnet_id": "subnet-0038b1fe0553c625b",
            "timeouts": null
          },
          "sensitive_attributes": [],
          "identity_schema_version": 0,
          "private": "eyJlMmJmYjczMC1lY2FhLTExZTYtOGY4OC0zNDM2M2JjN2M0YzAiOnsiY3JlYXRlIjoxODAwMDAwMDAwMDAwLCJkZWxldGUiOjYwMDAwMDAwMDAwMH19",
          "dependencies": [
            "data.aws_subnet.first",
            "data.aws_subnets.default",
            "data.aws_vpc.default",
            "module.app_sg.aws_security_group.this",
            "module.app_sg.aws_security_group_rule.self_allow_2049",
            "module.efs.aws_efs_file_system.this"
          ]
        }
      ]
    },
    {
      "module": "module.efs_backup_lambda",
      "mode": "managed",
      "type": "aws_iam_role",
      "name": "lambda_exec",
      "provider": "provider[\"registry.terraform.io/hashicorp/aws\"]",
      "instances": [
        {
          "schema_version": 0,
          "attributes": {
            "arn": "arn:aws:iam::686255985275:role/efs-to-s3-backup-exec",
            "assume_role_policy": "{\"Statement\":[{\"Action\":\"sts:AssumeRole\",\"Effect\":\"Allow\",\"Principal\":{\"Service\":\"lambda.amazonaws.com\"}}],\"Version\":\"2012-10-17\"}",
            "create_date": "2025-06-05T15:14:16Z",
            "description": "",
            "force_detach_policies": false,
            "id": "efs-to-s3-backup-exec",
            "inline_policy": [],
            "managed_policy_arns": [
              "arn:aws:iam::aws:policy/AWSLambda_FullAccess",
              "arn:aws:iam::aws:policy/AmazonElasticFileSystemClientFullAccess",
              "arn:aws:iam::aws:policy/service-role/AWSLambdaVPCAccessExecutionRole"
            ],
            "max_session_duration": 3600,
            "name": "efs-to-s3-backup-exec",
            "name_prefix": "",
            "path": "/",
            "permissions_boundary": "",
            "tags": {},
            "tags_all": {},
            "unique_id": "AROAZ7SALKJ5ZQE5RUOZO"
          },
          "sensitive_attributes": [],
          "identity_schema_version": 0,
          "private": "bnVsbA==",
          "dependencies": [
            "data.aws_subnet.first",
            "data.aws_subnets.default",
            "data.aws_vpc.default",
            "module.app_sg.aws_security_group.this",
            "module.app_sg.aws_security_group_rule.self_allow_2049",
            "module.efs.aws_efs_access_point.this",
            "module.efs.aws_efs_file_system.this",
            "module.efs.aws_efs_mount_target.target"
          ]
        }
      ]
    },
    {
      "module": "module.efs_backup_lambda",
      "mode": "managed",
      "type": "aws_iam_role_policy_attachment",
      "name": "lambda_policy",
      "provider": "provider[\"registry.terraform.io/hashicorp/aws\"]",
      "instances": [
        {
          "schema_version": 0,
          "attributes": {
            "id": "efs-to-s3-backup-exec-20250605151417683300000008",
            "policy_arn": "arn:aws:iam::aws:policy/AWSLambda_FullAccess",
            "role": "efs-to-s3-backup-exec"
          },
          "sensitive_attributes": [],
          "identity_schema_version": 0,
          "private": "bnVsbA==",
          "dependencies": [
            "data.aws_subnet.first",
            "data.aws_subnets.default",
            "data.aws_vpc.default",
            "module.app_sg.aws_security_group.this",
            "module.app_sg.aws_security_group_rule.self_allow_2049",
            "module.efs.aws_efs_access_point.this",
            "module.efs.aws_efs_file_system.this",
            "module.efs.aws_efs_mount_target.target",
            "module.efs_backup_lambda.aws_iam_role.lambda_exec"
          ]
        }
      ]
    },
    {
      "module": "module.efs_backup_lambda",
      "mode": "managed",
      "type": "aws_iam_role_policy_attachment",
      "name": "lambda_policy_base",
      "provider": "provider[\"registry.terraform.io/hashicorp/aws\"]",
      "instances": [
        {
          "schema_version": 0,
          "attributes": {
            "id": "efs-to-s3-backup-exec-20250605151417878700000009",
            "policy_arn": "arn:aws:iam::aws:policy/AWSLambda_FullAccess",
            "role": "efs-to-s3-backup-exec"
          },
          "sensitive_attributes": [],
          "identity_schema_version": 0,
          "private": "bnVsbA==",
          "dependencies": [
            "data.aws_subnet.first",
            "data.aws_subnets.default",
            "data.aws_vpc.default",
            "module.app_sg.aws_security_group.this",
            "module.app_sg.aws_security_group_rule.self_allow_2049",
            "module.efs.aws_efs_access_point.this",
            "module.efs.aws_efs_file_system.this",
            "module.efs.aws_efs_mount_target.target",
            "module.efs_backup_lambda.aws_iam_role.lambda_exec"
          ]
        }
      ]
    },
    {
      "module": "module.efs_backup_lambda",
      "mode": "managed",
      "type": "aws_iam_role_policy_attachment",
      "name": "lambda_policy_efs",
      "provider": "provider[\"registry.terraform.io/hashicorp/aws\"]",
      "instances": [
        {
          "schema_version": 0,
          "attributes": {
            "id": "efs-to-s3-backup-exec-2025060515141794660000000a",
            "policy_arn": "arn:aws:iam::aws:policy/AmazonElasticFileSystemClientFullAccess",
            "role": "efs-to-s3-backup-exec"
          },
          "sensitive_attributes": [],
          "identity_schema_version": 0,
          "private": "bnVsbA==",
          "dependencies": [
            "data.aws_subnet.first",
            "data.aws_subnets.default",
            "data.aws_vpc.default",
            "module.app_sg.aws_security_group.this",
            "module.app_sg.aws_security_group_rule.self_allow_2049",
            "module.efs.aws_efs_access_point.this",
            "module.efs.aws_efs_file_system.this",
            "module.efs.aws_efs_mount_target.target",
            "module.efs_backup_lambda.aws_iam_role.lambda_exec"
          ]
        }
      ]
    },
    {
      "module": "module.efs_backup_lambda",
      "mode": "managed",
      "type": "aws_iam_role_policy_attachment",
      "name": "lambda_policy_vpc",
      "provider": "provider[\"registry.terraform.io/hashicorp/aws\"]",
      "instances": [
        {
          "schema_version": 0,
          "attributes": {
            "id": "efs-to-s3-backup-exec-20250605151417314900000007",
            "policy_arn": "arn:aws:iam::aws:policy/service-role/AWSLambdaVPCAccessExecutionRole",
            "role": "efs-to-s3-backup-exec"
          },
          "sensitive_attributes": [],
          "identity_schema_version": 0,
          "private": "bnVsbA==",
          "dependencies": [
            "data.aws_subnet.first",
            "data.aws_subnets.default",
            "data.aws_vpc.default",
            "module.app_sg.aws_security_group.this",
            "module.app_sg.aws_security_group_rule.self_allow_2049",
            "module.efs.aws_efs_access_point.this",
            "module.efs.aws_efs_file_system.this",
            "module.efs.aws_efs_mount_target.target",
            "module.efs_backup_lambda.aws_iam_role.lambda_exec"
          ]
        }
      ]
    },
    {
      "module": "module.efs_backup_lambda",
      "mode": "managed",
      "type": "aws_lambda_function",
      "name": "this",
      "provider": "provider[\"registry.terraform.io/hashicorp/aws\"]",
      "instances": [
        {
          "schema_version": 0,
          "attributes": {
            "architectures": [
              "x86_64"
            ],
            "arn": "arn:aws:lambda:eu-central-1:686255985275:function:efs-to-s3-backup",
            "code_sha256": "ewnC94uZmhkVri8pVe7psdqguAbVD9etSvwKR+8LJfA=",
            "code_signing_config_arn": "",
            "dead_letter_config": [],
            "description": "",
            "environment": [
              {
                "variables": {
                  "TARGET_BUCKET": "efs-backup-storage-bucket"
                }
              }
            ],
            "ephemeral_storage": [
              {
                "size": 512
              }
            ],
            "file_system_config": [
              {
                "arn": "arn:aws:elasticfilesystem:eu-central-1:686255985275:access-point/fsap-0d76d03ada19c3c1b",
                "local_mount_path": "/mnt/efs"
              }
            ],
            "filename": "./../../modules/lambda/efs_backup_lambda.zip",
            "function_name": "efs-to-s3-backup",
            "handler": "index.handler",
            "id": "efs-to-s3-backup",
            "image_config": [],
            "image_uri": "",
            "invoke_arn": "arn:aws:apigateway:eu-central-1:lambda:path/2015-03-31/functions/arn:aws:lambda:eu-central-1:686255985275:function:efs-to-s3-backup/invocations",
            "kms_key_arn": "",
            "last_modified": "2025-06-05T15:14:27.763+0000",
            "layers": [],
            "logging_config": [
              {
                "application_log_level": "",
                "log_format": "Text",
                "log_group": "/aws/lambda/efs-to-s3-backup",
                "system_log_level": ""
              }
            ],
            "memory_size": 128,
            "package_type": "Zip",
            "publish": false,
            "qualified_arn": "arn:aws:lambda:eu-central-1:686255985275:function:efs-to-s3-backup:$LATEST",
            "qualified_invoke_arn": "arn:aws:apigateway:eu-central-1:lambda:path/2015-03-31/functions/arn:aws:lambda:eu-central-1:686255985275:function:efs-to-s3-backup:$LATEST/invocations",
            "replace_security_groups_on_destroy": null,
            "replacement_security_group_ids": null,
            "reserved_concurrent_executions": -1,
            "role": "arn:aws:iam::686255985275:role/efs-to-s3-backup-exec",
            "runtime": "python3.9",
            "s3_bucket": null,
            "s3_key": null,
            "s3_object_version": null,
            "signing_job_arn": "",
            "signing_profile_version_arn": "",
            "skip_destroy": false,
            "snap_start": [],
            "source_code_hash": "",
            "source_code_size": 342,
            "tags": {},
            "tags_all": {},
            "timeout": 60,
            "timeouts": null,
            "tracing_config": [
              {
                "mode": "PassThrough"
              }
            ],
            "version": "$LATEST",
            "vpc_config": [
              {
                "ipv6_allowed_for_dual_stack": false,
                "security_group_ids": [
                  "sg-03d1bc75832e1da18"
                ],
                "subnet_ids": [
                  "subnet-0038b1fe0553c625b"
                ],
                "vpc_id": "vpc-0cd726ed01a18b4fe"
              }
            ]
          },
          "sensitive_attributes": [],
          "identity_schema_version": 0,
          "private": "eyJlMmJmYjczMC1lY2FhLTExZTYtOGY4OC0zNDM2M2JjN2M0YzAiOnsiY3JlYXRlIjo2MDAwMDAwMDAwMDAsImRlbGV0ZSI6NjAwMDAwMDAwMDAwLCJ1cGRhdGUiOjYwMDAwMDAwMDAwMH19",
          "dependencies": [
            "data.aws_subnet.first",
            "data.aws_subnets.default",
            "data.aws_vpc.default",
            "module.app_sg.aws_security_group.this",
            "module.app_sg.aws_security_group_rule.self_allow_2049",
            "module.backup_bucket.aws_s3_bucket.this",
            "module.efs.aws_efs_access_point.this",
            "module.efs.aws_efs_file_system.this",
            "module.efs.aws_efs_mount_target.target",
            "module.efs_backup_lambda.aws_iam_role.lambda_exec"
          ]
        }
      ]
    },
    {
      "module": "module.jenkins",
      "mode": "managed",
      "type": "aws_instance",
      "name": "this",
      "provider": "provider[\"registry.terraform.io/hashicorp/aws\"]",
      "instances": [
        {
          "schema_version": 1,
          "attributes": {
            "ami": "ami-06c374f393664f330",
            "arn": "arn:aws:ec2:eu-central-1:686255985275:instance/i-0ae1de30957165fae",
            "associate_public_ip_address": true,
            "availability_zone": "eu-central-1b",
            "capacity_reservation_specification": [
              {
                "capacity_reservation_preference": "open",
                "capacity_reservation_target": []
              }
            ],
            "cpu_core_count": 2,
            "cpu_options": [
              {
                "amd_sev_snp": "",
                "core_count": 2,
                "threads_per_core": 1
              }
            ],
            "cpu_threads_per_core": 1,
            "credit_specification": [
              {
                "cpu_credits": "standard"
              }
            ],
            "disable_api_stop": false,
            "disable_api_termination": false,
            "ebs_block_device": [],
            "ebs_optimized": false,
            "enable_primary_ipv6": null,
            "enclave_options": [
              {
                "enabled": false
              }
            ],
            "ephemeral_block_device": [],
            "get_password_data": false,
            "hibernation": false,
            "host_id": "",
            "host_resource_group_arn": null,
            "iam_instance_profile": "",
            "id": "i-0ae1de30957165fae",
            "instance_initiated_shutdown_behavior": "stop",
            "instance_lifecycle": "",
            "instance_market_options": [],
            "instance_state": "running",
            "instance_type": "t2.medium",
            "ipv6_address_count": 0,
            "ipv6_addresses": [],
            "key_name": "ocs-key",
            "launch_template": [],
            "maintenance_options": [
              {
                "auto_recovery": "default"
              }
            ],
            "metadata_options": [
              {
                "http_endpoint": "enabled",
                "http_protocol_ipv6": "disabled",
                "http_put_response_hop_limit": 1,
                "http_tokens": "optional",
                "instance_metadata_tags": "disabled"
              }
            ],
            "monitoring": false,
            "network_interface": [],
            "outpost_arn": "",
            "password_data": "",
            "placement_group": "",
            "placement_partition_number": 0,
            "primary_network_interface_id": "eni-0d670c79a36dc9865",
            "private_dns": "ip-172-31-33-57.eu-central-1.compute.internal",
            "private_dns_name_options": [
              {
                "enable_resource_name_dns_a_record": false,
                "enable_resource_name_dns_aaaa_record": false,
                "hostname_type": "ip-name"
              }
            ],
            "private_ip": "172.31.33.57",
            "public_dns": "ec2-63-176-155-155.eu-central-1.compute.amazonaws.com",
            "public_ip": "63.176.155.155",
            "root_block_device": [
              {
                "delete_on_termination": true,
                "device_name": "/dev/sda1",
                "encrypted": false,
                "iops": 100,
                "kms_key_id": "",
                "tags": {},
                "tags_all": {},
                "throughput": 0,
                "volume_id": "vol-0d1a93545781b0243",
                "volume_size": 20,
                "volume_type": "gp2"
              }
            ],
            "secondary_private_ips": [],
            "security_groups": [
              "ramo-beko-sg"
            ],
            "source_dest_check": true,
            "spot_instance_request_id": "",
            "subnet_id": "subnet-01627f3d3717a3ed2",
            "tags": {
              "Name": "jenkins"
            },
            "tags_all": {
              "Name": "jenkins"
            },
            "tenancy": "default",
            "timeouts": null,
            "user_data": null,
            "user_data_base64": null,
            "user_data_replace_on_change": false,
            "volume_tags": null,
            "vpc_security_group_ids": [
              "sg-03d1bc75832e1da18"
            ]
          },
          "sensitive_attributes": [],
          "identity_schema_version": 0,
          "private": "eyJlMmJmYjczMC1lY2FhLTExZTYtOGY4OC0zNDM2M2JjN2M0YzAiOnsiY3JlYXRlIjo2MDAwMDAwMDAwMDAsImRlbGV0ZSI6MTIwMDAwMDAwMDAwMCwicmVhZCI6OTAwMDAwMDAwMDAwLCJ1cGRhdGUiOjYwMDAwMDAwMDAwMH0sInNjaGVtYV92ZXJzaW9uIjoiMSJ9",
          "dependencies": [
            "aws_key_pair.ocs_key",
            "data.aws_ami.ubuntu_latest",
            "data.aws_vpc.default",
            "module.app_sg.aws_security_group.this",
            "module.app_sg.aws_security_group_rule.self_allow_2049",
            "tls_private_key.ocs_key"
          ]
        }
      ]
    },
    {
      "module": "module.k8s_master",
      "mode": "managed",
      "type": "aws_instance",
      "name": "this",
      "provider": "provider[\"registry.terraform.io/hashicorp/aws\"]",
      "instances": [
        {
          "schema_version": 1,
          "attributes": {
            "ami": "ami-06c374f393664f330",
            "arn": "arn:aws:ec2:eu-central-1:686255985275:instance/i-006de9d87f8b9708e",
            "associate_public_ip_address": true,
            "availability_zone": "eu-central-1b",
            "capacity_reservation_specification": [
              {
                "capacity_reservation_preference": "open",
                "capacity_reservation_target": []
              }
            ],
            "cpu_core_count": 2,
            "cpu_options": [
              {
                "amd_sev_snp": "",
                "core_count": 2,
                "threads_per_core": 1
              }
            ],
            "cpu_threads_per_core": 1,
            "credit_specification": [
              {
                "cpu_credits": "standard"
              }
            ],
            "disable_api_stop": false,
            "disable_api_termination": false,
            "ebs_block_device": [],
            "ebs_optimized": false,
            "enable_primary_ipv6": null,
            "enclave_options": [
              {
                "enabled": false
              }
            ],
            "ephemeral_block_device": [],
            "get_password_data": false,
            "hibernation": false,
            "host_id": "",
            "host_resource_group_arn": null,
            "iam_instance_profile": "",
            "id": "i-006de9d87f8b9708e",
            "instance_initiated_shutdown_behavior": "stop",
            "instance_lifecycle": "",
            "instance_market_options": [],
            "instance_state": "running",
            "instance_type": "t2.medium",
            "ipv6_address_count": 0,
            "ipv6_addresses": [],
            "key_name": "ocs-key",
            "launch_template": [],
            "maintenance_options": [
              {
                "auto_recovery": "default"
              }
            ],
            "metadata_options": [
              {
                "http_endpoint": "enabled",
                "http_protocol_ipv6": "disabled",
                "http_put_response_hop_limit": 1,
                "http_tokens": "optional",
                "instance_metadata_tags": "disabled"
              }
            ],
            "monitoring": false,
            "network_interface": [],
            "outpost_arn": "",
            "password_data": "",
            "placement_group": "",
            "placement_partition_number": 0,
            "primary_network_interface_id": "eni-0014fe2882d167eb5",
            "private_dns": "ip-172-31-42-99.eu-central-1.compute.internal",
            "private_dns_name_options": [
              {
                "enable_resource_name_dns_a_record": false,
                "enable_resource_name_dns_aaaa_record": false,
                "hostname_type": "ip-name"
              }
            ],
            "private_ip": "172.31.42.99",
            "public_dns": "ec2-54-93-58-117.eu-central-1.compute.amazonaws.com",
            "public_ip": "54.93.58.117",
            "root_block_device": [
              {
                "delete_on_termination": true,
                "device_name": "/dev/sda1",
                "encrypted": false,
                "iops": 100,
                "kms_key_id": "",
                "tags": {},
                "tags_all": {},
                "throughput": 0,
                "volume_id": "vol-05a4f32bdf3cd43a7",
                "volume_size": 25,
                "volume_type": "gp2"
              }
            ],
            "secondary_private_ips": [],
            "security_groups": [
              "ramo-beko-sg"
            ],
            "source_dest_check": true,
            "spot_instance_request_id": "",
            "subnet_id": "subnet-01627f3d3717a3ed2",
            "tags": {
              "Name": "kubernetes-master"
            },
            "tags_all": {
              "Name": "kubernetes-master"
            },
            "tenancy": "default",
            "timeouts": null,
            "user_data": null,
            "user_data_base64": null,
            "user_data_replace_on_change": false,
            "volume_tags": null,
            "vpc_security_group_ids": [
              "sg-03d1bc75832e1da18"
            ]
          },
          "sensitive_attributes": [],
          "identity_schema_version": 0,
          "private": "eyJlMmJmYjczMC1lY2FhLTExZTYtOGY4OC0zNDM2M2JjN2M0YzAiOnsiY3JlYXRlIjo2MDAwMDAwMDAwMDAsImRlbGV0ZSI6MTIwMDAwMDAwMDAwMCwicmVhZCI6OTAwMDAwMDAwMDAwLCJ1cGRhdGUiOjYwMDAwMDAwMDAwMH0sInNjaGVtYV92ZXJzaW9uIjoiMSJ9",
          "dependencies": [
            "aws_key_pair.ocs_key",
            "data.aws_ami.ubuntu_latest",
            "data.aws_vpc.default",
            "module.app_sg.aws_security_group.this",
            "module.app_sg.aws_security_group_rule.self_allow_2049",
            "tls_private_key.ocs_key"
          ]
        }
      ]
    },
    {
      "module": "module.k8s_slave_1",
      "mode": "managed",
      "type": "aws_instance",
      "name": "this",
      "provider": "provider[\"registry.terraform.io/hashicorp/aws\"]",
      "instances": [
        {
          "schema_version": 1,
          "attributes": {
            "ami": "ami-06c374f393664f330",
            "arn": "arn:aws:ec2:eu-central-1:686255985275:instance/i-02e2697c1208d2567",
            "associate_public_ip_address": true,
            "availability_zone": "eu-central-1b",
            "capacity_reservation_specification": [
              {
                "capacity_reservation_preference": "open",
                "capacity_reservation_target": []
              }
            ],
            "cpu_core_count": 2,
            "cpu_options": [
              {
                "amd_sev_snp": "",
                "core_count": 2,
                "threads_per_core": 1
              }
            ],
            "cpu_threads_per_core": 1,
            "credit_specification": [
              {
                "cpu_credits": "standard"
              }
            ],
            "disable_api_stop": false,
            "disable_api_termination": false,
            "ebs_block_device": [],
            "ebs_optimized": false,
            "enable_primary_ipv6": null,
            "enclave_options": [
              {
                "enabled": false
              }
            ],
            "ephemeral_block_device": [],
            "get_password_data": false,
            "hibernation": false,
            "host_id": "",
            "host_resource_group_arn": null,
            "iam_instance_profile": "",
            "id": "i-02e2697c1208d2567",
            "instance_initiated_shutdown_behavior": "stop",
            "instance_lifecycle": "",
            "instance_market_options": [],
            "instance_state": "running",
            "instance_type": "t2.medium",
            "ipv6_address_count": 0,
            "ipv6_addresses": [],
            "key_name": "ocs-key",
            "launch_template": [],
            "maintenance_options": [
              {
                "auto_recovery": "default"
              }
            ],
            "metadata_options": [
              {
                "http_endpoint": "enabled",
                "http_protocol_ipv6": "disabled",
                "http_put_response_hop_limit": 1,
                "http_tokens": "optional",
                "instance_metadata_tags": "disabled"
              }
            ],
            "monitoring": false,
            "network_interface": [],
            "outpost_arn": "",
            "password_data": "",
            "placement_group": "",
            "placement_partition_number": 0,
            "primary_network_interface_id": "eni-0f64561bd29bd7538",
            "private_dns": "ip-172-31-43-123.eu-central-1.compute.internal",
            "private_dns_name_options": [
              {
                "enable_resource_name_dns_a_record": false,
                "enable_resource_name_dns_aaaa_record": false,
                "hostname_type": "ip-name"
              }
            ],
            "private_ip": "172.31.43.123",
            "public_dns": "ec2-3-67-94-81.eu-central-1.compute.amazonaws.com",
            "public_ip": "3.67.94.81",
            "root_block_device": [
              {
                "delete_on_termination": true,
                "device_name": "/dev/sda1",
                "encrypted": false,
                "iops": 100,
                "kms_key_id": "",
                "tags": {},
                "tags_all": {},
                "throughput": 0,
                "volume_id": "vol-07ea599cd6fcaae5a",
                "volume_size": 25,
                "volume_type": "gp2"
              }
            ],
            "secondary_private_ips": [],
            "security_groups": [
              "ramo-beko-sg"
            ],
            "source_dest_check": true,
            "spot_instance_request_id": "",
            "subnet_id": "subnet-01627f3d3717a3ed2",
            "tags": {
              "Name": "kubernetes-slave-1"
            },
            "tags_all": {
              "Name": "kubernetes-slave-1"
            },
            "tenancy": "default",
            "timeouts": null,
            "user_data": null,
            "user_data_base64": null,
            "user_data_replace_on_change": false,
            "volume_tags": null,
            "vpc_security_group_ids": [
              "sg-03d1bc75832e1da18"
            ]
          },
          "sensitive_attributes": [],
          "identity_schema_version": 0,
          "private": "eyJlMmJmYjczMC1lY2FhLTExZTYtOGY4OC0zNDM2M2JjN2M0YzAiOnsiY3JlYXRlIjo2MDAwMDAwMDAwMDAsImRlbGV0ZSI6MTIwMDAwMDAwMDAwMCwicmVhZCI6OTAwMDAwMDAwMDAwLCJ1cGRhdGUiOjYwMDAwMDAwMDAwMH0sInNjaGVtYV92ZXJzaW9uIjoiMSJ9",
          "dependencies": [
            "aws_key_pair.ocs_key",
            "data.aws_ami.ubuntu_latest",
            "data.aws_vpc.default",
            "module.app_sg.aws_security_group.this",
            "module.app_sg.aws_security_group_rule.self_allow_2049",
            "tls_private_key.ocs_key"
          ]
        }
      ]
    },
    {
      "module": "module.k8s_slave_2",
      "mode": "managed",
      "type": "aws_instance",
      "name": "this",
      "provider": "provider[\"registry.terraform.io/hashicorp/aws\"]",
      "instances": [
        {
          "schema_version": 1,
          "attributes": {
            "ami": "ami-06c374f393664f330",
            "arn": "arn:aws:ec2:eu-central-1:686255985275:instance/i-0399bade5dc17cc8e",
            "associate_public_ip_address": true,
            "availability_zone": "eu-central-1b",
            "capacity_reservation_specification": [
              {
                "capacity_reservation_preference": "open",
                "capacity_reservation_target": []
              }
            ],
            "cpu_core_count": 2,
            "cpu_options": [
              {
                "amd_sev_snp": "",
                "core_count": 2,
                "threads_per_core": 1
              }
            ],
            "cpu_threads_per_core": 1,
            "credit_specification": [
              {
                "cpu_credits": "standard"
              }
            ],
            "disable_api_stop": false,
            "disable_api_termination": false,
            "ebs_block_device": [],
            "ebs_optimized": false,
            "enable_primary_ipv6": null,
            "enclave_options": [
              {
                "enabled": false
              }
            ],
            "ephemeral_block_device": [],
            "get_password_data": false,
            "hibernation": false,
            "host_id": "",
            "host_resource_group_arn": null,
            "iam_instance_profile": "",
            "id": "i-0399bade5dc17cc8e",
            "instance_initiated_shutdown_behavior": "stop",
            "instance_lifecycle": "",
            "instance_market_options": [],
            "instance_state": "running",
            "instance_type": "t2.medium",
            "ipv6_address_count": 0,
            "ipv6_addresses": [],
            "key_name": "ocs-key",
            "launch_template": [],
            "maintenance_options": [
              {
                "auto_recovery": "default"
              }
            ],
            "metadata_options": [
              {
                "http_endpoint": "enabled",
                "http_protocol_ipv6": "disabled",
                "http_put_response_hop_limit": 1,
                "http_tokens": "optional",
                "instance_metadata_tags": "disabled"
              }
            ],
            "monitoring": false,
            "network_interface": [],
            "outpost_arn": "",
            "password_data": "",
            "placement_group": "",
            "placement_partition_number": 0,
            "primary_network_interface_id": "eni-0ff79e449c928d420",
            "private_dns": "ip-172-31-47-111.eu-central-1.compute.internal",
            "private_dns_name_options": [
              {
                "enable_resource_name_dns_a_record": false,
                "enable_resource_name_dns_aaaa_record": false,
                "hostname_type": "ip-name"
              }
            ],
            "private_ip": "172.31.47.111",
            "public_dns": "ec2-18-196-154-113.eu-central-1.compute.amazonaws.com",
            "public_ip": "18.196.154.113",
            "root_block_device": [
              {
                "delete_on_termination": true,
                "device_name": "/dev/sda1",
                "encrypted": false,
                "iops": 100,
                "kms_key_id": "",
                "tags": {},
                "tags_all": {},
                "throughput": 0,
                "volume_id": "vol-0137120cdc6b2b891",
                "volume_size": 25,
                "volume_type": "gp2"
              }
            ],
            "secondary_private_ips": [],
            "security_groups": [
              "ramo-beko-sg"
            ],
            "source_dest_check": true,
            "spot_instance_request_id": "",
            "subnet_id": "subnet-01627f3d3717a3ed2",
            "tags": {
              "Name": "kubernetes-slave-2"
            },
            "tags_all": {
              "Name": "kubernetes-slave-2"
            },
            "tenancy": "default",
            "timeouts": null,
            "user_data": null,
            "user_data_base64": null,
            "user_data_replace_on_change": false,
            "volume_tags": null,
            "vpc_security_group_ids": [
              "sg-03d1bc75832e1da18"
            ]
          },
          "sensitive_attributes": [],
          "identity_schema_version": 0,
          "private": "eyJlMmJmYjczMC1lY2FhLTExZTYtOGY4OC0zNDM2M2JjN2M0YzAiOnsiY3JlYXRlIjo2MDAwMDAwMDAwMDAsImRlbGV0ZSI6MTIwMDAwMDAwMDAwMCwicmVhZCI6OTAwMDAwMDAwMDAwLCJ1cGRhdGUiOjYwMDAwMDAwMDAwMH0sInNjaGVtYV92ZXJzaW9uIjoiMSJ9",
          "dependencies": [
            "aws_key_pair.ocs_key",
            "data.aws_ami.ubuntu_latest",
            "data.aws_vpc.default",
            "module.app_sg.aws_security_group.this",
            "module.app_sg.aws_security_group_rule.self_allow_2049",
            "tls_private_key.ocs_key"
          ]
        }
      ]
    },
    {
      "module": "module.nexus",
      "mode": "managed",
      "type": "aws_instance",
      "name": "this",
      "provider": "provider[\"registry.terraform.io/hashicorp/aws\"]",
      "instances": [
        {
          "schema_version": 1,
          "attributes": {
            "ami": "ami-06c374f393664f330",
            "arn": "arn:aws:ec2:eu-central-1:686255985275:instance/i-095dfa6047a572ec9",
            "associate_public_ip_address": true,
            "availability_zone": "eu-central-1b",
            "capacity_reservation_specification": [
              {
                "capacity_reservation_preference": "open",
                "capacity_reservation_target": []
              }
            ],
            "cpu_core_count": 2,
            "cpu_options": [
              {
                "amd_sev_snp": "",
                "core_count": 2,
                "threads_per_core": 1
              }
            ],
            "cpu_threads_per_core": 1,
            "credit_specification": [
              {
                "cpu_credits": "standard"
              }
            ],
            "disable_api_stop": false,
            "disable_api_termination": false,
            "ebs_block_device": [],
            "ebs_optimized": false,
            "enable_primary_ipv6": null,
            "enclave_options": [
              {
                "enabled": false
              }
            ],
            "ephemeral_block_device": [],
            "get_password_data": false,
            "hibernation": false,
            "host_id": "",
            "host_resource_group_arn": null,
            "iam_instance_profile": "",
            "id": "i-095dfa6047a572ec9",
            "instance_initiated_shutdown_behavior": "stop",
            "instance_lifecycle": "",
            "instance_market_options": [],
            "instance_state": "running",
            "instance_type": "t2.medium",
            "ipv6_address_count": 0,
            "ipv6_addresses": [],
            "key_name": "ocs-key",
            "launch_template": [],
            "maintenance_options": [
              {
                "auto_recovery": "default"
              }
            ],
            "metadata_options": [
              {
                "http_endpoint": "enabled",
                "http_protocol_ipv6": "disabled",
                "http_put_response_hop_limit": 1,
                "http_tokens": "optional",
                "instance_metadata_tags": "disabled"
              }
            ],
            "monitoring": false,
            "network_interface": [],
            "outpost_arn": "",
            "password_data": "",
            "placement_group": "",
            "placement_partition_number": 0,
            "primary_network_interface_id": "eni-09778896cf8246360",
            "private_dns": "ip-172-31-45-121.eu-central-1.compute.internal",
            "private_dns_name_options": [
              {
                "enable_resource_name_dns_a_record": false,
                "enable_resource_name_dns_aaaa_record": false,
                "hostname_type": "ip-name"
              }
            ],
            "private_ip": "172.31.45.121",
            "public_dns": "ec2-52-59-242-207.eu-central-1.compute.amazonaws.com",
            "public_ip": "52.59.242.207",
            "root_block_device": [
              {
                "delete_on_termination": true,
                "device_name": "/dev/sda1",
                "encrypted": false,
                "iops": 100,
                "kms_key_id": "",
                "tags": null,
                "tags_all": {},
                "throughput": 0,
                "volume_id": "vol-04469ab7698bd95f1",
                "volume_size": 20,
                "volume_type": "gp2"
              }
            ],
            "secondary_private_ips": [],
            "security_groups": [
              "ramo-beko-sg"
            ],
            "source_dest_check": true,
            "spot_instance_request_id": "",
            "subnet_id": "subnet-01627f3d3717a3ed2",
            "tags": {
              "Name": "nexus"
            },
            "tags_all": {
              "Name": "nexus"
            },
            "tenancy": "default",
            "timeouts": null,
            "user_data": null,
            "user_data_base64": null,
            "user_data_replace_on_change": false,
            "volume_tags": null,
            "vpc_security_group_ids": [
              "sg-03d1bc75832e1da18"
            ]
          },
          "sensitive_attributes": [],
          "identity_schema_version": 0,
          "private": "eyJlMmJmYjczMC1lY2FhLTExZTYtOGY4OC0zNDM2M2JjN2M0YzAiOnsiY3JlYXRlIjo2MDAwMDAwMDAwMDAsImRlbGV0ZSI6MTIwMDAwMDAwMDAwMCwicmVhZCI6OTAwMDAwMDAwMDAwLCJ1cGRhdGUiOjYwMDAwMDAwMDAwMH0sInNjaGVtYV92ZXJzaW9uIjoiMSJ9",
          "dependencies": [
            "aws_key_pair.ocs_key",
            "data.aws_ami.ubuntu_latest",
            "data.aws_vpc.default",
            "module.app_sg.aws_security_group.this",
            "module.app_sg.aws_security_group_rule.self_allow_2049",
            "tls_private_key.ocs_key"
          ]
        }
      ]
    },
    {
      "module": "module.sonarqube",
      "mode": "managed",
      "type": "aws_instance",
      "name": "this",
      "provider": "provider[\"registry.terraform.io/hashicorp/aws\"]",
      "instances": [
        {
          "schema_version": 1,
          "attributes": {
            "ami": "ami-06c374f393664f330",
            "arn": "arn:aws:ec2:eu-central-1:686255985275:instance/i-03c89c49cf9393ecd",
            "associate_public_ip_address": true,
            "availability_zone": "eu-central-1b",
            "capacity_reservation_specification": [
              {
                "capacity_reservation_preference": "open",
                "capacity_reservation_target": []
              }
            ],
            "cpu_core_count": 2,
            "cpu_options": [
              {
                "amd_sev_snp": "",
                "core_count": 2,
                "threads_per_core": 1
              }
            ],
            "cpu_threads_per_core": 1,
            "credit_specification": [
              {
                "cpu_credits": "standard"
              }
            ],
            "disable_api_stop": false,
            "disable_api_termination": false,
            "ebs_block_device": [],
            "ebs_optimized": false,
            "enable_primary_ipv6": null,
            "enclave_options": [
              {
                "enabled": false
              }
            ],
            "ephemeral_block_device": [],
            "get_password_data": false,
            "hibernation": false,
            "host_id": "",
            "host_resource_group_arn": null,
            "iam_instance_profile": "",
            "id": "i-03c89c49cf9393ecd",
            "instance_initiated_shutdown_behavior": "stop",
            "instance_lifecycle": "",
            "instance_market_options": [],
            "instance_state": "running",
            "instance_type": "t2.medium",
            "ipv6_address_count": 0,
            "ipv6_addresses": [],
            "key_name": "ocs-key",
            "launch_template": [],
            "maintenance_options": [
              {
                "auto_recovery": "default"
              }
            ],
            "metadata_options": [
              {
                "http_endpoint": "enabled",
                "http_protocol_ipv6": "disabled",
                "http_put_response_hop_limit": 1,
                "http_tokens": "optional",
                "instance_metadata_tags": "disabled"
              }
            ],
            "monitoring": false,
            "network_interface": [],
            "outpost_arn": "",
            "password_data": "",
            "placement_group": "",
            "placement_partition_number": 0,
            "primary_network_interface_id": "eni-0850bd872182eee74",
            "private_dns": "ip-172-31-42-34.eu-central-1.compute.internal",
            "private_dns_name_options": [
              {
                "enable_resource_name_dns_a_record": false,
                "enable_resource_name_dns_aaaa_record": false,
                "hostname_type": "ip-name"
              }
            ],
            "private_ip": "172.31.42.34",
            "public_dns": "ec2-52-29-225-131.eu-central-1.compute.amazonaws.com",
            "public_ip": "52.29.225.131",
            "root_block_device": [
              {
                "delete_on_termination": true,
                "device_name": "/dev/sda1",
                "encrypted": false,
                "iops": 100,
                "kms_key_id": "",
                "tags": {},
                "tags_all": {},
                "throughput": 0,
                "volume_id": "vol-017c8b60c068da777",
                "volume_size": 20,
                "volume_type": "gp2"
              }
            ],
            "secondary_private_ips": [],
            "security_groups": [
              "ramo-beko-sg"
            ],
            "source_dest_check": true,
            "spot_instance_request_id": "",
            "subnet_id": "subnet-01627f3d3717a3ed2",
            "tags": {
              "Name": "sonarqube"
            },
            "tags_all": {
              "Name": "sonarqube"
            },
            "tenancy": "default",
            "timeouts": null,
            "user_data": null,
            "user_data_base64": null,
            "user_data_replace_on_change": false,
            "volume_tags": null,
            "vpc_security_group_ids": [
              "sg-03d1bc75832e1da18"
            ]
          },
          "sensitive_attributes": [],
          "identity_schema_version": 0,
          "private": "eyJlMmJmYjczMC1lY2FhLTExZTYtOGY4OC0zNDM2M2JjN2M0YzAiOnsiY3JlYXRlIjo2MDAwMDAwMDAwMDAsImRlbGV0ZSI6MTIwMDAwMDAwMDAwMCwicmVhZCI6OTAwMDAwMDAwMDAwLCJ1cGRhdGUiOjYwMDAwMDAwMDAwMH0sInNjaGVtYV92ZXJzaW9uIjoiMSJ9",
          "dependencies": [
            "aws_key_pair.ocs_key",
            "data.aws_ami.ubuntu_latest",
            "data.aws_vpc.default",
            "module.app_sg.aws_security_group.this",
            "module.app_sg.aws_security_group_rule.self_allow_2049",
            "tls_private_key.ocs_key"
          ]
        }
      ]
    }
  ],
  "check_results": null
}
