{
  "version": 4,
  "terraform_version": "1.12.0",
  "serial": 25,
  "lineage": "de23db89-7fe7-985c-f8bb-a79a45da0c55",
  "outputs": {
    "all_ips": {
      "value": {
        "k8s_master": "18.193.115.131",
        "k8s_slave_1": "3.66.17.118",
        "k8s_slave_2": "3.70.227.30",
        "nexus": "63.177.231.189",
        "sonarqube": "18.184.167.114"
      },
      "type": [
        "object",
        {
          "k8s_master": "string",
          "k8s_slave_1": "string",
          "k8s_slave_2": "string",
          "nexus": "string",
          "sonarqube": "string"
        }
      ]
    }
  },
  "resources": [
    {
      "mode": "data",
      "type": "aws_ami",
      "name": "ubuntu_latest",
      "provider": "provider[\"registry.terraform.io/hashicorp/aws\"]",
      "instances": [
        {
          "schema_version": 0,
          "attributes": {
            "architecture": "x86_64",
            "arn": "arn:aws:ec2:eu-central-1::image/ami-0a87a69d69fa289be",
            "block_device_mappings": [
              {
                "device_name": "/dev/sda1",
                "ebs": {
                  "delete_on_termination": "true",
                  "encrypted": "false",
                  "iops": "0",
                  "snapshot_id": "snap-03b606e02587e2313",
                  "throughput": "0",
                  "volume_size": "8",
                  "volume_type": "gp2"
                },
                "no_device": "",
                "virtual_name": ""
              },
              {
                "device_name": "/dev/sdb",
                "ebs": {},
                "no_device": "",
                "virtual_name": "ephemeral0"
              },
              {
                "device_name": "/dev/sdc",
                "ebs": {},
                "no_device": "",
                "virtual_name": "ephemeral1"
              }
            ],
            "boot_mode": "uefi-preferred",
            "creation_date": "2025-05-16T06:42:12.000Z",
            "deprecation_time": "2027-05-16T06:42:12.000Z",
            "description": "Canonical, Ubuntu, 22.04, amd64 jammy image",
            "ena_support": true,
            "executable_users": null,
            "filter": [
              {
                "name": "name",
                "values": [
                  "ubuntu/images/hvm-ssd/ubuntu-*-amd64-server-*"
                ]
              },
              {
                "name": "virtualization-type",
                "values": [
                  "hvm"
                ]
              }
            ],
            "hypervisor": "xen",
            "id": "ami-0a87a69d69fa289be",
            "image_id": "ami-0a87a69d69fa289be",
            "image_location": "amazon/ubuntu/images/hvm-ssd/ubuntu-jammy-22.04-amd64-server-20250516",
            "image_owner_alias": "amazon",
            "image_type": "machine",
            "imds_support": "",
            "include_deprecated": false,
            "kernel_id": "",
            "last_launched_time": "",
            "most_recent": true,
            "name": "ubuntu/images/hvm-ssd/ubuntu-jammy-22.04-amd64-server-20250516",
            "name_regex": null,
            "owner_id": "099720109477",
            "owners": [
              "099720109477"
            ],
            "platform": "",
            "platform_details": "Linux/UNIX",
            "product_codes": [],
            "public": true,
            "ramdisk_id": "",
            "root_device_name": "/dev/sda1",
            "root_device_type": "ebs",
            "root_snapshot_id": "snap-03b606e02587e2313",
            "sriov_net_support": "simple",
            "state": "available",
            "state_reason": {
              "code": "UNSET",
              "message": "UNSET"
            },
            "tags": {},
            "timeouts": null,
            "tpm_support": "",
            "uefi_data": null,
            "usage_operation": "RunInstances",
            "virtualization_type": "hvm"
          },
          "sensitive_attributes": [],
          "identity_schema_version": 0
        }
      ]
    },
    {
      "mode": "data",
      "type": "aws_subnet",
      "name": "first",
      "provider": "provider[\"registry.terraform.io/hashicorp/aws\"]",
      "instances": [
        {
          "schema_version": 0,
          "attributes": {
            "arn": "arn:aws:ec2:eu-central-1:686255985275:subnet/subnet-0038b1fe0553c625b",
            "assign_ipv6_address_on_creation": false,
            "availability_zone": "eu-central-1c",
            "availability_zone_id": "euc1-az1",
            "available_ip_address_count": 4089,
            "cidr_block": "172.31.0.0/20",
            "customer_owned_ipv4_pool": "",
            "default_for_az": true,
            "enable_dns64": false,
            "enable_lni_at_device_index": 0,
            "enable_resource_name_dns_a_record_on_launch": false,
            "enable_resource_name_dns_aaaa_record_on_launch": false,
            "filter": null,
            "id": "subnet-0038b1fe0553c625b",
            "ipv6_cidr_block": "",
            "ipv6_cidr_block_association_id": "",
            "ipv6_native": false,
            "map_customer_owned_ip_on_launch": false,
            "map_public_ip_on_launch": true,
            "outpost_arn": "",
            "owner_id": "686255985275",
            "private_dns_hostname_type_on_launch": "ip-name",
            "state": "available",
            "tags": {},
            "timeouts": null,
            "vpc_id": "vpc-0cd726ed01a18b4fe"
          },
          "sensitive_attributes": [],
          "identity_schema_version": 0
        }
      ]
    },
    {
      "mode": "data",
      "type": "aws_subnets",
      "name": "default",
      "provider": "provider[\"registry.terraform.io/hashicorp/aws\"]",
      "instances": [
        {
          "schema_version": 0,
          "attributes": {
            "filter": [
              {
                "name": "vpc-id",
                "values": [
                  "vpc-0cd726ed01a18b4fe"
                ]
              }
            ],
            "id": "eu-central-1",
            "ids": [
              "subnet-0038b1fe0553c625b",
              "subnet-0b5b1dac403a2527d",
              "subnet-01627f3d3717a3ed2"
            ],
            "tags": null,
            "timeouts": null
          },
          "sensitive_attributes": [],
          "identity_schema_version": 0
        }
      ]
    },
    {
      "mode": "data",
      "type": "aws_vpc",
      "name": "default",
      "provider": "provider[\"registry.terraform.io/hashicorp/aws\"]",
      "instances": [
        {
          "schema_version": 0,
          "attributes": {
            "arn": "arn:aws:ec2:eu-central-1:686255985275:vpc/vpc-0cd726ed01a18b4fe",
            "cidr_block": "172.31.0.0/16",
            "cidr_block_associations": [
              {
                "association_id": "vpc-cidr-assoc-08b99024de9a1a3ff",
                "cidr_block": "172.31.0.0/16",
                "state": "associated"
              }
            ],
            "default": true,
            "dhcp_options_id": "dopt-0827407399adbd6e8",
            "enable_dns_hostnames": true,
            "enable_dns_support": true,
            "enable_network_address_usage_metrics": false,
            "filter": null,
            "id": "vpc-0cd726ed01a18b4fe",
            "instance_tenancy": "default",
            "ipv6_association_id": "",
            "ipv6_cidr_block": "",
            "main_route_table_id": "rtb-036c8d695d5f81e52",
            "owner_id": "686255985275",
            "state": null,
            "tags": {},
            "timeouts": null
          },
          "sensitive_attributes": [],
          "identity_schema_version": 0
        }
      ]
    },
    {
      "mode": "managed",
      "type": "aws_key_pair",
      "name": "ocs_key",
      "provider": "provider[\"registry.terraform.io/hashicorp/aws\"]",
      "instances": [
        {
          "schema_version": 1,
          "attributes": {
            "arn": "arn:aws:ec2:eu-central-1:686255985275:key-pair/ocs-key",
            "fingerprint": "0a:e4:ae:4e:bf:e7:ef:bd:f1:79:d4:e5:e5:19:6d:a0",
            "id": "ocs-key",
            "key_name": "ocs-key",
            "key_name_prefix": "",
            "key_pair_id": "key-0151bd5ac7ca67ab6",
            "key_type": "rsa",
            "public_key": "ssh-rsa AAAAB3NzaC1yc2EAAAADAQABAAACAQCXqMvV95gwiUdIMLc2B1h1O9JgGZgMgkiL9djidL3LwA3OKjux5UdO90G4z8Ly5kmByeu49uiaqpb5Yh3TwOVnkBJuvnHVgZVD04hBQanZNY84AIa1Rzxqga/JuUdr/pmYDvfKWjxS14bnErk1HPWwK5mjsF7qb3CZfXDBT45Z/0klTu/fwG0iOL5aSmiXPAEArS/EkcXARww2uflgw//noepzWdkCecqqCuD9aZC9EOJTcLFdEmxQaKntP+T1dDC3QwDJlWCxntuxFVz4KP94KjTFrTpMHtRrtROz8E+iDZwbmn0xWarr1ExJOq+t2s3VI/JWHTBKmZfI2LVY/caMsxf4nFeDxCqdUPBp9NqlOWDZ0nfCUxLhD3Ezb9KoRX5piwQE+p/piPbmQZlyPmixrYJIY5Nn4EfgXCbxFvQS+kq3AinEbkCXEIHXs43fcJmgqwoUdbw4LXEhwwKefezFXspxW+t7HLfSfytcv718hbQMz3ttOxZV2sZikvo97LzBIemILjq3y/iyEqYlR7lNTXIVFNHvswhmpMN1MPhWt9FOBNbzapw66d/zj+XhXT7ohSHpHC2uxq4OizjjQKXvr1j7HYT4V0S74gdPdzhvjWVBCF3LWYNuWGTnPVjWuPbJnfdLlA4tuo75pBXSTUZSDo2fe2MA7KDjY2Y1odFXow==",
            "tags": {},
            "tags_all": {}
          },
          "sensitive_attributes": [],
          "identity_schema_version": 0,
          "private": "eyJzY2hlbWFfdmVyc2lvbiI6IjEifQ==",
          "dependencies": [
            "tls_private_key.ocs_key"
          ]
        }
      ]
    },
    {
      "mode": "managed",
      "type": "local_file",
      "name": "private_key",
      "provider": "provider[\"registry.terraform.io/hashicorp/local\"]",
      "instances": [
        {
          "schema_version": 0,
          "attributes": {
            "content": "-----BEGIN RSA PRIVATE KEY-----\nMIIJKQIBAAKCAgEAl6jL1feYMIlHSDC3NgdYdTvSYBmYDIJIi/XY4nS9y8ANzio7\nseVHTvdBuM/C8uZJgcnruPbomqqW+WId08DlZ5ASbr5x1YGVQ9OIQUGp2TWPOACG\ntUc8aoGvyblHa/6ZmA73ylo8UteG5xK5NRz1sCuZo7Be6m9wmX1wwU+OWf9JJU7v\n38BtIji+WkpolzwBAK0vxJHFwEcMNrn5YMP/56Hqc1nZAnnKqgrg/WmQvRDiU3Cx\nXRJsUGip7T/k9XQwt0MAyZVgsZ7bsRVc+Cj/eCo0xa06TB7Ua7UTs/BPog2cG5p9\nMVmq69RMSTqvrdrN1SPyVh0wSpmXyNi1WP3GjLMX+JxXg8QqnVDwafTapTlg2dJ3\nwlMS4Q9xM2/SqEV+aYsEBPqf6Yj25kGZcj5osa2CSGOTZ+BH4Fwm8Rb0EvpKtwIp\nxG5AlxCB17ON33CZoKsKFHW8OC1xIcMCnn3sxV7KcVvrexy30n8rXL+9fIW0DM97\nbTsWVdrGYpL6Pey8wSHpiC46t8v4shKmJUe5TU1yFRTR77MIZqTDdTD4VrfRTgTW\n82qcOunf84/l4V0+6IUh6RwtrsauDos440Cl769Y+x2E+FdEu+IHT3c4b41lQQhd\ny1mDblhk5z1Y1rj2yZ33S5QOLbqO+aQV0k1GUg6Nn3tjAOyg42NmNaHRV6MCAwEA\nAQKCAgAI2kQHuduq3aCJELrpDvW1ZigKDwRmmoZEkTW3Rkw74/qKUcHJSRJoBBvU\nf2AoUJPy3QgC9HqwaIvGg9ks3qIlcO36g+heJ6HAY00dTgltkehJwxIZ684Vg3tw\n4X1PSv3JN/pz19+UkFsiCuA/vvCCd5EQ0n8/3QBsHTvjNNMg4rtwz5JF89QK/tfx\nqk0/orOGSBW1OjMaXatTWHi7ksVRzoxCbnix4c0YLuliMXLO7njfmQDpZ2VmLi3Z\nGPUy9LTRRbp6idsqkxTM2evi2nXLHF+XOFziS5xnqxq60qi7U2MM43AyXMMS4AIR\n9jiCA/cm3WHMcAi9GgkXorq3Np0Ly3lvbQToeFYw3HWRlNDl7aQR/+Kq0h5GNIXC\nNKdGN/bF0ZnOMMAv928rW8S50VSzqexw6hB75F3N92FYCf3PpurmdKTr7SM8YcBh\nq8APf2aN4o7BBK2J3v3vInyHOgMbl0zzf+Z1fV6jUs5bFVFP187LPHd/woPLqRh8\nZz06INkZ6KyzcjcaCqUv9Tie1ApHfvigKXLn1lrP2s983gJzSWjnQoKliB5GUaVK\nYfT4u5fHtg9bC9TNz/Fdi07EzKL6HGdkoI2//QwF70N5QJBNEReJeqyxBNg/yd+m\nMKJPUlGbfdfGTM4MbIrGk0AtWTvfZ5vbSRSgfXLN9lX4guaBCQKCAQEAw6Tt/R1h\nWD/Pk976czE7xfJ3E+e0aF9g0cFblreBGl7bju/EapZltD3D59SEcJfo00f70nt6\ngTzJnDCmrLzJdBTPdua+6mEBre8y3zULSWdEd7+vJ1arDZ97LSJvrZta/5RxL+9M\nHEmII65oURpZH/UGP/QyemwtjYUU8M7win1JZyafGg9aVmcZjglMcfGiRwfxKqOK\nMDFv5d5I+Oy8hY9q8wL4Hc+YFZb4ZGesvAcfrI8HhJEEmEgBwYZ0HJzvgZBozjbN\nIkwquAIA2Lxd8vTusSdDkLrkwe3chSA9k5z63qfAUrYP3PBryF8VhtwY8Hg7cf6c\nsuvOQFyCsqk/uwKCAQEAxnIlDuSlTKe0KlGTNzchef1IWQBdXUtRvuCLkN4ysjNY\nBc68qSxurSGb8oHNlBioBSZEgKvsHBxdgTRUkG/boJtUSPPznDieUdNLDGBfv96o\njEAm6JM4b5D/hs7WJJShDRka2WA8Q2AGEeX1bKL+Yg50udbIDUicWOOmUeyTAiLo\nzgbb5rpaxBVR0ucw7HVa1sKIJ6z0kTel90B46J/PEmyrqotWfkyXDofzSlGxB01y\nMjUv4Bh9S5jXtZEZ5E83S37TBjzVdp46Jlinc7g4dQYdqTYVHZXv/+aPCJ/suDXI\nwugTu2G83CrPK3b9dWTtXbTVTUmnChMTp75TFLKFOQKCAQEAqpnbXWiNRiL+o3dA\n9cns0YPJCnZ1/r2M89ukPhzuW0x0MIQrxrY3IaDqf/H1Oyl8QSD4GmbKQH/9XlGe\nReqp0KuE7a3wtPi6Oi3nMnRSz0NZlQJ1fdw5dLuo8Yah08Uw6MVMnfwRZmlIabTg\nCjjrls5XENWkXtSONGXkCMirQFhX9bbb7iGNKOLmidDZ9FI8q6vlRMUu7y9s4Amh\noE7vZZfWLupb6cLoX4syNnuhSKT9nb9rUtISK6g+v7666WiAAX8npQpsfofkiGhW\nzKgVVJL4wUn3xPD0IZeFQCEJEPtGV3n4XyebVZHgqu0fHGY46Rgu3gykH/E3/S+u\nWJT1mQKCAQEAlR0eJYO/hcsaQRZM9ZdyizS8EUyJ21mGUlRt6uxb0bVs9egzsTcW\n7vcrNF0++YJRdpUbskf9Qd46kKSeym2S7arp+Wt96SxOIpQPd3xPVmBb7A8kbWx6\nYrLknwp6tMAOCEaN+zsp7UKRLQ/Li9cqKMpOAXqXlguyl8RvrG2ExX0vy+gxgr0T\nCPYwJrbb90HzgR5pqs52c0wKZLDIaZvzwBdyItNSqdKpSxzyviyGRkN2hK2cjNo6\nA/0UUXV3rCuuFAd3T9+UUu5wKXJCWVza52wyC3z8/t80mOhJICTzfjPD6Fj0wr+d\nZx6vzyw5JeYxylDgWpP2dUaCZXBJA2tlWQKCAQBBm1DTBJIN+3/TERekugeDkTAb\nx584DsM7O37sdMJTm7tl9st9ni5V+TghP5lEQvZ5egrUewvmItGJJzpKiSfJoKln\nTTxZLB5viYvRfGBCD2J8KqbFl01gOdGsihQ7fYLYub8air84zzONdPGkaeNete6F\npDvCCoMu0Dh6MrkHVujj2cu/ZRQxj9SQxG0ih3UpubOm6xSulmlY0W2wZg4jvfY1\nGMuYkRQKIvyH7mMg1yxvRlsZOepp1XoKG7shVd4TaYiJpTRjBHEhVr+D/5GhSnC7\ndzl8CPX0yWPkwUGtXPQ2xC0HlWRUeEEyBiXBZtl/SuklH6Ybmc75D680LWme\n-----END RSA PRIVATE KEY-----\n",
            "content_base64": null,
            "content_base64sha256": "Z0IkZjqJ9yXM8I5bbeCi0hLJQlKGIcIKx5W8M6c6hYw=",
            "content_base64sha512": "kJE5EpqnwuLfCM0YRwiUYhBg/gxTsvgcfqI0yTI0cfP11PX4LDF+GErr1IG6B5D/nv4Bd00g3OWeCNqJwBtNJg==",
            "content_md5": "383affebc8943f0eb16b07ba504cda4e",
            "content_sha1": "93fb6f24b8a79b27296e2f74fd926d5458627f56",
            "content_sha256": "674224663a89f725ccf08e5b6de0a2d212c942528621c20ac795bc33a73a858c",
            "content_sha512": "909139129aa7c2e2df08cd18470894621060fe0c53b2f81c7ea234c9323471f3f5d4f5f82c317e184aebd481ba0790ff9efe01774d20dce59e08da89c01b4d26",
            "directory_permission": "0700",
            "file_permission": "0400",
            "filename": "./ocs-key.pem",
            "id": "93fb6f24b8a79b27296e2f74fd926d5458627f56",
            "sensitive_content": null,
            "source": null
          },
          "sensitive_attributes": [
            [
              {
                "type": "get_attr",
                "value": "content"
              }
            ],
            [
              {
                "type": "get_attr",
                "value": "sensitive_content"
              }
            ]
          ],
          "identity_schema_version": 0,
          "dependencies": [
            "tls_private_key.ocs_key"
          ]
        }
      ]
    },
    {
      "mode": "managed",
      "type": "tls_private_key",
      "name": "ocs_key",
      "provider": "provider[\"registry.terraform.io/hashicorp/tls\"]",
      "instances": [
        {
          "schema_version": 1,
          "attributes": {
            "algorithm": "RSA",
            "ecdsa_curve": "P224",
            "id": "254df4769a4a4d2b31ff173128947e364cfdcb82",
            "private_key_openssh": "-----BEGIN OPENSSH PRIVATE KEY-----\nb3BlbnNzaC1rZXktdjEAAAAABG5vbmUAAAAEbm9uZQAAAAAAAAABAAACFwAAAAdz\nc2gtcnNhAAAAAwEAAQAAAgEAl6jL1feYMIlHSDC3NgdYdTvSYBmYDIJIi/XY4nS9\ny8ANzio7seVHTvdBuM/C8uZJgcnruPbomqqW+WId08DlZ5ASbr5x1YGVQ9OIQUGp\n2TWPOACGtUc8aoGvyblHa/6ZmA73ylo8UteG5xK5NRz1sCuZo7Be6m9wmX1wwU+O\nWf9JJU7v38BtIji+WkpolzwBAK0vxJHFwEcMNrn5YMP/56Hqc1nZAnnKqgrg/WmQ\nvRDiU3CxXRJsUGip7T/k9XQwt0MAyZVgsZ7bsRVc+Cj/eCo0xa06TB7Ua7UTs/BP\nog2cG5p9MVmq69RMSTqvrdrN1SPyVh0wSpmXyNi1WP3GjLMX+JxXg8QqnVDwafTa\npTlg2dJ3wlMS4Q9xM2/SqEV+aYsEBPqf6Yj25kGZcj5osa2CSGOTZ+BH4Fwm8Rb0\nEvpKtwIpxG5AlxCB17ON33CZoKsKFHW8OC1xIcMCnn3sxV7KcVvrexy30n8rXL+9\nfIW0DM97bTsWVdrGYpL6Pey8wSHpiC46t8v4shKmJUe5TU1yFRTR77MIZqTDdTD4\nVrfRTgTW82qcOunf84/l4V0+6IUh6RwtrsauDos440Cl769Y+x2E+FdEu+IHT3c4\nb41lQQhdy1mDblhk5z1Y1rj2yZ33S5QOLbqO+aQV0k1GUg6Nn3tjAOyg42NmNaHR\nV6MAAAc41c989dXPfPUAAAAHc3NoLXJzYQAAAgEAl6jL1feYMIlHSDC3NgdYdTvS\nYBmYDIJIi/XY4nS9y8ANzio7seVHTvdBuM/C8uZJgcnruPbomqqW+WId08DlZ5AS\nbr5x1YGVQ9OIQUGp2TWPOACGtUc8aoGvyblHa/6ZmA73ylo8UteG5xK5NRz1sCuZ\no7Be6m9wmX1wwU+OWf9JJU7v38BtIji+WkpolzwBAK0vxJHFwEcMNrn5YMP/56Hq\nc1nZAnnKqgrg/WmQvRDiU3CxXRJsUGip7T/k9XQwt0MAyZVgsZ7bsRVc+Cj/eCo0\nxa06TB7Ua7UTs/BPog2cG5p9MVmq69RMSTqvrdrN1SPyVh0wSpmXyNi1WP3GjLMX\n+JxXg8QqnVDwafTapTlg2dJ3wlMS4Q9xM2/SqEV+aYsEBPqf6Yj25kGZcj5osa2C\nSGOTZ+BH4Fwm8Rb0EvpKtwIpxG5AlxCB17ON33CZoKsKFHW8OC1xIcMCnn3sxV7K\ncVvrexy30n8rXL+9fIW0DM97bTsWVdrGYpL6Pey8wSHpiC46t8v4shKmJUe5TU1y\nFRTR77MIZqTDdTD4VrfRTgTW82qcOunf84/l4V0+6IUh6RwtrsauDos440Cl769Y\n+x2E+FdEu+IHT3c4b41lQQhdy1mDblhk5z1Y1rj2yZ33S5QOLbqO+aQV0k1GUg6N\nn3tjAOyg42NmNaHRV6MAAAADAQABAAACAAjaRAe526rdoIkQuukO9bVmKAoPBGaa\nhkSRNbdGTDvj+opRwclJEmgEG9R/YChQk/LdCAL0erBoi8aD2SzeoiVw7fqD6F4n\nocBjTR1OCW2R6EnDEhnrzhWDe3DhfU9K/ck3+nPX35SQWyIK4D++8IJ3kRDSfz/d\nAGwdO+M00yDiu3DPkkXz1Ar+1/GqTT+is4ZIFbU6Mxpdq1NYeLuSxVHOjEJueLHh\nzRgu6WIxcs7ueN+ZAOlnZWYuLdkY9TL0tNFFunqJ2yqTFMzZ6+LadcscX5c4XOJL\nnGerGrrSqLtTYwzjcDJcwxLgAhH2OIID9ybdYcxwCL0aCReiurc2nQvLeW9tBOh4\nVjDcdZGU0OXtpBH/4qrSHkY0hcI0p0Y39sXRmc4wwC/3bytbxLnRVLOp7HDqEHvk\nXc33YVgJ/c+m6uZ0pOvtIzxhwGGrwA9/Zo3ijsEErYne/e8ifIc6AxuXTPN/5nV9\nXqNSzlsVUU/Xzss8d3/Cg8upGHxnPTog2RnorLNyNxoKpS/1OJ7UCkd++KApcufW\nWs/az3zeAnNJaOdCgqWIHkZRpUph9Pi7l8e2D1sL1M3P8V2LTsTMovocZ2Sgjb/9\nDAXvQ3lAkE0RF4l6rLEE2D/J36Ywok9SUZt918ZMzgxsisaTQC1ZO99nm9tJFKB9\ncs32VfiC5oEJAAABAEGbUNMEkg37f9MRF6S6B4ORMBvHnzgOwzs7fux0wlObu2X2\ny32eLlX5OCE/mURC9nl6CtR7C+Yi0YknOkqJJ8mgqWdNPFksHm+Ji9F8YEIPYnwq\npsWXTWA50ayKFDt9gti5vxqKvzjPM4108aRp41617oWkO8IKgy7QOHoyuQdW6OPZ\ny79lFDGP1JDEbSKHdSm5s6brFK6WaVjRbbBmDiO99jUYy5iRFAoi/IfuYyDXLG9G\nWxk56mnVegobuyFV3hNpiImlNGMEcSFWv4P/kaFKcLt3OXwI9fTJY+TBQa1c9DbE\nLQeVZFR4QTIGJcFm2X9K6SUfphuZzvkPrzQtaZ4AAAEBAMOk7f0dYVg/z5Pe+nMx\nO8XydxPntGhfYNHBW5a3gRpe247vxGqWZbQ9w+fUhHCX6NNH+9J7eoE8yZwwpqy8\nyXQUz3bmvuphAa3vMt81C0lnRHe/rydWqw2fey0ib62bWv+UcS/vTBxJiCOuaFEa\nWR/1Bj/0MnpsLY2FFPDO8Ip9SWcmnxoPWlZnGY4JTHHxokcH8SqjijAxb+XeSPjs\nvIWPavMC+B3PmBWW+GRnrLwHH6yPB4SRBJhIAcGGdByc74GQaM42zSJMKrgCANi8\nXfL07rEnQ5C65MHt3IUgPZOc+t6nwFK2D9zwa8hfFYbcGPB4O3H+nLLrzkBcgrKp\nP7sAAAEBAMZyJQ7kpUyntCpRkzc3IXn9SFkAXV1LUb7gi5DeMrIzWAXOvKksbq0h\nm/KBzZQYqAUmRICr7BwcXYE0VJBv26CbVEjz85w4nlHTSwxgX7/eqIxAJuiTOG+Q\n/4bO1iSUoQ0ZGtlgPENgBhHl9Wyi/mIOdLnWyA1InFjjplHskwIi6M4G2+a6WsQV\nUdLnMOx1WtbCiCes9JE3pfdAeOifzxJsq6qLVn5Mlw6H80pRsQdNcjI1L+AYfUuY\n17WRGeRPN0t+0wY81XaeOiZYp3O4OHUGHak2FR2V7//mjwif7Lg1yMLoE7thvNwq\nzyt2/XVk7V201U1JpwoTE6e+UxSyhTkAAAAAAQID\n-----END OPENSSH PRIVATE KEY-----\n",
            "private_key_pem": "-----BEGIN RSA PRIVATE KEY-----\nMIIJKQIBAAKCAgEAl6jL1feYMIlHSDC3NgdYdTvSYBmYDIJIi/XY4nS9y8ANzio7\nseVHTvdBuM/C8uZJgcnruPbomqqW+WId08DlZ5ASbr5x1YGVQ9OIQUGp2TWPOACG\ntUc8aoGvyblHa/6ZmA73ylo8UteG5xK5NRz1sCuZo7Be6m9wmX1wwU+OWf9JJU7v\n38BtIji+WkpolzwBAK0vxJHFwEcMNrn5YMP/56Hqc1nZAnnKqgrg/WmQvRDiU3Cx\nXRJsUGip7T/k9XQwt0MAyZVgsZ7bsRVc+Cj/eCo0xa06TB7Ua7UTs/BPog2cG5p9\nMVmq69RMSTqvrdrN1SPyVh0wSpmXyNi1WP3GjLMX+JxXg8QqnVDwafTapTlg2dJ3\nwlMS4Q9xM2/SqEV+aYsEBPqf6Yj25kGZcj5osa2CSGOTZ+BH4Fwm8Rb0EvpKtwIp\nxG5AlxCB17ON33CZoKsKFHW8OC1xIcMCnn3sxV7KcVvrexy30n8rXL+9fIW0DM97\nbTsWVdrGYpL6Pey8wSHpiC46t8v4shKmJUe5TU1yFRTR77MIZqTDdTD4VrfRTgTW\n82qcOunf84/l4V0+6IUh6RwtrsauDos440Cl769Y+x2E+FdEu+IHT3c4b41lQQhd\ny1mDblhk5z1Y1rj2yZ33S5QOLbqO+aQV0k1GUg6Nn3tjAOyg42NmNaHRV6MCAwEA\nAQKCAgAI2kQHuduq3aCJELrpDvW1ZigKDwRmmoZEkTW3Rkw74/qKUcHJSRJoBBvU\nf2AoUJPy3QgC9HqwaIvGg9ks3qIlcO36g+heJ6HAY00dTgltkehJwxIZ684Vg3tw\n4X1PSv3JN/pz19+UkFsiCuA/vvCCd5EQ0n8/3QBsHTvjNNMg4rtwz5JF89QK/tfx\nqk0/orOGSBW1OjMaXatTWHi7ksVRzoxCbnix4c0YLuliMXLO7njfmQDpZ2VmLi3Z\nGPUy9LTRRbp6idsqkxTM2evi2nXLHF+XOFziS5xnqxq60qi7U2MM43AyXMMS4AIR\n9jiCA/cm3WHMcAi9GgkXorq3Np0Ly3lvbQToeFYw3HWRlNDl7aQR/+Kq0h5GNIXC\nNKdGN/bF0ZnOMMAv928rW8S50VSzqexw6hB75F3N92FYCf3PpurmdKTr7SM8YcBh\nq8APf2aN4o7BBK2J3v3vInyHOgMbl0zzf+Z1fV6jUs5bFVFP187LPHd/woPLqRh8\nZz06INkZ6KyzcjcaCqUv9Tie1ApHfvigKXLn1lrP2s983gJzSWjnQoKliB5GUaVK\nYfT4u5fHtg9bC9TNz/Fdi07EzKL6HGdkoI2//QwF70N5QJBNEReJeqyxBNg/yd+m\nMKJPUlGbfdfGTM4MbIrGk0AtWTvfZ5vbSRSgfXLN9lX4guaBCQKCAQEAw6Tt/R1h\nWD/Pk976czE7xfJ3E+e0aF9g0cFblreBGl7bju/EapZltD3D59SEcJfo00f70nt6\ngTzJnDCmrLzJdBTPdua+6mEBre8y3zULSWdEd7+vJ1arDZ97LSJvrZta/5RxL+9M\nHEmII65oURpZH/UGP/QyemwtjYUU8M7win1JZyafGg9aVmcZjglMcfGiRwfxKqOK\nMDFv5d5I+Oy8hY9q8wL4Hc+YFZb4ZGesvAcfrI8HhJEEmEgBwYZ0HJzvgZBozjbN\nIkwquAIA2Lxd8vTusSdDkLrkwe3chSA9k5z63qfAUrYP3PBryF8VhtwY8Hg7cf6c\nsuvOQFyCsqk/uwKCAQEAxnIlDuSlTKe0KlGTNzchef1IWQBdXUtRvuCLkN4ysjNY\nBc68qSxurSGb8oHNlBioBSZEgKvsHBxdgTRUkG/boJtUSPPznDieUdNLDGBfv96o\njEAm6JM4b5D/hs7WJJShDRka2WA8Q2AGEeX1bKL+Yg50udbIDUicWOOmUeyTAiLo\nzgbb5rpaxBVR0ucw7HVa1sKIJ6z0kTel90B46J/PEmyrqotWfkyXDofzSlGxB01y\nMjUv4Bh9S5jXtZEZ5E83S37TBjzVdp46Jlinc7g4dQYdqTYVHZXv/+aPCJ/suDXI\nwugTu2G83CrPK3b9dWTtXbTVTUmnChMTp75TFLKFOQKCAQEAqpnbXWiNRiL+o3dA\n9cns0YPJCnZ1/r2M89ukPhzuW0x0MIQrxrY3IaDqf/H1Oyl8QSD4GmbKQH/9XlGe\nReqp0KuE7a3wtPi6Oi3nMnRSz0NZlQJ1fdw5dLuo8Yah08Uw6MVMnfwRZmlIabTg\nCjjrls5XENWkXtSONGXkCMirQFhX9bbb7iGNKOLmidDZ9FI8q6vlRMUu7y9s4Amh\noE7vZZfWLupb6cLoX4syNnuhSKT9nb9rUtISK6g+v7666WiAAX8npQpsfofkiGhW\nzKgVVJL4wUn3xPD0IZeFQCEJEPtGV3n4XyebVZHgqu0fHGY46Rgu3gykH/E3/S+u\nWJT1mQKCAQEAlR0eJYO/hcsaQRZM9ZdyizS8EUyJ21mGUlRt6uxb0bVs9egzsTcW\n7vcrNF0++YJRdpUbskf9Qd46kKSeym2S7arp+Wt96SxOIpQPd3xPVmBb7A8kbWx6\nYrLknwp6tMAOCEaN+zsp7UKRLQ/Li9cqKMpOAXqXlguyl8RvrG2ExX0vy+gxgr0T\nCPYwJrbb90HzgR5pqs52c0wKZLDIaZvzwBdyItNSqdKpSxzyviyGRkN2hK2cjNo6\nA/0UUXV3rCuuFAd3T9+UUu5wKXJCWVza52wyC3z8/t80mOhJICTzfjPD6Fj0wr+d\nZx6vzyw5JeYxylDgWpP2dUaCZXBJA2tlWQKCAQBBm1DTBJIN+3/TERekugeDkTAb\nx584DsM7O37sdMJTm7tl9st9ni5V+TghP5lEQvZ5egrUewvmItGJJzpKiSfJoKln\nTTxZLB5viYvRfGBCD2J8KqbFl01gOdGsihQ7fYLYub8air84zzONdPGkaeNete6F\npDvCCoMu0Dh6MrkHVujj2cu/ZRQxj9SQxG0ih3UpubOm6xSulmlY0W2wZg4jvfY1\nGMuYkRQKIvyH7mMg1yxvRlsZOepp1XoKG7shVd4TaYiJpTRjBHEhVr+D/5GhSnC7\ndzl8CPX0yWPkwUGtXPQ2xC0HlWRUeEEyBiXBZtl/SuklH6Ybmc75D680LWme\n-----END RSA PRIVATE KEY-----\n",
            "private_key_pem_pkcs8": "-----BEGIN PRIVATE KEY-----\nMIIJQwIBADANBgkqhkiG9w0BAQEFAASCCS0wggkpAgEAAoICAQCXqMvV95gwiUdI\nMLc2B1h1O9JgGZgMgkiL9djidL3LwA3OKjux5UdO90G4z8Ly5kmByeu49uiaqpb5\nYh3TwOVnkBJuvnHVgZVD04hBQanZNY84AIa1Rzxqga/JuUdr/pmYDvfKWjxS14bn\nErk1HPWwK5mjsF7qb3CZfXDBT45Z/0klTu/fwG0iOL5aSmiXPAEArS/EkcXARww2\nuflgw//noepzWdkCecqqCuD9aZC9EOJTcLFdEmxQaKntP+T1dDC3QwDJlWCxntux\nFVz4KP94KjTFrTpMHtRrtROz8E+iDZwbmn0xWarr1ExJOq+t2s3VI/JWHTBKmZfI\n2LVY/caMsxf4nFeDxCqdUPBp9NqlOWDZ0nfCUxLhD3Ezb9KoRX5piwQE+p/piPbm\nQZlyPmixrYJIY5Nn4EfgXCbxFvQS+kq3AinEbkCXEIHXs43fcJmgqwoUdbw4LXEh\nwwKefezFXspxW+t7HLfSfytcv718hbQMz3ttOxZV2sZikvo97LzBIemILjq3y/iy\nEqYlR7lNTXIVFNHvswhmpMN1MPhWt9FOBNbzapw66d/zj+XhXT7ohSHpHC2uxq4O\nizjjQKXvr1j7HYT4V0S74gdPdzhvjWVBCF3LWYNuWGTnPVjWuPbJnfdLlA4tuo75\npBXSTUZSDo2fe2MA7KDjY2Y1odFXowIDAQABAoICAAjaRAe526rdoIkQuukO9bVm\nKAoPBGaahkSRNbdGTDvj+opRwclJEmgEG9R/YChQk/LdCAL0erBoi8aD2SzeoiVw\n7fqD6F4nocBjTR1OCW2R6EnDEhnrzhWDe3DhfU9K/ck3+nPX35SQWyIK4D++8IJ3\nkRDSfz/dAGwdO+M00yDiu3DPkkXz1Ar+1/GqTT+is4ZIFbU6Mxpdq1NYeLuSxVHO\njEJueLHhzRgu6WIxcs7ueN+ZAOlnZWYuLdkY9TL0tNFFunqJ2yqTFMzZ6+Ladcsc\nX5c4XOJLnGerGrrSqLtTYwzjcDJcwxLgAhH2OIID9ybdYcxwCL0aCReiurc2nQvL\neW9tBOh4VjDcdZGU0OXtpBH/4qrSHkY0hcI0p0Y39sXRmc4wwC/3bytbxLnRVLOp\n7HDqEHvkXc33YVgJ/c+m6uZ0pOvtIzxhwGGrwA9/Zo3ijsEErYne/e8ifIc6AxuX\nTPN/5nV9XqNSzlsVUU/Xzss8d3/Cg8upGHxnPTog2RnorLNyNxoKpS/1OJ7UCkd+\n+KApcufWWs/az3zeAnNJaOdCgqWIHkZRpUph9Pi7l8e2D1sL1M3P8V2LTsTMovoc\nZ2Sgjb/9DAXvQ3lAkE0RF4l6rLEE2D/J36Ywok9SUZt918ZMzgxsisaTQC1ZO99n\nm9tJFKB9cs32VfiC5oEJAoIBAQDDpO39HWFYP8+T3vpzMTvF8ncT57RoX2DRwVuW\nt4EaXtuO78RqlmW0PcPn1IRwl+jTR/vSe3qBPMmcMKasvMl0FM925r7qYQGt7zLf\nNQtJZ0R3v68nVqsNn3stIm+tm1r/lHEv70wcSYgjrmhRGlkf9QY/9DJ6bC2NhRTw\nzvCKfUlnJp8aD1pWZxmOCUxx8aJHB/Eqo4owMW/l3kj47LyFj2rzAvgdz5gVlvhk\nZ6y8Bx+sjweEkQSYSAHBhnQcnO+BkGjONs0iTCq4AgDYvF3y9O6xJ0OQuuTB7dyF\nID2TnPrep8BStg/c8GvIXxWG3BjweDtx/pyy685AXIKyqT+7AoIBAQDGciUO5KVM\np7QqUZM3NyF5/UhZAF1dS1G+4IuQ3jKyM1gFzrypLG6tIZvygc2UGKgFJkSAq+wc\nHF2BNFSQb9ugm1RI8/OcOJ5R00sMYF+/3qiMQCbokzhvkP+GztYklKENGRrZYDxD\nYAYR5fVsov5iDnS51sgNSJxY46ZR7JMCIujOBtvmulrEFVHS5zDsdVrWwognrPSR\nN6X3QHjon88SbKuqi1Z+TJcOh/NKUbEHTXIyNS/gGH1LmNe1kRnkTzdLftMGPNV2\nnjomWKdzuDh1Bh2pNhUdle//5o8In+y4NcjC6BO7YbzcKs8rdv11ZO1dtNVNSacK\nExOnvlMUsoU5AoIBAQCqmdtdaI1GIv6jd0D1yezRg8kKdnX+vYzz26Q+HO5bTHQw\nhCvGtjchoOp/8fU7KXxBIPgaZspAf/1eUZ5F6qnQq4TtrfC0+Lo6LecydFLPQ1mV\nAnV93Dl0u6jxhqHTxTDoxUyd/BFmaUhptOAKOOuWzlcQ1aRe1I40ZeQIyKtAWFf1\nttvuIY0o4uaJ0Nn0Ujyrq+VExS7vL2zgCaGgTu9ll9Yu6lvpwuhfizI2e6FIpP2d\nv2tS0hIrqD6/vrrpaIABfyelCmx+h+SIaFbMqBVUkvjBSffE8PQhl4VAIQkQ+0ZX\nefhfJ5tVkeCq7R8cZjjpGC7eDKQf8Tf9L65YlPWZAoIBAQCVHR4lg7+FyxpBFkz1\nl3KLNLwRTInbWYZSVG3q7FvRtWz16DOxNxbu9ys0XT75glF2lRuyR/1B3jqQpJ7K\nbZLtqun5a33pLE4ilA93fE9WYFvsDyRtbHpisuSfCnq0wA4IRo37OyntQpEtD8uL\n1yooyk4BepeWC7KXxG+sbYTFfS/L6DGCvRMI9jAmttv3QfOBHmmqznZzTApksMhp\nm/PAF3Ii01Kp0qlLHPK+LIZGQ3aErZyM2joD/RRRdXesK64UB3dP35RS7nApckJZ\nXNrnbDILfPz+3zSY6EkgJPN+M8PoWPTCv51nHq/PLDkl5jHKUOBak/Z1RoJlcEkD\na2VZAoIBAEGbUNMEkg37f9MRF6S6B4ORMBvHnzgOwzs7fux0wlObu2X2y32eLlX5\nOCE/mURC9nl6CtR7C+Yi0YknOkqJJ8mgqWdNPFksHm+Ji9F8YEIPYnwqpsWXTWA5\n0ayKFDt9gti5vxqKvzjPM4108aRp41617oWkO8IKgy7QOHoyuQdW6OPZy79lFDGP\n1JDEbSKHdSm5s6brFK6WaVjRbbBmDiO99jUYy5iRFAoi/IfuYyDXLG9GWxk56mnV\negobuyFV3hNpiImlNGMEcSFWv4P/kaFKcLt3OXwI9fTJY+TBQa1c9DbELQeVZFR4\nQTIGJcFm2X9K6SUfphuZzvkPrzQtaZ4=\n-----END PRIVATE KEY-----\n",
            "public_key_fingerprint_md5": "07:51:7f:b1:b9:59:3e:f8:29:24:94:51:46:5b:d1:a8",
            "public_key_fingerprint_sha256": "SHA256:4jOZ8y4mfXO77Tna7r2zYJrXIE0fXou07M/axN01ytI",
            "public_key_openssh": "ssh-rsa AAAAB3NzaC1yc2EAAAADAQABAAACAQCXqMvV95gwiUdIMLc2B1h1O9JgGZgMgkiL9djidL3LwA3OKjux5UdO90G4z8Ly5kmByeu49uiaqpb5Yh3TwOVnkBJuvnHVgZVD04hBQanZNY84AIa1Rzxqga/JuUdr/pmYDvfKWjxS14bnErk1HPWwK5mjsF7qb3CZfXDBT45Z/0klTu/fwG0iOL5aSmiXPAEArS/EkcXARww2uflgw//noepzWdkCecqqCuD9aZC9EOJTcLFdEmxQaKntP+T1dDC3QwDJlWCxntuxFVz4KP94KjTFrTpMHtRrtROz8E+iDZwbmn0xWarr1ExJOq+t2s3VI/JWHTBKmZfI2LVY/caMsxf4nFeDxCqdUPBp9NqlOWDZ0nfCUxLhD3Ezb9KoRX5piwQE+p/piPbmQZlyPmixrYJIY5Nn4EfgXCbxFvQS+kq3AinEbkCXEIHXs43fcJmgqwoUdbw4LXEhwwKefezFXspxW+t7HLfSfytcv718hbQMz3ttOxZV2sZikvo97LzBIemILjq3y/iyEqYlR7lNTXIVFNHvswhmpMN1MPhWt9FOBNbzapw66d/zj+XhXT7ohSHpHC2uxq4OizjjQKXvr1j7HYT4V0S74gdPdzhvjWVBCF3LWYNuWGTnPVjWuPbJnfdLlA4tuo75pBXSTUZSDo2fe2MA7KDjY2Y1odFXow==\n",
            "public_key_pem": "-----BEGIN PUBLIC KEY-----\nMIICIjANBgkqhkiG9w0BAQEFAAOCAg8AMIICCgKCAgEAl6jL1feYMIlHSDC3NgdY\ndTvSYBmYDIJIi/XY4nS9y8ANzio7seVHTvdBuM/C8uZJgcnruPbomqqW+WId08Dl\nZ5ASbr5x1YGVQ9OIQUGp2TWPOACGtUc8aoGvyblHa/6ZmA73ylo8UteG5xK5NRz1\nsCuZo7Be6m9wmX1wwU+OWf9JJU7v38BtIji+WkpolzwBAK0vxJHFwEcMNrn5YMP/\n56Hqc1nZAnnKqgrg/WmQvRDiU3CxXRJsUGip7T/k9XQwt0MAyZVgsZ7bsRVc+Cj/\neCo0xa06TB7Ua7UTs/BPog2cG5p9MVmq69RMSTqvrdrN1SPyVh0wSpmXyNi1WP3G\njLMX+JxXg8QqnVDwafTapTlg2dJ3wlMS4Q9xM2/SqEV+aYsEBPqf6Yj25kGZcj5o\nsa2CSGOTZ+BH4Fwm8Rb0EvpKtwIpxG5AlxCB17ON33CZoKsKFHW8OC1xIcMCnn3s\nxV7KcVvrexy30n8rXL+9fIW0DM97bTsWVdrGYpL6Pey8wSHpiC46t8v4shKmJUe5\nTU1yFRTR77MIZqTDdTD4VrfRTgTW82qcOunf84/l4V0+6IUh6RwtrsauDos440Cl\n769Y+x2E+FdEu+IHT3c4b41lQQhdy1mDblhk5z1Y1rj2yZ33S5QOLbqO+aQV0k1G\nUg6Nn3tjAOyg42NmNaHRV6MCAwEAAQ==\n-----END PUBLIC KEY-----\n",
            "rsa_bits": 4096
          },
          "sensitive_attributes": [
            [
              {
                "type": "get_attr",
                "value": "private_key_openssh"
              }
            ],
            [
              {
                "type": "get_attr",
                "value": "private_key_pem"
              }
            ],
            [
              {
                "type": "get_attr",
                "value": "private_key_pem_pkcs8"
              }
            ]
          ],
          "identity_schema_version": 0
        }
      ]
    },
    {
      "module": "module.app_sg",
      "mode": "managed",
      "type": "aws_security_group",
      "name": "this",
      "provider": "provider[\"registry.terraform.io/hashicorp/aws\"]",
      "instances": [
        {
          "schema_version": 1,
          "attributes": {
            "arn": "arn:aws:ec2:eu-central-1:686255985275:security-group/sg-0fd52f39974dcce2c",
            "description": "Allow required inbound traffic",
            "egress": [
              {
                "cidr_blocks": [
                  "0.0.0.0/0"
                ],
                "description": "",
                "from_port": 0,
                "ipv6_cidr_blocks": [],
                "prefix_list_ids": [],
                "protocol": "-1",
                "security_groups": [],
                "self": false,
                "to_port": 0
              }
            ],
            "id": "sg-0fd52f39974dcce2c",
            "ingress": [
              {
                "cidr_blocks": [
                  "0.0.0.0/0"
                ],
                "description": null,
                "from_port": 22,
                "ipv6_cidr_blocks": [],
                "prefix_list_ids": [],
                "protocol": "tcp",
                "security_groups": [],
                "self": false,
                "to_port": 22
              },
              {
                "cidr_blocks": [
                  "0.0.0.0/0"
                ],
                "description": null,
                "from_port": 25,
                "ipv6_cidr_blocks": [],
                "prefix_list_ids": [],
                "protocol": "tcp",
                "security_groups": [],
                "self": false,
                "to_port": 25
              },
              {
                "cidr_blocks": [
                  "0.0.0.0/0"
                ],
                "description": null,
                "from_port": 30000,
                "ipv6_cidr_blocks": [],
                "prefix_list_ids": [],
                "protocol": "tcp",
                "security_groups": [],
                "self": false,
                "to_port": 32767
              },
              {
                "cidr_blocks": [
                  "0.0.0.0/0"
                ],
                "description": null,
                "from_port": 3000,
                "ipv6_cidr_blocks": [],
                "prefix_list_ids": [],
                "protocol": "tcp",
                "security_groups": [],
                "self": false,
                "to_port": 10000
              },
              {
                "cidr_blocks": [
                  "0.0.0.0/0"
                ],
                "description": null,
                "from_port": 443,
                "ipv6_cidr_blocks": [],
                "prefix_list_ids": [],
                "protocol": "tcp",
                "security_groups": [],
                "self": false,
                "to_port": 443
              },
              {
                "cidr_blocks": [
                  "0.0.0.0/0"
                ],
                "description": null,
                "from_port": 465,
                "ipv6_cidr_blocks": [],
                "prefix_list_ids": [],
                "protocol": "tcp",
                "security_groups": [],
                "self": false,
                "to_port": 465
              },
              {
                "cidr_blocks": [
                  "0.0.0.0/0"
                ],
                "description": null,
                "from_port": 6443,
                "ipv6_cidr_blocks": [],
                "prefix_list_ids": [],
                "protocol": "tcp",
                "security_groups": [],
                "self": false,
                "to_port": 6443
              },
              {
                "cidr_blocks": [
                  "0.0.0.0/0"
                ],
                "description": null,
                "from_port": 80,
                "ipv6_cidr_blocks": [],
                "prefix_list_ids": [],
                "protocol": "tcp",
                "security_groups": [],
                "self": false,
                "to_port": 80
              }
            ],
            "name": "ramo-beko-sg",
            "name_prefix": "",
            "owner_id": "686255985275",
            "revoke_rules_on_delete": false,
            "tags": {
              "Name": "ramo-beko-sg"
            },
            "tags_all": {
              "Name": "ramo-beko-sg"
            },
            "timeouts": null,
            "vpc_id": "vpc-0cd726ed01a18b4fe"
          },
          "sensitive_attributes": [],
          "identity_schema_version": 0,
          "private": "eyJlMmJmYjczMC1lY2FhLTExZTYtOGY4OC0zNDM2M2JjN2M0YzAiOnsiY3JlYXRlIjo2MDAwMDAwMDAwMDAsImRlbGV0ZSI6OTAwMDAwMDAwMDAwfSwic2NoZW1hX3ZlcnNpb24iOiIxIn0=",
          "dependencies": [
            "data.aws_vpc.default"
          ]
        }
      ]
    },
    {
      "module": "module.app_sg",
      "mode": "managed",
      "type": "aws_security_group_rule",
      "name": "self_allow_2049",
      "provider": "provider[\"registry.terraform.io/hashicorp/aws\"]",
      "instances": [
        {
          "schema_version": 2,
          "attributes": {
            "cidr_blocks": null,
            "description": null,
            "from_port": 2049,
            "id": "sgrule-2167559101",
            "ipv6_cidr_blocks": null,
            "prefix_list_ids": null,
            "protocol": "tcp",
            "security_group_id": "sg-0fd52f39974dcce2c",
            "security_group_rule_id": "sgr-0181fd7cc8036eb6d",
            "self": false,
            "source_security_group_id": "sg-0fd52f39974dcce2c",
            "timeouts": null,
            "to_port": 2049,
            "type": "ingress"
          },
          "sensitive_attributes": [],
          "identity_schema_version": 0,
          "private": "eyJlMmJmYjczMC1lY2FhLTExZTYtOGY4OC0zNDM2M2JjN2M0YzAiOnsiY3JlYXRlIjozMDAwMDAwMDAwMDB9LCJzY2hlbWFfdmVyc2lvbiI6IjIifQ==",
          "dependencies": [
            "data.aws_vpc.default",
            "module.app_sg.aws_security_group.this"
          ]
        }
      ]
    },
    {
      "module": "module.backup_bucket",
      "mode": "managed",
      "type": "aws_s3_bucket",
      "name": "this",
      "provider": "provider[\"registry.terraform.io/hashicorp/aws\"]",
      "instances": [
        {
          "schema_version": 0,
          "attributes": {
            "acceleration_status": "",
            "acl": null,
            "arn": "arn:aws:s3:::efs-backup-storage-bucket",
            "bucket": "efs-backup-storage-bucket",
            "bucket_domain_name": "efs-backup-storage-bucket.s3.amazonaws.com",
            "bucket_prefix": "",
            "bucket_regional_domain_name": "efs-backup-storage-bucket.s3.eu-central-1.amazonaws.com",
            "cors_rule": [],
            "force_destroy": false,
            "grant": [
              {
                "id": "724deb73b55843715e458fd7c88913781ee2eed8f4643dc7a8b8c8ece988d362",
                "permissions": [
                  "FULL_CONTROL"
                ],
                "type": "CanonicalUser",
                "uri": ""
              }
            ],
            "hosted_zone_id": "Z21DNDUVLTQW6Q",
            "id": "efs-backup-storage-bucket",
            "lifecycle_rule": [],
            "logging": [],
            "object_lock_configuration": [],
            "object_lock_enabled": false,
            "policy": "",
            "region": "eu-central-1",
            "replication_configuration": [],
            "request_payer": "BucketOwner",
            "server_side_encryption_configuration": [
              {
                "rule": [
                  {
                    "apply_server_side_encryption_by_default": [
                      {
                        "kms_master_key_id": "",
                        "sse_algorithm": "AES256"
                      }
                    ],
                    "bucket_key_enabled": false
                  }
                ]
              }
            ],
            "tags": {},
            "tags_all": {},
            "timeouts": null,
            "versioning": [
              {
                "enabled": false,
                "mfa_delete": false
              }
            ],
            "website": [],
            "website_domain": null,
            "website_endpoint": null
          },
          "sensitive_attributes": [],
          "identity_schema_version": 0,
          "private": "eyJlMmJmYjczMC1lY2FhLTExZTYtOGY4OC0zNDM2M2JjN2M0YzAiOnsiY3JlYXRlIjoxMjAwMDAwMDAwMDAwLCJkZWxldGUiOjM2MDAwMDAwMDAwMDAsInJlYWQiOjEyMDAwMDAwMDAwMDAsInVwZGF0ZSI6MTIwMDAwMDAwMDAwMH19"
        }
      ]
    },
    {
      "module": "module.efs",
      "mode": "managed",
      "type": "aws_efs_access_point",
      "name": "this",
      "provider": "provider[\"registry.terraform.io/hashicorp/aws\"]",
      "instances": [
        {
          "schema_version": 0,
          "attributes": {
            "arn": "arn:aws:elasticfilesystem:eu-central-1:686255985275:access-point/fsap-07afb77a2638d5be2",
            "file_system_arn": "arn:aws:elasticfilesystem:eu-central-1:686255985275:file-system/fs-00ba6bc602c85ed74",
            "file_system_id": "fs-00ba6bc602c85ed74",
            "id": "fsap-07afb77a2638d5be2",
            "owner_id": "686255985275",
            "posix_user": [
              {
                "gid": 1000,
                "secondary_gids": [],
                "uid": 1000
              }
            ],
            "root_directory": [
              {
                "creation_info": [
                  {
                    "owner_gid": 1000,
                    "owner_uid": 1000,
                    "permissions": "755"
                  }
                ],
                "path": "/lambda"
              }
            ],
            "tags": {},
            "tags_all": {}
          },
          "sensitive_attributes": [],
          "identity_schema_version": 0,
          "private": "bnVsbA==",
          "dependencies": [
            "data.aws_vpc.default",
            "module.app_sg.aws_security_group.this",
            "module.app_sg.aws_security_group_rule.self_allow_2049",
            "module.efs.aws_efs_file_system.this"
          ]
        }
      ]
    },
    {
      "module": "module.efs",
      "mode": "managed",
      "type": "aws_efs_file_system",
      "name": "this",
      "provider": "provider[\"registry.terraform.io/hashicorp/aws\"]",
      "instances": [
        {
          "schema_version": 0,
          "attributes": {
            "arn": "arn:aws:elasticfilesystem:eu-central-1:686255985275:file-system/fs-00ba6bc602c85ed74",
            "availability_zone_id": "",
            "availability_zone_name": "",
            "creation_token": "efs-backup",
            "dns_name": "fs-00ba6bc602c85ed74.efs.eu-central-1.amazonaws.com",
            "encrypted": false,
            "id": "fs-00ba6bc602c85ed74",
            "kms_key_id": "",
            "lifecycle_policy": [],
            "name": "efs-backup",
            "number_of_mount_targets": 1,
            "owner_id": "686255985275",
            "performance_mode": "generalPurpose",
            "protection": [
              {
                "replication_overwrite": "ENABLED"
              }
            ],
            "provisioned_throughput_in_mibps": 0,
            "size_in_bytes": [
              {
                "value": 6144,
                "value_in_ia": 0,
                "value_in_standard": 6144
              }
            ],
            "tags": {
              "Name": "efs-backup"
            },
            "tags_all": {
              "Name": "efs-backup"
            },
            "throughput_mode": "bursting"
          },
          "sensitive_attributes": [],
          "identity_schema_version": 0,
          "private": "bnVsbA==",
          "dependencies": [
            "data.aws_vpc.default",
            "module.app_sg.aws_security_group.this",
            "module.app_sg.aws_security_group_rule.self_allow_2049"
          ]
        }
      ]
    },
    {
      "module": "module.efs",
      "mode": "managed",
      "type": "aws_efs_mount_target",
      "name": "target",
      "provider": "provider[\"registry.terraform.io/hashicorp/aws\"]",
      "instances": [
        {
          "schema_version": 0,
          "attributes": {
            "availability_zone_id": "euc1-az1",
            "availability_zone_name": "eu-central-1c",
            "dns_name": "fs-00ba6bc602c85ed74.efs.eu-central-1.amazonaws.com",
            "file_system_arn": "arn:aws:elasticfilesystem:eu-central-1:686255985275:file-system/fs-00ba6bc602c85ed74",
            "file_system_id": "fs-00ba6bc602c85ed74",
            "id": "fsmt-0fafb754391c05625",
            "ip_address": "172.31.6.200",
            "mount_target_dns_name": "eu-central-1c.fs-00ba6bc602c85ed74.efs.eu-central-1.amazonaws.com",
            "network_interface_id": "eni-00cc8243b77adf896",
            "owner_id": "686255985275",
            "security_groups": [
              "sg-0fd52f39974dcce2c"
            ],
            "subnet_id": "subnet-0038b1fe0553c625b",
            "timeouts": null
          },
          "sensitive_attributes": [],
          "identity_schema_version": 0,
          "private": "eyJlMmJmYjczMC1lY2FhLTExZTYtOGY4OC0zNDM2M2JjN2M0YzAiOnsiY3JlYXRlIjoxODAwMDAwMDAwMDAwLCJkZWxldGUiOjYwMDAwMDAwMDAwMH19",
          "dependencies": [
            "data.aws_subnet.first",
            "data.aws_subnets.default",
            "data.aws_vpc.default",
            "module.app_sg.aws_security_group.this",
            "module.app_sg.aws_security_group_rule.self_allow_2049",
            "module.efs.aws_efs_file_system.this"
          ]
        }
      ]
    },
    {
      "module": "module.efs_backup_lambda",
      "mode": "managed",
      "type": "aws_iam_role",
      "name": "lambda_exec",
      "provider": "provider[\"registry.terraform.io/hashicorp/aws\"]",
      "instances": [
        {
          "schema_version": 0,
          "attributes": {
            "arn": "arn:aws:iam::686255985275:role/efs-to-s3-backup-exec",
            "assume_role_policy": "{\"Statement\":[{\"Action\":\"sts:AssumeRole\",\"Effect\":\"Allow\",\"Principal\":{\"Service\":\"lambda.amazonaws.com\"}}],\"Version\":\"2012-10-17\"}",
            "create_date": "2025-05-19T12:00:20Z",
            "description": "",
            "force_detach_policies": false,
            "id": "efs-to-s3-backup-exec",
            "inline_policy": [],
            "managed_policy_arns": [
              "arn:aws:iam::aws:policy/AWSLambda_FullAccess",
              "arn:aws:iam::aws:policy/AmazonElasticFileSystemClientFullAccess",
              "arn:aws:iam::aws:policy/service-role/AWSLambdaVPCAccessExecutionRole"
            ],
            "max_session_duration": 3600,
            "name": "efs-to-s3-backup-exec",
            "name_prefix": "",
            "path": "/",
            "permissions_boundary": "",
            "tags": {},
            "tags_all": {},
            "unique_id": "AROAZ7SALKJ57LLAHVP7A"
          },
          "sensitive_attributes": [],
          "identity_schema_version": 0,
          "private": "bnVsbA==",
          "dependencies": [
            "data.aws_subnet.first",
            "data.aws_subnets.default",
            "data.aws_vpc.default",
            "module.app_sg.aws_security_group.this",
            "module.app_sg.aws_security_group_rule.self_allow_2049",
            "module.efs.aws_efs_access_point.this",
            "module.efs.aws_efs_file_system.this",
            "module.efs.aws_efs_mount_target.target"
          ]
        }
      ]
    },
    {
      "module": "module.efs_backup_lambda",
      "mode": "managed",
      "type": "aws_iam_role_policy_attachment",
      "name": "lambda_policy",
      "provider": "provider[\"registry.terraform.io/hashicorp/aws\"]",
      "instances": [
        {
          "schema_version": 0,
          "attributes": {
            "id": "efs-to-s3-backup-exec-20250519120021317500000006",
            "policy_arn": "arn:aws:iam::aws:policy/AWSLambda_FullAccess",
            "role": "efs-to-s3-backup-exec"
          },
          "sensitive_attributes": [],
          "identity_schema_version": 0,
          "private": "bnVsbA==",
          "dependencies": [
            "data.aws_subnet.first",
            "data.aws_subnets.default",
            "data.aws_vpc.default",
            "module.app_sg.aws_security_group.this",
            "module.app_sg.aws_security_group_rule.self_allow_2049",
            "module.efs.aws_efs_access_point.this",
            "module.efs.aws_efs_file_system.this",
            "module.efs.aws_efs_mount_target.target",
            "module.efs_backup_lambda.aws_iam_role.lambda_exec"
          ]
        }
      ]
    },
    {
      "module": "module.efs_backup_lambda",
      "mode": "managed",
      "type": "aws_iam_role_policy_attachment",
      "name": "lambda_policy_base",
      "provider": "provider[\"registry.terraform.io/hashicorp/aws\"]",
      "instances": [
        {
          "schema_version": 0,
          "attributes": {
            "id": "efs-to-s3-backup-exec-20250519120021797600000008",
            "policy_arn": "arn:aws:iam::aws:policy/AWSLambda_FullAccess",
            "role": "efs-to-s3-backup-exec"
          },
          "sensitive_attributes": [],
          "identity_schema_version": 0,
          "private": "bnVsbA==",
          "dependencies": [
            "data.aws_subnet.first",
            "data.aws_subnets.default",
            "data.aws_vpc.default",
            "module.app_sg.aws_security_group.this",
            "module.app_sg.aws_security_group_rule.self_allow_2049",
            "module.efs.aws_efs_access_point.this",
            "module.efs.aws_efs_file_system.this",
            "module.efs.aws_efs_mount_target.target",
            "module.efs_backup_lambda.aws_iam_role.lambda_exec"
          ]
        }
      ]
    },
    {
      "module": "module.efs_backup_lambda",
      "mode": "managed",
      "type": "aws_iam_role_policy_attachment",
      "name": "lambda_policy_efs",
      "provider": "provider[\"registry.terraform.io/hashicorp/aws\"]",
      "instances": [
        {
          "schema_version": 0,
          "attributes": {
            "id": "efs-to-s3-backup-exec-20250519120021797600000009",
            "policy_arn": "arn:aws:iam::aws:policy/AmazonElasticFileSystemClientFullAccess",
            "role": "efs-to-s3-backup-exec"
          },
          "sensitive_attributes": [],
          "identity_schema_version": 0,
          "private": "bnVsbA==",
          "dependencies": [
            "data.aws_subnet.first",
            "data.aws_subnets.default",
            "data.aws_vpc.default",
            "module.app_sg.aws_security_group.this",
            "module.app_sg.aws_security_group_rule.self_allow_2049",
            "module.efs.aws_efs_access_point.this",
            "module.efs.aws_efs_file_system.this",
            "module.efs.aws_efs_mount_target.target",
            "module.efs_backup_lambda.aws_iam_role.lambda_exec"
          ]
        }
      ]
    },
    {
      "module": "module.efs_backup_lambda",
      "mode": "managed",
      "type": "aws_iam_role_policy_attachment",
      "name": "lambda_policy_vpc",
      "provider": "provider[\"registry.terraform.io/hashicorp/aws\"]",
      "instances": [
        {
          "schema_version": 0,
          "attributes": {
            "id": "efs-to-s3-backup-exec-20250519120021566700000007",
            "policy_arn": "arn:aws:iam::aws:policy/service-role/AWSLambdaVPCAccessExecutionRole",
            "role": "efs-to-s3-backup-exec"
          },
          "sensitive_attributes": [],
          "identity_schema_version": 0,
          "private": "bnVsbA==",
          "dependencies": [
            "data.aws_subnet.first",
            "data.aws_subnets.default",
            "data.aws_vpc.default",
            "module.app_sg.aws_security_group.this",
            "module.app_sg.aws_security_group_rule.self_allow_2049",
            "module.efs.aws_efs_access_point.this",
            "module.efs.aws_efs_file_system.this",
            "module.efs.aws_efs_mount_target.target",
            "module.efs_backup_lambda.aws_iam_role.lambda_exec"
          ]
        }
      ]
    },
    {
      "module": "module.efs_backup_lambda",
      "mode": "managed",
      "type": "aws_lambda_function",
      "name": "this",
      "provider": "provider[\"registry.terraform.io/hashicorp/aws\"]",
      "instances": [
        {
          "schema_version": 0,
          "attributes": {
            "architectures": [
              "x86_64"
            ],
            "arn": "arn:aws:lambda:eu-central-1:686255985275:function:efs-to-s3-backup",
            "code_sha256": "syK7ANoLCV1WPEvC+W5yvOYiOIXlNwCdAmR5FArtLRM=",
            "code_signing_config_arn": "",
            "dead_letter_config": [],
            "description": "",
            "environment": [
              {
                "variables": {
                  "TARGET_BUCKET": "efs-backup-storage-bucket"
                }
              }
            ],
            "ephemeral_storage": [
              {
                "size": 512
              }
            ],
            "file_system_config": [
              {
                "arn": "arn:aws:elasticfilesystem:eu-central-1:686255985275:access-point/fsap-07afb77a2638d5be2",
                "local_mount_path": "/mnt/efs"
              }
            ],
            "filename": "./../../modules/lambda/efs_backup_lambda.zip",
            "function_name": "efs-to-s3-backup",
            "handler": "index.handler",
            "id": "efs-to-s3-backup",
            "image_config": [],
            "image_uri": "",
            "invoke_arn": "arn:aws:apigateway:eu-central-1:lambda:path/2015-03-31/functions/arn:aws:lambda:eu-central-1:686255985275:function:efs-to-s3-backup/invocations",
            "kms_key_arn": "",
            "last_modified": "2025-05-19T12:23:34.788+0000",
            "layers": null,
            "logging_config": [
              {
                "application_log_level": "",
                "log_format": "Text",
                "log_group": "/aws/lambda/efs-to-s3-backup",
                "system_log_level": ""
              }
            ],
            "memory_size": 128,
            "package_type": "Zip",
            "publish": false,
            "qualified_arn": "arn:aws:lambda:eu-central-1:686255985275:function:efs-to-s3-backup:$LATEST",
            "qualified_invoke_arn": "arn:aws:apigateway:eu-central-1:lambda:path/2015-03-31/functions/arn:aws:lambda:eu-central-1:686255985275:function:efs-to-s3-backup:$LATEST/invocations",
            "replace_security_groups_on_destroy": null,
            "replacement_security_group_ids": null,
            "reserved_concurrent_executions": -1,
            "role": "arn:aws:iam::686255985275:role/efs-to-s3-backup-exec",
            "runtime": "python3.9",
            "s3_bucket": null,
            "s3_key": null,
            "s3_object_version": null,
            "signing_job_arn": "",
            "signing_profile_version_arn": "",
            "skip_destroy": false,
            "snap_start": [],
            "source_code_hash": "",
            "source_code_size": 342,
            "tags": null,
            "tags_all": {},
            "timeout": 60,
            "timeouts": null,
            "tracing_config": [
              {
                "mode": "PassThrough"
              }
            ],
            "version": "$LATEST",
            "vpc_config": [
              {
                "ipv6_allowed_for_dual_stack": false,
                "security_group_ids": [
                  "sg-0fd52f39974dcce2c"
                ],
                "subnet_ids": [
                  "subnet-0038b1fe0553c625b"
                ],
                "vpc_id": "vpc-0cd726ed01a18b4fe"
              }
            ]
          },
          "sensitive_attributes": [],
          "identity_schema_version": 0,
          "private": "eyJlMmJmYjczMC1lY2FhLTExZTYtOGY4OC0zNDM2M2JjN2M0YzAiOnsiY3JlYXRlIjo2MDAwMDAwMDAwMDAsImRlbGV0ZSI6NjAwMDAwMDAwMDAwLCJ1cGRhdGUiOjYwMDAwMDAwMDAwMH19",
          "dependencies": [
            "data.aws_subnet.first",
            "data.aws_subnets.default",
            "data.aws_vpc.default",
            "module.app_sg.aws_security_group.this",
            "module.app_sg.aws_security_group_rule.self_allow_2049",
            "module.backup_bucket.aws_s3_bucket.this",
            "module.efs.aws_efs_access_point.this",
            "module.efs.aws_efs_file_system.this",
            "module.efs.aws_efs_mount_target.target",
            "module.efs_backup_lambda.aws_iam_role.lambda_exec"
          ]
        }
      ]
    },
    {
      "module": "module.k8s_master",
      "mode": "managed",
      "type": "aws_instance",
      "name": "this",
      "provider": "provider[\"registry.terraform.io/hashicorp/aws\"]",
      "instances": [
        {
          "schema_version": 1,
          "attributes": {
            "ami": "ami-0a87a69d69fa289be",
            "arn": "arn:aws:ec2:eu-central-1:686255985275:instance/i-0a2995919bad63e6c",
            "associate_public_ip_address": true,
            "availability_zone": "eu-central-1a",
            "capacity_reservation_specification": [
              {
                "capacity_reservation_preference": "open",
                "capacity_reservation_target": []
              }
            ],
            "cpu_core_count": 2,
            "cpu_options": [
              {
                "amd_sev_snp": "",
                "core_count": 2,
                "threads_per_core": 1
              }
            ],
            "cpu_threads_per_core": 1,
            "credit_specification": [
              {
                "cpu_credits": "standard"
              }
            ],
            "disable_api_stop": false,
            "disable_api_termination": false,
            "ebs_block_device": [],
            "ebs_optimized": false,
            "enable_primary_ipv6": null,
            "enclave_options": [
              {
                "enabled": false
              }
            ],
            "ephemeral_block_device": [],
            "get_password_data": false,
            "hibernation": false,
            "host_id": "",
            "host_resource_group_arn": null,
            "iam_instance_profile": "",
            "id": "i-0a2995919bad63e6c",
            "instance_initiated_shutdown_behavior": "stop",
            "instance_lifecycle": "",
            "instance_market_options": [],
            "instance_state": "running",
            "instance_type": "t2.medium",
            "ipv6_address_count": 0,
            "ipv6_addresses": [],
            "key_name": "ocs-key",
            "launch_template": [],
            "maintenance_options": [
              {
                "auto_recovery": "default"
              }
            ],
            "metadata_options": [
              {
                "http_endpoint": "enabled",
                "http_protocol_ipv6": "disabled",
                "http_put_response_hop_limit": 1,
                "http_tokens": "optional",
                "instance_metadata_tags": "disabled"
              }
            ],
            "monitoring": false,
            "network_interface": [],
            "outpost_arn": "",
            "password_data": "",
            "placement_group": "",
            "placement_partition_number": 0,
            "primary_network_interface_id": "eni-0fc304d1ef87f65df",
            "private_dns": "ip-172-31-20-68.eu-central-1.compute.internal",
            "private_dns_name_options": [
              {
                "enable_resource_name_dns_a_record": false,
                "enable_resource_name_dns_aaaa_record": false,
                "hostname_type": "ip-name"
              }
            ],
            "private_ip": "172.31.20.68",
            "public_dns": "ec2-18-193-115-131.eu-central-1.compute.amazonaws.com",
            "public_ip": "18.193.115.131",
            "root_block_device": [
              {
                "delete_on_termination": true,
                "device_name": "/dev/sda1",
                "encrypted": false,
                "iops": 100,
                "kms_key_id": "",
                "tags": {},
                "tags_all": {},
                "throughput": 0,
                "volume_id": "vol-0fbf958e5781550bf",
                "volume_size": 25,
                "volume_type": "gp2"
              }
            ],
            "secondary_private_ips": [],
            "security_groups": [
              "ramo-beko-sg"
            ],
            "source_dest_check": true,
            "spot_instance_request_id": "",
            "subnet_id": "subnet-0b5b1dac403a2527d",
            "tags": {
              "Name": "kubernetes-master"
            },
            "tags_all": {
              "Name": "kubernetes-master"
            },
            "tenancy": "default",
            "timeouts": null,
            "user_data": null,
            "user_data_base64": null,
            "user_data_replace_on_change": false,
            "volume_tags": null,
            "vpc_security_group_ids": [
              "sg-0fd52f39974dcce2c"
            ]
          },
          "sensitive_attributes": [],
          "identity_schema_version": 0,
          "private": "eyJlMmJmYjczMC1lY2FhLTExZTYtOGY4OC0zNDM2M2JjN2M0YzAiOnsiY3JlYXRlIjo2MDAwMDAwMDAwMDAsImRlbGV0ZSI6MTIwMDAwMDAwMDAwMCwicmVhZCI6OTAwMDAwMDAwMDAwLCJ1cGRhdGUiOjYwMDAwMDAwMDAwMH0sInNjaGVtYV92ZXJzaW9uIjoiMSJ9",
          "dependencies": [
            "aws_key_pair.ocs_key",
            "data.aws_ami.ubuntu_latest",
            "data.aws_vpc.default",
            "module.app_sg.aws_security_group.this",
            "module.app_sg.aws_security_group_rule.self_allow_2049",
            "tls_private_key.ocs_key"
          ]
        }
      ]
    },
    {
      "module": "module.k8s_slave_1",
      "mode": "managed",
      "type": "aws_instance",
      "name": "this",
      "provider": "provider[\"registry.terraform.io/hashicorp/aws\"]",
      "instances": [
        {
          "schema_version": 1,
          "attributes": {
            "ami": "ami-0a87a69d69fa289be",
            "arn": "arn:aws:ec2:eu-central-1:686255985275:instance/i-030c7968700dbca24",
            "associate_public_ip_address": true,
            "availability_zone": "eu-central-1a",
            "capacity_reservation_specification": [
              {
                "capacity_reservation_preference": "open",
                "capacity_reservation_target": []
              }
            ],
            "cpu_core_count": 2,
            "cpu_options": [
              {
                "amd_sev_snp": "",
                "core_count": 2,
                "threads_per_core": 1
              }
            ],
            "cpu_threads_per_core": 1,
            "credit_specification": [
              {
                "cpu_credits": "standard"
              }
            ],
            "disable_api_stop": false,
            "disable_api_termination": false,
            "ebs_block_device": [],
            "ebs_optimized": false,
            "enable_primary_ipv6": null,
            "enclave_options": [
              {
                "enabled": false
              }
            ],
            "ephemeral_block_device": [],
            "get_password_data": false,
            "hibernation": false,
            "host_id": "",
            "host_resource_group_arn": null,
            "iam_instance_profile": "",
            "id": "i-030c7968700dbca24",
            "instance_initiated_shutdown_behavior": "stop",
            "instance_lifecycle": "",
            "instance_market_options": [],
            "instance_state": "running",
            "instance_type": "t2.medium",
            "ipv6_address_count": 0,
            "ipv6_addresses": [],
            "key_name": "ocs-key",
            "launch_template": [],
            "maintenance_options": [
              {
                "auto_recovery": "default"
              }
            ],
            "metadata_options": [
              {
                "http_endpoint": "enabled",
                "http_protocol_ipv6": "disabled",
                "http_put_response_hop_limit": 1,
                "http_tokens": "optional",
                "instance_metadata_tags": "disabled"
              }
            ],
            "monitoring": false,
            "network_interface": [],
            "outpost_arn": "",
            "password_data": "",
            "placement_group": "",
            "placement_partition_number": 0,
            "primary_network_interface_id": "eni-05d31f71e2a3676c1",
            "private_dns": "ip-172-31-19-119.eu-central-1.compute.internal",
            "private_dns_name_options": [
              {
                "enable_resource_name_dns_a_record": false,
                "enable_resource_name_dns_aaaa_record": false,
                "hostname_type": "ip-name"
              }
            ],
            "private_ip": "172.31.19.119",
            "public_dns": "ec2-3-66-17-118.eu-central-1.compute.amazonaws.com",
            "public_ip": "3.66.17.118",
            "root_block_device": [
              {
                "delete_on_termination": true,
                "device_name": "/dev/sda1",
                "encrypted": false,
                "iops": 100,
                "kms_key_id": "",
                "tags": {},
                "tags_all": {},
                "throughput": 0,
                "volume_id": "vol-036e23c1f095cff04",
                "volume_size": 25,
                "volume_type": "gp2"
              }
            ],
            "secondary_private_ips": [],
            "security_groups": [
              "ramo-beko-sg"
            ],
            "source_dest_check": true,
            "spot_instance_request_id": "",
            "subnet_id": "subnet-0b5b1dac403a2527d",
            "tags": {
              "Name": "kubernetes-slave-1"
            },
            "tags_all": {
              "Name": "kubernetes-slave-1"
            },
            "tenancy": "default",
            "timeouts": null,
            "user_data": null,
            "user_data_base64": null,
            "user_data_replace_on_change": false,
            "volume_tags": null,
            "vpc_security_group_ids": [
              "sg-0fd52f39974dcce2c"
            ]
          },
          "sensitive_attributes": [],
          "identity_schema_version": 0,
          "private": "eyJlMmJmYjczMC1lY2FhLTExZTYtOGY4OC0zNDM2M2JjN2M0YzAiOnsiY3JlYXRlIjo2MDAwMDAwMDAwMDAsImRlbGV0ZSI6MTIwMDAwMDAwMDAwMCwicmVhZCI6OTAwMDAwMDAwMDAwLCJ1cGRhdGUiOjYwMDAwMDAwMDAwMH0sInNjaGVtYV92ZXJzaW9uIjoiMSJ9",
          "dependencies": [
            "aws_key_pair.ocs_key",
            "data.aws_ami.ubuntu_latest",
            "data.aws_vpc.default",
            "module.app_sg.aws_security_group.this",
            "module.app_sg.aws_security_group_rule.self_allow_2049",
            "tls_private_key.ocs_key"
          ]
        }
      ]
    },
    {
      "module": "module.k8s_slave_2",
      "mode": "managed",
      "type": "aws_instance",
      "name": "this",
      "provider": "provider[\"registry.terraform.io/hashicorp/aws\"]",
      "instances": [
        {
          "schema_version": 1,
          "attributes": {
            "ami": "ami-0a87a69d69fa289be",
            "arn": "arn:aws:ec2:eu-central-1:686255985275:instance/i-09d7fe31b7b72a613",
            "associate_public_ip_address": true,
            "availability_zone": "eu-central-1a",
            "capacity_reservation_specification": [
              {
                "capacity_reservation_preference": "open",
                "capacity_reservation_target": []
              }
            ],
            "cpu_core_count": 2,
            "cpu_options": [
              {
                "amd_sev_snp": "",
                "core_count": 2,
                "threads_per_core": 1
              }
            ],
            "cpu_threads_per_core": 1,
            "credit_specification": [
              {
                "cpu_credits": "standard"
              }
            ],
            "disable_api_stop": false,
            "disable_api_termination": false,
            "ebs_block_device": [],
            "ebs_optimized": false,
            "enable_primary_ipv6": null,
            "enclave_options": [
              {
                "enabled": false
              }
            ],
            "ephemeral_block_device": [],
            "get_password_data": false,
            "hibernation": false,
            "host_id": "",
            "host_resource_group_arn": null,
            "iam_instance_profile": "",
            "id": "i-09d7fe31b7b72a613",
            "instance_initiated_shutdown_behavior": "stop",
            "instance_lifecycle": "",
            "instance_market_options": [],
            "instance_state": "running",
            "instance_type": "t2.medium",
            "ipv6_address_count": 0,
            "ipv6_addresses": [],
            "key_name": "ocs-key",
            "launch_template": [],
            "maintenance_options": [
              {
                "auto_recovery": "default"
              }
            ],
            "metadata_options": [
              {
                "http_endpoint": "enabled",
                "http_protocol_ipv6": "disabled",
                "http_put_response_hop_limit": 1,
                "http_tokens": "optional",
                "instance_metadata_tags": "disabled"
              }
            ],
            "monitoring": false,
            "network_interface": [],
            "outpost_arn": "",
            "password_data": "",
            "placement_group": "",
            "placement_partition_number": 0,
            "primary_network_interface_id": "eni-0d7021e28ab85be97",
            "private_dns": "ip-172-31-25-225.eu-central-1.compute.internal",
            "private_dns_name_options": [
              {
                "enable_resource_name_dns_a_record": false,
                "enable_resource_name_dns_aaaa_record": false,
                "hostname_type": "ip-name"
              }
            ],
            "private_ip": "172.31.25.225",
            "public_dns": "ec2-3-70-227-30.eu-central-1.compute.amazonaws.com",
            "public_ip": "3.70.227.30",
            "root_block_device": [
              {
                "delete_on_termination": true,
                "device_name": "/dev/sda1",
                "encrypted": false,
                "iops": 100,
                "kms_key_id": "",
                "tags": {},
                "tags_all": {},
                "throughput": 0,
                "volume_id": "vol-070a989353551e26f",
                "volume_size": 25,
                "volume_type": "gp2"
              }
            ],
            "secondary_private_ips": [],
            "security_groups": [
              "ramo-beko-sg"
            ],
            "source_dest_check": true,
            "spot_instance_request_id": "",
            "subnet_id": "subnet-0b5b1dac403a2527d",
            "tags": {
              "Name": "kubernetes-slave-2"
            },
            "tags_all": {
              "Name": "kubernetes-slave-2"
            },
            "tenancy": "default",
            "timeouts": null,
            "user_data": null,
            "user_data_base64": null,
            "user_data_replace_on_change": false,
            "volume_tags": null,
            "vpc_security_group_ids": [
              "sg-0fd52f39974dcce2c"
            ]
          },
          "sensitive_attributes": [],
          "identity_schema_version": 0,
          "private": "eyJlMmJmYjczMC1lY2FhLTExZTYtOGY4OC0zNDM2M2JjN2M0YzAiOnsiY3JlYXRlIjo2MDAwMDAwMDAwMDAsImRlbGV0ZSI6MTIwMDAwMDAwMDAwMCwicmVhZCI6OTAwMDAwMDAwMDAwLCJ1cGRhdGUiOjYwMDAwMDAwMDAwMH0sInNjaGVtYV92ZXJzaW9uIjoiMSJ9",
          "dependencies": [
            "aws_key_pair.ocs_key",
            "data.aws_ami.ubuntu_latest",
            "data.aws_vpc.default",
            "module.app_sg.aws_security_group.this",
            "module.app_sg.aws_security_group_rule.self_allow_2049",
            "tls_private_key.ocs_key"
          ]
        }
      ]
    },
    {
      "module": "module.nexus",
      "mode": "managed",
      "type": "aws_instance",
      "name": "this",
      "provider": "provider[\"registry.terraform.io/hashicorp/aws\"]",
      "instances": [
        {
          "schema_version": 1,
          "attributes": {
            "ami": "ami-0a87a69d69fa289be",
            "arn": "arn:aws:ec2:eu-central-1:686255985275:instance/i-0f37ae61d31f64321",
            "associate_public_ip_address": true,
            "availability_zone": "eu-central-1a",
            "capacity_reservation_specification": [
              {
                "capacity_reservation_preference": "open",
                "capacity_reservation_target": []
              }
            ],
            "cpu_core_count": 2,
            "cpu_options": [
              {
                "amd_sev_snp": "",
                "core_count": 2,
                "threads_per_core": 1
              }
            ],
            "cpu_threads_per_core": 1,
            "credit_specification": [
              {
                "cpu_credits": "standard"
              }
            ],
            "disable_api_stop": false,
            "disable_api_termination": false,
            "ebs_block_device": [],
            "ebs_optimized": false,
            "enable_primary_ipv6": null,
            "enclave_options": [
              {
                "enabled": false
              }
            ],
            "ephemeral_block_device": [],
            "get_password_data": false,
            "hibernation": false,
            "host_id": "",
            "host_resource_group_arn": null,
            "iam_instance_profile": "",
            "id": "i-0f37ae61d31f64321",
            "instance_initiated_shutdown_behavior": "stop",
            "instance_lifecycle": "",
            "instance_market_options": [],
            "instance_state": "running",
            "instance_type": "t2.medium",
            "ipv6_address_count": 0,
            "ipv6_addresses": [],
            "key_name": "ocs-key",
            "launch_template": [],
            "maintenance_options": [
              {
                "auto_recovery": "default"
              }
            ],
            "metadata_options": [
              {
                "http_endpoint": "enabled",
                "http_protocol_ipv6": "disabled",
                "http_put_response_hop_limit": 1,
                "http_tokens": "optional",
                "instance_metadata_tags": "disabled"
              }
            ],
            "monitoring": false,
            "network_interface": [],
            "outpost_arn": "",
            "password_data": "",
            "placement_group": "",
            "placement_partition_number": 0,
            "primary_network_interface_id": "eni-06e5ae2baeb982e16",
            "private_dns": "ip-172-31-26-96.eu-central-1.compute.internal",
            "private_dns_name_options": [
              {
                "enable_resource_name_dns_a_record": false,
                "enable_resource_name_dns_aaaa_record": false,
                "hostname_type": "ip-name"
              }
            ],
            "private_ip": "172.31.26.96",
            "public_dns": "ec2-63-177-231-189.eu-central-1.compute.amazonaws.com",
            "public_ip": "63.177.231.189",
            "root_block_device": [
              {
                "delete_on_termination": true,
                "device_name": "/dev/sda1",
                "encrypted": false,
                "iops": 100,
                "kms_key_id": "",
                "tags": {},
                "tags_all": {},
                "throughput": 0,
                "volume_id": "vol-00d2bb21a72e09c65",
                "volume_size": 20,
                "volume_type": "gp2"
              }
            ],
            "secondary_private_ips": [],
            "security_groups": [
              "ramo-beko-sg"
            ],
            "source_dest_check": true,
            "spot_instance_request_id": "",
            "subnet_id": "subnet-0b5b1dac403a2527d",
            "tags": {
              "Name": "nexus"
            },
            "tags_all": {
              "Name": "nexus"
            },
            "tenancy": "default",
            "timeouts": null,
            "user_data": null,
            "user_data_base64": null,
            "user_data_replace_on_change": false,
            "volume_tags": null,
            "vpc_security_group_ids": [
              "sg-0fd52f39974dcce2c"
            ]
          },
          "sensitive_attributes": [],
          "identity_schema_version": 0,
          "private": "eyJlMmJmYjczMC1lY2FhLTExZTYtOGY4OC0zNDM2M2JjN2M0YzAiOnsiY3JlYXRlIjo2MDAwMDAwMDAwMDAsImRlbGV0ZSI6MTIwMDAwMDAwMDAwMCwicmVhZCI6OTAwMDAwMDAwMDAwLCJ1cGRhdGUiOjYwMDAwMDAwMDAwMH0sInNjaGVtYV92ZXJzaW9uIjoiMSJ9",
          "dependencies": [
            "aws_key_pair.ocs_key",
            "data.aws_ami.ubuntu_latest",
            "data.aws_vpc.default",
            "module.app_sg.aws_security_group.this",
            "module.app_sg.aws_security_group_rule.self_allow_2049",
            "tls_private_key.ocs_key"
          ]
        }
      ]
    },
    {
      "module": "module.sonarqube",
      "mode": "managed",
      "type": "aws_instance",
      "name": "this",
      "provider": "provider[\"registry.terraform.io/hashicorp/aws\"]",
      "instances": [
        {
          "schema_version": 1,
          "attributes": {
            "ami": "ami-0a87a69d69fa289be",
            "arn": "arn:aws:ec2:eu-central-1:686255985275:instance/i-0711b5574611ced60",
            "associate_public_ip_address": true,
            "availability_zone": "eu-central-1a",
            "capacity_reservation_specification": [
              {
                "capacity_reservation_preference": "open",
                "capacity_reservation_target": []
              }
            ],
            "cpu_core_count": 2,
            "cpu_options": [
              {
                "amd_sev_snp": "",
                "core_count": 2,
                "threads_per_core": 1
              }
            ],
            "cpu_threads_per_core": 1,
            "credit_specification": [
              {
                "cpu_credits": "standard"
              }
            ],
            "disable_api_stop": false,
            "disable_api_termination": false,
            "ebs_block_device": [],
            "ebs_optimized": false,
            "enable_primary_ipv6": null,
            "enclave_options": [
              {
                "enabled": false
              }
            ],
            "ephemeral_block_device": [],
            "get_password_data": false,
            "hibernation": false,
            "host_id": "",
            "host_resource_group_arn": null,
            "iam_instance_profile": "",
            "id": "i-0711b5574611ced60",
            "instance_initiated_shutdown_behavior": "stop",
            "instance_lifecycle": "",
            "instance_market_options": [],
            "instance_state": "running",
            "instance_type": "t2.medium",
            "ipv6_address_count": 0,
            "ipv6_addresses": [],
            "key_name": "ocs-key",
            "launch_template": [],
            "maintenance_options": [
              {
                "auto_recovery": "default"
              }
            ],
            "metadata_options": [
              {
                "http_endpoint": "enabled",
                "http_protocol_ipv6": "disabled",
                "http_put_response_hop_limit": 1,
                "http_tokens": "optional",
                "instance_metadata_tags": "disabled"
              }
            ],
            "monitoring": false,
            "network_interface": [],
            "outpost_arn": "",
            "password_data": "",
            "placement_group": "",
            "placement_partition_number": 0,
            "primary_network_interface_id": "eni-0de3695c54a9af3ee",
            "private_dns": "ip-172-31-19-57.eu-central-1.compute.internal",
            "private_dns_name_options": [
              {
                "enable_resource_name_dns_a_record": false,
                "enable_resource_name_dns_aaaa_record": false,
                "hostname_type": "ip-name"
              }
            ],
            "private_ip": "172.31.19.57",
            "public_dns": "ec2-18-184-167-114.eu-central-1.compute.amazonaws.com",
            "public_ip": "18.184.167.114",
            "root_block_device": [
              {
                "delete_on_termination": true,
                "device_name": "/dev/sda1",
                "encrypted": false,
                "iops": 100,
                "kms_key_id": "",
                "tags": {},
                "tags_all": {},
                "throughput": 0,
                "volume_id": "vol-08f61d7b8b540166b",
                "volume_size": 20,
                "volume_type": "gp2"
              }
            ],
            "secondary_private_ips": [],
            "security_groups": [
              "ramo-beko-sg"
            ],
            "source_dest_check": true,
            "spot_instance_request_id": "",
            "subnet_id": "subnet-0b5b1dac403a2527d",
            "tags": {
              "Name": "sonarqube"
            },
            "tags_all": {
              "Name": "sonarqube"
            },
            "tenancy": "default",
            "timeouts": null,
            "user_data": null,
            "user_data_base64": null,
            "user_data_replace_on_change": false,
            "volume_tags": null,
            "vpc_security_group_ids": [
              "sg-0fd52f39974dcce2c"
            ]
          },
          "sensitive_attributes": [],
          "identity_schema_version": 0,
          "private": "eyJlMmJmYjczMC1lY2FhLTExZTYtOGY4OC0zNDM2M2JjN2M0YzAiOnsiY3JlYXRlIjo2MDAwMDAwMDAwMDAsImRlbGV0ZSI6MTIwMDAwMDAwMDAwMCwicmVhZCI6OTAwMDAwMDAwMDAwLCJ1cGRhdGUiOjYwMDAwMDAwMDAwMH0sInNjaGVtYV92ZXJzaW9uIjoiMSJ9",
          "dependencies": [
            "aws_key_pair.ocs_key",
            "data.aws_ami.ubuntu_latest",
            "data.aws_vpc.default",
            "module.app_sg.aws_security_group.this",
            "module.app_sg.aws_security_group_rule.self_allow_2049",
            "tls_private_key.ocs_key"
          ]
        }
      ]
    }
  ],
  "check_results": null
}
