{
  "version": 4,
  "terraform_version": "1.12.0",
  "serial": 677,
  "lineage": "b21f79db-f62a-beb9-8434-c9caf1899576",
  "outputs": {
    "all_ips": {
      "value": {
        "jenkins": "44.211.217.167",
        "k8s_master": "34.227.27.130",
        "k8s_slave_1": "44.203.118.33",
        "k8s_slave_2": "3.84.188.179",
        "nexus": "34.207.67.117",
        "sonarqube": "13.221.80.106"
      },
      "type": [
        "object",
        {
          "jenkins": "string",
          "k8s_master": "string",
          "k8s_slave_1": "string",
          "k8s_slave_2": "string",
          "nexus": "string",
          "sonarqube": "string"
        }
      ]
    }
  },
  "resources": [
    {
      "mode": "data",
      "type": "aws_ami",
      "name": "ubuntu_latest",
      "provider": "provider[\"registry.terraform.io/hashicorp/aws\"]",
      "instances": [
        {
          "schema_version": 0,
          "attributes": {
            "architecture": "x86_64",
            "arn": "arn:aws:ec2:us-east-1::image/ami-054d6a336762e438e",
            "block_device_mappings": [
              {
                "device_name": "/dev/sda1",
                "ebs": {
                  "delete_on_termination": "true",
                  "encrypted": "false",
                  "iops": "0",
                  "snapshot_id": "snap-00487d956ad1fa833",
                  "throughput": "0",
                  "volume_size": "8",
                  "volume_type": "gp2"
                },
                "no_device": "",
                "virtual_name": ""
              },
              {
                "device_name": "/dev/sdb",
                "ebs": {},
                "no_device": "",
                "virtual_name": "ephemeral0"
              },
              {
                "device_name": "/dev/sdc",
                "ebs": {},
                "no_device": "",
                "virtual_name": "ephemeral1"
              }
            ],
            "boot_mode": "legacy-bios",
            "creation_date": "2025-06-03T15:17:26.000Z",
            "deprecation_time": "2027-06-03T15:17:26.000Z",
            "description": "Canonical, Ubuntu, 20.04, amd64 focal image",
            "ena_support": true,
            "executable_users": null,
            "filter": [
              {
                "name": "name",
                "values": [
                  "ubuntu/images/hvm-ssd/ubuntu-*-amd64-server-*"
                ]
              },
              {
                "name": "virtualization-type",
                "values": [
                  "hvm"
                ]
              }
            ],
            "hypervisor": "xen",
            "id": "ami-054d6a336762e438e",
            "image_id": "ami-054d6a336762e438e",
            "image_location": "amazon/ubuntu/images/hvm-ssd/ubuntu-focal-20.04-amd64-server-20250603",
            "image_owner_alias": "amazon",
            "image_type": "machine",
            "imds_support": "",
            "include_deprecated": false,
            "kernel_id": "",
            "last_launched_time": "",
            "most_recent": true,
            "name": "ubuntu/images/hvm-ssd/ubuntu-focal-20.04-amd64-server-20250603",
            "name_regex": null,
            "owner_id": "099720109477",
            "owners": [
              "099720109477"
            ],
            "platform": "",
            "platform_details": "Linux/UNIX",
            "product_codes": [],
            "public": true,
            "ramdisk_id": "",
            "root_device_name": "/dev/sda1",
            "root_device_type": "ebs",
            "root_snapshot_id": "snap-00487d956ad1fa833",
            "sriov_net_support": "simple",
            "state": "available",
            "state_reason": {
              "code": "UNSET",
              "message": "UNSET"
            },
            "tags": {},
            "timeouts": null,
            "tpm_support": "",
            "uefi_data": null,
            "usage_operation": "RunInstances",
            "virtualization_type": "hvm"
          },
          "sensitive_attributes": [],
          "identity_schema_version": 0
        }
      ]
    },
    {
      "mode": "data",
      "type": "aws_subnet",
      "name": "first",
      "provider": "provider[\"registry.terraform.io/hashicorp/aws\"]",
      "instances": [
        {
          "schema_version": 0,
          "attributes": {
            "arn": "arn:aws:ec2:us-east-1:686255985275:subnet/subnet-01afe15d77fa192be",
            "assign_ipv6_address_on_creation": false,
            "availability_zone": "us-east-1c",
            "availability_zone_id": "use1-az6",
            "available_ip_address_count": 4091,
            "cidr_block": "172.31.32.0/20",
            "customer_owned_ipv4_pool": "",
            "default_for_az": true,
            "enable_dns64": false,
            "enable_lni_at_device_index": 0,
            "enable_resource_name_dns_a_record_on_launch": false,
            "enable_resource_name_dns_aaaa_record_on_launch": false,
            "filter": null,
            "id": "subnet-01afe15d77fa192be",
            "ipv6_cidr_block": "",
            "ipv6_cidr_block_association_id": "",
            "ipv6_native": false,
            "map_customer_owned_ip_on_launch": false,
            "map_public_ip_on_launch": true,
            "outpost_arn": "",
            "owner_id": "686255985275",
            "private_dns_hostname_type_on_launch": "ip-name",
            "state": "available",
            "tags": {},
            "timeouts": null,
            "vpc_id": "vpc-0e5762d7b0fce1202"
          },
          "sensitive_attributes": [],
          "identity_schema_version": 0
        }
      ]
    },
    {
      "mode": "data",
      "type": "aws_subnets",
      "name": "default",
      "provider": "provider[\"registry.terraform.io/hashicorp/aws\"]",
      "instances": [
        {
          "schema_version": 0,
          "attributes": {
            "filter": [
              {
                "name": "vpc-id",
                "values": [
                  "vpc-0e5762d7b0fce1202"
                ]
              }
            ],
            "id": "us-east-1",
            "ids": [
              "subnet-01afe15d77fa192be",
              "subnet-024d2ca427751c468",
              "subnet-0592ded1e94dc1c84",
              "subnet-0976ca175839a158c",
              "subnet-098f99877c7803ccc",
              "subnet-0813496b20f5edb2d"
            ],
            "tags": null,
            "timeouts": null
          },
          "sensitive_attributes": [],
          "identity_schema_version": 0
        }
      ]
    },
    {
      "mode": "data",
      "type": "aws_vpc",
      "name": "default",
      "provider": "provider[\"registry.terraform.io/hashicorp/aws\"]",
      "instances": [
        {
          "schema_version": 0,
          "attributes": {
            "arn": "arn:aws:ec2:us-east-1:686255985275:vpc/vpc-0e5762d7b0fce1202",
            "cidr_block": "172.31.0.0/16",
            "cidr_block_associations": [
              {
                "association_id": "vpc-cidr-assoc-08f54586050531d41",
                "cidr_block": "172.31.0.0/16",
                "state": "associated"
              }
            ],
            "default": true,
            "dhcp_options_id": "dopt-0923b754f249b34ad",
            "enable_dns_hostnames": true,
            "enable_dns_support": true,
            "enable_network_address_usage_metrics": false,
            "filter": null,
            "id": "vpc-0e5762d7b0fce1202",
            "instance_tenancy": "default",
            "ipv6_association_id": "",
            "ipv6_cidr_block": "",
            "main_route_table_id": "rtb-04d86edce383a5cf8",
            "owner_id": "686255985275",
            "state": null,
            "tags": {},
            "timeouts": null
          },
          "sensitive_attributes": [],
          "identity_schema_version": 0
        }
      ]
    },
    {
      "mode": "managed",
      "type": "aws_key_pair",
      "name": "ocs_key",
      "provider": "provider[\"registry.terraform.io/hashicorp/aws\"]",
      "instances": [
        {
          "schema_version": 1,
          "attributes": {
            "arn": "arn:aws:ec2:us-east-1:686255985275:key-pair/ocs-key",
            "fingerprint": "00:73:9c:00:f4:6e:1e:7b:2f:d7:7b:0f:fd:99:45:58",
            "id": "ocs-key",
            "key_name": "ocs-key",
            "key_name_prefix": "",
            "key_pair_id": "key-07c85197d0d8d872b",
            "key_type": "rsa",
            "public_key": "ssh-rsa AAAAB3NzaC1yc2EAAAADAQABAAACAQDKnXBt0ULWdJLeHn8xHZc9N+2uPLBi7OqH5bQQp0Qlik0X7n/Jul3ssaFcWAk37h8ZCk4OJwBmtLHt15EFHYCvPthfG1GC02dGaikr7XpP/hZN3ktKBRfJrrMrrh7PVHyArQe5XNGjgdIZ7b3MqT7Ip9u3ZHpcVcUUtzGQewbLTmnzNLT4BXIdbCY2ye8QYgR4l1cSgx5pqfoCLr8WZxRD3V/rvfUSkNk1FFN/U7G5UqehoXJF3nmdGT3cv9rfye2b0mxSehuCUgF0/wEQqMcpjLrkzV02VDUCOyN+/SDvGmK22pS0NPQ7tLWPqLV2+MCRVosOJVapYxxss8rczuypjVapYd9GV3CuN+y2hWB4tCXmlpcef8frWX69yuelLBMffx2+woymNXtZ8Tr6oNZvymVAqM2VtWnjAH38Lv3GlQHSxY5wORA7Yw0typxUmrDAbMsV4cqXPc+hZgKNRvzMv5EH6knABKbT+Klt+CPttoSmz4yVJwEPyJXZ0XEY1/3IMODtzO6UMYwBjWmKGA6Sk0680f61ss95nXZC8NVKGbq6klc7aWuXTiwNL0tqNMIXOPDMREv6jL0rvE674VwswMHQ9dPgTxflMB0W9gpIzGJTqJrIMZ3x4MsEF8/nr/JwOUw591Bzdzkd7bNCB1aaxl0/6g5cF6DT5wSflqvgWQ==",
            "tags": {},
            "tags_all": {}
          },
          "sensitive_attributes": [],
          "identity_schema_version": 0,
          "private": "eyJzY2hlbWFfdmVyc2lvbiI6IjEifQ==",
          "dependencies": [
            "tls_private_key.ocs_key"
          ]
        }
      ]
    },
    {
      "mode": "managed",
      "type": "local_file",
      "name": "private_key",
      "provider": "provider[\"registry.terraform.io/hashicorp/local\"]",
      "instances": [
        {
          "schema_version": 0,
          "attributes": {
            "content": "-----BEGIN RSA PRIVATE KEY-----\nMIIJJwIBAAKCAgEAyp1wbdFC1nSS3h5/MR2XPTftrjywYuzqh+W0EKdEJYpNF+5/\nybpd7LGhXFgJN+4fGQpODicAZrSx7deRBR2Arz7YXxtRgtNnRmopK+16T/4WTd5L\nSgUXya6zK64ez1R8gK0HuVzRo4HSGe29zKk+yKfbt2R6XFXFFLcxkHsGy05p8zS0\n+AVyHWwmNsnvEGIEeJdXEoMeaan6Ai6/FmcUQ91f6731EpDZNRRTf1OxuVKnoaFy\nRd55nRk93L/a38ntm9JsUnobglIBdP8BEKjHKYy65M1dNlQ1Ajsjfv0g7xpittqU\ntDT0O7S1j6i1dvjAkVaLDiVWqWMcbLPK3M7sqY1WqWHfRldwrjfstoVgeLQl5paX\nHn/H61l+vcrnpSwTH38dvsKMpjV7WfE6+qDWb8plQKjNlbVp4wB9/C79xpUB0sWO\ncDkQO2MNLcqcVJqwwGzLFeHKlz3PoWYCjUb8zL+RB+pJwASm0/ipbfgj7baEps+M\nlScBD8iV2dFxGNf9yDDg7czulDGMAY1pihgOkpNOvNH+tbLPeZ12QvDVShm6upJX\nO2lrl04sDS9LajTCFzjwzERL+oy9K7xOu+FcLMDB0PXT4E8X5TAdFvYKSMxiU6ia\nyDGd8eDLBBfP56/ycDlMOfdQc3c5He2zQgdWmsZdP+oOXBeg0+cEn5ar4FkCAwEA\nAQKCAgAgSYlufo/Lk+UJj0uOfJwqrbxq7RHgmcdf44tXsgfqgYj6fM+RSmkIPGAt\n0nuZlZEQEPPSToXCWB4YfCcIbSSiCH47XaOWGPEWp/kqnlvE3oUYYImX4IrjYTr9\nBXC0ck6qxKf78l4X06qy5g8+S2QNXq5lIZZcG3Dd9blowCobgMHidy41bcy7Ao5u\nYax+bFgxDVDbStiwVt1XtrJNtBxnGiJcczdX/4wVaMlLe39RPGopGAyZNLQlhC22\n/T24NrnuAFCxrfKvSDkiNzaovHSMWvg3WMB3VWDjG6By7oxufcJoSBm1Q9D9qLTc\nETLlpAsvvd5H4UxXjssrSVVU7YaJz06/Lvg318lz/H4ojill0NYAUoi6u8FcmaEh\ncUyC8UdlSqB7xZ82nOq2TYF10jvw4N3h6uqXq3wuE90uhgTL8HuSmBtX7mQ8UX0B\ntU4yXAnNemGHRjO7nu9f8x3FP1C5rvp20PE9zbpN0QYYNMovNxjz/UP+qVlo7Hkm\nk7I83QcjRuS0GRxrCq374VDPnS81UWLrQTqaBkg3iwqzwspwdh84zmDGBw9cpiBf\nNw1oDXd9ME85UmHpbd7oRvREKHHT83BKduTwC4htsjb+IR5zQoW7Yne3srSY49QR\n25RFeuOOkRpk5cqGhvxCwq7TGWHVk7mmom32yNao0YhC1Skn1wKCAQEA/gXE6qms\nCfNY7A7vNV9W8RsVCj6ETUu+peae91ScJi7ETnu6ZYrEBD39BmUMtYDuXsTvCJne\neCEgGBMvirYm84DlKCJTsLXkzkao6XPmXo2nkS0vtuhHZGBUoLOg3X1TsY2g4kRP\nAUsxeTHjy9hKogii10Q6IbmKJNefIt0MWMyUoKDTmJzP3sJWfN7FJLFNPhBteAtx\nbGIqCgbnZ23I5dNs008ClI2RnA6UQpcsglg0QkIkaqHbw2vkUuiP3cr1H/Dts69c\nav1xT+WZsDv+pFXKPsSYf8IIcwOIk5Jir+JayBB5k3zAl+KP/jmVep2cy+pCo/mR\nVklf9CNIiRQMjwKCAQEAzDE42IpDMjY29oiVPLbFzvXCFGpqp6d3xbpjOzdA0cT3\nPP4s9Do+v+vKgktNGRGNm6cdPAetI2C4nITfHpdQ3T28j3BzBT3l7UVq07Pkd4cb\n8Sazl4M3+D9eKa7bnmKVoblg8TLIwfR7y90KtYJDiMTwal2otKekesrjjgR84bvc\n+JcAKfyhR6VjQlXSw4UEs9hO+uSW7EywQrIlzgLJlnP10O/SXzIumILM1X/qbgvW\n1a2GXPMcpZgRhgqTr5YowS3kUfSxLeM+e7vjGKnXjzxsxwtWn4EA6fl/FFxIHl8/\nxagZK8SXS5FLIIX/QEGj19TZHYW0igecV1tCD0wIlwKCAQB1LwIlYvp7aKhX1Zfi\nXkYEWgL9w9NSuSOM8vPYk06pip+CuS9G0poUfugvwAP54y2TyHOg2yK29kkQ8iDX\nc6pKYObV+efzuCWCRzR65b2bVuu7XEYLseHlW08PB26pXrxyRyy11N9BcIe1Kh+1\nFOVxFFzSw6Wxkx84WcQO2Dxu5omWBDs4xvZaA/rUBgyaHbTNcdSeMWE0p6BPGdo8\na3fnFf65CFTfZOOMQ2l/wq+Evd31xv93tY1k/GvLF3/uyEcGYiW146rVrG9OdVPN\n6g9RjkYLaLQVE9TEAhhKQ5iFHP3WF0uOj1lld94HYFclxnnj1ADEFkhGrvi17mTy\n363fAoIBAENCF1pkOHwKlZIhLR8hiQiBtNrqrpToua/8lAEGUyiFe3awtnf/03l+\nHmdKjGusd3uE0UFbufEEQ+rybVfzOaSWWEzbGlfoqpq8GdL/10pzy4VkXRWUGFSB\n8u9B9H84M9dga4knVC9m63wcJBHjhYFAdXxju1U+PxRfThMScVwdeEy92ET8PNeP\np6FLCbBzWTgwENvdfcT6AbkGWyN/kY0oRxj6Vc4bhnOf6f6NMtfquGoLzU1CmvYE\noAkJ5NmaWXRAPIuuUMovpv40xjnyf9ljauUpW/AQGw/2qaA4QV0XvLbLhvb+u2Md\nyaQ93vT4ahKGvrlVuEEa/qlbmufVAKMCggEAEwayuqNHvZWOfc52HbI27Ttob+Rd\nteQMFZNE0g6zpcD9Kx0ptGjYvRzvrh4QDEXHdDWJSWw78YpaMHR4u9MRq4ZmLlMC\nLm3SAUzajnD4yn5gk+FHMVcbAOdQ9MSdKd3H5HIPlOQ5NRMR0B0yrMH12nkIzODo\nJ6uLevagGFlz4YvZfyuivAYrcQUSwOjaal7t6LbTceFRw2a2oHsCqqcmTguB/Jek\n9PMcUP98s53d6nevekiDdiI2pur7qoEQPgNdL2pksgCCqwLyUfPwLYDZzJH4sAhJ\nf+YdxDbJFUBjpcCKA71aWTND132gfArE5EHgTXU4rLtFH20UlfFNhsI89w==\n-----END RSA PRIVATE KEY-----\n",
            "content_base64": null,
            "content_base64sha256": "gH+/9T4PjSI1vL62zKhQr5RTnMo/ZF/NUWukbV5g7HI=",
            "content_base64sha512": "HagRxW51e82jxZR0i44NECTUvHQKZm/lXzfDlhF5JVtnJj31PKOYFGxV1tsjT0OS59GeJD7/iZUTvWh62JmHow==",
            "content_md5": "79bf40b83a4cc6041856f803f5e85eb0",
            "content_sha1": "023794a35656c278cdacaadb14cf4c5fa3b8aa86",
            "content_sha256": "807fbff53e0f8d2235bcbeb6cca850af94539cca3f645fcd516ba46d5e60ec72",
            "content_sha512": "1da811c56e757bcda3c594748b8e0d1024d4bc740a666fe55f37c3961179255b67263df53ca398146c55d6db234f4392e7d19e243eff899513bd687ad89987a3",
            "directory_permission": "0700",
            "file_permission": "0400",
            "filename": "./ocs-key.pem",
            "id": "023794a35656c278cdacaadb14cf4c5fa3b8aa86",
            "sensitive_content": null,
            "source": null
          },
          "sensitive_attributes": [
            [
              {
                "type": "get_attr",
                "value": "content"
              }
            ],
            [
              {
                "type": "get_attr",
                "value": "sensitive_content"
              }
            ]
          ],
          "identity_schema_version": 0,
          "dependencies": [
            "tls_private_key.ocs_key"
          ]
        }
      ]
    },
    {
      "mode": "managed",
      "type": "tls_private_key",
      "name": "ocs_key",
      "provider": "provider[\"registry.terraform.io/hashicorp/tls\"]",
      "instances": [
        {
          "schema_version": 1,
          "attributes": {
            "algorithm": "RSA",
            "ecdsa_curve": "P224",
            "id": "e85dafe49d01027926950f743936499237ceb869",
            "private_key_openssh": "-----BEGIN OPENSSH PRIVATE KEY-----\nb3BlbnNzaC1rZXktdjEAAAAABG5vbmUAAAAEbm9uZQAAAAAAAAABAAACFwAAAAdz\nc2gtcnNhAAAAAwEAAQAAAgEAyp1wbdFC1nSS3h5/MR2XPTftrjywYuzqh+W0EKdE\nJYpNF+5/ybpd7LGhXFgJN+4fGQpODicAZrSx7deRBR2Arz7YXxtRgtNnRmopK+16\nT/4WTd5LSgUXya6zK64ez1R8gK0HuVzRo4HSGe29zKk+yKfbt2R6XFXFFLcxkHsG\ny05p8zS0+AVyHWwmNsnvEGIEeJdXEoMeaan6Ai6/FmcUQ91f6731EpDZNRRTf1Ox\nuVKnoaFyRd55nRk93L/a38ntm9JsUnobglIBdP8BEKjHKYy65M1dNlQ1Ajsjfv0g\n7xpittqUtDT0O7S1j6i1dvjAkVaLDiVWqWMcbLPK3M7sqY1WqWHfRldwrjfstoVg\neLQl5paXHn/H61l+vcrnpSwTH38dvsKMpjV7WfE6+qDWb8plQKjNlbVp4wB9/C79\nxpUB0sWOcDkQO2MNLcqcVJqwwGzLFeHKlz3PoWYCjUb8zL+RB+pJwASm0/ipbfgj\n7baEps+MlScBD8iV2dFxGNf9yDDg7czulDGMAY1pihgOkpNOvNH+tbLPeZ12QvDV\nShm6upJXO2lrl04sDS9LajTCFzjwzERL+oy9K7xOu+FcLMDB0PXT4E8X5TAdFvYK\nSMxiU6iayDGd8eDLBBfP56/ycDlMOfdQc3c5He2zQgdWmsZdP+oOXBeg0+cEn5ar\n4FkAAAc40n+0OtJ/tDoAAAAHc3NoLXJzYQAAAgEAyp1wbdFC1nSS3h5/MR2XPTft\nrjywYuzqh+W0EKdEJYpNF+5/ybpd7LGhXFgJN+4fGQpODicAZrSx7deRBR2Arz7Y\nXxtRgtNnRmopK+16T/4WTd5LSgUXya6zK64ez1R8gK0HuVzRo4HSGe29zKk+yKfb\nt2R6XFXFFLcxkHsGy05p8zS0+AVyHWwmNsnvEGIEeJdXEoMeaan6Ai6/FmcUQ91f\n6731EpDZNRRTf1OxuVKnoaFyRd55nRk93L/a38ntm9JsUnobglIBdP8BEKjHKYy6\n5M1dNlQ1Ajsjfv0g7xpittqUtDT0O7S1j6i1dvjAkVaLDiVWqWMcbLPK3M7sqY1W\nqWHfRldwrjfstoVgeLQl5paXHn/H61l+vcrnpSwTH38dvsKMpjV7WfE6+qDWb8pl\nQKjNlbVp4wB9/C79xpUB0sWOcDkQO2MNLcqcVJqwwGzLFeHKlz3PoWYCjUb8zL+R\nB+pJwASm0/ipbfgj7baEps+MlScBD8iV2dFxGNf9yDDg7czulDGMAY1pihgOkpNO\nvNH+tbLPeZ12QvDVShm6upJXO2lrl04sDS9LajTCFzjwzERL+oy9K7xOu+FcLMDB\n0PXT4E8X5TAdFvYKSMxiU6iayDGd8eDLBBfP56/ycDlMOfdQc3c5He2zQgdWmsZd\nP+oOXBeg0+cEn5ar4FkAAAADAQABAAACACBJiW5+j8uT5QmPS458nCqtvGrtEeCZ\nx1/ji1eyB+qBiPp8z5FKaQg8YC3Se5mVkRAQ89JOhcJYHhh8JwhtJKIIfjtdo5YY\n8Ran+SqeW8TehRhgiZfgiuNhOv0FcLRyTqrEp/vyXhfTqrLmDz5LZA1ermUhllwb\ncN31uWjAKhuAweJ3LjVtzLsCjm5hrH5sWDENUNtK2LBW3Ve2sk20HGcaIlxzN1f/\njBVoyUt7f1E8aikYDJk0tCWELbb9Pbg2ue4AULGt8q9IOSI3Nqi8dIxa+DdYwHdV\nYOMboHLujG59wmhIGbVD0P2otNwRMuWkCy+93kfhTFeOyytJVVTthonPTr8u+DfX\nyXP8fiiOKWXQ1gBSiLq7wVyZoSFxTILxR2VKoHvFnzac6rZNgXXSO/Dg3eHq6per\nfC4T3S6GBMvwe5KYG1fuZDxRfQG1TjJcCc16YYdGM7ue71/zHcU/ULmu+nbQ8T3N\nuk3RBhg0yi83GPP9Q/6pWWjseSaTsjzdByNG5LQZHGsKrfvhUM+dLzVRYutBOpoG\nSDeLCrPCynB2HzjOYMYHD1ymIF83DWgNd30wTzlSYelt3uhG9EQocdPzcEp25PAL\niG2yNv4hHnNChbtid7eytJjj1BHblEV6446RGmTlyoaG/ELCrtMZYdWTuaaibfbI\n1qjRiELVKSfXAAABABMGsrqjR72Vjn3Odh2yNu07aG/kXbXkDBWTRNIOs6XA/Ssd\nKbRo2L0c764eEAxFx3Q1iUlsO/GKWjB0eLvTEauGZi5TAi5t0gFM2o5w+Mp+YJPh\nRzFXGwDnUPTEnSndx+RyD5TkOTUTEdAdMqzB9dp5CMzg6Ceri3r2oBhZc+GL2X8r\norwGK3EFEsDo2mpe7ei203HhUcNmtqB7AqqnJk4LgfyXpPTzHFD/fLOd3ep3r3pI\ng3YiNqbq+6qBED4DXS9qZLIAgqsC8lHz8C2A2cyR+LAISX/mHcQ2yRVAY6XAigO9\nWlkzQ9d9oHwKxORB4E11OKy7RR9tFJXxTYbCPPcAAAEBAP4FxOqprAnzWOwO7zVf\nVvEbFQo+hE1LvqXmnvdUnCYuxE57umWKxAQ9/QZlDLWA7l7E7wiZ3nghIBgTL4q2\nJvOA5SgiU7C15M5GqOlz5l6Np5EtL7boR2RgVKCzoN19U7GNoOJETwFLMXkx48vY\nSqIIotdEOiG5iiTXnyLdDFjMlKCg05icz97CVnzexSSxTT4QbXgLcWxiKgoG52dt\nyOXTbNNPApSNkZwOlEKXLIJYNEJCJGqh28Nr5FLoj93K9R/w7bOvXGr9cU/lmbA7\n/qRVyj7EmH/CCHMDiJOSYq/iWsgQeZN8wJfij/45lXqdnMvqQqP5kVZJX/QjSIkU\nDI8AAAEBAMwxONiKQzI2NvaIlTy2xc71whRqaqend8W6Yzs3QNHE9zz+LPQ6Pr/r\nyoJLTRkRjZunHTwHrSNguJyE3x6XUN09vI9wcwU95e1FatOz5HeHG/Ems5eDN/g/\nXimu255ilaG5YPEyyMH0e8vdCrWCQ4jE8GpdqLSnpHrK444EfOG73PiXACn8oUel\nY0JV0sOFBLPYTvrkluxMsEKyJc4CyZZz9dDv0l8yLpiCzNV/6m4L1tWthlzzHKWY\nEYYKk6+WKMEt5FH0sS3jPnu74xip1488bMcLVp+BAOn5fxRcSB5fP8WoGSvEl0uR\nSyCF/0BBo9fU2R2FtIoHnFdbQg9MCJcAAAAAAQID\n-----END OPENSSH PRIVATE KEY-----\n",
            "private_key_pem": "-----BEGIN RSA PRIVATE KEY-----\nMIIJJwIBAAKCAgEAyp1wbdFC1nSS3h5/MR2XPTftrjywYuzqh+W0EKdEJYpNF+5/\nybpd7LGhXFgJN+4fGQpODicAZrSx7deRBR2Arz7YXxtRgtNnRmopK+16T/4WTd5L\nSgUXya6zK64ez1R8gK0HuVzRo4HSGe29zKk+yKfbt2R6XFXFFLcxkHsGy05p8zS0\n+AVyHWwmNsnvEGIEeJdXEoMeaan6Ai6/FmcUQ91f6731EpDZNRRTf1OxuVKnoaFy\nRd55nRk93L/a38ntm9JsUnobglIBdP8BEKjHKYy65M1dNlQ1Ajsjfv0g7xpittqU\ntDT0O7S1j6i1dvjAkVaLDiVWqWMcbLPK3M7sqY1WqWHfRldwrjfstoVgeLQl5paX\nHn/H61l+vcrnpSwTH38dvsKMpjV7WfE6+qDWb8plQKjNlbVp4wB9/C79xpUB0sWO\ncDkQO2MNLcqcVJqwwGzLFeHKlz3PoWYCjUb8zL+RB+pJwASm0/ipbfgj7baEps+M\nlScBD8iV2dFxGNf9yDDg7czulDGMAY1pihgOkpNOvNH+tbLPeZ12QvDVShm6upJX\nO2lrl04sDS9LajTCFzjwzERL+oy9K7xOu+FcLMDB0PXT4E8X5TAdFvYKSMxiU6ia\nyDGd8eDLBBfP56/ycDlMOfdQc3c5He2zQgdWmsZdP+oOXBeg0+cEn5ar4FkCAwEA\nAQKCAgAgSYlufo/Lk+UJj0uOfJwqrbxq7RHgmcdf44tXsgfqgYj6fM+RSmkIPGAt\n0nuZlZEQEPPSToXCWB4YfCcIbSSiCH47XaOWGPEWp/kqnlvE3oUYYImX4IrjYTr9\nBXC0ck6qxKf78l4X06qy5g8+S2QNXq5lIZZcG3Dd9blowCobgMHidy41bcy7Ao5u\nYax+bFgxDVDbStiwVt1XtrJNtBxnGiJcczdX/4wVaMlLe39RPGopGAyZNLQlhC22\n/T24NrnuAFCxrfKvSDkiNzaovHSMWvg3WMB3VWDjG6By7oxufcJoSBm1Q9D9qLTc\nETLlpAsvvd5H4UxXjssrSVVU7YaJz06/Lvg318lz/H4ojill0NYAUoi6u8FcmaEh\ncUyC8UdlSqB7xZ82nOq2TYF10jvw4N3h6uqXq3wuE90uhgTL8HuSmBtX7mQ8UX0B\ntU4yXAnNemGHRjO7nu9f8x3FP1C5rvp20PE9zbpN0QYYNMovNxjz/UP+qVlo7Hkm\nk7I83QcjRuS0GRxrCq374VDPnS81UWLrQTqaBkg3iwqzwspwdh84zmDGBw9cpiBf\nNw1oDXd9ME85UmHpbd7oRvREKHHT83BKduTwC4htsjb+IR5zQoW7Yne3srSY49QR\n25RFeuOOkRpk5cqGhvxCwq7TGWHVk7mmom32yNao0YhC1Skn1wKCAQEA/gXE6qms\nCfNY7A7vNV9W8RsVCj6ETUu+peae91ScJi7ETnu6ZYrEBD39BmUMtYDuXsTvCJne\neCEgGBMvirYm84DlKCJTsLXkzkao6XPmXo2nkS0vtuhHZGBUoLOg3X1TsY2g4kRP\nAUsxeTHjy9hKogii10Q6IbmKJNefIt0MWMyUoKDTmJzP3sJWfN7FJLFNPhBteAtx\nbGIqCgbnZ23I5dNs008ClI2RnA6UQpcsglg0QkIkaqHbw2vkUuiP3cr1H/Dts69c\nav1xT+WZsDv+pFXKPsSYf8IIcwOIk5Jir+JayBB5k3zAl+KP/jmVep2cy+pCo/mR\nVklf9CNIiRQMjwKCAQEAzDE42IpDMjY29oiVPLbFzvXCFGpqp6d3xbpjOzdA0cT3\nPP4s9Do+v+vKgktNGRGNm6cdPAetI2C4nITfHpdQ3T28j3BzBT3l7UVq07Pkd4cb\n8Sazl4M3+D9eKa7bnmKVoblg8TLIwfR7y90KtYJDiMTwal2otKekesrjjgR84bvc\n+JcAKfyhR6VjQlXSw4UEs9hO+uSW7EywQrIlzgLJlnP10O/SXzIumILM1X/qbgvW\n1a2GXPMcpZgRhgqTr5YowS3kUfSxLeM+e7vjGKnXjzxsxwtWn4EA6fl/FFxIHl8/\nxagZK8SXS5FLIIX/QEGj19TZHYW0igecV1tCD0wIlwKCAQB1LwIlYvp7aKhX1Zfi\nXkYEWgL9w9NSuSOM8vPYk06pip+CuS9G0poUfugvwAP54y2TyHOg2yK29kkQ8iDX\nc6pKYObV+efzuCWCRzR65b2bVuu7XEYLseHlW08PB26pXrxyRyy11N9BcIe1Kh+1\nFOVxFFzSw6Wxkx84WcQO2Dxu5omWBDs4xvZaA/rUBgyaHbTNcdSeMWE0p6BPGdo8\na3fnFf65CFTfZOOMQ2l/wq+Evd31xv93tY1k/GvLF3/uyEcGYiW146rVrG9OdVPN\n6g9RjkYLaLQVE9TEAhhKQ5iFHP3WF0uOj1lld94HYFclxnnj1ADEFkhGrvi17mTy\n363fAoIBAENCF1pkOHwKlZIhLR8hiQiBtNrqrpToua/8lAEGUyiFe3awtnf/03l+\nHmdKjGusd3uE0UFbufEEQ+rybVfzOaSWWEzbGlfoqpq8GdL/10pzy4VkXRWUGFSB\n8u9B9H84M9dga4knVC9m63wcJBHjhYFAdXxju1U+PxRfThMScVwdeEy92ET8PNeP\np6FLCbBzWTgwENvdfcT6AbkGWyN/kY0oRxj6Vc4bhnOf6f6NMtfquGoLzU1CmvYE\noAkJ5NmaWXRAPIuuUMovpv40xjnyf9ljauUpW/AQGw/2qaA4QV0XvLbLhvb+u2Md\nyaQ93vT4ahKGvrlVuEEa/qlbmufVAKMCggEAEwayuqNHvZWOfc52HbI27Ttob+Rd\nteQMFZNE0g6zpcD9Kx0ptGjYvRzvrh4QDEXHdDWJSWw78YpaMHR4u9MRq4ZmLlMC\nLm3SAUzajnD4yn5gk+FHMVcbAOdQ9MSdKd3H5HIPlOQ5NRMR0B0yrMH12nkIzODo\nJ6uLevagGFlz4YvZfyuivAYrcQUSwOjaal7t6LbTceFRw2a2oHsCqqcmTguB/Jek\n9PMcUP98s53d6nevekiDdiI2pur7qoEQPgNdL2pksgCCqwLyUfPwLYDZzJH4sAhJ\nf+YdxDbJFUBjpcCKA71aWTND132gfArE5EHgTXU4rLtFH20UlfFNhsI89w==\n-----END RSA PRIVATE KEY-----\n",
            "private_key_pem_pkcs8": "-----BEGIN PRIVATE KEY-----\nMIIJQQIBADANBgkqhkiG9w0BAQEFAASCCSswggknAgEAAoICAQDKnXBt0ULWdJLe\nHn8xHZc9N+2uPLBi7OqH5bQQp0Qlik0X7n/Jul3ssaFcWAk37h8ZCk4OJwBmtLHt\n15EFHYCvPthfG1GC02dGaikr7XpP/hZN3ktKBRfJrrMrrh7PVHyArQe5XNGjgdIZ\n7b3MqT7Ip9u3ZHpcVcUUtzGQewbLTmnzNLT4BXIdbCY2ye8QYgR4l1cSgx5pqfoC\nLr8WZxRD3V/rvfUSkNk1FFN/U7G5UqehoXJF3nmdGT3cv9rfye2b0mxSehuCUgF0\n/wEQqMcpjLrkzV02VDUCOyN+/SDvGmK22pS0NPQ7tLWPqLV2+MCRVosOJVapYxxs\ns8rczuypjVapYd9GV3CuN+y2hWB4tCXmlpcef8frWX69yuelLBMffx2+woymNXtZ\n8Tr6oNZvymVAqM2VtWnjAH38Lv3GlQHSxY5wORA7Yw0typxUmrDAbMsV4cqXPc+h\nZgKNRvzMv5EH6knABKbT+Klt+CPttoSmz4yVJwEPyJXZ0XEY1/3IMODtzO6UMYwB\njWmKGA6Sk0680f61ss95nXZC8NVKGbq6klc7aWuXTiwNL0tqNMIXOPDMREv6jL0r\nvE674VwswMHQ9dPgTxflMB0W9gpIzGJTqJrIMZ3x4MsEF8/nr/JwOUw591Bzdzkd\n7bNCB1aaxl0/6g5cF6DT5wSflqvgWQIDAQABAoICACBJiW5+j8uT5QmPS458nCqt\nvGrtEeCZx1/ji1eyB+qBiPp8z5FKaQg8YC3Se5mVkRAQ89JOhcJYHhh8JwhtJKII\nfjtdo5YY8Ran+SqeW8TehRhgiZfgiuNhOv0FcLRyTqrEp/vyXhfTqrLmDz5LZA1e\nrmUhllwbcN31uWjAKhuAweJ3LjVtzLsCjm5hrH5sWDENUNtK2LBW3Ve2sk20HGca\nIlxzN1f/jBVoyUt7f1E8aikYDJk0tCWELbb9Pbg2ue4AULGt8q9IOSI3Nqi8dIxa\n+DdYwHdVYOMboHLujG59wmhIGbVD0P2otNwRMuWkCy+93kfhTFeOyytJVVTthonP\nTr8u+DfXyXP8fiiOKWXQ1gBSiLq7wVyZoSFxTILxR2VKoHvFnzac6rZNgXXSO/Dg\n3eHq6perfC4T3S6GBMvwe5KYG1fuZDxRfQG1TjJcCc16YYdGM7ue71/zHcU/ULmu\n+nbQ8T3Nuk3RBhg0yi83GPP9Q/6pWWjseSaTsjzdByNG5LQZHGsKrfvhUM+dLzVR\nYutBOpoGSDeLCrPCynB2HzjOYMYHD1ymIF83DWgNd30wTzlSYelt3uhG9EQocdPz\ncEp25PALiG2yNv4hHnNChbtid7eytJjj1BHblEV6446RGmTlyoaG/ELCrtMZYdWT\nuaaibfbI1qjRiELVKSfXAoIBAQD+BcTqqawJ81jsDu81X1bxGxUKPoRNS76l5p73\nVJwmLsROe7plisQEPf0GZQy1gO5exO8Imd54ISAYEy+KtibzgOUoIlOwteTORqjp\nc+ZejaeRLS+26EdkYFSgs6DdfVOxjaDiRE8BSzF5MePL2EqiCKLXRDohuYok158i\n3QxYzJSgoNOYnM/ewlZ83sUksU0+EG14C3FsYioKBudnbcjl02zTTwKUjZGcDpRC\nlyyCWDRCQiRqodvDa+RS6I/dyvUf8O2zr1xq/XFP5ZmwO/6kVco+xJh/wghzA4iT\nkmKv4lrIEHmTfMCX4o/+OZV6nZzL6kKj+ZFWSV/0I0iJFAyPAoIBAQDMMTjYikMy\nNjb2iJU8tsXO9cIUamqnp3fFumM7N0DRxPc8/iz0Oj6/68qCS00ZEY2bpx08B60j\nYLichN8el1DdPbyPcHMFPeXtRWrTs+R3hxvxJrOXgzf4P14prtueYpWhuWDxMsjB\n9HvL3Qq1gkOIxPBqXai0p6R6yuOOBHzhu9z4lwAp/KFHpWNCVdLDhQSz2E765Jbs\nTLBCsiXOAsmWc/XQ79JfMi6YgszVf+puC9bVrYZc8xylmBGGCpOvlijBLeRR9LEt\n4z57u+MYqdePPGzHC1afgQDp+X8UXEgeXz/FqBkrxJdLkUsghf9AQaPX1NkdhbSK\nB5xXW0IPTAiXAoIBAHUvAiVi+ntoqFfVl+JeRgRaAv3D01K5I4zy89iTTqmKn4K5\nL0bSmhR+6C/AA/njLZPIc6DbIrb2SRDyINdzqkpg5tX55/O4JYJHNHrlvZtW67tc\nRgux4eVbTw8HbqlevHJHLLXU30Fwh7UqH7UU5XEUXNLDpbGTHzhZxA7YPG7miZYE\nOzjG9loD+tQGDJodtM1x1J4xYTSnoE8Z2jxrd+cV/rkIVN9k44xDaX/Cr4S93fXG\n/3e1jWT8a8sXf+7IRwZiJbXjqtWsb051U83qD1GORgtotBUT1MQCGEpDmIUc/dYX\nS46PWWV33gdgVyXGeePUAMQWSEau+LXuZPLfrd8CggEAQ0IXWmQ4fAqVkiEtHyGJ\nCIG02uqulOi5r/yUAQZTKIV7drC2d//TeX4eZ0qMa6x3e4TRQVu58QRD6vJtV/M5\npJZYTNsaV+iqmrwZ0v/XSnPLhWRdFZQYVIHy70H0fzgz12BriSdUL2brfBwkEeOF\ngUB1fGO7VT4/FF9OExJxXB14TL3YRPw814+noUsJsHNZODAQ2919xPoBuQZbI3+R\njShHGPpVzhuGc5/p/o0y1+q4agvNTUKa9gSgCQnk2ZpZdEA8i65Qyi+m/jTGOfJ/\n2WNq5Slb8BAbD/apoDhBXRe8tsuG9v67Yx3JpD3e9PhqEoa+uVW4QRr+qVua59UA\nowKCAQATBrK6o0e9lY59znYdsjbtO2hv5F215AwVk0TSDrOlwP0rHSm0aNi9HO+u\nHhAMRcd0NYlJbDvxilowdHi70xGrhmYuUwIubdIBTNqOcPjKfmCT4UcxVxsA51D0\nxJ0p3cfkcg+U5Dk1ExHQHTKswfXaeQjM4Ognq4t69qAYWXPhi9l/K6K8BitxBRLA\n6NpqXu3ottNx4VHDZragewKqpyZOC4H8l6T08xxQ/3yznd3qd696SIN2Ijam6vuq\ngRA+A10vamSyAIKrAvJR8/AtgNnMkfiwCEl/5h3ENskVQGOlwIoDvVpZM0PXfaB8\nCsTkQeBNdTisu0UfbRSV8U2Gwjz3\n-----END PRIVATE KEY-----\n",
            "public_key_fingerprint_md5": "0a:96:74:a1:a8:8d:1c:53:56:0e:24:b3:d0:2d:a5:27",
            "public_key_fingerprint_sha256": "SHA256:JGd7tGHhHDQHR/MpynmKmTm7+DKZEwxltFK9Q0rtTkc",
            "public_key_openssh": "ssh-rsa AAAAB3NzaC1yc2EAAAADAQABAAACAQDKnXBt0ULWdJLeHn8xHZc9N+2uPLBi7OqH5bQQp0Qlik0X7n/Jul3ssaFcWAk37h8ZCk4OJwBmtLHt15EFHYCvPthfG1GC02dGaikr7XpP/hZN3ktKBRfJrrMrrh7PVHyArQe5XNGjgdIZ7b3MqT7Ip9u3ZHpcVcUUtzGQewbLTmnzNLT4BXIdbCY2ye8QYgR4l1cSgx5pqfoCLr8WZxRD3V/rvfUSkNk1FFN/U7G5UqehoXJF3nmdGT3cv9rfye2b0mxSehuCUgF0/wEQqMcpjLrkzV02VDUCOyN+/SDvGmK22pS0NPQ7tLWPqLV2+MCRVosOJVapYxxss8rczuypjVapYd9GV3CuN+y2hWB4tCXmlpcef8frWX69yuelLBMffx2+woymNXtZ8Tr6oNZvymVAqM2VtWnjAH38Lv3GlQHSxY5wORA7Yw0typxUmrDAbMsV4cqXPc+hZgKNRvzMv5EH6knABKbT+Klt+CPttoSmz4yVJwEPyJXZ0XEY1/3IMODtzO6UMYwBjWmKGA6Sk0680f61ss95nXZC8NVKGbq6klc7aWuXTiwNL0tqNMIXOPDMREv6jL0rvE674VwswMHQ9dPgTxflMB0W9gpIzGJTqJrIMZ3x4MsEF8/nr/JwOUw591Bzdzkd7bNCB1aaxl0/6g5cF6DT5wSflqvgWQ==\n",
            "public_key_pem": "-----BEGIN PUBLIC KEY-----\nMIICIjANBgkqhkiG9w0BAQEFAAOCAg8AMIICCgKCAgEAyp1wbdFC1nSS3h5/MR2X\nPTftrjywYuzqh+W0EKdEJYpNF+5/ybpd7LGhXFgJN+4fGQpODicAZrSx7deRBR2A\nrz7YXxtRgtNnRmopK+16T/4WTd5LSgUXya6zK64ez1R8gK0HuVzRo4HSGe29zKk+\nyKfbt2R6XFXFFLcxkHsGy05p8zS0+AVyHWwmNsnvEGIEeJdXEoMeaan6Ai6/FmcU\nQ91f6731EpDZNRRTf1OxuVKnoaFyRd55nRk93L/a38ntm9JsUnobglIBdP8BEKjH\nKYy65M1dNlQ1Ajsjfv0g7xpittqUtDT0O7S1j6i1dvjAkVaLDiVWqWMcbLPK3M7s\nqY1WqWHfRldwrjfstoVgeLQl5paXHn/H61l+vcrnpSwTH38dvsKMpjV7WfE6+qDW\nb8plQKjNlbVp4wB9/C79xpUB0sWOcDkQO2MNLcqcVJqwwGzLFeHKlz3PoWYCjUb8\nzL+RB+pJwASm0/ipbfgj7baEps+MlScBD8iV2dFxGNf9yDDg7czulDGMAY1pihgO\nkpNOvNH+tbLPeZ12QvDVShm6upJXO2lrl04sDS9LajTCFzjwzERL+oy9K7xOu+Fc\nLMDB0PXT4E8X5TAdFvYKSMxiU6iayDGd8eDLBBfP56/ycDlMOfdQc3c5He2zQgdW\nmsZdP+oOXBeg0+cEn5ar4FkCAwEAAQ==\n-----END PUBLIC KEY-----\n",
            "rsa_bits": 4096
          },
          "sensitive_attributes": [
            [
              {
                "type": "get_attr",
                "value": "private_key_openssh"
              }
            ],
            [
              {
                "type": "get_attr",
                "value": "private_key_pem"
              }
            ],
            [
              {
                "type": "get_attr",
                "value": "private_key_pem_pkcs8"
              }
            ]
          ],
          "identity_schema_version": 0
        }
      ]
    },
    {
      "module": "module.app_sg",
      "mode": "managed",
      "type": "aws_security_group",
      "name": "this",
      "provider": "provider[\"registry.terraform.io/hashicorp/aws\"]",
      "instances": [
        {
          "schema_version": 1,
          "attributes": {
            "arn": "arn:aws:ec2:us-east-1:686255985275:security-group/sg-00fd1d30473b5c040",
            "description": "Allow required inbound traffic",
            "egress": [
              {
                "cidr_blocks": [
                  "0.0.0.0/0"
                ],
                "description": "",
                "from_port": 0,
                "ipv6_cidr_blocks": [],
                "prefix_list_ids": [],
                "protocol": "-1",
                "security_groups": [],
                "self": false,
                "to_port": 0
              }
            ],
            "id": "sg-00fd1d30473b5c040",
            "ingress": [
              {
                "cidr_blocks": [
                  "0.0.0.0/0"
                ],
                "description": "",
                "from_port": 22,
                "ipv6_cidr_blocks": [],
                "prefix_list_ids": [],
                "protocol": "tcp",
                "security_groups": [],
                "self": false,
                "to_port": 22
              },
              {
                "cidr_blocks": [
                  "0.0.0.0/0"
                ],
                "description": "",
                "from_port": 25,
                "ipv6_cidr_blocks": [],
                "prefix_list_ids": [],
                "protocol": "tcp",
                "security_groups": [],
                "self": false,
                "to_port": 25
              },
              {
                "cidr_blocks": [
                  "0.0.0.0/0"
                ],
                "description": "",
                "from_port": 30000,
                "ipv6_cidr_blocks": [],
                "prefix_list_ids": [],
                "protocol": "tcp",
                "security_groups": [],
                "self": false,
                "to_port": 32767
              },
              {
                "cidr_blocks": [
                  "0.0.0.0/0"
                ],
                "description": "",
                "from_port": 3000,
                "ipv6_cidr_blocks": [],
                "prefix_list_ids": [],
                "protocol": "tcp",
                "security_groups": [],
                "self": false,
                "to_port": 10000
              },
              {
                "cidr_blocks": [
                  "0.0.0.0/0"
                ],
                "description": "",
                "from_port": 443,
                "ipv6_cidr_blocks": [],
                "prefix_list_ids": [],
                "protocol": "tcp",
                "security_groups": [],
                "self": false,
                "to_port": 443
              },
              {
                "cidr_blocks": [
                  "0.0.0.0/0"
                ],
                "description": "",
                "from_port": 465,
                "ipv6_cidr_blocks": [],
                "prefix_list_ids": [],
                "protocol": "tcp",
                "security_groups": [],
                "self": false,
                "to_port": 465
              },
              {
                "cidr_blocks": [
                  "0.0.0.0/0"
                ],
                "description": "",
                "from_port": 6443,
                "ipv6_cidr_blocks": [],
                "prefix_list_ids": [],
                "protocol": "tcp",
                "security_groups": [],
                "self": false,
                "to_port": 6443
              },
              {
                "cidr_blocks": [
                  "0.0.0.0/0"
                ],
                "description": "",
                "from_port": 80,
                "ipv6_cidr_blocks": [],
                "prefix_list_ids": [],
                "protocol": "tcp",
                "security_groups": [],
                "self": false,
                "to_port": 80
              }
            ],
            "name": "ramo-beko-sg",
            "name_prefix": "",
            "owner_id": "686255985275",
            "revoke_rules_on_delete": false,
            "tags": {
              "Name": "ramo-beko-sg"
            },
            "tags_all": {
              "Name": "ramo-beko-sg"
            },
            "timeouts": null,
            "vpc_id": "vpc-0e5762d7b0fce1202"
          },
          "sensitive_attributes": [],
          "identity_schema_version": 0,
          "private": "eyJlMmJmYjczMC1lY2FhLTExZTYtOGY4OC0zNDM2M2JjN2M0YzAiOnsiY3JlYXRlIjo2MDAwMDAwMDAwMDAsImRlbGV0ZSI6OTAwMDAwMDAwMDAwfSwic2NoZW1hX3ZlcnNpb24iOiIxIn0=",
          "dependencies": [
            "data.aws_vpc.default"
          ]
        }
      ]
    },
    {
      "module": "module.app_sg",
      "mode": "managed",
      "type": "aws_security_group_rule",
      "name": "self_allow_2049",
      "provider": "provider[\"registry.terraform.io/hashicorp/aws\"]",
      "instances": [
        {
          "schema_version": 2,
          "attributes": {
            "cidr_blocks": null,
            "description": null,
            "from_port": 2049,
            "id": "sgrule-1748432872",
            "ipv6_cidr_blocks": null,
            "prefix_list_ids": null,
            "protocol": "tcp",
            "security_group_id": "sg-00fd1d30473b5c040",
            "security_group_rule_id": "sgr-01a32008d3bf860af",
            "self": false,
            "source_security_group_id": "sg-00fd1d30473b5c040",
            "timeouts": null,
            "to_port": 2049,
            "type": "ingress"
          },
          "sensitive_attributes": [],
          "identity_schema_version": 0,
          "private": "eyJlMmJmYjczMC1lY2FhLTExZTYtOGY4OC0zNDM2M2JjN2M0YzAiOnsiY3JlYXRlIjozMDAwMDAwMDAwMDB9LCJzY2hlbWFfdmVyc2lvbiI6IjIifQ==",
          "dependencies": [
            "data.aws_vpc.default",
            "module.app_sg.aws_security_group.this"
          ]
        }
      ]
    },
    {
      "module": "module.backup_bucket",
      "mode": "managed",
      "type": "aws_s3_bucket",
      "name": "this",
      "provider": "provider[\"registry.terraform.io/hashicorp/aws\"]",
      "instances": [
        {
          "schema_version": 0,
          "attributes": {
            "acceleration_status": "",
            "acl": null,
            "arn": "arn:aws:s3:::efs-backup-storage-bucket",
            "bucket": "efs-backup-storage-bucket",
            "bucket_domain_name": "efs-backup-storage-bucket.s3.amazonaws.com",
            "bucket_prefix": "",
            "bucket_regional_domain_name": "efs-backup-storage-bucket.s3.us-east-1.amazonaws.com",
            "cors_rule": [],
            "force_destroy": false,
            "grant": [
              {
                "id": "724deb73b55843715e458fd7c88913781ee2eed8f4643dc7a8b8c8ece988d362",
                "permissions": [
                  "FULL_CONTROL"
                ],
                "type": "CanonicalUser",
                "uri": ""
              }
            ],
            "hosted_zone_id": "Z3AQBSTGFYJSTF",
            "id": "efs-backup-storage-bucket",
            "lifecycle_rule": [],
            "logging": [],
            "object_lock_configuration": [],
            "object_lock_enabled": false,
            "policy": "",
            "region": "us-east-1",
            "replication_configuration": [],
            "request_payer": "BucketOwner",
            "server_side_encryption_configuration": [
              {
                "rule": [
                  {
                    "apply_server_side_encryption_by_default": [
                      {
                        "kms_master_key_id": "",
                        "sse_algorithm": "AES256"
                      }
                    ],
                    "bucket_key_enabled": false
                  }
                ]
              }
            ],
            "tags": {},
            "tags_all": {},
            "timeouts": null,
            "versioning": [
              {
                "enabled": false,
                "mfa_delete": false
              }
            ],
            "website": [],
            "website_domain": null,
            "website_endpoint": null
          },
          "sensitive_attributes": [],
          "identity_schema_version": 0,
          "private": "eyJlMmJmYjczMC1lY2FhLTExZTYtOGY4OC0zNDM2M2JjN2M0YzAiOnsiY3JlYXRlIjoxMjAwMDAwMDAwMDAwLCJkZWxldGUiOjM2MDAwMDAwMDAwMDAsInJlYWQiOjEyMDAwMDAwMDAwMDAsInVwZGF0ZSI6MTIwMDAwMDAwMDAwMH19"
        }
      ]
    },
    {
      "module": "module.efs",
      "mode": "managed",
      "type": "aws_efs_access_point",
      "name": "this",
      "provider": "provider[\"registry.terraform.io/hashicorp/aws\"]",
      "instances": [
        {
          "schema_version": 0,
          "attributes": {
            "arn": "arn:aws:elasticfilesystem:us-east-1:686255985275:access-point/fsap-02852c5cef879c8eb",
            "file_system_arn": "arn:aws:elasticfilesystem:us-east-1:686255985275:file-system/fs-0539c8a3b81628960",
            "file_system_id": "fs-0539c8a3b81628960",
            "id": "fsap-02852c5cef879c8eb",
            "owner_id": "686255985275",
            "posix_user": [
              {
                "gid": 1000,
                "secondary_gids": null,
                "uid": 1000
              }
            ],
            "root_directory": [
              {
                "creation_info": [
                  {
                    "owner_gid": 1000,
                    "owner_uid": 1000,
                    "permissions": "755"
                  }
                ],
                "path": "/lambda"
              }
            ],
            "tags": null,
            "tags_all": {}
          },
          "sensitive_attributes": [],
          "identity_schema_version": 0,
          "private": "bnVsbA==",
          "dependencies": [
            "data.aws_vpc.default",
            "module.app_sg.aws_security_group.this",
            "module.app_sg.aws_security_group_rule.self_allow_2049",
            "module.efs.aws_efs_file_system.this"
          ]
        }
      ]
    },
    {
      "module": "module.efs",
      "mode": "managed",
      "type": "aws_efs_file_system",
      "name": "this",
      "provider": "provider[\"registry.terraform.io/hashicorp/aws\"]",
      "instances": [
        {
          "schema_version": 0,
          "attributes": {
            "arn": "arn:aws:elasticfilesystem:us-east-1:686255985275:file-system/fs-0539c8a3b81628960",
            "availability_zone_id": "",
            "availability_zone_name": "",
            "creation_token": "efs-backup",
            "dns_name": "fs-0539c8a3b81628960.efs.us-east-1.amazonaws.com",
            "encrypted": false,
            "id": "fs-0539c8a3b81628960",
            "kms_key_id": "",
            "lifecycle_policy": [],
            "name": "efs-backup",
            "number_of_mount_targets": 0,
            "owner_id": "686255985275",
            "performance_mode": "generalPurpose",
            "protection": [
              {
                "replication_overwrite": "ENABLED"
              }
            ],
            "provisioned_throughput_in_mibps": 0,
            "size_in_bytes": [
              {
                "value": 6144,
                "value_in_ia": 0,
                "value_in_standard": 6144
              }
            ],
            "tags": {
              "Name": "efs-backup"
            },
            "tags_all": {
              "Name": "efs-backup"
            },
            "throughput_mode": "bursting"
          },
          "sensitive_attributes": [],
          "identity_schema_version": 0,
          "private": "bnVsbA==",
          "dependencies": [
            "data.aws_vpc.default",
            "module.app_sg.aws_security_group.this",
            "module.app_sg.aws_security_group_rule.self_allow_2049"
          ]
        }
      ]
    },
    {
      "module": "module.efs",
      "mode": "managed",
      "type": "aws_efs_mount_target",
      "name": "target",
      "provider": "provider[\"registry.terraform.io/hashicorp/aws\"]",
      "instances": [
        {
          "schema_version": 0,
          "attributes": {
            "availability_zone_id": "use1-az6",
            "availability_zone_name": "us-east-1c",
            "dns_name": "fs-0539c8a3b81628960.efs.us-east-1.amazonaws.com",
            "file_system_arn": "arn:aws:elasticfilesystem:us-east-1:686255985275:file-system/fs-0539c8a3b81628960",
            "file_system_id": "fs-0539c8a3b81628960",
            "id": "fsmt-02c661d15b593afcd",
            "ip_address": "172.31.37.149",
            "mount_target_dns_name": "us-east-1c.fs-0539c8a3b81628960.efs.us-east-1.amazonaws.com",
            "network_interface_id": "eni-09bec48090efab5fd",
            "owner_id": "686255985275",
            "security_groups": [
              "sg-00fd1d30473b5c040"
            ],
            "subnet_id": "subnet-01afe15d77fa192be",
            "timeouts": null
          },
          "sensitive_attributes": [],
          "identity_schema_version": 0,
          "private": "eyJlMmJmYjczMC1lY2FhLTExZTYtOGY4OC0zNDM2M2JjN2M0YzAiOnsiY3JlYXRlIjoxODAwMDAwMDAwMDAwLCJkZWxldGUiOjYwMDAwMDAwMDAwMH19",
          "dependencies": [
            "data.aws_subnet.first",
            "data.aws_subnets.default",
            "data.aws_vpc.default",
            "module.app_sg.aws_security_group.this",
            "module.app_sg.aws_security_group_rule.self_allow_2049",
            "module.efs.aws_efs_file_system.this"
          ]
        }
      ]
    },
    {
      "module": "module.efs_backup_lambda",
      "mode": "managed",
      "type": "aws_iam_role",
      "name": "lambda_exec",
      "provider": "provider[\"registry.terraform.io/hashicorp/aws\"]",
      "instances": [
        {
          "schema_version": 0,
          "attributes": {
            "arn": "arn:aws:iam::686255985275:role/efs-to-s3-backup-exec",
            "assume_role_policy": "{\"Statement\":[{\"Action\":\"sts:AssumeRole\",\"Effect\":\"Allow\",\"Principal\":{\"Service\":\"lambda.amazonaws.com\"}}],\"Version\":\"2012-10-17\"}",
            "create_date": "2025-06-05T21:01:47Z",
            "description": "",
            "force_detach_policies": false,
            "id": "efs-to-s3-backup-exec",
            "inline_policy": [],
            "managed_policy_arns": [],
            "max_session_duration": 3600,
            "name": "efs-to-s3-backup-exec",
            "name_prefix": "",
            "path": "/",
            "permissions_boundary": "",
            "tags": null,
            "tags_all": {},
            "unique_id": "AROAZ7SALKJ5WWOJPNFF4"
          },
          "sensitive_attributes": [],
          "identity_schema_version": 0,
          "private": "bnVsbA==",
          "dependencies": [
            "data.aws_subnet.first",
            "data.aws_subnets.default",
            "data.aws_vpc.default",
            "module.app_sg.aws_security_group.this",
            "module.app_sg.aws_security_group_rule.self_allow_2049",
            "module.efs.aws_efs_access_point.this",
            "module.efs.aws_efs_file_system.this",
            "module.efs.aws_efs_mount_target.target"
          ]
        }
      ]
    },
    {
      "module": "module.efs_backup_lambda",
      "mode": "managed",
      "type": "aws_iam_role_policy_attachment",
      "name": "lambda_policy",
      "provider": "provider[\"registry.terraform.io/hashicorp/aws\"]",
      "instances": [
        {
          "schema_version": 0,
          "attributes": {
            "id": "efs-to-s3-backup-exec-20250605210148172200000007",
            "policy_arn": "arn:aws:iam::aws:policy/AWSLambda_FullAccess",
            "role": "efs-to-s3-backup-exec"
          },
          "sensitive_attributes": [],
          "identity_schema_version": 0,
          "private": "bnVsbA==",
          "dependencies": [
            "data.aws_subnet.first",
            "data.aws_subnets.default",
            "data.aws_vpc.default",
            "module.app_sg.aws_security_group.this",
            "module.app_sg.aws_security_group_rule.self_allow_2049",
            "module.efs.aws_efs_access_point.this",
            "module.efs.aws_efs_file_system.this",
            "module.efs.aws_efs_mount_target.target",
            "module.efs_backup_lambda.aws_iam_role.lambda_exec"
          ]
        }
      ]
    },
    {
      "module": "module.efs_backup_lambda",
      "mode": "managed",
      "type": "aws_iam_role_policy_attachment",
      "name": "lambda_policy_base",
      "provider": "provider[\"registry.terraform.io/hashicorp/aws\"]",
      "instances": [
        {
          "schema_version": 0,
          "attributes": {
            "id": "efs-to-s3-backup-exec-2025060521014868390000000a",
            "policy_arn": "arn:aws:iam::aws:policy/AWSLambda_FullAccess",
            "role": "efs-to-s3-backup-exec"
          },
          "sensitive_attributes": [],
          "identity_schema_version": 0,
          "private": "bnVsbA==",
          "dependencies": [
            "data.aws_subnet.first",
            "data.aws_subnets.default",
            "data.aws_vpc.default",
            "module.app_sg.aws_security_group.this",
            "module.app_sg.aws_security_group_rule.self_allow_2049",
            "module.efs.aws_efs_access_point.this",
            "module.efs.aws_efs_file_system.this",
            "module.efs.aws_efs_mount_target.target",
            "module.efs_backup_lambda.aws_iam_role.lambda_exec"
          ]
        }
      ]
    },
    {
      "module": "module.efs_backup_lambda",
      "mode": "managed",
      "type": "aws_iam_role_policy_attachment",
      "name": "lambda_policy_efs",
      "provider": "provider[\"registry.terraform.io/hashicorp/aws\"]",
      "instances": [
        {
          "schema_version": 0,
          "attributes": {
            "id": "efs-to-s3-backup-exec-20250605210148432600000008",
            "policy_arn": "arn:aws:iam::aws:policy/AmazonElasticFileSystemClientFullAccess",
            "role": "efs-to-s3-backup-exec"
          },
          "sensitive_attributes": [],
          "identity_schema_version": 0,
          "private": "bnVsbA==",
          "dependencies": [
            "data.aws_subnet.first",
            "data.aws_subnets.default",
            "data.aws_vpc.default",
            "module.app_sg.aws_security_group.this",
            "module.app_sg.aws_security_group_rule.self_allow_2049",
            "module.efs.aws_efs_access_point.this",
            "module.efs.aws_efs_file_system.this",
            "module.efs.aws_efs_mount_target.target",
            "module.efs_backup_lambda.aws_iam_role.lambda_exec"
          ]
        }
      ]
    },
    {
      "module": "module.efs_backup_lambda",
      "mode": "managed",
      "type": "aws_iam_role_policy_attachment",
      "name": "lambda_policy_vpc",
      "provider": "provider[\"registry.terraform.io/hashicorp/aws\"]",
      "instances": [
        {
          "schema_version": 0,
          "attributes": {
            "id": "efs-to-s3-backup-exec-20250605210148683900000009",
            "policy_arn": "arn:aws:iam::aws:policy/service-role/AWSLambdaVPCAccessExecutionRole",
            "role": "efs-to-s3-backup-exec"
          },
          "sensitive_attributes": [],
          "identity_schema_version": 0,
          "private": "bnVsbA==",
          "dependencies": [
            "data.aws_subnet.first",
            "data.aws_subnets.default",
            "data.aws_vpc.default",
            "module.app_sg.aws_security_group.this",
            "module.app_sg.aws_security_group_rule.self_allow_2049",
            "module.efs.aws_efs_access_point.this",
            "module.efs.aws_efs_file_system.this",
            "module.efs.aws_efs_mount_target.target",
            "module.efs_backup_lambda.aws_iam_role.lambda_exec"
          ]
        }
      ]
    },
    {
      "module": "module.efs_backup_lambda",
      "mode": "managed",
      "type": "aws_lambda_function",
      "name": "this",
      "provider": "provider[\"registry.terraform.io/hashicorp/aws\"]",
      "instances": [
        {
          "schema_version": 0,
          "attributes": {
            "architectures": [
              "x86_64"
            ],
            "arn": "arn:aws:lambda:us-east-1:686255985275:function:efs-to-s3-backup",
            "code_sha256": "kAY+smb16UMMMbzycpXyfIQ5IkZanG08FxFERq4Pp20=",
            "code_signing_config_arn": "",
            "dead_letter_config": [],
            "description": "",
            "environment": [
              {
                "variables": {
                  "TARGET_BUCKET": "efs-backup-storage-bucket"
                }
              }
            ],
            "ephemeral_storage": [
              {
                "size": 512
              }
            ],
            "file_system_config": [
              {
                "arn": "arn:aws:elasticfilesystem:us-east-1:686255985275:access-point/fsap-02852c5cef879c8eb",
                "local_mount_path": "/mnt/efs"
              }
            ],
            "filename": "./../../modules/lambda/efs_backup_lambda.zip",
            "function_name": "efs-to-s3-backup",
            "handler": "index.handler",
            "id": "efs-to-s3-backup",
            "image_config": [],
            "image_uri": "",
            "invoke_arn": "arn:aws:apigateway:us-east-1:lambda:path/2015-03-31/functions/arn:aws:lambda:us-east-1:686255985275:function:efs-to-s3-backup/invocations",
            "kms_key_arn": "",
            "last_modified": "2025-06-05T21:01:54.463+0000",
            "layers": null,
            "logging_config": [
              {
                "application_log_level": "",
                "log_format": "Text",
                "log_group": "/aws/lambda/efs-to-s3-backup",
                "system_log_level": ""
              }
            ],
            "memory_size": 128,
            "package_type": "Zip",
            "publish": false,
            "qualified_arn": "arn:aws:lambda:us-east-1:686255985275:function:efs-to-s3-backup:$LATEST",
            "qualified_invoke_arn": "arn:aws:apigateway:us-east-1:lambda:path/2015-03-31/functions/arn:aws:lambda:us-east-1:686255985275:function:efs-to-s3-backup:$LATEST/invocations",
            "replace_security_groups_on_destroy": null,
            "replacement_security_group_ids": null,
            "reserved_concurrent_executions": -1,
            "role": "arn:aws:iam::686255985275:role/efs-to-s3-backup-exec",
            "runtime": "python3.9",
            "s3_bucket": null,
            "s3_key": null,
            "s3_object_version": null,
            "signing_job_arn": "",
            "signing_profile_version_arn": "",
            "skip_destroy": false,
            "snap_start": [],
            "source_code_hash": "",
            "source_code_size": 342,
            "tags": null,
            "tags_all": {},
            "timeout": 60,
            "timeouts": null,
            "tracing_config": [
              {
                "mode": "PassThrough"
              }
            ],
            "version": "$LATEST",
            "vpc_config": [
              {
                "ipv6_allowed_for_dual_stack": false,
                "security_group_ids": [
                  "sg-00fd1d30473b5c040"
                ],
                "subnet_ids": [
                  "subnet-01afe15d77fa192be"
                ],
                "vpc_id": "vpc-0e5762d7b0fce1202"
              }
            ]
          },
          "sensitive_attributes": [],
          "identity_schema_version": 0,
          "private": "eyJlMmJmYjczMC1lY2FhLTExZTYtOGY4OC0zNDM2M2JjN2M0YzAiOnsiY3JlYXRlIjo2MDAwMDAwMDAwMDAsImRlbGV0ZSI6NjAwMDAwMDAwMDAwLCJ1cGRhdGUiOjYwMDAwMDAwMDAwMH19",
          "dependencies": [
            "data.aws_subnet.first",
            "data.aws_subnets.default",
            "data.aws_vpc.default",
            "module.app_sg.aws_security_group.this",
            "module.app_sg.aws_security_group_rule.self_allow_2049",
            "module.backup_bucket.aws_s3_bucket.this",
            "module.efs.aws_efs_access_point.this",
            "module.efs.aws_efs_file_system.this",
            "module.efs.aws_efs_mount_target.target",
            "module.efs_backup_lambda.aws_iam_role.lambda_exec"
          ]
        }
      ]
    },
    {
      "module": "module.jenkins",
      "mode": "managed",
      "type": "aws_instance",
      "name": "this",
      "provider": "provider[\"registry.terraform.io/hashicorp/aws\"]",
      "instances": [
        {
          "schema_version": 1,
          "attributes": {
            "ami": "ami-054d6a336762e438e",
            "arn": "arn:aws:ec2:us-east-1:686255985275:instance/i-008b8b4f2ab0324cc",
            "associate_public_ip_address": true,
            "availability_zone": "us-east-1a",
            "capacity_reservation_specification": [
              {
                "capacity_reservation_preference": "open",
                "capacity_reservation_target": []
              }
            ],
            "cpu_core_count": 2,
            "cpu_options": [
              {
                "amd_sev_snp": "",
                "core_count": 2,
                "threads_per_core": 1
              }
            ],
            "cpu_threads_per_core": 1,
            "credit_specification": [
              {
                "cpu_credits": "standard"
              }
            ],
            "disable_api_stop": false,
            "disable_api_termination": false,
            "ebs_block_device": [],
            "ebs_optimized": false,
            "enable_primary_ipv6": null,
            "enclave_options": [
              {
                "enabled": false
              }
            ],
            "ephemeral_block_device": [],
            "get_password_data": false,
            "hibernation": false,
            "host_id": "",
            "host_resource_group_arn": null,
            "iam_instance_profile": "",
            "id": "i-008b8b4f2ab0324cc",
            "instance_initiated_shutdown_behavior": "stop",
            "instance_lifecycle": "",
            "instance_market_options": [],
            "instance_state": "running",
            "instance_type": "t2.medium",
            "ipv6_address_count": 0,
            "ipv6_addresses": [],
            "key_name": "ocs-key",
            "launch_template": [],
            "maintenance_options": [
              {
                "auto_recovery": "default"
              }
            ],
            "metadata_options": [
              {
                "http_endpoint": "enabled",
                "http_protocol_ipv6": "disabled",
                "http_put_response_hop_limit": 1,
                "http_tokens": "optional",
                "instance_metadata_tags": "disabled"
              }
            ],
            "monitoring": false,
            "network_interface": [],
            "outpost_arn": "",
            "password_data": "",
            "placement_group": "",
            "placement_partition_number": 0,
            "primary_network_interface_id": "eni-0874af887ae1e0b6f",
            "private_dns": "ip-172-31-94-215.ec2.internal",
            "private_dns_name_options": [
              {
                "enable_resource_name_dns_a_record": false,
                "enable_resource_name_dns_aaaa_record": false,
                "hostname_type": "ip-name"
              }
            ],
            "private_ip": "172.31.94.215",
            "public_dns": "ec2-44-211-217-167.compute-1.amazonaws.com",
            "public_ip": "44.211.217.167",
            "root_block_device": [
              {
                "delete_on_termination": true,
                "device_name": "/dev/sda1",
                "encrypted": false,
                "iops": 100,
                "kms_key_id": "",
                "tags": null,
                "tags_all": {},
                "throughput": 0,
                "volume_id": "vol-084850f7b570398ba",
                "volume_size": 20,
                "volume_type": "gp2"
              }
            ],
            "secondary_private_ips": [],
            "security_groups": [
              "ramo-beko-sg"
            ],
            "source_dest_check": true,
            "spot_instance_request_id": "",
            "subnet_id": "subnet-098f99877c7803ccc",
            "tags": {
              "Name": "jenkins"
            },
            "tags_all": {
              "Name": "jenkins"
            },
            "tenancy": "default",
            "timeouts": null,
            "user_data": null,
            "user_data_base64": null,
            "user_data_replace_on_change": false,
            "volume_tags": null,
            "vpc_security_group_ids": [
              "sg-00fd1d30473b5c040"
            ]
          },
          "sensitive_attributes": [],
          "identity_schema_version": 0,
          "private": "eyJlMmJmYjczMC1lY2FhLTExZTYtOGY4OC0zNDM2M2JjN2M0YzAiOnsiY3JlYXRlIjo2MDAwMDAwMDAwMDAsImRlbGV0ZSI6MTIwMDAwMDAwMDAwMCwicmVhZCI6OTAwMDAwMDAwMDAwLCJ1cGRhdGUiOjYwMDAwMDAwMDAwMH0sInNjaGVtYV92ZXJzaW9uIjoiMSJ9",
          "dependencies": [
            "aws_key_pair.ocs_key",
            "data.aws_ami.ubuntu_latest",
            "data.aws_vpc.default",
            "module.app_sg.aws_security_group.this",
            "module.app_sg.aws_security_group_rule.self_allow_2049",
            "tls_private_key.ocs_key"
          ]
        }
      ]
    },
    {
      "module": "module.k8s_master",
      "mode": "managed",
      "type": "aws_instance",
      "name": "this",
      "provider": "provider[\"registry.terraform.io/hashicorp/aws\"]",
      "instances": [
        {
          "schema_version": 1,
          "attributes": {
            "ami": "ami-054d6a336762e438e",
            "arn": "arn:aws:ec2:us-east-1:686255985275:instance/i-0ef57919ff0b44e53",
            "associate_public_ip_address": true,
            "availability_zone": "us-east-1a",
            "capacity_reservation_specification": [
              {
                "capacity_reservation_preference": "open",
                "capacity_reservation_target": []
              }
            ],
            "cpu_core_count": 2,
            "cpu_options": [
              {
                "amd_sev_snp": "",
                "core_count": 2,
                "threads_per_core": 1
              }
            ],
            "cpu_threads_per_core": 1,
            "credit_specification": [
              {
                "cpu_credits": "standard"
              }
            ],
            "disable_api_stop": false,
            "disable_api_termination": false,
            "ebs_block_device": [],
            "ebs_optimized": false,
            "enable_primary_ipv6": null,
            "enclave_options": [
              {
                "enabled": false
              }
            ],
            "ephemeral_block_device": [],
            "get_password_data": false,
            "hibernation": false,
            "host_id": "",
            "host_resource_group_arn": null,
            "iam_instance_profile": "",
            "id": "i-0ef57919ff0b44e53",
            "instance_initiated_shutdown_behavior": "stop",
            "instance_lifecycle": "",
            "instance_market_options": [],
            "instance_state": "running",
            "instance_type": "t2.medium",
            "ipv6_address_count": 0,
            "ipv6_addresses": [],
            "key_name": "ocs-key",
            "launch_template": [],
            "maintenance_options": [
              {
                "auto_recovery": "default"
              }
            ],
            "metadata_options": [
              {
                "http_endpoint": "enabled",
                "http_protocol_ipv6": "disabled",
                "http_put_response_hop_limit": 1,
                "http_tokens": "optional",
                "instance_metadata_tags": "disabled"
              }
            ],
            "monitoring": false,
            "network_interface": [],
            "outpost_arn": "",
            "password_data": "",
            "placement_group": "",
            "placement_partition_number": 0,
            "primary_network_interface_id": "eni-0de2a7853196d559c",
            "private_dns": "ip-172-31-94-36.ec2.internal",
            "private_dns_name_options": [
              {
                "enable_resource_name_dns_a_record": false,
                "enable_resource_name_dns_aaaa_record": false,
                "hostname_type": "ip-name"
              }
            ],
            "private_ip": "172.31.94.36",
            "public_dns": "ec2-34-227-27-130.compute-1.amazonaws.com",
            "public_ip": "34.227.27.130",
            "root_block_device": [
              {
                "delete_on_termination": true,
                "device_name": "/dev/sda1",
                "encrypted": false,
                "iops": 100,
                "kms_key_id": "",
                "tags": null,
                "tags_all": {},
                "throughput": 0,
                "volume_id": "vol-0a38a02b787dddcf6",
                "volume_size": 25,
                "volume_type": "gp2"
              }
            ],
            "secondary_private_ips": [],
            "security_groups": [
              "ramo-beko-sg"
            ],
            "source_dest_check": true,
            "spot_instance_request_id": "",
            "subnet_id": "subnet-098f99877c7803ccc",
            "tags": {
              "Name": "kubernetes-master"
            },
            "tags_all": {
              "Name": "kubernetes-master"
            },
            "tenancy": "default",
            "timeouts": null,
            "user_data": null,
            "user_data_base64": null,
            "user_data_replace_on_change": false,
            "volume_tags": null,
            "vpc_security_group_ids": [
              "sg-00fd1d30473b5c040"
            ]
          },
          "sensitive_attributes": [],
          "identity_schema_version": 0,
          "private": "eyJlMmJmYjczMC1lY2FhLTExZTYtOGY4OC0zNDM2M2JjN2M0YzAiOnsiY3JlYXRlIjo2MDAwMDAwMDAwMDAsImRlbGV0ZSI6MTIwMDAwMDAwMDAwMCwicmVhZCI6OTAwMDAwMDAwMDAwLCJ1cGRhdGUiOjYwMDAwMDAwMDAwMH0sInNjaGVtYV92ZXJzaW9uIjoiMSJ9",
          "dependencies": [
            "aws_key_pair.ocs_key",
            "data.aws_ami.ubuntu_latest",
            "data.aws_vpc.default",
            "module.app_sg.aws_security_group.this",
            "module.app_sg.aws_security_group_rule.self_allow_2049",
            "tls_private_key.ocs_key"
          ]
        }
      ]
    },
    {
      "module": "module.k8s_slave_1",
      "mode": "managed",
      "type": "aws_instance",
      "name": "this",
      "provider": "provider[\"registry.terraform.io/hashicorp/aws\"]",
      "instances": [
        {
          "schema_version": 1,
          "attributes": {
            "ami": "ami-054d6a336762e438e",
            "arn": "arn:aws:ec2:us-east-1:686255985275:instance/i-0f98e2222d34c7f0d",
            "associate_public_ip_address": true,
            "availability_zone": "us-east-1a",
            "capacity_reservation_specification": [
              {
                "capacity_reservation_preference": "open",
                "capacity_reservation_target": []
              }
            ],
            "cpu_core_count": 2,
            "cpu_options": [
              {
                "amd_sev_snp": "",
                "core_count": 2,
                "threads_per_core": 1
              }
            ],
            "cpu_threads_per_core": 1,
            "credit_specification": [
              {
                "cpu_credits": "standard"
              }
            ],
            "disable_api_stop": false,
            "disable_api_termination": false,
            "ebs_block_device": [],
            "ebs_optimized": false,
            "enable_primary_ipv6": null,
            "enclave_options": [
              {
                "enabled": false
              }
            ],
            "ephemeral_block_device": [],
            "get_password_data": false,
            "hibernation": false,
            "host_id": "",
            "host_resource_group_arn": null,
            "iam_instance_profile": "",
            "id": "i-0f98e2222d34c7f0d",
            "instance_initiated_shutdown_behavior": "stop",
            "instance_lifecycle": "",
            "instance_market_options": [],
            "instance_state": "running",
            "instance_type": "t2.medium",
            "ipv6_address_count": 0,
            "ipv6_addresses": [],
            "key_name": "ocs-key",
            "launch_template": [],
            "maintenance_options": [
              {
                "auto_recovery": "default"
              }
            ],
            "metadata_options": [
              {
                "http_endpoint": "enabled",
                "http_protocol_ipv6": "disabled",
                "http_put_response_hop_limit": 1,
                "http_tokens": "optional",
                "instance_metadata_tags": "disabled"
              }
            ],
            "monitoring": false,
            "network_interface": [],
            "outpost_arn": "",
            "password_data": "",
            "placement_group": "",
            "placement_partition_number": 0,
            "primary_network_interface_id": "eni-0b49df309f8c50965",
            "private_dns": "ip-172-31-80-155.ec2.internal",
            "private_dns_name_options": [
              {
                "enable_resource_name_dns_a_record": false,
                "enable_resource_name_dns_aaaa_record": false,
                "hostname_type": "ip-name"
              }
            ],
            "private_ip": "172.31.80.155",
            "public_dns": "ec2-44-203-118-33.compute-1.amazonaws.com",
            "public_ip": "44.203.118.33",
            "root_block_device": [
              {
                "delete_on_termination": true,
                "device_name": "/dev/sda1",
                "encrypted": false,
                "iops": 100,
                "kms_key_id": "",
                "tags": null,
                "tags_all": {},
                "throughput": 0,
                "volume_id": "vol-0dba03509d9faaf97",
                "volume_size": 25,
                "volume_type": "gp2"
              }
            ],
            "secondary_private_ips": [],
            "security_groups": [
              "ramo-beko-sg"
            ],
            "source_dest_check": true,
            "spot_instance_request_id": "",
            "subnet_id": "subnet-098f99877c7803ccc",
            "tags": {
              "Name": "kubernetes-slave-1"
            },
            "tags_all": {
              "Name": "kubernetes-slave-1"
            },
            "tenancy": "default",
            "timeouts": null,
            "user_data": null,
            "user_data_base64": null,
            "user_data_replace_on_change": false,
            "volume_tags": null,
            "vpc_security_group_ids": [
              "sg-00fd1d30473b5c040"
            ]
          },
          "sensitive_attributes": [],
          "identity_schema_version": 0,
          "private": "eyJlMmJmYjczMC1lY2FhLTExZTYtOGY4OC0zNDM2M2JjN2M0YzAiOnsiY3JlYXRlIjo2MDAwMDAwMDAwMDAsImRlbGV0ZSI6MTIwMDAwMDAwMDAwMCwicmVhZCI6OTAwMDAwMDAwMDAwLCJ1cGRhdGUiOjYwMDAwMDAwMDAwMH0sInNjaGVtYV92ZXJzaW9uIjoiMSJ9",
          "dependencies": [
            "aws_key_pair.ocs_key",
            "data.aws_ami.ubuntu_latest",
            "data.aws_vpc.default",
            "module.app_sg.aws_security_group.this",
            "module.app_sg.aws_security_group_rule.self_allow_2049",
            "tls_private_key.ocs_key"
          ]
        }
      ]
    },
    {
      "module": "module.k8s_slave_2",
      "mode": "managed",
      "type": "aws_instance",
      "name": "this",
      "provider": "provider[\"registry.terraform.io/hashicorp/aws\"]",
      "instances": [
        {
          "schema_version": 1,
          "attributes": {
            "ami": "ami-054d6a336762e438e",
            "arn": "arn:aws:ec2:us-east-1:686255985275:instance/i-0548db360d28836b2",
            "associate_public_ip_address": true,
            "availability_zone": "us-east-1a",
            "capacity_reservation_specification": [
              {
                "capacity_reservation_preference": "open",
                "capacity_reservation_target": []
              }
            ],
            "cpu_core_count": 2,
            "cpu_options": [
              {
                "amd_sev_snp": "",
                "core_count": 2,
                "threads_per_core": 1
              }
            ],
            "cpu_threads_per_core": 1,
            "credit_specification": [
              {
                "cpu_credits": "standard"
              }
            ],
            "disable_api_stop": false,
            "disable_api_termination": false,
            "ebs_block_device": [],
            "ebs_optimized": false,
            "enable_primary_ipv6": null,
            "enclave_options": [
              {
                "enabled": false
              }
            ],
            "ephemeral_block_device": [],
            "get_password_data": false,
            "hibernation": false,
            "host_id": "",
            "host_resource_group_arn": null,
            "iam_instance_profile": "",
            "id": "i-0548db360d28836b2",
            "instance_initiated_shutdown_behavior": "stop",
            "instance_lifecycle": "",
            "instance_market_options": [],
            "instance_state": "running",
            "instance_type": "t2.medium",
            "ipv6_address_count": 0,
            "ipv6_addresses": [],
            "key_name": "ocs-key",
            "launch_template": [],
            "maintenance_options": [
              {
                "auto_recovery": "default"
              }
            ],
            "metadata_options": [
              {
                "http_endpoint": "enabled",
                "http_protocol_ipv6": "disabled",
                "http_put_response_hop_limit": 1,
                "http_tokens": "optional",
                "instance_metadata_tags": "disabled"
              }
            ],
            "monitoring": false,
            "network_interface": [],
            "outpost_arn": "",
            "password_data": "",
            "placement_group": "",
            "placement_partition_number": 0,
            "primary_network_interface_id": "eni-013df9cf0ad076abd",
            "private_dns": "ip-172-31-94-181.ec2.internal",
            "private_dns_name_options": [
              {
                "enable_resource_name_dns_a_record": false,
                "enable_resource_name_dns_aaaa_record": false,
                "hostname_type": "ip-name"
              }
            ],
            "private_ip": "172.31.94.181",
            "public_dns": "ec2-3-84-188-179.compute-1.amazonaws.com",
            "public_ip": "3.84.188.179",
            "root_block_device": [
              {
                "delete_on_termination": true,
                "device_name": "/dev/sda1",
                "encrypted": false,
                "iops": 100,
                "kms_key_id": "",
                "tags": null,
                "tags_all": {},
                "throughput": 0,
                "volume_id": "vol-0483baebddc05cffa",
                "volume_size": 25,
                "volume_type": "gp2"
              }
            ],
            "secondary_private_ips": [],
            "security_groups": [
              "ramo-beko-sg"
            ],
            "source_dest_check": true,
            "spot_instance_request_id": "",
            "subnet_id": "subnet-098f99877c7803ccc",
            "tags": {
              "Name": "kubernetes-slave-2"
            },
            "tags_all": {
              "Name": "kubernetes-slave-2"
            },
            "tenancy": "default",
            "timeouts": null,
            "user_data": null,
            "user_data_base64": null,
            "user_data_replace_on_change": false,
            "volume_tags": null,
            "vpc_security_group_ids": [
              "sg-00fd1d30473b5c040"
            ]
          },
          "sensitive_attributes": [],
          "identity_schema_version": 0,
          "private": "eyJlMmJmYjczMC1lY2FhLTExZTYtOGY4OC0zNDM2M2JjN2M0YzAiOnsiY3JlYXRlIjo2MDAwMDAwMDAwMDAsImRlbGV0ZSI6MTIwMDAwMDAwMDAwMCwicmVhZCI6OTAwMDAwMDAwMDAwLCJ1cGRhdGUiOjYwMDAwMDAwMDAwMH0sInNjaGVtYV92ZXJzaW9uIjoiMSJ9",
          "dependencies": [
            "aws_key_pair.ocs_key",
            "data.aws_ami.ubuntu_latest",
            "data.aws_vpc.default",
            "module.app_sg.aws_security_group.this",
            "module.app_sg.aws_security_group_rule.self_allow_2049",
            "tls_private_key.ocs_key"
          ]
        }
      ]
    },
    {
      "module": "module.nexus",
      "mode": "managed",
      "type": "aws_instance",
      "name": "this",
      "provider": "provider[\"registry.terraform.io/hashicorp/aws\"]",
      "instances": [
        {
          "schema_version": 1,
          "attributes": {
            "ami": "ami-054d6a336762e438e",
            "arn": "arn:aws:ec2:us-east-1:686255985275:instance/i-00d2ebab895accf30",
            "associate_public_ip_address": true,
            "availability_zone": "us-east-1a",
            "capacity_reservation_specification": [
              {
                "capacity_reservation_preference": "open",
                "capacity_reservation_target": []
              }
            ],
            "cpu_core_count": 2,
            "cpu_options": [
              {
                "amd_sev_snp": "",
                "core_count": 2,
                "threads_per_core": 1
              }
            ],
            "cpu_threads_per_core": 1,
            "credit_specification": [
              {
                "cpu_credits": "standard"
              }
            ],
            "disable_api_stop": false,
            "disable_api_termination": false,
            "ebs_block_device": [],
            "ebs_optimized": false,
            "enable_primary_ipv6": null,
            "enclave_options": [
              {
                "enabled": false
              }
            ],
            "ephemeral_block_device": [],
            "get_password_data": false,
            "hibernation": false,
            "host_id": "",
            "host_resource_group_arn": null,
            "iam_instance_profile": "",
            "id": "i-00d2ebab895accf30",
            "instance_initiated_shutdown_behavior": "stop",
            "instance_lifecycle": "",
            "instance_market_options": [],
            "instance_state": "running",
            "instance_type": "t2.medium",
            "ipv6_address_count": 0,
            "ipv6_addresses": [],
            "key_name": "ocs-key",
            "launch_template": [],
            "maintenance_options": [
              {
                "auto_recovery": "default"
              }
            ],
            "metadata_options": [
              {
                "http_endpoint": "enabled",
                "http_protocol_ipv6": "disabled",
                "http_put_response_hop_limit": 1,
                "http_tokens": "optional",
                "instance_metadata_tags": "disabled"
              }
            ],
            "monitoring": false,
            "network_interface": [],
            "outpost_arn": "",
            "password_data": "",
            "placement_group": "",
            "placement_partition_number": 0,
            "primary_network_interface_id": "eni-063aff30282f6d90f",
            "private_dns": "ip-172-31-94-231.ec2.internal",
            "private_dns_name_options": [
              {
                "enable_resource_name_dns_a_record": false,
                "enable_resource_name_dns_aaaa_record": false,
                "hostname_type": "ip-name"
              }
            ],
            "private_ip": "172.31.94.231",
            "public_dns": "ec2-34-207-67-117.compute-1.amazonaws.com",
            "public_ip": "34.207.67.117",
            "root_block_device": [
              {
                "delete_on_termination": true,
                "device_name": "/dev/sda1",
                "encrypted": false,
                "iops": 100,
                "kms_key_id": "",
                "tags": null,
                "tags_all": {},
                "throughput": 0,
                "volume_id": "vol-01cffc93fe0894f4b",
                "volume_size": 20,
                "volume_type": "gp2"
              }
            ],
            "secondary_private_ips": [],
            "security_groups": [
              "ramo-beko-sg"
            ],
            "source_dest_check": true,
            "spot_instance_request_id": "",
            "subnet_id": "subnet-098f99877c7803ccc",
            "tags": {
              "Name": "nexus"
            },
            "tags_all": {
              "Name": "nexus"
            },
            "tenancy": "default",
            "timeouts": null,
            "user_data": null,
            "user_data_base64": null,
            "user_data_replace_on_change": false,
            "volume_tags": null,
            "vpc_security_group_ids": [
              "sg-00fd1d30473b5c040"
            ]
          },
          "sensitive_attributes": [],
          "identity_schema_version": 0,
          "private": "eyJlMmJmYjczMC1lY2FhLTExZTYtOGY4OC0zNDM2M2JjN2M0YzAiOnsiY3JlYXRlIjo2MDAwMDAwMDAwMDAsImRlbGV0ZSI6MTIwMDAwMDAwMDAwMCwicmVhZCI6OTAwMDAwMDAwMDAwLCJ1cGRhdGUiOjYwMDAwMDAwMDAwMH0sInNjaGVtYV92ZXJzaW9uIjoiMSJ9",
          "dependencies": [
            "aws_key_pair.ocs_key",
            "data.aws_ami.ubuntu_latest",
            "data.aws_vpc.default",
            "module.app_sg.aws_security_group.this",
            "module.app_sg.aws_security_group_rule.self_allow_2049",
            "tls_private_key.ocs_key"
          ]
        }
      ]
    },
    {
      "module": "module.sonarqube",
      "mode": "managed",
      "type": "aws_instance",
      "name": "this",
      "provider": "provider[\"registry.terraform.io/hashicorp/aws\"]",
      "instances": [
        {
          "schema_version": 1,
          "attributes": {
            "ami": "ami-054d6a336762e438e",
            "arn": "arn:aws:ec2:us-east-1:686255985275:instance/i-03634f140c390134b",
            "associate_public_ip_address": true,
            "availability_zone": "us-east-1a",
            "capacity_reservation_specification": [
              {
                "capacity_reservation_preference": "open",
                "capacity_reservation_target": []
              }
            ],
            "cpu_core_count": 2,
            "cpu_options": [
              {
                "amd_sev_snp": "",
                "core_count": 2,
                "threads_per_core": 1
              }
            ],
            "cpu_threads_per_core": 1,
            "credit_specification": [
              {
                "cpu_credits": "standard"
              }
            ],
            "disable_api_stop": false,
            "disable_api_termination": false,
            "ebs_block_device": [],
            "ebs_optimized": false,
            "enable_primary_ipv6": null,
            "enclave_options": [
              {
                "enabled": false
              }
            ],
            "ephemeral_block_device": [],
            "get_password_data": false,
            "hibernation": false,
            "host_id": "",
            "host_resource_group_arn": null,
            "iam_instance_profile": "",
            "id": "i-03634f140c390134b",
            "instance_initiated_shutdown_behavior": "stop",
            "instance_lifecycle": "",
            "instance_market_options": [],
            "instance_state": "running",
            "instance_type": "t2.medium",
            "ipv6_address_count": 0,
            "ipv6_addresses": [],
            "key_name": "ocs-key",
            "launch_template": [],
            "maintenance_options": [
              {
                "auto_recovery": "default"
              }
            ],
            "metadata_options": [
              {
                "http_endpoint": "enabled",
                "http_protocol_ipv6": "disabled",
                "http_put_response_hop_limit": 1,
                "http_tokens": "optional",
                "instance_metadata_tags": "disabled"
              }
            ],
            "monitoring": false,
            "network_interface": [],
            "outpost_arn": "",
            "password_data": "",
            "placement_group": "",
            "placement_partition_number": 0,
            "primary_network_interface_id": "eni-0312e67a0c554c861",
            "private_dns": "ip-172-31-93-129.ec2.internal",
            "private_dns_name_options": [
              {
                "enable_resource_name_dns_a_record": false,
                "enable_resource_name_dns_aaaa_record": false,
                "hostname_type": "ip-name"
              }
            ],
            "private_ip": "172.31.93.129",
            "public_dns": "ec2-13-221-80-106.compute-1.amazonaws.com",
            "public_ip": "13.221.80.106",
            "root_block_device": [
              {
                "delete_on_termination": true,
                "device_name": "/dev/sda1",
                "encrypted": false,
                "iops": 100,
                "kms_key_id": "",
                "tags": null,
                "tags_all": {},
                "throughput": 0,
                "volume_id": "vol-0ed18b7ef0c73f076",
                "volume_size": 20,
                "volume_type": "gp2"
              }
            ],
            "secondary_private_ips": [],
            "security_groups": [
              "ramo-beko-sg"
            ],
            "source_dest_check": true,
            "spot_instance_request_id": "",
            "subnet_id": "subnet-098f99877c7803ccc",
            "tags": {
              "Name": "sonarqube"
            },
            "tags_all": {
              "Name": "sonarqube"
            },
            "tenancy": "default",
            "timeouts": null,
            "user_data": null,
            "user_data_base64": null,
            "user_data_replace_on_change": false,
            "volume_tags": null,
            "vpc_security_group_ids": [
              "sg-00fd1d30473b5c040"
            ]
          },
          "sensitive_attributes": [],
          "identity_schema_version": 0,
          "private": "eyJlMmJmYjczMC1lY2FhLTExZTYtOGY4OC0zNDM2M2JjN2M0YzAiOnsiY3JlYXRlIjo2MDAwMDAwMDAwMDAsImRlbGV0ZSI6MTIwMDAwMDAwMDAwMCwicmVhZCI6OTAwMDAwMDAwMDAwLCJ1cGRhdGUiOjYwMDAwMDAwMDAwMH0sInNjaGVtYV92ZXJzaW9uIjoiMSJ9",
          "dependencies": [
            "aws_key_pair.ocs_key",
            "data.aws_ami.ubuntu_latest",
            "data.aws_vpc.default",
            "module.app_sg.aws_security_group.this",
            "module.app_sg.aws_security_group_rule.self_allow_2049",
            "tls_private_key.ocs_key"
          ]
        }
      ]
    }
  ],
  "check_results": null
}
