{
  "version": 4,
  "terraform_version": "1.12.0",
  "serial": 207,
  "lineage": "de23db89-7fe7-985c-f8bb-a79a45da0c55",
  "outputs": {
    "all_ips": {
      "value": {
        "jenkins": "63.178.165.140",
        "k8s_master": "52.28.97.28",
        "k8s_slave_1": "52.59.231.166",
        "k8s_slave_2": "18.199.170.27",
        "nexus": "3.127.36.115",
        "sonarqube": "18.198.23.249"
      },
      "type": [
        "object",
        {
          "jenkins": "string",
          "k8s_master": "string",
          "k8s_slave_1": "string",
          "k8s_slave_2": "string",
          "nexus": "string",
          "sonarqube": "string"
        }
      ]
    }
  },
  "resources": [
    {
      "mode": "data",
      "type": "aws_ami",
      "name": "ubuntu_latest",
      "provider": "provider[\"registry.terraform.io/hashicorp/aws\"]",
      "instances": [
        {
          "schema_version": 0,
          "attributes": {
            "architecture": "x86_64",
            "arn": "arn:aws:ec2:eu-central-1::image/ami-0a87a69d69fa289be",
            "block_device_mappings": [
              {
                "device_name": "/dev/sda1",
                "ebs": {
                  "delete_on_termination": "true",
                  "encrypted": "false",
                  "iops": "0",
                  "snapshot_id": "snap-03b606e02587e2313",
                  "throughput": "0",
                  "volume_size": "8",
                  "volume_type": "gp2"
                },
                "no_device": "",
                "virtual_name": ""
              },
              {
                "device_name": "/dev/sdb",
                "ebs": {},
                "no_device": "",
                "virtual_name": "ephemeral0"
              },
              {
                "device_name": "/dev/sdc",
                "ebs": {},
                "no_device": "",
                "virtual_name": "ephemeral1"
              }
            ],
            "boot_mode": "uefi-preferred",
            "creation_date": "2025-05-16T06:42:12.000Z",
            "deprecation_time": "2027-05-16T06:42:12.000Z",
            "description": "Canonical, Ubuntu, 22.04, amd64 jammy image",
            "ena_support": true,
            "executable_users": null,
            "filter": [
              {
                "name": "name",
                "values": [
                  "ubuntu/images/hvm-ssd/ubuntu-*-amd64-server-*"
                ]
              },
              {
                "name": "virtualization-type",
                "values": [
                  "hvm"
                ]
              }
            ],
            "hypervisor": "xen",
            "id": "ami-0a87a69d69fa289be",
            "image_id": "ami-0a87a69d69fa289be",
            "image_location": "amazon/ubuntu/images/hvm-ssd/ubuntu-jammy-22.04-amd64-server-20250516",
            "image_owner_alias": "amazon",
            "image_type": "machine",
            "imds_support": "",
            "include_deprecated": false,
            "kernel_id": "",
            "last_launched_time": "",
            "most_recent": true,
            "name": "ubuntu/images/hvm-ssd/ubuntu-jammy-22.04-amd64-server-20250516",
            "name_regex": null,
            "owner_id": "099720109477",
            "owners": [
              "099720109477"
            ],
            "platform": "",
            "platform_details": "Linux/UNIX",
            "product_codes": [],
            "public": true,
            "ramdisk_id": "",
            "root_device_name": "/dev/sda1",
            "root_device_type": "ebs",
            "root_snapshot_id": "snap-03b606e02587e2313",
            "sriov_net_support": "simple",
            "state": "available",
            "state_reason": {
              "code": "UNSET",
              "message": "UNSET"
            },
            "tags": {},
            "timeouts": null,
            "tpm_support": "",
            "uefi_data": null,
            "usage_operation": "RunInstances",
            "virtualization_type": "hvm"
          },
          "sensitive_attributes": [],
          "identity_schema_version": 0
        }
      ]
    },
    {
      "mode": "data",
      "type": "aws_subnet",
      "name": "first",
      "provider": "provider[\"registry.terraform.io/hashicorp/aws\"]",
      "instances": [
        {
          "schema_version": 0,
          "attributes": {
            "arn": "arn:aws:ec2:eu-central-1:686255985275:subnet/subnet-0038b1fe0553c625b",
            "assign_ipv6_address_on_creation": false,
            "availability_zone": "eu-central-1c",
            "availability_zone_id": "euc1-az1",
            "available_ip_address_count": 4089,
            "cidr_block": "172.31.0.0/20",
            "customer_owned_ipv4_pool": "",
            "default_for_az": true,
            "enable_dns64": false,
            "enable_lni_at_device_index": 0,
            "enable_resource_name_dns_a_record_on_launch": false,
            "enable_resource_name_dns_aaaa_record_on_launch": false,
            "filter": null,
            "id": "subnet-0038b1fe0553c625b",
            "ipv6_cidr_block": "",
            "ipv6_cidr_block_association_id": "",
            "ipv6_native": false,
            "map_customer_owned_ip_on_launch": false,
            "map_public_ip_on_launch": true,
            "outpost_arn": "",
            "owner_id": "686255985275",
            "private_dns_hostname_type_on_launch": "ip-name",
            "state": "available",
            "tags": {},
            "timeouts": null,
            "vpc_id": "vpc-0cd726ed01a18b4fe"
          },
          "sensitive_attributes": [],
          "identity_schema_version": 0
        }
      ]
    },
    {
      "mode": "data",
      "type": "aws_subnets",
      "name": "default",
      "provider": "provider[\"registry.terraform.io/hashicorp/aws\"]",
      "instances": [
        {
          "schema_version": 0,
          "attributes": {
            "filter": [
              {
                "name": "vpc-id",
                "values": [
                  "vpc-0cd726ed01a18b4fe"
                ]
              }
            ],
            "id": "eu-central-1",
            "ids": [
              "subnet-0038b1fe0553c625b",
              "subnet-0b5b1dac403a2527d",
              "subnet-01627f3d3717a3ed2"
            ],
            "tags": null,
            "timeouts": null
          },
          "sensitive_attributes": [],
          "identity_schema_version": 0
        }
      ]
    },
    {
      "mode": "data",
      "type": "aws_vpc",
      "name": "default",
      "provider": "provider[\"registry.terraform.io/hashicorp/aws\"]",
      "instances": [
        {
          "schema_version": 0,
          "attributes": {
            "arn": "arn:aws:ec2:eu-central-1:686255985275:vpc/vpc-0cd726ed01a18b4fe",
            "cidr_block": "172.31.0.0/16",
            "cidr_block_associations": [
              {
                "association_id": "vpc-cidr-assoc-08b99024de9a1a3ff",
                "cidr_block": "172.31.0.0/16",
                "state": "associated"
              }
            ],
            "default": true,
            "dhcp_options_id": "dopt-0827407399adbd6e8",
            "enable_dns_hostnames": true,
            "enable_dns_support": true,
            "enable_network_address_usage_metrics": false,
            "filter": null,
            "id": "vpc-0cd726ed01a18b4fe",
            "instance_tenancy": "default",
            "ipv6_association_id": "",
            "ipv6_cidr_block": "",
            "main_route_table_id": "rtb-036c8d695d5f81e52",
            "owner_id": "686255985275",
            "state": null,
            "tags": {},
            "timeouts": null
          },
          "sensitive_attributes": [],
          "identity_schema_version": 0
        }
      ]
    },
    {
      "mode": "managed",
      "type": "aws_key_pair",
      "name": "ocs_key",
      "provider": "provider[\"registry.terraform.io/hashicorp/aws\"]",
      "instances": [
        {
          "schema_version": 1,
          "attributes": {
            "arn": "arn:aws:ec2:eu-central-1:686255985275:key-pair/ocs-key",
            "fingerprint": "2a:63:b2:47:a7:7d:69:f2:4a:a1:f6:4f:65:07:7c:ea",
            "id": "ocs-key",
            "key_name": "ocs-key",
            "key_name_prefix": "",
            "key_pair_id": "key-0fb7f607f141e5e72",
            "key_type": "rsa",
            "public_key": "ssh-rsa AAAAB3NzaC1yc2EAAAADAQABAAACAQC7AmAK2amCTndL7RWLG+wFOf2M1zP4m2Wicbs6cyO5zVsSWIifT567ZrfYEdGydH1fqsumr47pAlc2YENxsTGB7nKOdChZjhRvVcp43H96D+QGBsAH53qWU7Ce69p9aY48XHJw2BCHLNrHGqMqLlIovItub4d6duCRw2HtStyJOp3pACHSD0ghfQdZWIZL0U6DINrjCibbGyGvPrQRCKuNxajcr682RF4EK5t58B7LzbFnnIhduEPOdOpxBHqFlTKi94e97L+YibxQoEW1jGtYrf+8VWaP71gDYX6VGQ2ve6VpFrnTNo0yFpwWw4h21GKFTAA95m6Udm4y7aygfZvt7ZCYhUiW0dGynXqgbunDY5UQ22Mr6K7H3KL0Ls6MKGfaYRBVvaFsB1qAydRViugkviuNTVEkym3RzgTp7Yf9CyUbPSJTxjRZZX4HIwIlP8Nd/yqplE0ElvJyH436fr7LIzXM4kEynplDxO4owZ9fRDCdWyj2pqgDL+Qb52AFfyzpGwTlJ0CLoEgOnKDpgT+o0IouMQTSpe9Ze33mRUzTuo/0n+Qo1JVxnvT0cmzE+rAcQhP8cJ0RYRQK0L+T33dpUdpk7WHVVTusFTBoPV15eeE7YUZV6pGjLLmY4utQD9tqwc3S4zd73brY4859r5GYtQX/R85cys5i4iew05okuQ==",
            "tags": {},
            "tags_all": {}
          },
          "sensitive_attributes": [],
          "identity_schema_version": 0,
          "private": "eyJzY2hlbWFfdmVyc2lvbiI6IjEifQ==",
          "dependencies": [
            "tls_private_key.ocs_key"
          ]
        }
      ]
    },
    {
      "mode": "managed",
      "type": "local_file",
      "name": "private_key",
      "provider": "provider[\"registry.terraform.io/hashicorp/local\"]",
      "instances": [
        {
          "schema_version": 0,
          "attributes": {
            "content": "-----BEGIN RSA PRIVATE KEY-----\nMIIJKQIBAAKCAgEAuwJgCtmpgk53S+0VixvsBTn9jNcz+JtlonG7OnMjuc1bEliI\nn0+eu2a32BHRsnR9X6rLpq+O6QJXNmBDcbExge5yjnQoWY4Ub1XKeNx/eg/kBgbA\nB+d6llOwnuvafWmOPFxycNgQhyzaxxqjKi5SKLyLbm+HenbgkcNh7UrciTqd6QAh\n0g9IIX0HWViGS9FOgyDa4wom2xshrz60EQirjcWo3K+vNkReBCubefAey82xZ5yI\nXbhDznTqcQR6hZUyoveHvey/mIm8UKBFtYxrWK3/vFVmj+9YA2F+lRkNr3ulaRa5\n0zaNMhacFsOIdtRihUwAPeZulHZuMu2soH2b7e2QmIVIltHRsp16oG7pw2OVENtj\nK+iux9yi9C7OjChn2mEQVb2hbAdagMnUVYroJL4rjU1RJMpt0c4E6e2H/QslGz0i\nU8Y0WWV+ByMCJT/DXf8qqZRNBJbych+N+n6+yyM1zOJBMp6ZQ8TuKMGfX0QwnVso\n9qaoAy/kG+dgBX8s6RsE5SdAi6BIDpyg6YE/qNCKLjEE0qXvWXt95kVM07qP9J/k\nKNSVcZ709HJsxPqwHEIT/HCdEWEUCtC/k993aVHaZO1h1VU7rBUwaD1deXnhO2FG\nVeqRoyy5mOLrUA/basHN0uM3e9262OPOfa+RmLUF/0fOXMrOYuInsNOaJLkCAwEA\nAQKCAgAo2Hi2PfrYX3+OeZrYPrHDJXqkCbgL/5MIE0u31UCzGy+eVvCGTVtn5qRW\ngPPahLeCjvk6r8Mo0Q5P7eAlQ7TCwpxKUYQjpVUAyU33Ln/4XuKoz04fm9dKYL6l\nw3F+LXE37WBAleysPaeOT9reAm6G/8F7jkgavz7HD5QCwnRfU8p8Qv9gFF7mk5qo\nkN2KT03U9bbhWo0Ik8k8b9dgFhL0XP0IMKY2FeIsCoNDs6biUEvEi+u7/pxuyloP\nc9E3/pGoByUinkRt0n2rZYo8QE6M+Lov/j4vx3DjkiaV9bonvzuuc5yETbiyvT37\n+drDS5m2MBaobn1uF1zz6jYneq/0/G2I7RESQk7Dk1xcN6b8wmA/EqbQeB9CBGwn\nKyDmLZEQiv2uYGaxVE4YbMuOJGacvkt47vO1IyiCFpMXKnmtEYB0wo0doy55Kbsk\nn8GhkWQpdl8eRYFsJf3ac1SONc+czoEhUuAOueo4vuz3C4Bddli1d91drRKRUAFF\nnVUTwEWhWBm390jJbKE9Ib0VAhvEYJwx4xwgOfUV3D1OlmtB4y9zIGb9wWLu3y/c\nDtOrteTpfVm4wple4a9yCdR5Q0nWJQXxGiGp7rQ6mxYXSZbMN/4WwRQHgE1L8kKd\n9nute44VVJcmO7cv8pl355NiQ8/MkXAPkIzrruIyLrWJPJwTNQKCAQEAxM1MlWF1\nKkd+jKzd6EMu3w8V+S6nyu8QXdWakuqvLrZy9KCZao3Zr8/ex96Y+xEJyxxAfzqH\n95W4itB4jc56Vxdjzoq6J6xZgJ4OqwnmfNK/mjf6jDh2Dr0pnb+BujKRwL0/9OXS\nZgA9PQQ39lpPkvZb0P3QblNZozQcmH41SQ6TMVPVzr19pjt9M3iiMJpRrvuRruZe\nwaiV2PbHPnN0tYAL9EfYVnbiir9Xs5DR+u2u2Wo3dAAE9R+zPeT5mdP+1FuOSBRS\nWWry2vGMx8JIoZEMwvj3mExqyCRhT2wJyIHfgvOQrC/jgv94sq6gqF8azc7IRCQn\n6TbJ+c58ycszHQKCAQEA80L+M4hEdsFvw/3vKjd1MPs4pzvXjU1vCvsEEoYzxLO2\nrT/iWFMB7S0YDgXw2zWAGHu0uRSqhDRRqwUXBp57b0ZR7yM8tIN1staQ6DT029k9\n++vPItc023x6IxmpNtTZoCw7f/4Dfv7kN6Cmv868L9PJcguuYhF5H0LTN5EGKp77\n62YB5GqFx9F0rz8YMOab+W2NZSRIDAJ8PCssGuVLZI7i2OHuPRa5toFNmGiKk3oY\ntEdQhw7K+SLS48aMWCxyTb4urN88brt52C/fXAMlhymLDgLjUPtbtpzJfyRw3tQT\nXBEgVMXLxD8Gu+Rw9p4Lp3lMGQ8nl5yPGrBT1qLJTQKCAQBy1Ne60gLriIvuyW8x\n9wGCZesMWozNfHCwT9LBpu5Q82RgGNVrtxkt3LzBIsFgvbBZM0Lu+dgcPuBPHxU4\nqSH5b0xtV8UHISmYQqGMa1pxuwbRlZg7+TXpo7aEtRmc66TgMYz/+JmrqrgQwkVl\nGY0U02r/pxnXRgsnj2CgGgQ9fKOmRKSc3TRTqqKDRgBdG65Ny7xVsVXY6eWFk3ju\nl6+ht/VBtConSXcmPj+OJxJeuBEuCywQI3LBFJ4hn1mEyI4ImuOKa1Ehm6XY2tiq\nNlLq8xffLCZMV0p3PcMJ9KBAvocMgdIIpmi6JxbmK77Sf6vEKsPv/qjLC40Olc16\ncXaBAoIBAQCJeJaHML7gDbjHnb2Gsgh8QbxmZZ8Or2/NWMWYYlbnFlhp1+xl1aMF\nEbLCWgEfIEDflSkwXsluJNLyPtIgX3eKDsdGyTcJHDFre24wi5zEkSRCNaS9H7kz\nQEkVhO7nmanSpqyJTFdVcV4vQY56Xq5iqODynj9SFGXKkM0kXcSKWYYsJV10Y+5u\nWaQDVTiqiegjMRHy0moUv2LN7efi2ymcDlOMFUG5LBqPVMsxEgMeDKXhW1vatzVl\nTZS4PAAb5CJEZPGjqBRSz4ev8H3dVbnjhEqdBGzJ2wKdVEVaoJFYm6jFIriOr6jT\nonp/vD1KYU5cumOS1cmeGE+W2YbHiP8RAoIBAQCLxslcLNMmb5PF0uxbqd67+rAt\ng4EfPAQx8jzxctNS0oFNRyyqeaVY0fy50UzQrGHzGMzU2064Jt7pDrlq2vY3W3lg\nzpivWwk7kaR09Yjy5EZyQEFCmUJupEc0wttVVgJETtRGfLjrFdQ/zkobdfyi7dGj\nm97niD31oMayMbNLjpZuzBGbxFSWKphnarD7ZiCULAR93+U9kmPUllzqs+0lwdVp\nLBuir9WN1nLUZ0TN3fMC32HaIcFTEjQq21q6BWTdmq6+SCbuYxVgbJD8WFYqp7+A\n/W3FScW9xOquVdbLZql5mCRdwP2BuLAgV2JqQvIKX4LqAsRDlFxKibDI9vv6\n-----END RSA PRIVATE KEY-----\n",
            "content_base64": null,
            "content_base64sha256": "WqtPHo3D1sX4x12hkFBTSlA3cElnSZ2g3atW7W/ky7w=",
            "content_base64sha512": "UOqa+YPfdZ9CQfc8v//6Bk4orpZ0uHcV9dojG72HNFpUovep3muXYBp5v66haZT1xioPIhXj6Leg1pTFEh2ZdA==",
            "content_md5": "355f8a80264be167c3ba97d6c2d94533",
            "content_sha1": "33702b67f36b44e49f095a7b6ac304a444b40f80",
            "content_sha256": "5aab4f1e8dc3d6c5f8c75da19050534a5037704967499da0ddab56ed6fe4cbbc",
            "content_sha512": "50ea9af983df759f4241f73cbffffa064e28ae9674b87715f5da231bbd87345a54a2f7a9de6b97601a79bfaea16994f5c62a0f2215e3e8b7a0d694c5121d9974",
            "directory_permission": "0700",
            "file_permission": "0400",
            "filename": "./ocs-key.pem",
            "id": "33702b67f36b44e49f095a7b6ac304a444b40f80",
            "sensitive_content": null,
            "source": null
          },
          "sensitive_attributes": [
            [
              {
                "type": "get_attr",
                "value": "content"
              }
            ],
            [
              {
                "type": "get_attr",
                "value": "sensitive_content"
              }
            ]
          ],
          "identity_schema_version": 0,
          "dependencies": [
            "tls_private_key.ocs_key"
          ]
        }
      ]
    },
    {
      "mode": "managed",
      "type": "tls_private_key",
      "name": "ocs_key",
      "provider": "provider[\"registry.terraform.io/hashicorp/tls\"]",
      "instances": [
        {
          "schema_version": 1,
          "attributes": {
            "algorithm": "RSA",
            "ecdsa_curve": "P224",
            "id": "5bef43eeb7ba10773ccb86a91eb59f6a4f1b900b",
            "private_key_openssh": "-----BEGIN OPENSSH PRIVATE KEY-----\nb3BlbnNzaC1rZXktdjEAAAAABG5vbmUAAAAEbm9uZQAAAAAAAAABAAACFwAAAAdz\nc2gtcnNhAAAAAwEAAQAAAgEAuwJgCtmpgk53S+0VixvsBTn9jNcz+JtlonG7OnMj\nuc1bEliIn0+eu2a32BHRsnR9X6rLpq+O6QJXNmBDcbExge5yjnQoWY4Ub1XKeNx/\neg/kBgbAB+d6llOwnuvafWmOPFxycNgQhyzaxxqjKi5SKLyLbm+HenbgkcNh7Urc\niTqd6QAh0g9IIX0HWViGS9FOgyDa4wom2xshrz60EQirjcWo3K+vNkReBCubefAe\ny82xZ5yIXbhDznTqcQR6hZUyoveHvey/mIm8UKBFtYxrWK3/vFVmj+9YA2F+lRkN\nr3ulaRa50zaNMhacFsOIdtRihUwAPeZulHZuMu2soH2b7e2QmIVIltHRsp16oG7p\nw2OVENtjK+iux9yi9C7OjChn2mEQVb2hbAdagMnUVYroJL4rjU1RJMpt0c4E6e2H\n/QslGz0iU8Y0WWV+ByMCJT/DXf8qqZRNBJbych+N+n6+yyM1zOJBMp6ZQ8TuKMGf\nX0QwnVso9qaoAy/kG+dgBX8s6RsE5SdAi6BIDpyg6YE/qNCKLjEE0qXvWXt95kVM\n07qP9J/kKNSVcZ709HJsxPqwHEIT/HCdEWEUCtC/k993aVHaZO1h1VU7rBUwaD1d\neXnhO2FGVeqRoyy5mOLrUA/basHN0uM3e9262OPOfa+RmLUF/0fOXMrOYuInsNOa\nJLkAAAc4Maa7LDGmuywAAAAHc3NoLXJzYQAAAgEAuwJgCtmpgk53S+0VixvsBTn9\njNcz+JtlonG7OnMjuc1bEliIn0+eu2a32BHRsnR9X6rLpq+O6QJXNmBDcbExge5y\njnQoWY4Ub1XKeNx/eg/kBgbAB+d6llOwnuvafWmOPFxycNgQhyzaxxqjKi5SKLyL\nbm+HenbgkcNh7UrciTqd6QAh0g9IIX0HWViGS9FOgyDa4wom2xshrz60EQirjcWo\n3K+vNkReBCubefAey82xZ5yIXbhDznTqcQR6hZUyoveHvey/mIm8UKBFtYxrWK3/\nvFVmj+9YA2F+lRkNr3ulaRa50zaNMhacFsOIdtRihUwAPeZulHZuMu2soH2b7e2Q\nmIVIltHRsp16oG7pw2OVENtjK+iux9yi9C7OjChn2mEQVb2hbAdagMnUVYroJL4r\njU1RJMpt0c4E6e2H/QslGz0iU8Y0WWV+ByMCJT/DXf8qqZRNBJbych+N+n6+yyM1\nzOJBMp6ZQ8TuKMGfX0QwnVso9qaoAy/kG+dgBX8s6RsE5SdAi6BIDpyg6YE/qNCK\nLjEE0qXvWXt95kVM07qP9J/kKNSVcZ709HJsxPqwHEIT/HCdEWEUCtC/k993aVHa\nZO1h1VU7rBUwaD1deXnhO2FGVeqRoyy5mOLrUA/basHN0uM3e9262OPOfa+RmLUF\n/0fOXMrOYuInsNOaJLkAAAADAQABAAACACjYeLY9+thff455mtg+scMleqQJuAv/\nkwgTS7fVQLMbL55W8IZNW2fmpFaA89qEt4KO+TqvwyjRDk/t4CVDtMLCnEpRhCOl\nVQDJTfcuf/he4qjPTh+b10pgvqXDcX4tcTftYECV7Kw9p45P2t4Cbob/wXuOSBq/\nPscPlALCdF9TynxC/2AUXuaTmqiQ3YpPTdT1tuFajQiTyTxv12AWEvRc/QgwpjYV\n4iwKg0OzpuJQS8SL67v+nG7KWg9z0Tf+kagHJSKeRG3SfatlijxAToz4ui/+Pi/H\ncOOSJpX1uie/O65znIRNuLK9Pfv52sNLmbYwFqhufW4XXPPqNid6r/T8bYjtERJC\nTsOTXFw3pvzCYD8SptB4H0IEbCcrIOYtkRCK/a5gZrFUThhsy44kZpy+S3ju87Uj\nKIIWkxcqea0RgHTCjR2jLnkpuySfwaGRZCl2Xx5FgWwl/dpzVI41z5zOgSFS4A65\n6ji+7PcLgF12WLV33V2tEpFQAUWdVRPARaFYGbf3SMlsoT0hvRUCG8RgnDHjHCA5\n9RXcPU6Wa0HjL3MgZv3BYu7fL9wO06u15Ol9WbjCmV7hr3IJ1HlDSdYlBfEaIanu\ntDqbFhdJlsw3/hbBFAeATUvyQp32e617jhVUlyY7ty/ymXfnk2JDz8yRcA+QjOuu\n4jIutYk8nBM1AAABAQCLxslcLNMmb5PF0uxbqd67+rAtg4EfPAQx8jzxctNS0oFN\nRyyqeaVY0fy50UzQrGHzGMzU2064Jt7pDrlq2vY3W3lgzpivWwk7kaR09Yjy5EZy\nQEFCmUJupEc0wttVVgJETtRGfLjrFdQ/zkobdfyi7dGjm97niD31oMayMbNLjpZu\nzBGbxFSWKphnarD7ZiCULAR93+U9kmPUllzqs+0lwdVpLBuir9WN1nLUZ0TN3fMC\n32HaIcFTEjQq21q6BWTdmq6+SCbuYxVgbJD8WFYqp7+A/W3FScW9xOquVdbLZql5\nmCRdwP2BuLAgV2JqQvIKX4LqAsRDlFxKibDI9vv6AAABAQDEzUyVYXUqR36MrN3o\nQy7fDxX5LqfK7xBd1ZqS6q8utnL0oJlqjdmvz97H3pj7EQnLHEB/Oof3lbiK0HiN\nznpXF2POironrFmAng6rCeZ80r+aN/qMOHYOvSmdv4G6MpHAvT/05dJmAD09BDf2\nWk+S9lvQ/dBuU1mjNByYfjVJDpMxU9XOvX2mO30zeKIwmlGu+5Gu5l7BqJXY9sc+\nc3S1gAv0R9hWduKKv1ezkNH67a7Zajd0AAT1H7M95PmZ0/7UW45IFFJZavLa8YzH\nwkihkQzC+PeYTGrIJGFPbAnIgd+C85CsL+OC/3iyrqCoXxrNzshEJCfpNsn5znzJ\nyzMdAAABAQDzQv4ziER2wW/D/e8qN3Uw+zinO9eNTW8K+wQShjPEs7atP+JYUwHt\nLRgOBfDbNYAYe7S5FKqENFGrBRcGnntvRlHvIzy0g3Wy1pDoNPTb2T37688i1zTb\nfHojGak21NmgLDt//gN+/uQ3oKa/zrwv08lyC65iEXkfQtM3kQYqnvvrZgHkaoXH\n0XSvPxgw5pv5bY1lJEgMAnw8Kywa5UtkjuLY4e49Frm2gU2YaIqTehi0R1CHDsr5\nItLjxoxYLHJNvi6s3zxuu3nYL99cAyWHKYsOAuNQ+1u2nMl/JHDe1BNcESBUxcvE\nPwa75HD2nguneUwZDyeXnI8asFPWoslNAAAAAAEC\n-----END OPENSSH PRIVATE KEY-----\n",
            "private_key_pem": "-----BEGIN RSA PRIVATE KEY-----\nMIIJKQIBAAKCAgEAuwJgCtmpgk53S+0VixvsBTn9jNcz+JtlonG7OnMjuc1bEliI\nn0+eu2a32BHRsnR9X6rLpq+O6QJXNmBDcbExge5yjnQoWY4Ub1XKeNx/eg/kBgbA\nB+d6llOwnuvafWmOPFxycNgQhyzaxxqjKi5SKLyLbm+HenbgkcNh7UrciTqd6QAh\n0g9IIX0HWViGS9FOgyDa4wom2xshrz60EQirjcWo3K+vNkReBCubefAey82xZ5yI\nXbhDznTqcQR6hZUyoveHvey/mIm8UKBFtYxrWK3/vFVmj+9YA2F+lRkNr3ulaRa5\n0zaNMhacFsOIdtRihUwAPeZulHZuMu2soH2b7e2QmIVIltHRsp16oG7pw2OVENtj\nK+iux9yi9C7OjChn2mEQVb2hbAdagMnUVYroJL4rjU1RJMpt0c4E6e2H/QslGz0i\nU8Y0WWV+ByMCJT/DXf8qqZRNBJbych+N+n6+yyM1zOJBMp6ZQ8TuKMGfX0QwnVso\n9qaoAy/kG+dgBX8s6RsE5SdAi6BIDpyg6YE/qNCKLjEE0qXvWXt95kVM07qP9J/k\nKNSVcZ709HJsxPqwHEIT/HCdEWEUCtC/k993aVHaZO1h1VU7rBUwaD1deXnhO2FG\nVeqRoyy5mOLrUA/basHN0uM3e9262OPOfa+RmLUF/0fOXMrOYuInsNOaJLkCAwEA\nAQKCAgAo2Hi2PfrYX3+OeZrYPrHDJXqkCbgL/5MIE0u31UCzGy+eVvCGTVtn5qRW\ngPPahLeCjvk6r8Mo0Q5P7eAlQ7TCwpxKUYQjpVUAyU33Ln/4XuKoz04fm9dKYL6l\nw3F+LXE37WBAleysPaeOT9reAm6G/8F7jkgavz7HD5QCwnRfU8p8Qv9gFF7mk5qo\nkN2KT03U9bbhWo0Ik8k8b9dgFhL0XP0IMKY2FeIsCoNDs6biUEvEi+u7/pxuyloP\nc9E3/pGoByUinkRt0n2rZYo8QE6M+Lov/j4vx3DjkiaV9bonvzuuc5yETbiyvT37\n+drDS5m2MBaobn1uF1zz6jYneq/0/G2I7RESQk7Dk1xcN6b8wmA/EqbQeB9CBGwn\nKyDmLZEQiv2uYGaxVE4YbMuOJGacvkt47vO1IyiCFpMXKnmtEYB0wo0doy55Kbsk\nn8GhkWQpdl8eRYFsJf3ac1SONc+czoEhUuAOueo4vuz3C4Bddli1d91drRKRUAFF\nnVUTwEWhWBm390jJbKE9Ib0VAhvEYJwx4xwgOfUV3D1OlmtB4y9zIGb9wWLu3y/c\nDtOrteTpfVm4wple4a9yCdR5Q0nWJQXxGiGp7rQ6mxYXSZbMN/4WwRQHgE1L8kKd\n9nute44VVJcmO7cv8pl355NiQ8/MkXAPkIzrruIyLrWJPJwTNQKCAQEAxM1MlWF1\nKkd+jKzd6EMu3w8V+S6nyu8QXdWakuqvLrZy9KCZao3Zr8/ex96Y+xEJyxxAfzqH\n95W4itB4jc56Vxdjzoq6J6xZgJ4OqwnmfNK/mjf6jDh2Dr0pnb+BujKRwL0/9OXS\nZgA9PQQ39lpPkvZb0P3QblNZozQcmH41SQ6TMVPVzr19pjt9M3iiMJpRrvuRruZe\nwaiV2PbHPnN0tYAL9EfYVnbiir9Xs5DR+u2u2Wo3dAAE9R+zPeT5mdP+1FuOSBRS\nWWry2vGMx8JIoZEMwvj3mExqyCRhT2wJyIHfgvOQrC/jgv94sq6gqF8azc7IRCQn\n6TbJ+c58ycszHQKCAQEA80L+M4hEdsFvw/3vKjd1MPs4pzvXjU1vCvsEEoYzxLO2\nrT/iWFMB7S0YDgXw2zWAGHu0uRSqhDRRqwUXBp57b0ZR7yM8tIN1staQ6DT029k9\n++vPItc023x6IxmpNtTZoCw7f/4Dfv7kN6Cmv868L9PJcguuYhF5H0LTN5EGKp77\n62YB5GqFx9F0rz8YMOab+W2NZSRIDAJ8PCssGuVLZI7i2OHuPRa5toFNmGiKk3oY\ntEdQhw7K+SLS48aMWCxyTb4urN88brt52C/fXAMlhymLDgLjUPtbtpzJfyRw3tQT\nXBEgVMXLxD8Gu+Rw9p4Lp3lMGQ8nl5yPGrBT1qLJTQKCAQBy1Ne60gLriIvuyW8x\n9wGCZesMWozNfHCwT9LBpu5Q82RgGNVrtxkt3LzBIsFgvbBZM0Lu+dgcPuBPHxU4\nqSH5b0xtV8UHISmYQqGMa1pxuwbRlZg7+TXpo7aEtRmc66TgMYz/+JmrqrgQwkVl\nGY0U02r/pxnXRgsnj2CgGgQ9fKOmRKSc3TRTqqKDRgBdG65Ny7xVsVXY6eWFk3ju\nl6+ht/VBtConSXcmPj+OJxJeuBEuCywQI3LBFJ4hn1mEyI4ImuOKa1Ehm6XY2tiq\nNlLq8xffLCZMV0p3PcMJ9KBAvocMgdIIpmi6JxbmK77Sf6vEKsPv/qjLC40Olc16\ncXaBAoIBAQCJeJaHML7gDbjHnb2Gsgh8QbxmZZ8Or2/NWMWYYlbnFlhp1+xl1aMF\nEbLCWgEfIEDflSkwXsluJNLyPtIgX3eKDsdGyTcJHDFre24wi5zEkSRCNaS9H7kz\nQEkVhO7nmanSpqyJTFdVcV4vQY56Xq5iqODynj9SFGXKkM0kXcSKWYYsJV10Y+5u\nWaQDVTiqiegjMRHy0moUv2LN7efi2ymcDlOMFUG5LBqPVMsxEgMeDKXhW1vatzVl\nTZS4PAAb5CJEZPGjqBRSz4ev8H3dVbnjhEqdBGzJ2wKdVEVaoJFYm6jFIriOr6jT\nonp/vD1KYU5cumOS1cmeGE+W2YbHiP8RAoIBAQCLxslcLNMmb5PF0uxbqd67+rAt\ng4EfPAQx8jzxctNS0oFNRyyqeaVY0fy50UzQrGHzGMzU2064Jt7pDrlq2vY3W3lg\nzpivWwk7kaR09Yjy5EZyQEFCmUJupEc0wttVVgJETtRGfLjrFdQ/zkobdfyi7dGj\nm97niD31oMayMbNLjpZuzBGbxFSWKphnarD7ZiCULAR93+U9kmPUllzqs+0lwdVp\nLBuir9WN1nLUZ0TN3fMC32HaIcFTEjQq21q6BWTdmq6+SCbuYxVgbJD8WFYqp7+A\n/W3FScW9xOquVdbLZql5mCRdwP2BuLAgV2JqQvIKX4LqAsRDlFxKibDI9vv6\n-----END RSA PRIVATE KEY-----\n",
            "private_key_pem_pkcs8": "-----BEGIN PRIVATE KEY-----\nMIIJQwIBADANBgkqhkiG9w0BAQEFAASCCS0wggkpAgEAAoICAQC7AmAK2amCTndL\n7RWLG+wFOf2M1zP4m2Wicbs6cyO5zVsSWIifT567ZrfYEdGydH1fqsumr47pAlc2\nYENxsTGB7nKOdChZjhRvVcp43H96D+QGBsAH53qWU7Ce69p9aY48XHJw2BCHLNrH\nGqMqLlIovItub4d6duCRw2HtStyJOp3pACHSD0ghfQdZWIZL0U6DINrjCibbGyGv\nPrQRCKuNxajcr682RF4EK5t58B7LzbFnnIhduEPOdOpxBHqFlTKi94e97L+YibxQ\noEW1jGtYrf+8VWaP71gDYX6VGQ2ve6VpFrnTNo0yFpwWw4h21GKFTAA95m6Udm4y\n7aygfZvt7ZCYhUiW0dGynXqgbunDY5UQ22Mr6K7H3KL0Ls6MKGfaYRBVvaFsB1qA\nydRViugkviuNTVEkym3RzgTp7Yf9CyUbPSJTxjRZZX4HIwIlP8Nd/yqplE0ElvJy\nH436fr7LIzXM4kEynplDxO4owZ9fRDCdWyj2pqgDL+Qb52AFfyzpGwTlJ0CLoEgO\nnKDpgT+o0IouMQTSpe9Ze33mRUzTuo/0n+Qo1JVxnvT0cmzE+rAcQhP8cJ0RYRQK\n0L+T33dpUdpk7WHVVTusFTBoPV15eeE7YUZV6pGjLLmY4utQD9tqwc3S4zd73brY\n4859r5GYtQX/R85cys5i4iew05okuQIDAQABAoICACjYeLY9+thff455mtg+scMl\neqQJuAv/kwgTS7fVQLMbL55W8IZNW2fmpFaA89qEt4KO+TqvwyjRDk/t4CVDtMLC\nnEpRhCOlVQDJTfcuf/he4qjPTh+b10pgvqXDcX4tcTftYECV7Kw9p45P2t4Cbob/\nwXuOSBq/PscPlALCdF9TynxC/2AUXuaTmqiQ3YpPTdT1tuFajQiTyTxv12AWEvRc\n/QgwpjYV4iwKg0OzpuJQS8SL67v+nG7KWg9z0Tf+kagHJSKeRG3SfatlijxAToz4\nui/+Pi/HcOOSJpX1uie/O65znIRNuLK9Pfv52sNLmbYwFqhufW4XXPPqNid6r/T8\nbYjtERJCTsOTXFw3pvzCYD8SptB4H0IEbCcrIOYtkRCK/a5gZrFUThhsy44kZpy+\nS3ju87UjKIIWkxcqea0RgHTCjR2jLnkpuySfwaGRZCl2Xx5FgWwl/dpzVI41z5zO\ngSFS4A656ji+7PcLgF12WLV33V2tEpFQAUWdVRPARaFYGbf3SMlsoT0hvRUCG8Rg\nnDHjHCA59RXcPU6Wa0HjL3MgZv3BYu7fL9wO06u15Ol9WbjCmV7hr3IJ1HlDSdYl\nBfEaIanutDqbFhdJlsw3/hbBFAeATUvyQp32e617jhVUlyY7ty/ymXfnk2JDz8yR\ncA+QjOuu4jIutYk8nBM1AoIBAQDEzUyVYXUqR36MrN3oQy7fDxX5LqfK7xBd1ZqS\n6q8utnL0oJlqjdmvz97H3pj7EQnLHEB/Oof3lbiK0HiNznpXF2POironrFmAng6r\nCeZ80r+aN/qMOHYOvSmdv4G6MpHAvT/05dJmAD09BDf2Wk+S9lvQ/dBuU1mjNByY\nfjVJDpMxU9XOvX2mO30zeKIwmlGu+5Gu5l7BqJXY9sc+c3S1gAv0R9hWduKKv1ez\nkNH67a7Zajd0AAT1H7M95PmZ0/7UW45IFFJZavLa8YzHwkihkQzC+PeYTGrIJGFP\nbAnIgd+C85CsL+OC/3iyrqCoXxrNzshEJCfpNsn5znzJyzMdAoIBAQDzQv4ziER2\nwW/D/e8qN3Uw+zinO9eNTW8K+wQShjPEs7atP+JYUwHtLRgOBfDbNYAYe7S5FKqE\nNFGrBRcGnntvRlHvIzy0g3Wy1pDoNPTb2T37688i1zTbfHojGak21NmgLDt//gN+\n/uQ3oKa/zrwv08lyC65iEXkfQtM3kQYqnvvrZgHkaoXH0XSvPxgw5pv5bY1lJEgM\nAnw8Kywa5UtkjuLY4e49Frm2gU2YaIqTehi0R1CHDsr5ItLjxoxYLHJNvi6s3zxu\nu3nYL99cAyWHKYsOAuNQ+1u2nMl/JHDe1BNcESBUxcvEPwa75HD2nguneUwZDyeX\nnI8asFPWoslNAoIBAHLU17rSAuuIi+7JbzH3AYJl6wxajM18cLBP0sGm7lDzZGAY\n1Wu3GS3cvMEiwWC9sFkzQu752Bw+4E8fFTipIflvTG1XxQchKZhCoYxrWnG7BtGV\nmDv5NemjtoS1GZzrpOAxjP/4mauquBDCRWUZjRTTav+nGddGCyePYKAaBD18o6ZE\npJzdNFOqooNGAF0brk3LvFWxVdjp5YWTeO6Xr6G39UG0KidJdyY+P44nEl64ES4L\nLBAjcsEUniGfWYTIjgia44prUSGbpdja2Ko2UurzF98sJkxXSnc9wwn0oEC+hwyB\n0gimaLonFuYrvtJ/q8Qqw+/+qMsLjQ6VzXpxdoECggEBAIl4locwvuANuMedvYay\nCHxBvGZlnw6vb81YxZhiVucWWGnX7GXVowURssJaAR8gQN+VKTBeyW4k0vI+0iBf\nd4oOx0bJNwkcMWt7bjCLnMSRJEI1pL0fuTNASRWE7ueZqdKmrIlMV1VxXi9Bjnpe\nrmKo4PKeP1IUZcqQzSRdxIpZhiwlXXRj7m5ZpANVOKqJ6CMxEfLSahS/Ys3t5+Lb\nKZwOU4wVQbksGo9UyzESAx4MpeFbW9q3NWVNlLg8ABvkIkRk8aOoFFLPh6/wfd1V\nueOESp0EbMnbAp1URVqgkVibqMUiuI6vqNOien+8PUphTly6Y5LVyZ4YT5bZhseI\n/xECggEBAIvGyVws0yZvk8XS7Fup3rv6sC2DgR88BDHyPPFy01LSgU1HLKp5pVjR\n/LnRTNCsYfMYzNTbTrgm3ukOuWra9jdbeWDOmK9bCTuRpHT1iPLkRnJAQUKZQm6k\nRzTC21VWAkRO1EZ8uOsV1D/OSht1/KLt0aOb3ueIPfWgxrIxs0uOlm7MEZvEVJYq\nmGdqsPtmIJQsBH3f5T2SY9SWXOqz7SXB1WksG6Kv1Y3WctRnRM3d8wLfYdohwVMS\nNCrbWroFZN2arr5IJu5jFWBskPxYViqnv4D9bcVJxb3E6q5V1stmqXmYJF3A/YG4\nsCBXYmpC8gpfguoCxEOUXEqJsMj2+/o=\n-----END PRIVATE KEY-----\n",
            "public_key_fingerprint_md5": "99:96:dd:30:68:7a:d2:28:5d:ce:91:60:ce:3b:33:96",
            "public_key_fingerprint_sha256": "SHA256:5mtkchz2V9so5oB+VV1sDTyaqjsHGsiII1HBDzPmy9c",
            "public_key_openssh": "ssh-rsa AAAAB3NzaC1yc2EAAAADAQABAAACAQC7AmAK2amCTndL7RWLG+wFOf2M1zP4m2Wicbs6cyO5zVsSWIifT567ZrfYEdGydH1fqsumr47pAlc2YENxsTGB7nKOdChZjhRvVcp43H96D+QGBsAH53qWU7Ce69p9aY48XHJw2BCHLNrHGqMqLlIovItub4d6duCRw2HtStyJOp3pACHSD0ghfQdZWIZL0U6DINrjCibbGyGvPrQRCKuNxajcr682RF4EK5t58B7LzbFnnIhduEPOdOpxBHqFlTKi94e97L+YibxQoEW1jGtYrf+8VWaP71gDYX6VGQ2ve6VpFrnTNo0yFpwWw4h21GKFTAA95m6Udm4y7aygfZvt7ZCYhUiW0dGynXqgbunDY5UQ22Mr6K7H3KL0Ls6MKGfaYRBVvaFsB1qAydRViugkviuNTVEkym3RzgTp7Yf9CyUbPSJTxjRZZX4HIwIlP8Nd/yqplE0ElvJyH436fr7LIzXM4kEynplDxO4owZ9fRDCdWyj2pqgDL+Qb52AFfyzpGwTlJ0CLoEgOnKDpgT+o0IouMQTSpe9Ze33mRUzTuo/0n+Qo1JVxnvT0cmzE+rAcQhP8cJ0RYRQK0L+T33dpUdpk7WHVVTusFTBoPV15eeE7YUZV6pGjLLmY4utQD9tqwc3S4zd73brY4859r5GYtQX/R85cys5i4iew05okuQ==\n",
            "public_key_pem": "-----BEGIN PUBLIC KEY-----\nMIICIjANBgkqhkiG9w0BAQEFAAOCAg8AMIICCgKCAgEAuwJgCtmpgk53S+0Vixvs\nBTn9jNcz+JtlonG7OnMjuc1bEliIn0+eu2a32BHRsnR9X6rLpq+O6QJXNmBDcbEx\nge5yjnQoWY4Ub1XKeNx/eg/kBgbAB+d6llOwnuvafWmOPFxycNgQhyzaxxqjKi5S\nKLyLbm+HenbgkcNh7UrciTqd6QAh0g9IIX0HWViGS9FOgyDa4wom2xshrz60EQir\njcWo3K+vNkReBCubefAey82xZ5yIXbhDznTqcQR6hZUyoveHvey/mIm8UKBFtYxr\nWK3/vFVmj+9YA2F+lRkNr3ulaRa50zaNMhacFsOIdtRihUwAPeZulHZuMu2soH2b\n7e2QmIVIltHRsp16oG7pw2OVENtjK+iux9yi9C7OjChn2mEQVb2hbAdagMnUVYro\nJL4rjU1RJMpt0c4E6e2H/QslGz0iU8Y0WWV+ByMCJT/DXf8qqZRNBJbych+N+n6+\nyyM1zOJBMp6ZQ8TuKMGfX0QwnVso9qaoAy/kG+dgBX8s6RsE5SdAi6BIDpyg6YE/\nqNCKLjEE0qXvWXt95kVM07qP9J/kKNSVcZ709HJsxPqwHEIT/HCdEWEUCtC/k993\naVHaZO1h1VU7rBUwaD1deXnhO2FGVeqRoyy5mOLrUA/basHN0uM3e9262OPOfa+R\nmLUF/0fOXMrOYuInsNOaJLkCAwEAAQ==\n-----END PUBLIC KEY-----\n",
            "rsa_bits": 4096
          },
          "sensitive_attributes": [
            [
              {
                "type": "get_attr",
                "value": "private_key_openssh"
              }
            ],
            [
              {
                "type": "get_attr",
                "value": "private_key_pem"
              }
            ],
            [
              {
                "type": "get_attr",
                "value": "private_key_pem_pkcs8"
              }
            ]
          ],
          "identity_schema_version": 0
        }
      ]
    },
    {
      "module": "module.app_sg",
      "mode": "managed",
      "type": "aws_security_group",
      "name": "this",
      "provider": "provider[\"registry.terraform.io/hashicorp/aws\"]",
      "instances": [
        {
          "schema_version": 1,
          "attributes": {
            "arn": "arn:aws:ec2:eu-central-1:686255985275:security-group/sg-0b6603416afd5fd28",
            "description": "Allow required inbound traffic",
            "egress": [
              {
                "cidr_blocks": [
                  "0.0.0.0/0"
                ],
                "description": "",
                "from_port": 0,
                "ipv6_cidr_blocks": [],
                "prefix_list_ids": [],
                "protocol": "-1",
                "security_groups": [],
                "self": false,
                "to_port": 0
              }
            ],
            "id": "sg-0b6603416afd5fd28",
            "ingress": [
              {
                "cidr_blocks": [
                  "0.0.0.0/0"
                ],
                "description": null,
                "from_port": 22,
                "ipv6_cidr_blocks": [],
                "prefix_list_ids": [],
                "protocol": "tcp",
                "security_groups": [],
                "self": false,
                "to_port": 22
              },
              {
                "cidr_blocks": [
                  "0.0.0.0/0"
                ],
                "description": null,
                "from_port": 25,
                "ipv6_cidr_blocks": [],
                "prefix_list_ids": [],
                "protocol": "tcp",
                "security_groups": [],
                "self": false,
                "to_port": 25
              },
              {
                "cidr_blocks": [
                  "0.0.0.0/0"
                ],
                "description": null,
                "from_port": 30000,
                "ipv6_cidr_blocks": [],
                "prefix_list_ids": [],
                "protocol": "tcp",
                "security_groups": [],
                "self": false,
                "to_port": 32767
              },
              {
                "cidr_blocks": [
                  "0.0.0.0/0"
                ],
                "description": null,
                "from_port": 3000,
                "ipv6_cidr_blocks": [],
                "prefix_list_ids": [],
                "protocol": "tcp",
                "security_groups": [],
                "self": false,
                "to_port": 10000
              },
              {
                "cidr_blocks": [
                  "0.0.0.0/0"
                ],
                "description": null,
                "from_port": 443,
                "ipv6_cidr_blocks": [],
                "prefix_list_ids": [],
                "protocol": "tcp",
                "security_groups": [],
                "self": false,
                "to_port": 443
              },
              {
                "cidr_blocks": [
                  "0.0.0.0/0"
                ],
                "description": null,
                "from_port": 465,
                "ipv6_cidr_blocks": [],
                "prefix_list_ids": [],
                "protocol": "tcp",
                "security_groups": [],
                "self": false,
                "to_port": 465
              },
              {
                "cidr_blocks": [
                  "0.0.0.0/0"
                ],
                "description": null,
                "from_port": 6443,
                "ipv6_cidr_blocks": [],
                "prefix_list_ids": [],
                "protocol": "tcp",
                "security_groups": [],
                "self": false,
                "to_port": 6443
              },
              {
                "cidr_blocks": [
                  "0.0.0.0/0"
                ],
                "description": null,
                "from_port": 80,
                "ipv6_cidr_blocks": [],
                "prefix_list_ids": [],
                "protocol": "tcp",
                "security_groups": [],
                "self": false,
                "to_port": 80
              }
            ],
            "name": "ramo-beko-sg",
            "name_prefix": "",
            "owner_id": "686255985275",
            "revoke_rules_on_delete": false,
            "tags": {
              "Name": "ramo-beko-sg"
            },
            "tags_all": {
              "Name": "ramo-beko-sg"
            },
            "timeouts": null,
            "vpc_id": "vpc-0cd726ed01a18b4fe"
          },
          "sensitive_attributes": [],
          "identity_schema_version": 0,
          "private": "eyJlMmJmYjczMC1lY2FhLTExZTYtOGY4OC0zNDM2M2JjN2M0YzAiOnsiY3JlYXRlIjo2MDAwMDAwMDAwMDAsImRlbGV0ZSI6OTAwMDAwMDAwMDAwfSwic2NoZW1hX3ZlcnNpb24iOiIxIn0=",
          "dependencies": [
            "data.aws_vpc.default"
          ]
        }
      ]
    },
    {
      "module": "module.app_sg",
      "mode": "managed",
      "type": "aws_security_group_rule",
      "name": "self_allow_2049",
      "provider": "provider[\"registry.terraform.io/hashicorp/aws\"]",
      "instances": [
        {
          "schema_version": 2,
          "attributes": {
            "cidr_blocks": null,
            "description": null,
            "from_port": 2049,
            "id": "sgrule-2945649182",
            "ipv6_cidr_blocks": null,
            "prefix_list_ids": null,
            "protocol": "tcp",
            "security_group_id": "sg-0b6603416afd5fd28",
            "security_group_rule_id": "sgr-02658d44263db1254",
            "self": false,
            "source_security_group_id": "sg-0b6603416afd5fd28",
            "timeouts": null,
            "to_port": 2049,
            "type": "ingress"
          },
          "sensitive_attributes": [],
          "identity_schema_version": 0,
          "private": "eyJlMmJmYjczMC1lY2FhLTExZTYtOGY4OC0zNDM2M2JjN2M0YzAiOnsiY3JlYXRlIjozMDAwMDAwMDAwMDB9LCJzY2hlbWFfdmVyc2lvbiI6IjIifQ==",
          "dependencies": [
            "data.aws_vpc.default",
            "module.app_sg.aws_security_group.this"
          ]
        }
      ]
    },
    {
      "module": "module.backup_bucket",
      "mode": "managed",
      "type": "aws_s3_bucket",
      "name": "this",
      "provider": "provider[\"registry.terraform.io/hashicorp/aws\"]",
      "instances": [
        {
          "schema_version": 0,
          "attributes": {
            "acceleration_status": "",
            "acl": null,
            "arn": "arn:aws:s3:::efs-backup-storage-bucket",
            "bucket": "efs-backup-storage-bucket",
            "bucket_domain_name": "efs-backup-storage-bucket.s3.amazonaws.com",
            "bucket_prefix": "",
            "bucket_regional_domain_name": "efs-backup-storage-bucket.s3.eu-central-1.amazonaws.com",
            "cors_rule": [],
            "force_destroy": false,
            "grant": [
              {
                "id": "724deb73b55843715e458fd7c88913781ee2eed8f4643dc7a8b8c8ece988d362",
                "permissions": [
                  "FULL_CONTROL"
                ],
                "type": "CanonicalUser",
                "uri": ""
              }
            ],
            "hosted_zone_id": "Z21DNDUVLTQW6Q",
            "id": "efs-backup-storage-bucket",
            "lifecycle_rule": [],
            "logging": [],
            "object_lock_configuration": [],
            "object_lock_enabled": false,
            "policy": "",
            "region": "eu-central-1",
            "replication_configuration": [],
            "request_payer": "BucketOwner",
            "server_side_encryption_configuration": [
              {
                "rule": [
                  {
                    "apply_server_side_encryption_by_default": [
                      {
                        "kms_master_key_id": "",
                        "sse_algorithm": "AES256"
                      }
                    ],
                    "bucket_key_enabled": false
                  }
                ]
              }
            ],
            "tags": {},
            "tags_all": {},
            "timeouts": null,
            "versioning": [
              {
                "enabled": false,
                "mfa_delete": false
              }
            ],
            "website": [],
            "website_domain": null,
            "website_endpoint": null
          },
          "sensitive_attributes": [],
          "identity_schema_version": 0,
          "private": "eyJlMmJmYjczMC1lY2FhLTExZTYtOGY4OC0zNDM2M2JjN2M0YzAiOnsiY3JlYXRlIjoxMjAwMDAwMDAwMDAwLCJkZWxldGUiOjM2MDAwMDAwMDAwMDAsInJlYWQiOjEyMDAwMDAwMDAwMDAsInVwZGF0ZSI6MTIwMDAwMDAwMDAwMH19"
        }
      ]
    },
    {
      "module": "module.efs",
      "mode": "managed",
      "type": "aws_efs_access_point",
      "name": "this",
      "provider": "provider[\"registry.terraform.io/hashicorp/aws\"]",
      "instances": [
        {
          "schema_version": 0,
          "attributes": {
            "arn": "arn:aws:elasticfilesystem:eu-central-1:686255985275:access-point/fsap-026f5053c793f3896",
            "file_system_arn": "arn:aws:elasticfilesystem:eu-central-1:686255985275:file-system/fs-0301c7e5041516433",
            "file_system_id": "fs-0301c7e5041516433",
            "id": "fsap-026f5053c793f3896",
            "owner_id": "686255985275",
            "posix_user": [
              {
                "gid": 1000,
                "secondary_gids": [],
                "uid": 1000
              }
            ],
            "root_directory": [
              {
                "creation_info": [
                  {
                    "owner_gid": 1000,
                    "owner_uid": 1000,
                    "permissions": "755"
                  }
                ],
                "path": "/lambda"
              }
            ],
            "tags": {},
            "tags_all": {}
          },
          "sensitive_attributes": [],
          "identity_schema_version": 0,
          "private": "bnVsbA==",
          "dependencies": [
            "data.aws_vpc.default",
            "module.app_sg.aws_security_group.this",
            "module.app_sg.aws_security_group_rule.self_allow_2049",
            "module.efs.aws_efs_file_system.this"
          ]
        }
      ]
    },
    {
      "module": "module.efs",
      "mode": "managed",
      "type": "aws_efs_file_system",
      "name": "this",
      "provider": "provider[\"registry.terraform.io/hashicorp/aws\"]",
      "instances": [
        {
          "schema_version": 0,
          "attributes": {
            "arn": "arn:aws:elasticfilesystem:eu-central-1:686255985275:file-system/fs-0301c7e5041516433",
            "availability_zone_id": "",
            "availability_zone_name": "",
            "creation_token": "efs-backup",
            "dns_name": "fs-0301c7e5041516433.efs.eu-central-1.amazonaws.com",
            "encrypted": false,
            "id": "fs-0301c7e5041516433",
            "kms_key_id": "",
            "lifecycle_policy": [],
            "name": "efs-backup",
            "number_of_mount_targets": 1,
            "owner_id": "686255985275",
            "performance_mode": "generalPurpose",
            "protection": [
              {
                "replication_overwrite": "ENABLED"
              }
            ],
            "provisioned_throughput_in_mibps": 0,
            "size_in_bytes": [
              {
                "value": 6144,
                "value_in_ia": 0,
                "value_in_standard": 6144
              }
            ],
            "tags": {
              "Name": "efs-backup"
            },
            "tags_all": {
              "Name": "efs-backup"
            },
            "throughput_mode": "bursting"
          },
          "sensitive_attributes": [],
          "identity_schema_version": 0,
          "private": "bnVsbA==",
          "dependencies": [
            "data.aws_vpc.default",
            "module.app_sg.aws_security_group.this",
            "module.app_sg.aws_security_group_rule.self_allow_2049"
          ]
        }
      ]
    },
    {
      "module": "module.efs",
      "mode": "managed",
      "type": "aws_efs_mount_target",
      "name": "target",
      "provider": "provider[\"registry.terraform.io/hashicorp/aws\"]",
      "instances": [
        {
          "schema_version": 0,
          "attributes": {
            "availability_zone_id": "euc1-az1",
            "availability_zone_name": "eu-central-1c",
            "dns_name": "fs-0301c7e5041516433.efs.eu-central-1.amazonaws.com",
            "file_system_arn": "arn:aws:elasticfilesystem:eu-central-1:686255985275:file-system/fs-0301c7e5041516433",
            "file_system_id": "fs-0301c7e5041516433",
            "id": "fsmt-082e219ec27cfde8b",
            "ip_address": "172.31.6.108",
            "mount_target_dns_name": "eu-central-1c.fs-0301c7e5041516433.efs.eu-central-1.amazonaws.com",
            "network_interface_id": "eni-0a87cd019b8896ed8",
            "owner_id": "686255985275",
            "security_groups": [
              "sg-0b6603416afd5fd28"
            ],
            "subnet_id": "subnet-0038b1fe0553c625b",
            "timeouts": null
          },
          "sensitive_attributes": [],
          "identity_schema_version": 0,
          "private": "eyJlMmJmYjczMC1lY2FhLTExZTYtOGY4OC0zNDM2M2JjN2M0YzAiOnsiY3JlYXRlIjoxODAwMDAwMDAwMDAwLCJkZWxldGUiOjYwMDAwMDAwMDAwMH19",
          "dependencies": [
            "data.aws_subnet.first",
            "data.aws_subnets.default",
            "data.aws_vpc.default",
            "module.app_sg.aws_security_group.this",
            "module.app_sg.aws_security_group_rule.self_allow_2049",
            "module.efs.aws_efs_file_system.this"
          ]
        }
      ]
    },
    {
      "module": "module.efs_backup_lambda",
      "mode": "managed",
      "type": "aws_iam_role",
      "name": "lambda_exec",
      "provider": "provider[\"registry.terraform.io/hashicorp/aws\"]",
      "instances": [
        {
          "schema_version": 0,
          "attributes": {
            "arn": "arn:aws:iam::686255985275:role/efs-to-s3-backup-exec",
            "assume_role_policy": "{\"Statement\":[{\"Action\":\"sts:AssumeRole\",\"Effect\":\"Allow\",\"Principal\":{\"Service\":\"lambda.amazonaws.com\"}}],\"Version\":\"2012-10-17\"}",
            "create_date": "2025-05-21T18:29:03Z",
            "description": "",
            "force_detach_policies": false,
            "id": "efs-to-s3-backup-exec",
            "inline_policy": [],
            "managed_policy_arns": [
              "arn:aws:iam::aws:policy/AWSLambda_FullAccess",
              "arn:aws:iam::aws:policy/AmazonElasticFileSystemClientFullAccess",
              "arn:aws:iam::aws:policy/service-role/AWSLambdaVPCAccessExecutionRole"
            ],
            "max_session_duration": 3600,
            "name": "efs-to-s3-backup-exec",
            "name_prefix": "",
            "path": "/",
            "permissions_boundary": "",
            "tags": {},
            "tags_all": {},
            "unique_id": "AROAZ7SALKJ5W4W5WATZH"
          },
          "sensitive_attributes": [],
          "identity_schema_version": 0,
          "private": "bnVsbA==",
          "dependencies": [
            "data.aws_subnet.first",
            "data.aws_subnets.default",
            "data.aws_vpc.default",
            "module.app_sg.aws_security_group.this",
            "module.app_sg.aws_security_group_rule.self_allow_2049",
            "module.efs.aws_efs_access_point.this",
            "module.efs.aws_efs_file_system.this",
            "module.efs.aws_efs_mount_target.target"
          ]
        }
      ]
    },
    {
      "module": "module.efs_backup_lambda",
      "mode": "managed",
      "type": "aws_iam_role_policy_attachment",
      "name": "lambda_policy",
      "provider": "provider[\"registry.terraform.io/hashicorp/aws\"]",
      "instances": [
        {
          "schema_version": 0,
          "attributes": {
            "id": "efs-to-s3-backup-exec-20250521182904793800000007",
            "policy_arn": "arn:aws:iam::aws:policy/AWSLambda_FullAccess",
            "role": "efs-to-s3-backup-exec"
          },
          "sensitive_attributes": [],
          "identity_schema_version": 0,
          "private": "bnVsbA==",
          "dependencies": [
            "data.aws_subnet.first",
            "data.aws_subnets.default",
            "data.aws_vpc.default",
            "module.app_sg.aws_security_group.this",
            "module.app_sg.aws_security_group_rule.self_allow_2049",
            "module.efs.aws_efs_access_point.this",
            "module.efs.aws_efs_file_system.this",
            "module.efs.aws_efs_mount_target.target",
            "module.efs_backup_lambda.aws_iam_role.lambda_exec"
          ]
        }
      ]
    },
    {
      "module": "module.efs_backup_lambda",
      "mode": "managed",
      "type": "aws_iam_role_policy_attachment",
      "name": "lambda_policy_base",
      "provider": "provider[\"registry.terraform.io/hashicorp/aws\"]",
      "instances": [
        {
          "schema_version": 0,
          "attributes": {
            "id": "efs-to-s3-backup-exec-20250521182905043300000009",
            "policy_arn": "arn:aws:iam::aws:policy/AWSLambda_FullAccess",
            "role": "efs-to-s3-backup-exec"
          },
          "sensitive_attributes": [],
          "identity_schema_version": 0,
          "private": "bnVsbA==",
          "dependencies": [
            "data.aws_subnet.first",
            "data.aws_subnets.default",
            "data.aws_vpc.default",
            "module.app_sg.aws_security_group.this",
            "module.app_sg.aws_security_group_rule.self_allow_2049",
            "module.efs.aws_efs_access_point.this",
            "module.efs.aws_efs_file_system.this",
            "module.efs.aws_efs_mount_target.target",
            "module.efs_backup_lambda.aws_iam_role.lambda_exec"
          ]
        }
      ]
    },
    {
      "module": "module.efs_backup_lambda",
      "mode": "managed",
      "type": "aws_iam_role_policy_attachment",
      "name": "lambda_policy_efs",
      "provider": "provider[\"registry.terraform.io/hashicorp/aws\"]",
      "instances": [
        {
          "schema_version": 0,
          "attributes": {
            "id": "efs-to-s3-backup-exec-20250521182904983000000008",
            "policy_arn": "arn:aws:iam::aws:policy/AmazonElasticFileSystemClientFullAccess",
            "role": "efs-to-s3-backup-exec"
          },
          "sensitive_attributes": [],
          "identity_schema_version": 0,
          "private": "bnVsbA==",
          "dependencies": [
            "data.aws_subnet.first",
            "data.aws_subnets.default",
            "data.aws_vpc.default",
            "module.app_sg.aws_security_group.this",
            "module.app_sg.aws_security_group_rule.self_allow_2049",
            "module.efs.aws_efs_access_point.this",
            "module.efs.aws_efs_file_system.this",
            "module.efs.aws_efs_mount_target.target",
            "module.efs_backup_lambda.aws_iam_role.lambda_exec"
          ]
        }
      ]
    },
    {
      "module": "module.efs_backup_lambda",
      "mode": "managed",
      "type": "aws_iam_role_policy_attachment",
      "name": "lambda_policy_vpc",
      "provider": "provider[\"registry.terraform.io/hashicorp/aws\"]",
      "instances": [
        {
          "schema_version": 0,
          "attributes": {
            "id": "efs-to-s3-backup-exec-20250521182904608800000006",
            "policy_arn": "arn:aws:iam::aws:policy/service-role/AWSLambdaVPCAccessExecutionRole",
            "role": "efs-to-s3-backup-exec"
          },
          "sensitive_attributes": [],
          "identity_schema_version": 0,
          "private": "bnVsbA==",
          "dependencies": [
            "data.aws_subnet.first",
            "data.aws_subnets.default",
            "data.aws_vpc.default",
            "module.app_sg.aws_security_group.this",
            "module.app_sg.aws_security_group_rule.self_allow_2049",
            "module.efs.aws_efs_access_point.this",
            "module.efs.aws_efs_file_system.this",
            "module.efs.aws_efs_mount_target.target",
            "module.efs_backup_lambda.aws_iam_role.lambda_exec"
          ]
        }
      ]
    },
    {
      "module": "module.efs_backup_lambda",
      "mode": "managed",
      "type": "aws_lambda_function",
      "name": "this",
      "provider": "provider[\"registry.terraform.io/hashicorp/aws\"]",
      "instances": [
        {
          "schema_version": 0,
          "attributes": {
            "architectures": [
              "x86_64"
            ],
            "arn": "arn:aws:lambda:eu-central-1:686255985275:function:efs-to-s3-backup",
            "code_sha256": "syK7ANoLCV1WPEvC+W5yvOYiOIXlNwCdAmR5FArtLRM=",
            "code_signing_config_arn": "",
            "dead_letter_config": [],
            "description": "",
            "environment": [
              {
                "variables": {
                  "TARGET_BUCKET": "efs-backup-storage-bucket"
                }
              }
            ],
            "ephemeral_storage": [
              {
                "size": 512
              }
            ],
            "file_system_config": [
              {
                "arn": "arn:aws:elasticfilesystem:eu-central-1:686255985275:access-point/fsap-026f5053c793f3896",
                "local_mount_path": "/mnt/efs"
              }
            ],
            "filename": "./../../modules/lambda/efs_backup_lambda.zip",
            "function_name": "efs-to-s3-backup",
            "handler": "index.handler",
            "id": "efs-to-s3-backup",
            "image_config": [],
            "image_uri": "",
            "invoke_arn": "arn:aws:apigateway:eu-central-1:lambda:path/2015-03-31/functions/arn:aws:lambda:eu-central-1:686255985275:function:efs-to-s3-backup/invocations",
            "kms_key_arn": "",
            "last_modified": "2025-05-21T18:29:14.612+0000",
            "layers": [],
            "logging_config": [
              {
                "application_log_level": "",
                "log_format": "Text",
                "log_group": "/aws/lambda/efs-to-s3-backup",
                "system_log_level": ""
              }
            ],
            "memory_size": 128,
            "package_type": "Zip",
            "publish": false,
            "qualified_arn": "arn:aws:lambda:eu-central-1:686255985275:function:efs-to-s3-backup:$LATEST",
            "qualified_invoke_arn": "arn:aws:apigateway:eu-central-1:lambda:path/2015-03-31/functions/arn:aws:lambda:eu-central-1:686255985275:function:efs-to-s3-backup:$LATEST/invocations",
            "replace_security_groups_on_destroy": null,
            "replacement_security_group_ids": null,
            "reserved_concurrent_executions": -1,
            "role": "arn:aws:iam::686255985275:role/efs-to-s3-backup-exec",
            "runtime": "python3.9",
            "s3_bucket": null,
            "s3_key": null,
            "s3_object_version": null,
            "signing_job_arn": "",
            "signing_profile_version_arn": "",
            "skip_destroy": false,
            "snap_start": [],
            "source_code_hash": "",
            "source_code_size": 342,
            "tags": {},
            "tags_all": {},
            "timeout": 60,
            "timeouts": null,
            "tracing_config": [
              {
                "mode": "PassThrough"
              }
            ],
            "version": "$LATEST",
            "vpc_config": [
              {
                "ipv6_allowed_for_dual_stack": false,
                "security_group_ids": [
                  "sg-0b6603416afd5fd28"
                ],
                "subnet_ids": [
                  "subnet-0038b1fe0553c625b"
                ],
                "vpc_id": "vpc-0cd726ed01a18b4fe"
              }
            ]
          },
          "sensitive_attributes": [],
          "identity_schema_version": 0,
          "private": "eyJlMmJmYjczMC1lY2FhLTExZTYtOGY4OC0zNDM2M2JjN2M0YzAiOnsiY3JlYXRlIjo2MDAwMDAwMDAwMDAsImRlbGV0ZSI6NjAwMDAwMDAwMDAwLCJ1cGRhdGUiOjYwMDAwMDAwMDAwMH19",
          "dependencies": [
            "data.aws_subnet.first",
            "data.aws_subnets.default",
            "data.aws_vpc.default",
            "module.app_sg.aws_security_group.this",
            "module.app_sg.aws_security_group_rule.self_allow_2049",
            "module.backup_bucket.aws_s3_bucket.this",
            "module.efs.aws_efs_access_point.this",
            "module.efs.aws_efs_file_system.this",
            "module.efs.aws_efs_mount_target.target",
            "module.efs_backup_lambda.aws_iam_role.lambda_exec"
          ]
        }
      ]
    },
    {
      "module": "module.jenkins",
      "mode": "managed",
      "type": "aws_instance",
      "name": "this",
      "provider": "provider[\"registry.terraform.io/hashicorp/aws\"]",
      "instances": [
        {
          "schema_version": 1,
          "attributes": {
            "ami": "ami-0a87a69d69fa289be",
            "arn": "arn:aws:ec2:eu-central-1:686255985275:instance/i-041158e2577590f9e",
            "associate_public_ip_address": true,
            "availability_zone": "eu-central-1b",
            "capacity_reservation_specification": [
              {
                "capacity_reservation_preference": "open",
                "capacity_reservation_target": []
              }
            ],
            "cpu_core_count": 2,
            "cpu_options": [
              {
                "amd_sev_snp": "",
                "core_count": 2,
                "threads_per_core": 1
              }
            ],
            "cpu_threads_per_core": 1,
            "credit_specification": [
              {
                "cpu_credits": "standard"
              }
            ],
            "disable_api_stop": false,
            "disable_api_termination": false,
            "ebs_block_device": [],
            "ebs_optimized": false,
            "enable_primary_ipv6": null,
            "enclave_options": [
              {
                "enabled": false
              }
            ],
            "ephemeral_block_device": [],
            "get_password_data": false,
            "hibernation": false,
            "host_id": "",
            "host_resource_group_arn": null,
            "iam_instance_profile": "",
            "id": "i-041158e2577590f9e",
            "instance_initiated_shutdown_behavior": "stop",
            "instance_lifecycle": "",
            "instance_market_options": [],
            "instance_state": "running",
            "instance_type": "t2.medium",
            "ipv6_address_count": 0,
            "ipv6_addresses": [],
            "key_name": "ocs-key",
            "launch_template": [],
            "maintenance_options": [
              {
                "auto_recovery": "default"
              }
            ],
            "metadata_options": [
              {
                "http_endpoint": "enabled",
                "http_protocol_ipv6": "disabled",
                "http_put_response_hop_limit": 1,
                "http_tokens": "optional",
                "instance_metadata_tags": "disabled"
              }
            ],
            "monitoring": false,
            "network_interface": [],
            "outpost_arn": "",
            "password_data": "",
            "placement_group": "",
            "placement_partition_number": 0,
            "primary_network_interface_id": "eni-091e07d21257df1bc",
            "private_dns": "ip-172-31-39-194.eu-central-1.compute.internal",
            "private_dns_name_options": [
              {
                "enable_resource_name_dns_a_record": false,
                "enable_resource_name_dns_aaaa_record": false,
                "hostname_type": "ip-name"
              }
            ],
            "private_ip": "172.31.39.194",
            "public_dns": "ec2-63-178-165-140.eu-central-1.compute.amazonaws.com",
            "public_ip": "63.178.165.140",
            "root_block_device": [
              {
                "delete_on_termination": true,
                "device_name": "/dev/sda1",
                "encrypted": false,
                "iops": 100,
                "kms_key_id": "",
                "tags": null,
                "tags_all": {},
                "throughput": 0,
                "volume_id": "vol-0755a5dd33fc720ba",
                "volume_size": 20,
                "volume_type": "gp2"
              }
            ],
            "secondary_private_ips": [],
            "security_groups": [
              "ramo-beko-sg"
            ],
            "source_dest_check": true,
            "spot_instance_request_id": "",
            "subnet_id": "subnet-01627f3d3717a3ed2",
            "tags": {
              "Name": "jenkins"
            },
            "tags_all": {
              "Name": "jenkins"
            },
            "tenancy": "default",
            "timeouts": null,
            "user_data": null,
            "user_data_base64": null,
            "user_data_replace_on_change": false,
            "volume_tags": null,
            "vpc_security_group_ids": [
              "sg-0b6603416afd5fd28"
            ]
          },
          "sensitive_attributes": [],
          "identity_schema_version": 0,
          "private": "eyJlMmJmYjczMC1lY2FhLTExZTYtOGY4OC0zNDM2M2JjN2M0YzAiOnsiY3JlYXRlIjo2MDAwMDAwMDAwMDAsImRlbGV0ZSI6MTIwMDAwMDAwMDAwMCwicmVhZCI6OTAwMDAwMDAwMDAwLCJ1cGRhdGUiOjYwMDAwMDAwMDAwMH0sInNjaGVtYV92ZXJzaW9uIjoiMSJ9",
          "dependencies": [
            "aws_key_pair.ocs_key",
            "data.aws_ami.ubuntu_latest",
            "data.aws_vpc.default",
            "module.app_sg.aws_security_group.this",
            "module.app_sg.aws_security_group_rule.self_allow_2049",
            "tls_private_key.ocs_key"
          ]
        }
      ]
    },
    {
      "module": "module.k8s_master",
      "mode": "managed",
      "type": "aws_instance",
      "name": "this",
      "provider": "provider[\"registry.terraform.io/hashicorp/aws\"]",
      "instances": [
        {
          "schema_version": 1,
          "attributes": {
            "ami": "ami-0a87a69d69fa289be",
            "arn": "arn:aws:ec2:eu-central-1:686255985275:instance/i-064c344f50a5c540a",
            "associate_public_ip_address": true,
            "availability_zone": "eu-central-1b",
            "capacity_reservation_specification": [
              {
                "capacity_reservation_preference": "open",
                "capacity_reservation_target": []
              }
            ],
            "cpu_core_count": 2,
            "cpu_options": [
              {
                "amd_sev_snp": "",
                "core_count": 2,
                "threads_per_core": 1
              }
            ],
            "cpu_threads_per_core": 1,
            "credit_specification": [
              {
                "cpu_credits": "standard"
              }
            ],
            "disable_api_stop": false,
            "disable_api_termination": false,
            "ebs_block_device": [],
            "ebs_optimized": false,
            "enable_primary_ipv6": null,
            "enclave_options": [
              {
                "enabled": false
              }
            ],
            "ephemeral_block_device": [],
            "get_password_data": false,
            "hibernation": false,
            "host_id": "",
            "host_resource_group_arn": null,
            "iam_instance_profile": "",
            "id": "i-064c344f50a5c540a",
            "instance_initiated_shutdown_behavior": "stop",
            "instance_lifecycle": "",
            "instance_market_options": [],
            "instance_state": "running",
            "instance_type": "t2.medium",
            "ipv6_address_count": 0,
            "ipv6_addresses": [],
            "key_name": "ocs-key",
            "launch_template": [],
            "maintenance_options": [
              {
                "auto_recovery": "default"
              }
            ],
            "metadata_options": [
              {
                "http_endpoint": "enabled",
                "http_protocol_ipv6": "disabled",
                "http_put_response_hop_limit": 1,
                "http_tokens": "optional",
                "instance_metadata_tags": "disabled"
              }
            ],
            "monitoring": false,
            "network_interface": [],
            "outpost_arn": "",
            "password_data": "",
            "placement_group": "",
            "placement_partition_number": 0,
            "primary_network_interface_id": "eni-005ac734cdfc97d7b",
            "private_dns": "ip-172-31-37-225.eu-central-1.compute.internal",
            "private_dns_name_options": [
              {
                "enable_resource_name_dns_a_record": false,
                "enable_resource_name_dns_aaaa_record": false,
                "hostname_type": "ip-name"
              }
            ],
            "private_ip": "172.31.37.225",
            "public_dns": "ec2-52-28-97-28.eu-central-1.compute.amazonaws.com",
            "public_ip": "52.28.97.28",
            "root_block_device": [
              {
                "delete_on_termination": true,
                "device_name": "/dev/sda1",
                "encrypted": false,
                "iops": 100,
                "kms_key_id": "",
                "tags": {},
                "tags_all": {},
                "throughput": 0,
                "volume_id": "vol-0e60b6bea8e6f3ebb",
                "volume_size": 25,
                "volume_type": "gp2"
              }
            ],
            "secondary_private_ips": [],
            "security_groups": [
              "ramo-beko-sg"
            ],
            "source_dest_check": true,
            "spot_instance_request_id": "",
            "subnet_id": "subnet-01627f3d3717a3ed2",
            "tags": {
              "Name": "kubernetes-master"
            },
            "tags_all": {
              "Name": "kubernetes-master"
            },
            "tenancy": "default",
            "timeouts": null,
            "user_data": null,
            "user_data_base64": null,
            "user_data_replace_on_change": false,
            "volume_tags": null,
            "vpc_security_group_ids": [
              "sg-0b6603416afd5fd28"
            ]
          },
          "sensitive_attributes": [],
          "identity_schema_version": 0,
          "private": "eyJlMmJmYjczMC1lY2FhLTExZTYtOGY4OC0zNDM2M2JjN2M0YzAiOnsiY3JlYXRlIjo2MDAwMDAwMDAwMDAsImRlbGV0ZSI6MTIwMDAwMDAwMDAwMCwicmVhZCI6OTAwMDAwMDAwMDAwLCJ1cGRhdGUiOjYwMDAwMDAwMDAwMH0sInNjaGVtYV92ZXJzaW9uIjoiMSJ9",
          "dependencies": [
            "aws_key_pair.ocs_key",
            "data.aws_ami.ubuntu_latest",
            "data.aws_vpc.default",
            "module.app_sg.aws_security_group.this",
            "module.app_sg.aws_security_group_rule.self_allow_2049",
            "tls_private_key.ocs_key"
          ]
        }
      ]
    },
    {
      "module": "module.k8s_slave_1",
      "mode": "managed",
      "type": "aws_instance",
      "name": "this",
      "provider": "provider[\"registry.terraform.io/hashicorp/aws\"]",
      "instances": [
        {
          "schema_version": 1,
          "attributes": {
            "ami": "ami-0a87a69d69fa289be",
            "arn": "arn:aws:ec2:eu-central-1:686255985275:instance/i-0332ecca78116210e",
            "associate_public_ip_address": true,
            "availability_zone": "eu-central-1b",
            "capacity_reservation_specification": [
              {
                "capacity_reservation_preference": "open",
                "capacity_reservation_target": []
              }
            ],
            "cpu_core_count": 2,
            "cpu_options": [
              {
                "amd_sev_snp": "",
                "core_count": 2,
                "threads_per_core": 1
              }
            ],
            "cpu_threads_per_core": 1,
            "credit_specification": [
              {
                "cpu_credits": "standard"
              }
            ],
            "disable_api_stop": false,
            "disable_api_termination": false,
            "ebs_block_device": [],
            "ebs_optimized": false,
            "enable_primary_ipv6": null,
            "enclave_options": [
              {
                "enabled": false
              }
            ],
            "ephemeral_block_device": [],
            "get_password_data": false,
            "hibernation": false,
            "host_id": "",
            "host_resource_group_arn": null,
            "iam_instance_profile": "",
            "id": "i-0332ecca78116210e",
            "instance_initiated_shutdown_behavior": "stop",
            "instance_lifecycle": "",
            "instance_market_options": [],
            "instance_state": "running",
            "instance_type": "t2.medium",
            "ipv6_address_count": 0,
            "ipv6_addresses": [],
            "key_name": "ocs-key",
            "launch_template": [],
            "maintenance_options": [
              {
                "auto_recovery": "default"
              }
            ],
            "metadata_options": [
              {
                "http_endpoint": "enabled",
                "http_protocol_ipv6": "disabled",
                "http_put_response_hop_limit": 1,
                "http_tokens": "optional",
                "instance_metadata_tags": "disabled"
              }
            ],
            "monitoring": false,
            "network_interface": [],
            "outpost_arn": "",
            "password_data": "",
            "placement_group": "",
            "placement_partition_number": 0,
            "primary_network_interface_id": "eni-0dace9bfaafe184a4",
            "private_dns": "ip-172-31-40-55.eu-central-1.compute.internal",
            "private_dns_name_options": [
              {
                "enable_resource_name_dns_a_record": false,
                "enable_resource_name_dns_aaaa_record": false,
                "hostname_type": "ip-name"
              }
            ],
            "private_ip": "172.31.40.55",
            "public_dns": "ec2-52-59-231-166.eu-central-1.compute.amazonaws.com",
            "public_ip": "52.59.231.166",
            "root_block_device": [
              {
                "delete_on_termination": true,
                "device_name": "/dev/sda1",
                "encrypted": false,
                "iops": 100,
                "kms_key_id": "",
                "tags": {},
                "tags_all": {},
                "throughput": 0,
                "volume_id": "vol-066556d9785b3288d",
                "volume_size": 25,
                "volume_type": "gp2"
              }
            ],
            "secondary_private_ips": [],
            "security_groups": [
              "ramo-beko-sg"
            ],
            "source_dest_check": true,
            "spot_instance_request_id": "",
            "subnet_id": "subnet-01627f3d3717a3ed2",
            "tags": {
              "Name": "kubernetes-slave-1"
            },
            "tags_all": {
              "Name": "kubernetes-slave-1"
            },
            "tenancy": "default",
            "timeouts": null,
            "user_data": null,
            "user_data_base64": null,
            "user_data_replace_on_change": false,
            "volume_tags": null,
            "vpc_security_group_ids": [
              "sg-0b6603416afd5fd28"
            ]
          },
          "sensitive_attributes": [],
          "identity_schema_version": 0,
          "private": "eyJlMmJmYjczMC1lY2FhLTExZTYtOGY4OC0zNDM2M2JjN2M0YzAiOnsiY3JlYXRlIjo2MDAwMDAwMDAwMDAsImRlbGV0ZSI6MTIwMDAwMDAwMDAwMCwicmVhZCI6OTAwMDAwMDAwMDAwLCJ1cGRhdGUiOjYwMDAwMDAwMDAwMH0sInNjaGVtYV92ZXJzaW9uIjoiMSJ9",
          "dependencies": [
            "aws_key_pair.ocs_key",
            "data.aws_ami.ubuntu_latest",
            "data.aws_vpc.default",
            "module.app_sg.aws_security_group.this",
            "module.app_sg.aws_security_group_rule.self_allow_2049",
            "tls_private_key.ocs_key"
          ]
        }
      ]
    },
    {
      "module": "module.k8s_slave_2",
      "mode": "managed",
      "type": "aws_instance",
      "name": "this",
      "provider": "provider[\"registry.terraform.io/hashicorp/aws\"]",
      "instances": [
        {
          "schema_version": 1,
          "attributes": {
            "ami": "ami-0a87a69d69fa289be",
            "arn": "arn:aws:ec2:eu-central-1:686255985275:instance/i-02a25bcfdafd8e7ff",
            "associate_public_ip_address": true,
            "availability_zone": "eu-central-1b",
            "capacity_reservation_specification": [
              {
                "capacity_reservation_preference": "open",
                "capacity_reservation_target": []
              }
            ],
            "cpu_core_count": 2,
            "cpu_options": [
              {
                "amd_sev_snp": "",
                "core_count": 2,
                "threads_per_core": 1
              }
            ],
            "cpu_threads_per_core": 1,
            "credit_specification": [
              {
                "cpu_credits": "standard"
              }
            ],
            "disable_api_stop": false,
            "disable_api_termination": false,
            "ebs_block_device": [],
            "ebs_optimized": false,
            "enable_primary_ipv6": null,
            "enclave_options": [
              {
                "enabled": false
              }
            ],
            "ephemeral_block_device": [],
            "get_password_data": false,
            "hibernation": false,
            "host_id": "",
            "host_resource_group_arn": null,
            "iam_instance_profile": "",
            "id": "i-02a25bcfdafd8e7ff",
            "instance_initiated_shutdown_behavior": "stop",
            "instance_lifecycle": "",
            "instance_market_options": [],
            "instance_state": "running",
            "instance_type": "t2.medium",
            "ipv6_address_count": 0,
            "ipv6_addresses": [],
            "key_name": "ocs-key",
            "launch_template": [],
            "maintenance_options": [
              {
                "auto_recovery": "default"
              }
            ],
            "metadata_options": [
              {
                "http_endpoint": "enabled",
                "http_protocol_ipv6": "disabled",
                "http_put_response_hop_limit": 1,
                "http_tokens": "optional",
                "instance_metadata_tags": "disabled"
              }
            ],
            "monitoring": false,
            "network_interface": [],
            "outpost_arn": "",
            "password_data": "",
            "placement_group": "",
            "placement_partition_number": 0,
            "primary_network_interface_id": "eni-0e091fde6cc4178c5",
            "private_dns": "ip-172-31-34-72.eu-central-1.compute.internal",
            "private_dns_name_options": [
              {
                "enable_resource_name_dns_a_record": false,
                "enable_resource_name_dns_aaaa_record": false,
                "hostname_type": "ip-name"
              }
            ],
            "private_ip": "172.31.34.72",
            "public_dns": "ec2-18-199-170-27.eu-central-1.compute.amazonaws.com",
            "public_ip": "18.199.170.27",
            "root_block_device": [
              {
                "delete_on_termination": true,
                "device_name": "/dev/sda1",
                "encrypted": false,
                "iops": 100,
                "kms_key_id": "",
                "tags": {},
                "tags_all": {},
                "throughput": 0,
                "volume_id": "vol-0254de5c57ba8e280",
                "volume_size": 25,
                "volume_type": "gp2"
              }
            ],
            "secondary_private_ips": [],
            "security_groups": [
              "ramo-beko-sg"
            ],
            "source_dest_check": true,
            "spot_instance_request_id": "",
            "subnet_id": "subnet-01627f3d3717a3ed2",
            "tags": {
              "Name": "kubernetes-slave-2"
            },
            "tags_all": {
              "Name": "kubernetes-slave-2"
            },
            "tenancy": "default",
            "timeouts": null,
            "user_data": null,
            "user_data_base64": null,
            "user_data_replace_on_change": false,
            "volume_tags": null,
            "vpc_security_group_ids": [
              "sg-0b6603416afd5fd28"
            ]
          },
          "sensitive_attributes": [],
          "identity_schema_version": 0,
          "private": "eyJlMmJmYjczMC1lY2FhLTExZTYtOGY4OC0zNDM2M2JjN2M0YzAiOnsiY3JlYXRlIjo2MDAwMDAwMDAwMDAsImRlbGV0ZSI6MTIwMDAwMDAwMDAwMCwicmVhZCI6OTAwMDAwMDAwMDAwLCJ1cGRhdGUiOjYwMDAwMDAwMDAwMH0sInNjaGVtYV92ZXJzaW9uIjoiMSJ9",
          "dependencies": [
            "aws_key_pair.ocs_key",
            "data.aws_ami.ubuntu_latest",
            "data.aws_vpc.default",
            "module.app_sg.aws_security_group.this",
            "module.app_sg.aws_security_group_rule.self_allow_2049",
            "tls_private_key.ocs_key"
          ]
        }
      ]
    },
    {
      "module": "module.nexus",
      "mode": "managed",
      "type": "aws_instance",
      "name": "this",
      "provider": "provider[\"registry.terraform.io/hashicorp/aws\"]",
      "instances": [
        {
          "schema_version": 1,
          "attributes": {
            "ami": "ami-0a87a69d69fa289be",
            "arn": "arn:aws:ec2:eu-central-1:686255985275:instance/i-0f14cf8402be38b65",
            "associate_public_ip_address": true,
            "availability_zone": "eu-central-1b",
            "capacity_reservation_specification": [
              {
                "capacity_reservation_preference": "open",
                "capacity_reservation_target": []
              }
            ],
            "cpu_core_count": 2,
            "cpu_options": [
              {
                "amd_sev_snp": "",
                "core_count": 2,
                "threads_per_core": 1
              }
            ],
            "cpu_threads_per_core": 1,
            "credit_specification": [
              {
                "cpu_credits": "standard"
              }
            ],
            "disable_api_stop": false,
            "disable_api_termination": false,
            "ebs_block_device": [],
            "ebs_optimized": false,
            "enable_primary_ipv6": null,
            "enclave_options": [
              {
                "enabled": false
              }
            ],
            "ephemeral_block_device": [],
            "get_password_data": false,
            "hibernation": false,
            "host_id": "",
            "host_resource_group_arn": null,
            "iam_instance_profile": "",
            "id": "i-0f14cf8402be38b65",
            "instance_initiated_shutdown_behavior": "stop",
            "instance_lifecycle": "",
            "instance_market_options": [],
            "instance_state": "running",
            "instance_type": "t2.medium",
            "ipv6_address_count": 0,
            "ipv6_addresses": [],
            "key_name": "ocs-key",
            "launch_template": [],
            "maintenance_options": [
              {
                "auto_recovery": "default"
              }
            ],
            "metadata_options": [
              {
                "http_endpoint": "enabled",
                "http_protocol_ipv6": "disabled",
                "http_put_response_hop_limit": 1,
                "http_tokens": "optional",
                "instance_metadata_tags": "disabled"
              }
            ],
            "monitoring": false,
            "network_interface": [],
            "outpost_arn": "",
            "password_data": "",
            "placement_group": "",
            "placement_partition_number": 0,
            "primary_network_interface_id": "eni-0ba7b2844db897ff5",
            "private_dns": "ip-172-31-44-43.eu-central-1.compute.internal",
            "private_dns_name_options": [
              {
                "enable_resource_name_dns_a_record": false,
                "enable_resource_name_dns_aaaa_record": false,
                "hostname_type": "ip-name"
              }
            ],
            "private_ip": "172.31.44.43",
            "public_dns": "ec2-3-127-36-115.eu-central-1.compute.amazonaws.com",
            "public_ip": "3.127.36.115",
            "root_block_device": [
              {
                "delete_on_termination": true,
                "device_name": "/dev/sda1",
                "encrypted": false,
                "iops": 100,
                "kms_key_id": "",
                "tags": {},
                "tags_all": {},
                "throughput": 0,
                "volume_id": "vol-09ca967537332f7dc",
                "volume_size": 20,
                "volume_type": "gp2"
              }
            ],
            "secondary_private_ips": [],
            "security_groups": [
              "ramo-beko-sg"
            ],
            "source_dest_check": true,
            "spot_instance_request_id": "",
            "subnet_id": "subnet-01627f3d3717a3ed2",
            "tags": {
              "Name": "nexus"
            },
            "tags_all": {
              "Name": "nexus"
            },
            "tenancy": "default",
            "timeouts": null,
            "user_data": null,
            "user_data_base64": null,
            "user_data_replace_on_change": false,
            "volume_tags": null,
            "vpc_security_group_ids": [
              "sg-0b6603416afd5fd28"
            ]
          },
          "sensitive_attributes": [],
          "identity_schema_version": 0,
          "private": "eyJlMmJmYjczMC1lY2FhLTExZTYtOGY4OC0zNDM2M2JjN2M0YzAiOnsiY3JlYXRlIjo2MDAwMDAwMDAwMDAsImRlbGV0ZSI6MTIwMDAwMDAwMDAwMCwicmVhZCI6OTAwMDAwMDAwMDAwLCJ1cGRhdGUiOjYwMDAwMDAwMDAwMH0sInNjaGVtYV92ZXJzaW9uIjoiMSJ9",
          "dependencies": [
            "aws_key_pair.ocs_key",
            "data.aws_ami.ubuntu_latest",
            "data.aws_vpc.default",
            "module.app_sg.aws_security_group.this",
            "module.app_sg.aws_security_group_rule.self_allow_2049",
            "tls_private_key.ocs_key"
          ]
        }
      ]
    },
    {
      "module": "module.sonarqube",
      "mode": "managed",
      "type": "aws_instance",
      "name": "this",
      "provider": "provider[\"registry.terraform.io/hashicorp/aws\"]",
      "instances": [
        {
          "schema_version": 1,
          "attributes": {
            "ami": "ami-0a87a69d69fa289be",
            "arn": "arn:aws:ec2:eu-central-1:686255985275:instance/i-0641e1ffd6cd047ba",
            "associate_public_ip_address": true,
            "availability_zone": "eu-central-1b",
            "capacity_reservation_specification": [
              {
                "capacity_reservation_preference": "open",
                "capacity_reservation_target": []
              }
            ],
            "cpu_core_count": 2,
            "cpu_options": [
              {
                "amd_sev_snp": "",
                "core_count": 2,
                "threads_per_core": 1
              }
            ],
            "cpu_threads_per_core": 1,
            "credit_specification": [
              {
                "cpu_credits": "standard"
              }
            ],
            "disable_api_stop": false,
            "disable_api_termination": false,
            "ebs_block_device": [],
            "ebs_optimized": false,
            "enable_primary_ipv6": null,
            "enclave_options": [
              {
                "enabled": false
              }
            ],
            "ephemeral_block_device": [],
            "get_password_data": false,
            "hibernation": false,
            "host_id": "",
            "host_resource_group_arn": null,
            "iam_instance_profile": "",
            "id": "i-0641e1ffd6cd047ba",
            "instance_initiated_shutdown_behavior": "stop",
            "instance_lifecycle": "",
            "instance_market_options": [],
            "instance_state": "running",
            "instance_type": "t2.medium",
            "ipv6_address_count": 0,
            "ipv6_addresses": [],
            "key_name": "ocs-key",
            "launch_template": [],
            "maintenance_options": [
              {
                "auto_recovery": "default"
              }
            ],
            "metadata_options": [
              {
                "http_endpoint": "enabled",
                "http_protocol_ipv6": "disabled",
                "http_put_response_hop_limit": 1,
                "http_tokens": "optional",
                "instance_metadata_tags": "disabled"
              }
            ],
            "monitoring": false,
            "network_interface": [],
            "outpost_arn": "",
            "password_data": "",
            "placement_group": "",
            "placement_partition_number": 0,
            "primary_network_interface_id": "eni-0db6e61311e557754",
            "private_dns": "ip-172-31-39-214.eu-central-1.compute.internal",
            "private_dns_name_options": [
              {
                "enable_resource_name_dns_a_record": false,
                "enable_resource_name_dns_aaaa_record": false,
                "hostname_type": "ip-name"
              }
            ],
            "private_ip": "172.31.39.214",
            "public_dns": "ec2-18-198-23-249.eu-central-1.compute.amazonaws.com",
            "public_ip": "18.198.23.249",
            "root_block_device": [
              {
                "delete_on_termination": true,
                "device_name": "/dev/sda1",
                "encrypted": false,
                "iops": 100,
                "kms_key_id": "",
                "tags": {},
                "tags_all": {},
                "throughput": 0,
                "volume_id": "vol-07ea927f4264baf21",
                "volume_size": 20,
                "volume_type": "gp2"
              }
            ],
            "secondary_private_ips": [],
            "security_groups": [
              "ramo-beko-sg"
            ],
            "source_dest_check": true,
            "spot_instance_request_id": "",
            "subnet_id": "subnet-01627f3d3717a3ed2",
            "tags": {
              "Name": "sonarqube"
            },
            "tags_all": {
              "Name": "sonarqube"
            },
            "tenancy": "default",
            "timeouts": null,
            "user_data": null,
            "user_data_base64": null,
            "user_data_replace_on_change": false,
            "volume_tags": null,
            "vpc_security_group_ids": [
              "sg-0b6603416afd5fd28"
            ]
          },
          "sensitive_attributes": [],
          "identity_schema_version": 0,
          "private": "eyJlMmJmYjczMC1lY2FhLTExZTYtOGY4OC0zNDM2M2JjN2M0YzAiOnsiY3JlYXRlIjo2MDAwMDAwMDAwMDAsImRlbGV0ZSI6MTIwMDAwMDAwMDAwMCwicmVhZCI6OTAwMDAwMDAwMDAwLCJ1cGRhdGUiOjYwMDAwMDAwMDAwMH0sInNjaGVtYV92ZXJzaW9uIjoiMSJ9",
          "dependencies": [
            "aws_key_pair.ocs_key",
            "data.aws_ami.ubuntu_latest",
            "data.aws_vpc.default",
            "module.app_sg.aws_security_group.this",
            "module.app_sg.aws_security_group_rule.self_allow_2049",
            "tls_private_key.ocs_key"
          ]
        }
      ]
    }
  ],
  "check_results": null
}
