{
  "version": 4,
  "terraform_version": "1.12.0",
  "serial": 418,
  "lineage": "de23db89-7fe7-985c-f8bb-a79a45da0c55",
  "outputs": {
    "all_ips": {
      "value": {
        "jenkins": "3.78.255.4",
        "k8s_master": "54.93.179.207",
        "k8s_slave_1": "3.79.210.55",
        "k8s_slave_2": "54.93.232.251",
        "nexus": "18.184.143.80",
        "sonarqube": "3.75.137.188"
      },
      "type": [
        "object",
        {
          "jenkins": "string",
          "k8s_master": "string",
          "k8s_slave_1": "string",
          "k8s_slave_2": "string",
          "nexus": "string",
          "sonarqube": "string"
        }
      ]
    }
  },
  "resources": [
    {
      "mode": "data",
      "type": "aws_ami",
      "name": "ubuntu_latest",
      "provider": "provider[\"registry.terraform.io/hashicorp/aws\"]",
      "instances": [
        {
          "schema_version": 0,
          "attributes": {
            "architecture": "x86_64",
            "arn": "arn:aws:ec2:eu-central-1::image/ami-0a87a69d69fa289be",
            "block_device_mappings": [
              {
                "device_name": "/dev/sda1",
                "ebs": {
                  "delete_on_termination": "true",
                  "encrypted": "false",
                  "iops": "0",
                  "snapshot_id": "snap-03b606e02587e2313",
                  "throughput": "0",
                  "volume_size": "8",
                  "volume_type": "gp2"
                },
                "no_device": "",
                "virtual_name": ""
              },
              {
                "device_name": "/dev/sdb",
                "ebs": {},
                "no_device": "",
                "virtual_name": "ephemeral0"
              },
              {
                "device_name": "/dev/sdc",
                "ebs": {},
                "no_device": "",
                "virtual_name": "ephemeral1"
              }
            ],
            "boot_mode": "uefi-preferred",
            "creation_date": "2025-05-16T06:42:12.000Z",
            "deprecation_time": "2027-05-16T06:42:12.000Z",
            "description": "Canonical, Ubuntu, 22.04, amd64 jammy image",
            "ena_support": true,
            "executable_users": null,
            "filter": [
              {
                "name": "name",
                "values": [
                  "ubuntu/images/hvm-ssd/ubuntu-*-amd64-server-*"
                ]
              },
              {
                "name": "virtualization-type",
                "values": [
                  "hvm"
                ]
              }
            ],
            "hypervisor": "xen",
            "id": "ami-0a87a69d69fa289be",
            "image_id": "ami-0a87a69d69fa289be",
            "image_location": "amazon/ubuntu/images/hvm-ssd/ubuntu-jammy-22.04-amd64-server-20250516",
            "image_owner_alias": "amazon",
            "image_type": "machine",
            "imds_support": "",
            "include_deprecated": false,
            "kernel_id": "",
            "last_launched_time": "",
            "most_recent": true,
            "name": "ubuntu/images/hvm-ssd/ubuntu-jammy-22.04-amd64-server-20250516",
            "name_regex": null,
            "owner_id": "099720109477",
            "owners": [
              "099720109477"
            ],
            "platform": "",
            "platform_details": "Linux/UNIX",
            "product_codes": [],
            "public": true,
            "ramdisk_id": "",
            "root_device_name": "/dev/sda1",
            "root_device_type": "ebs",
            "root_snapshot_id": "snap-03b606e02587e2313",
            "sriov_net_support": "simple",
            "state": "available",
            "state_reason": {
              "code": "UNSET",
              "message": "UNSET"
            },
            "tags": {},
            "timeouts": null,
            "tpm_support": "",
            "uefi_data": null,
            "usage_operation": "RunInstances",
            "virtualization_type": "hvm"
          },
          "sensitive_attributes": [],
          "identity_schema_version": 0
        }
      ]
    },
    {
      "mode": "data",
      "type": "aws_subnet",
      "name": "first",
      "provider": "provider[\"registry.terraform.io/hashicorp/aws\"]",
      "instances": [
        {
          "schema_version": 0,
          "attributes": {
            "arn": "arn:aws:ec2:eu-central-1:686255985275:subnet/subnet-0038b1fe0553c625b",
            "assign_ipv6_address_on_creation": false,
            "availability_zone": "eu-central-1c",
            "availability_zone_id": "euc1-az1",
            "available_ip_address_count": 4091,
            "cidr_block": "172.31.0.0/20",
            "customer_owned_ipv4_pool": "",
            "default_for_az": true,
            "enable_dns64": false,
            "enable_lni_at_device_index": 0,
            "enable_resource_name_dns_a_record_on_launch": false,
            "enable_resource_name_dns_aaaa_record_on_launch": false,
            "filter": null,
            "id": "subnet-0038b1fe0553c625b",
            "ipv6_cidr_block": "",
            "ipv6_cidr_block_association_id": "",
            "ipv6_native": false,
            "map_customer_owned_ip_on_launch": false,
            "map_public_ip_on_launch": true,
            "outpost_arn": "",
            "owner_id": "686255985275",
            "private_dns_hostname_type_on_launch": "ip-name",
            "state": "available",
            "tags": {},
            "timeouts": null,
            "vpc_id": "vpc-0cd726ed01a18b4fe"
          },
          "sensitive_attributes": [],
          "identity_schema_version": 0
        }
      ]
    },
    {
      "mode": "data",
      "type": "aws_subnets",
      "name": "default",
      "provider": "provider[\"registry.terraform.io/hashicorp/aws\"]",
      "instances": [
        {
          "schema_version": 0,
          "attributes": {
            "filter": [
              {
                "name": "vpc-id",
                "values": [
                  "vpc-0cd726ed01a18b4fe"
                ]
              }
            ],
            "id": "eu-central-1",
            "ids": [
              "subnet-0038b1fe0553c625b",
              "subnet-0b5b1dac403a2527d",
              "subnet-01627f3d3717a3ed2"
            ],
            "tags": null,
            "timeouts": null
          },
          "sensitive_attributes": [],
          "identity_schema_version": 0
        }
      ]
    },
    {
      "mode": "data",
      "type": "aws_vpc",
      "name": "default",
      "provider": "provider[\"registry.terraform.io/hashicorp/aws\"]",
      "instances": [
        {
          "schema_version": 0,
          "attributes": {
            "arn": "arn:aws:ec2:eu-central-1:686255985275:vpc/vpc-0cd726ed01a18b4fe",
            "cidr_block": "172.31.0.0/16",
            "cidr_block_associations": [
              {
                "association_id": "vpc-cidr-assoc-08b99024de9a1a3ff",
                "cidr_block": "172.31.0.0/16",
                "state": "associated"
              }
            ],
            "default": true,
            "dhcp_options_id": "dopt-0827407399adbd6e8",
            "enable_dns_hostnames": true,
            "enable_dns_support": true,
            "enable_network_address_usage_metrics": false,
            "filter": null,
            "id": "vpc-0cd726ed01a18b4fe",
            "instance_tenancy": "default",
            "ipv6_association_id": "",
            "ipv6_cidr_block": "",
            "main_route_table_id": "rtb-036c8d695d5f81e52",
            "owner_id": "686255985275",
            "state": null,
            "tags": {},
            "timeouts": null
          },
          "sensitive_attributes": [],
          "identity_schema_version": 0
        }
      ]
    },
    {
      "mode": "managed",
      "type": "aws_key_pair",
      "name": "ocs_key",
      "provider": "provider[\"registry.terraform.io/hashicorp/aws\"]",
      "instances": [
        {
          "schema_version": 1,
          "attributes": {
            "arn": "arn:aws:ec2:eu-central-1:686255985275:key-pair/ocs-key",
            "fingerprint": "1b:a1:cf:61:c6:59:2b:31:84:ea:ce:ca:e2:7c:59:9b",
            "id": "ocs-key",
            "key_name": "ocs-key",
            "key_name_prefix": "",
            "key_pair_id": "key-0beb41d130d22e09f",
            "key_type": "rsa",
            "public_key": "ssh-rsa AAAAB3NzaC1yc2EAAAADAQABAAACAQC7XedNHgyzvqi71PbMMKIryX1iBtZ8nJrVNJOPiB/S6nug9QqifWUUff5Zu6DFeiBxN/JPbNjr/TsaaneEPUW2StLzMiCooJfBpro53v7IwGHrKDtp82VfEPM/g205EI1wn6nSYHnY9t8lGv6WnuwSJZat4Q7VCxM1quNuqnwBCcqWLYBNaY1oQiC8UOiXVfcU58H0CSb/OoITHki7oF4O6XYGcL9IVqX1Y6SjhnwxM1LibDPoBRSwjnqf4V0FG3mjte0zqG4ZeffGjO9fNdANkXn5DUvhFAwTVA59hBIwUU1eOEiOqN0VdcegI34MgiWBYB94XlH3DSPD4XDvXmXvff9+MnUSqGJiWaw+iE1EUr7DK6AMeaqYwf8wQVyaOzWTsemT+8aiBKKwCdiStpgEOz+v/58fT+zQG9bgk1xQQ3zuXnWTrdQ6llvk5w5i4As+qCetWH0wCs/BIBd29hJWl0eU1maM0OJbeTNnjjpeMsmZC9w04hxYvyWTBds0A9a/UGysSoSsCAAgvGRaeCGYpoxKR7jn0f3Tm8wMFDY7uK4xt4d9dhN/XIS4O0l0ITLXqdWNHZSzWxBAodw9LktGAGS8ZTa9+tGkMv56Z7AkKsOkMTt3JKnfmD1sRGMCu6mVA4i999HzxNUfa9tAkOLhnTWTYa5jBJpCeqEqt9+t/Q==",
            "tags": null,
            "tags_all": {}
          },
          "sensitive_attributes": [],
          "identity_schema_version": 0,
          "private": "eyJzY2hlbWFfdmVyc2lvbiI6IjEifQ==",
          "dependencies": [
            "tls_private_key.ocs_key"
          ]
        }
      ]
    },
    {
      "mode": "managed",
      "type": "local_file",
      "name": "private_key",
      "provider": "provider[\"registry.terraform.io/hashicorp/local\"]",
      "instances": [
        {
          "schema_version": 0,
          "attributes": {
            "content": "-----BEGIN RSA PRIVATE KEY-----\nMIIJKAIBAAKCAgEAu13nTR4Ms76ou9T2zDCiK8l9YgbWfJya1TSTj4gf0up7oPUK\non1lFH3+WbugxXogcTfyT2zY6/07Gmp3hD1FtkrS8zIgqKCXwaa6Od7+yMBh6yg7\nafNlXxDzP4NtORCNcJ+p0mB52PbfJRr+lp7sEiWWreEO1QsTNarjbqp8AQnKli2A\nTWmNaEIgvFDol1X3FOfB9Akm/zqCEx5Iu6BeDul2BnC/SFal9WOko4Z8MTNS4mwz\n6AUUsI56n+FdBRt5o7XtM6huGXn3xozvXzXQDZF5+Q1L4RQME1QOfYQSMFFNXjhI\njqjdFXXHoCN+DIIlgWAfeF5R9w0jw+Fw715l733/fjJ1EqhiYlmsPohNRFK+wyug\nDHmqmMH/MEFcmjs1k7Hpk/vGogSisAnYkraYBDs/r/+fH0/s0BvW4JNcUEN87l51\nk63UOpZb5OcOYuALPqgnrVh9MArPwSAXdvYSVpdHlNZmjNDiW3kzZ446XjLJmQvc\nNOIcWL8lkwXbNAPWv1BsrEqErAgAILxkWnghmKaMSke459H905vMDBQ2O7iuMbeH\nfXYTf1yEuDtJdCEy16nVjR2Us1sQQKHcPS5LRgBkvGU2vfrRpDL+emewJCrDpDE7\ndySp35g9bERjAruplQOIvffR88TVH2vbQJDi4Z01k2GuYwSaQnqhKrffrf0CAwEA\nAQKCAgAirRles14EchfGU36tgZ6x3eN/neZaP52EMevRV48UOONSgadLNUvcxAir\n0MbLZXPVoFYPDwUCf+ZNWEDwT2q0dxqdebyDmN0dMN8sULH0s24r2FFOpYYwVvG9\n4nP3aLHUkygZ0FMcrWvU8S8G7zifjydY3Nsi4J7Ygtz+oTy78HT24ErriMpr7jki\nwRKa14UX8GB76qm1+L0UDrnFR8PAnMKEJJ+yIp8qUBurS/t2G5qOXxooKbCPkH7v\nUgUmKdSUUNoqglSGEIWj0HeItmvf5vmc9zIA4PXvKdJYtnWrTZC1DFOZW3U3QIoG\ngCsW44tPa1vHqiUfROZGnVWKZ30TySDPCkjknGJFCX/7oUccLQ5v1eI+OdZpusd9\nrYTv3+T7IVS2C08cnvDcQMzJPxO5GWnj0MXxO1swPUXuVbweSKns0f7NpO/FfaMW\nkddym9wS79TrxzzqOW8J4QXpEJD9IDTF6e68OpFyl6r7se8hFWfVCvOHVPjn0jMp\nJi5ugXWHLF9oMWfyXm3w5JXTDYddddSe0UTlHA20uA2YuoAdR96ZhaxpeqtIWUOp\nPCARnF/WCAmJEBDVmEh4OfYcJhfVp550dLQQW1Ual4G+GhTqGFEEroVr2GudeiEa\nA5GyVRwfJeVwCQu67/CbNyTHjbeBYOq8NT3iX9jvFwKvwACugQKCAQEA93epjOMV\nvA8BhWiys+yEgUe8lV82O0uAj32P3g4Ck/qCIQQyhXbQVxDcoOjuckdKqg0B93X3\nCaBiVJ19p+UoBkjjWU6CzXTZgMTZgsz+ejqxafuElS3XGQtbE+1gZDnYNRCTv+nU\nGT3qQM6bpr7X/eW6LXM16o49lBYcFks5Rwm1J0NXR7rY3bYy0wDz3nDx2ewEBnEz\n6CsjE1909c0APvFDwE/trbFTRAEhi/qF741goorJGIG1pqZocuVWcJCaNpgRDVrv\nT3rxy0WNhrLznqsCyscPV9o6zDapJziIWQRL52CnP8iGHYomnp/nx5v+gqjmob1Z\nG1qJPI9coCCLYQKCAQEAwdO/OMSaehQ9cELY0gT9cg0IDr+OwSIrW532exoic+cm\nHfmM8OULBek5NqN9GKAqcQgwDf3DKyAtWgQPB1vNhzgbO0cHV4J4YJGocjTYbza2\nEJCB6cW5RE8VGl+cu7g/4iSjnRciAs8ohvtiHtkxujM+EDr6WvC4Qt5tTdUm35Vp\nLx9Q0I1Wq+Wah7axxicJrcmxVI5sJw6CkXN5wffaaEkW0m4OJTGK6lqhr44g8hB3\nTjgFZRbsivAc5ZzLrarjhVPwW6AuKuVw+8GAtkpUdy1mNNTP265yCphEVaG7RUbp\nyv1vH6HWmgbLeGe4DNvFGkBqI2oMzvGcKLGFxH5kHQKCAQEAjM6PsNR9R3YaXXiH\nRg0sEAtraGq2huKdEghV1fmOyfheFr82p+5E+WVkxEIFewzJlRy1o8KBf/68NH0w\nRFoFfh33Dpe3oYP9RmG7ictueMnwrOcqN1/P5jYp6prEoAKx3O/Dwg0gXAR4x8tH\nkYdBivwuBTJq2T16GErETIMc4ijJ5L9SaEQOpYjIPntqR4Vod6DtYWUELfRtjtZf\nzISKwUWyUTipeo1NXYJvPiCcGQQOmi3x4nnbjClfgRCxMHd25916xmiZhlXkQs8e\niihEqmGPwyWku0426n+nm+N04YGqVssOHyLP/Prgop1F2rQOCvZj1F/S1decAtNn\n1sztwQKCAQACenipeyoWgYe/lbs8BEBRYwVFWwGySoOPaleqf00NelksbPJ2ahdX\n/gFzR2fkFrg0NcyXgTUrqf+qdP7UM0JPhlIi0eewIMT1RyeGPlK+KU7uq0pd+N9D\nlldIvQw+Aj8e3yUQbylKK+fyweghSNmv7dPPVVG6M/XHNRzkr+MNXNW5eocIA6am\nEAuHzLg9NmaTSE7yK9gKL89PmNBnwImUZ8rY6ftYUmfaU0pZ+lFFhxxfbavz/PUN\nWcCk1vprwBGktMwP/95XQhPNxE2nBxBJbdUuu8HkpzhiFkxZY/YHDr8Sj2cKWoFp\n+shDQ+BAmdbNXSF+Tm7XfpNmmc6CErOpAoIBAFXsHgzDxtwPXKqeX7MTaApNw9Rv\ncB/AXbWRZY9s/Ws5rgbtQETXDxcWB7jUD2w7fWHOJ+LQletqAaqXeZ5JwN7nAZ8s\nQdJBQTXLjsqpf4hlmKRMamo6ii5/ojxdXEZXZibnk0imwaFLGTnHTd2Qm2+Z4PQI\nnpVpyJo2i4ZU/E8XvwnbGxlbuCvcoVqSC3rRLUqNzqrlT9v8T9jesNV+DUdcwxh/\ns98PxRl1Oux2/yjk3PAFA4BNb2qVddUXS/IfsH98GGs3AJhHVo2GOE2iXXlZKOtS\nmiRgyo3OzuxWGp2SbchFHDPM0gwT+XDeqyTaoEzL2yoacJoaufMygmOIeOI=\n-----END RSA PRIVATE KEY-----\n",
            "content_base64": null,
            "content_base64sha256": "sQOiPYmTBclkN1j28FxLTU96NGgju/Lmx0AfEKxqRgw=",
            "content_base64sha512": "zGlRqwYniL8xAccR2bJ8QdWPmsq19k5vdFmOlB8Ti7dzOPiiDavi2nxlcIkalF44Fz013YRbGgGy+nxezOQVNg==",
            "content_md5": "62366d0b729df8d16049497d0d203672",
            "content_sha1": "ad7db3bfd59d484475f3a5cd8f192b30ff1a594d",
            "content_sha256": "b103a23d899305c9643758f6f05c4b4d4f7a346823bbf2e6c7401f10ac6a460c",
            "content_sha512": "cc6951ab062788bf3101c711d9b27c41d58f9acab5f64e6f74598e941f138bb77338f8a20dabe2da7c6570891a945e38173d35dd845b1a01b2fa7c5ecce41536",
            "directory_permission": "0700",
            "file_permission": "0400",
            "filename": "./ocs-key.pem",
            "id": "ad7db3bfd59d484475f3a5cd8f192b30ff1a594d",
            "sensitive_content": null,
            "source": null
          },
          "sensitive_attributes": [
            [
              {
                "type": "get_attr",
                "value": "content"
              }
            ],
            [
              {
                "type": "get_attr",
                "value": "sensitive_content"
              }
            ]
          ],
          "identity_schema_version": 0,
          "dependencies": [
            "tls_private_key.ocs_key"
          ]
        }
      ]
    },
    {
      "mode": "managed",
      "type": "tls_private_key",
      "name": "ocs_key",
      "provider": "provider[\"registry.terraform.io/hashicorp/tls\"]",
      "instances": [
        {
          "schema_version": 1,
          "attributes": {
            "algorithm": "RSA",
            "ecdsa_curve": "P224",
            "id": "5063a547e4e2a998416e555399f88e1f47b9ea2f",
            "private_key_openssh": "-----BEGIN OPENSSH PRIVATE KEY-----\nb3BlbnNzaC1rZXktdjEAAAAABG5vbmUAAAAEbm9uZQAAAAAAAAABAAACFwAAAAdz\nc2gtcnNhAAAAAwEAAQAAAgEAu13nTR4Ms76ou9T2zDCiK8l9YgbWfJya1TSTj4gf\n0up7oPUKon1lFH3+WbugxXogcTfyT2zY6/07Gmp3hD1FtkrS8zIgqKCXwaa6Od7+\nyMBh6yg7afNlXxDzP4NtORCNcJ+p0mB52PbfJRr+lp7sEiWWreEO1QsTNarjbqp8\nAQnKli2ATWmNaEIgvFDol1X3FOfB9Akm/zqCEx5Iu6BeDul2BnC/SFal9WOko4Z8\nMTNS4mwz6AUUsI56n+FdBRt5o7XtM6huGXn3xozvXzXQDZF5+Q1L4RQME1QOfYQS\nMFFNXjhIjqjdFXXHoCN+DIIlgWAfeF5R9w0jw+Fw715l733/fjJ1EqhiYlmsPohN\nRFK+wyugDHmqmMH/MEFcmjs1k7Hpk/vGogSisAnYkraYBDs/r/+fH0/s0BvW4JNc\nUEN87l51k63UOpZb5OcOYuALPqgnrVh9MArPwSAXdvYSVpdHlNZmjNDiW3kzZ446\nXjLJmQvcNOIcWL8lkwXbNAPWv1BsrEqErAgAILxkWnghmKaMSke459H905vMDBQ2\nO7iuMbeHfXYTf1yEuDtJdCEy16nVjR2Us1sQQKHcPS5LRgBkvGU2vfrRpDL+emew\nJCrDpDE7dySp35g9bERjAruplQOIvffR88TVH2vbQJDi4Z01k2GuYwSaQnqhKrff\nrf0AAAc4e5r9VHua/VQAAAAHc3NoLXJzYQAAAgEAu13nTR4Ms76ou9T2zDCiK8l9\nYgbWfJya1TSTj4gf0up7oPUKon1lFH3+WbugxXogcTfyT2zY6/07Gmp3hD1FtkrS\n8zIgqKCXwaa6Od7+yMBh6yg7afNlXxDzP4NtORCNcJ+p0mB52PbfJRr+lp7sEiWW\nreEO1QsTNarjbqp8AQnKli2ATWmNaEIgvFDol1X3FOfB9Akm/zqCEx5Iu6BeDul2\nBnC/SFal9WOko4Z8MTNS4mwz6AUUsI56n+FdBRt5o7XtM6huGXn3xozvXzXQDZF5\n+Q1L4RQME1QOfYQSMFFNXjhIjqjdFXXHoCN+DIIlgWAfeF5R9w0jw+Fw715l733/\nfjJ1EqhiYlmsPohNRFK+wyugDHmqmMH/MEFcmjs1k7Hpk/vGogSisAnYkraYBDs/\nr/+fH0/s0BvW4JNcUEN87l51k63UOpZb5OcOYuALPqgnrVh9MArPwSAXdvYSVpdH\nlNZmjNDiW3kzZ446XjLJmQvcNOIcWL8lkwXbNAPWv1BsrEqErAgAILxkWnghmKaM\nSke459H905vMDBQ2O7iuMbeHfXYTf1yEuDtJdCEy16nVjR2Us1sQQKHcPS5LRgBk\nvGU2vfrRpDL+emewJCrDpDE7dySp35g9bERjAruplQOIvffR88TVH2vbQJDi4Z01\nk2GuYwSaQnqhKrffrf0AAAADAQABAAACACKtGV6zXgRyF8ZTfq2BnrHd43+d5lo/\nnYQx69FXjxQ441KBp0s1S9zECKvQxstlc9WgVg8PBQJ/5k1YQPBParR3Gp15vIOY\n3R0w3yxQsfSzbivYUU6lhjBW8b3ic/dosdSTKBnQUxyta9TxLwbvOJ+PJ1jc2yLg\nntiC3P6hPLvwdPbgSuuIymvuOSLBEprXhRfwYHvqqbX4vRQOucVHw8CcwoQkn7Ii\nnypQG6tL+3Ybmo5fGigpsI+Qfu9SBSYp1JRQ2iqCVIYQhaPQd4i2a9/m+Zz3MgDg\n9e8p0li2datNkLUMU5lbdTdAigaAKxbji09rW8eqJR9E5kadVYpnfRPJIM8KSOSc\nYkUJf/uhRxwtDm/V4j451mm6x32thO/f5PshVLYLTxye8NxAzMk/E7kZaePQxfE7\nWzA9Re5VvB5IqezR/s2k78V9oxaR13Kb3BLv1OvHPOo5bwnhBekQkP0gNMXp7rw6\nkXKXqvux7yEVZ9UK84dU+OfSMykmLm6BdYcsX2gxZ/JebfDkldMNh1111J7RROUc\nDbS4DZi6gB1H3pmFrGl6q0hZQ6k8IBGcX9YICYkQENWYSHg59hwmF9WnnnR0tBBb\nVRqXgb4aFOoYUQSuhWvYa516IRoDkbJVHB8l5XAJC7rv8Js3JMeNt4Fg6rw1PeJf\n2O8XAq/AAK6BAAABAFXsHgzDxtwPXKqeX7MTaApNw9RvcB/AXbWRZY9s/Ws5rgbt\nQETXDxcWB7jUD2w7fWHOJ+LQletqAaqXeZ5JwN7nAZ8sQdJBQTXLjsqpf4hlmKRM\namo6ii5/ojxdXEZXZibnk0imwaFLGTnHTd2Qm2+Z4PQInpVpyJo2i4ZU/E8Xvwnb\nGxlbuCvcoVqSC3rRLUqNzqrlT9v8T9jesNV+DUdcwxh/s98PxRl1Oux2/yjk3PAF\nA4BNb2qVddUXS/IfsH98GGs3AJhHVo2GOE2iXXlZKOtSmiRgyo3OzuxWGp2SbchF\nHDPM0gwT+XDeqyTaoEzL2yoacJoaufMygmOIeOIAAAEBAPd3qYzjFbwPAYVosrPs\nhIFHvJVfNjtLgI99j94OApP6giEEMoV20FcQ3KDo7nJHSqoNAfd19wmgYlSdfafl\nKAZI41lOgs102YDE2YLM/no6sWn7hJUt1xkLWxPtYGQ52DUQk7/p1Bk96kDOm6a+\n1/3lui1zNeqOPZQWHBZLOUcJtSdDV0e62N22MtMA895w8dnsBAZxM+grIxNfdPXN\nAD7xQ8BP7a2xU0QBIYv6he+NYKKKyRiBtaamaHLlVnCQmjaYEQ1a70968ctFjYay\n856rAsrHD1faOsw2qSc4iFkES+dgpz/Ihh2KJp6f58eb/oKo5qG9WRtaiTyPXKAg\ni2EAAAEBAMHTvzjEmnoUPXBC2NIE/XINCA6/jsEiK1ud9nsaInPnJh35jPDlCwXp\nOTajfRigKnEIMA39wysgLVoEDwdbzYc4GztHB1eCeGCRqHI02G82thCQgenFuURP\nFRpfnLu4P+Iko50XIgLPKIb7Yh7ZMbozPhA6+lrwuELebU3VJt+VaS8fUNCNVqvl\nmoe2scYnCa3JsVSObCcOgpFzecH32mhJFtJuDiUxiupaoa+OIPIQd044BWUW7Irw\nHOWcy62q44VT8FugLirlcPvBgLZKVHctZjTUz9uucgqYRFWhu0VG6cr9bx+h1poG\ny3hnuAzbxRpAaiNqDM7xnCixhcR+ZB0AAAAAAQID\n-----END OPENSSH PRIVATE KEY-----\n",
            "private_key_pem": "-----BEGIN RSA PRIVATE KEY-----\nMIIJKAIBAAKCAgEAu13nTR4Ms76ou9T2zDCiK8l9YgbWfJya1TSTj4gf0up7oPUK\non1lFH3+WbugxXogcTfyT2zY6/07Gmp3hD1FtkrS8zIgqKCXwaa6Od7+yMBh6yg7\nafNlXxDzP4NtORCNcJ+p0mB52PbfJRr+lp7sEiWWreEO1QsTNarjbqp8AQnKli2A\nTWmNaEIgvFDol1X3FOfB9Akm/zqCEx5Iu6BeDul2BnC/SFal9WOko4Z8MTNS4mwz\n6AUUsI56n+FdBRt5o7XtM6huGXn3xozvXzXQDZF5+Q1L4RQME1QOfYQSMFFNXjhI\njqjdFXXHoCN+DIIlgWAfeF5R9w0jw+Fw715l733/fjJ1EqhiYlmsPohNRFK+wyug\nDHmqmMH/MEFcmjs1k7Hpk/vGogSisAnYkraYBDs/r/+fH0/s0BvW4JNcUEN87l51\nk63UOpZb5OcOYuALPqgnrVh9MArPwSAXdvYSVpdHlNZmjNDiW3kzZ446XjLJmQvc\nNOIcWL8lkwXbNAPWv1BsrEqErAgAILxkWnghmKaMSke459H905vMDBQ2O7iuMbeH\nfXYTf1yEuDtJdCEy16nVjR2Us1sQQKHcPS5LRgBkvGU2vfrRpDL+emewJCrDpDE7\ndySp35g9bERjAruplQOIvffR88TVH2vbQJDi4Z01k2GuYwSaQnqhKrffrf0CAwEA\nAQKCAgAirRles14EchfGU36tgZ6x3eN/neZaP52EMevRV48UOONSgadLNUvcxAir\n0MbLZXPVoFYPDwUCf+ZNWEDwT2q0dxqdebyDmN0dMN8sULH0s24r2FFOpYYwVvG9\n4nP3aLHUkygZ0FMcrWvU8S8G7zifjydY3Nsi4J7Ygtz+oTy78HT24ErriMpr7jki\nwRKa14UX8GB76qm1+L0UDrnFR8PAnMKEJJ+yIp8qUBurS/t2G5qOXxooKbCPkH7v\nUgUmKdSUUNoqglSGEIWj0HeItmvf5vmc9zIA4PXvKdJYtnWrTZC1DFOZW3U3QIoG\ngCsW44tPa1vHqiUfROZGnVWKZ30TySDPCkjknGJFCX/7oUccLQ5v1eI+OdZpusd9\nrYTv3+T7IVS2C08cnvDcQMzJPxO5GWnj0MXxO1swPUXuVbweSKns0f7NpO/FfaMW\nkddym9wS79TrxzzqOW8J4QXpEJD9IDTF6e68OpFyl6r7se8hFWfVCvOHVPjn0jMp\nJi5ugXWHLF9oMWfyXm3w5JXTDYddddSe0UTlHA20uA2YuoAdR96ZhaxpeqtIWUOp\nPCARnF/WCAmJEBDVmEh4OfYcJhfVp550dLQQW1Ual4G+GhTqGFEEroVr2GudeiEa\nA5GyVRwfJeVwCQu67/CbNyTHjbeBYOq8NT3iX9jvFwKvwACugQKCAQEA93epjOMV\nvA8BhWiys+yEgUe8lV82O0uAj32P3g4Ck/qCIQQyhXbQVxDcoOjuckdKqg0B93X3\nCaBiVJ19p+UoBkjjWU6CzXTZgMTZgsz+ejqxafuElS3XGQtbE+1gZDnYNRCTv+nU\nGT3qQM6bpr7X/eW6LXM16o49lBYcFks5Rwm1J0NXR7rY3bYy0wDz3nDx2ewEBnEz\n6CsjE1909c0APvFDwE/trbFTRAEhi/qF741goorJGIG1pqZocuVWcJCaNpgRDVrv\nT3rxy0WNhrLznqsCyscPV9o6zDapJziIWQRL52CnP8iGHYomnp/nx5v+gqjmob1Z\nG1qJPI9coCCLYQKCAQEAwdO/OMSaehQ9cELY0gT9cg0IDr+OwSIrW532exoic+cm\nHfmM8OULBek5NqN9GKAqcQgwDf3DKyAtWgQPB1vNhzgbO0cHV4J4YJGocjTYbza2\nEJCB6cW5RE8VGl+cu7g/4iSjnRciAs8ohvtiHtkxujM+EDr6WvC4Qt5tTdUm35Vp\nLx9Q0I1Wq+Wah7axxicJrcmxVI5sJw6CkXN5wffaaEkW0m4OJTGK6lqhr44g8hB3\nTjgFZRbsivAc5ZzLrarjhVPwW6AuKuVw+8GAtkpUdy1mNNTP265yCphEVaG7RUbp\nyv1vH6HWmgbLeGe4DNvFGkBqI2oMzvGcKLGFxH5kHQKCAQEAjM6PsNR9R3YaXXiH\nRg0sEAtraGq2huKdEghV1fmOyfheFr82p+5E+WVkxEIFewzJlRy1o8KBf/68NH0w\nRFoFfh33Dpe3oYP9RmG7ictueMnwrOcqN1/P5jYp6prEoAKx3O/Dwg0gXAR4x8tH\nkYdBivwuBTJq2T16GErETIMc4ijJ5L9SaEQOpYjIPntqR4Vod6DtYWUELfRtjtZf\nzISKwUWyUTipeo1NXYJvPiCcGQQOmi3x4nnbjClfgRCxMHd25916xmiZhlXkQs8e\niihEqmGPwyWku0426n+nm+N04YGqVssOHyLP/Prgop1F2rQOCvZj1F/S1decAtNn\n1sztwQKCAQACenipeyoWgYe/lbs8BEBRYwVFWwGySoOPaleqf00NelksbPJ2ahdX\n/gFzR2fkFrg0NcyXgTUrqf+qdP7UM0JPhlIi0eewIMT1RyeGPlK+KU7uq0pd+N9D\nlldIvQw+Aj8e3yUQbylKK+fyweghSNmv7dPPVVG6M/XHNRzkr+MNXNW5eocIA6am\nEAuHzLg9NmaTSE7yK9gKL89PmNBnwImUZ8rY6ftYUmfaU0pZ+lFFhxxfbavz/PUN\nWcCk1vprwBGktMwP/95XQhPNxE2nBxBJbdUuu8HkpzhiFkxZY/YHDr8Sj2cKWoFp\n+shDQ+BAmdbNXSF+Tm7XfpNmmc6CErOpAoIBAFXsHgzDxtwPXKqeX7MTaApNw9Rv\ncB/AXbWRZY9s/Ws5rgbtQETXDxcWB7jUD2w7fWHOJ+LQletqAaqXeZ5JwN7nAZ8s\nQdJBQTXLjsqpf4hlmKRMamo6ii5/ojxdXEZXZibnk0imwaFLGTnHTd2Qm2+Z4PQI\nnpVpyJo2i4ZU/E8XvwnbGxlbuCvcoVqSC3rRLUqNzqrlT9v8T9jesNV+DUdcwxh/\ns98PxRl1Oux2/yjk3PAFA4BNb2qVddUXS/IfsH98GGs3AJhHVo2GOE2iXXlZKOtS\nmiRgyo3OzuxWGp2SbchFHDPM0gwT+XDeqyTaoEzL2yoacJoaufMygmOIeOI=\n-----END RSA PRIVATE KEY-----\n",
            "private_key_pem_pkcs8": "-----BEGIN PRIVATE KEY-----\nMIIJQgIBADANBgkqhkiG9w0BAQEFAASCCSwwggkoAgEAAoICAQC7XedNHgyzvqi7\n1PbMMKIryX1iBtZ8nJrVNJOPiB/S6nug9QqifWUUff5Zu6DFeiBxN/JPbNjr/Tsa\naneEPUW2StLzMiCooJfBpro53v7IwGHrKDtp82VfEPM/g205EI1wn6nSYHnY9t8l\nGv6WnuwSJZat4Q7VCxM1quNuqnwBCcqWLYBNaY1oQiC8UOiXVfcU58H0CSb/OoIT\nHki7oF4O6XYGcL9IVqX1Y6SjhnwxM1LibDPoBRSwjnqf4V0FG3mjte0zqG4ZeffG\njO9fNdANkXn5DUvhFAwTVA59hBIwUU1eOEiOqN0VdcegI34MgiWBYB94XlH3DSPD\n4XDvXmXvff9+MnUSqGJiWaw+iE1EUr7DK6AMeaqYwf8wQVyaOzWTsemT+8aiBKKw\nCdiStpgEOz+v/58fT+zQG9bgk1xQQ3zuXnWTrdQ6llvk5w5i4As+qCetWH0wCs/B\nIBd29hJWl0eU1maM0OJbeTNnjjpeMsmZC9w04hxYvyWTBds0A9a/UGysSoSsCAAg\nvGRaeCGYpoxKR7jn0f3Tm8wMFDY7uK4xt4d9dhN/XIS4O0l0ITLXqdWNHZSzWxBA\nodw9LktGAGS8ZTa9+tGkMv56Z7AkKsOkMTt3JKnfmD1sRGMCu6mVA4i999HzxNUf\na9tAkOLhnTWTYa5jBJpCeqEqt9+t/QIDAQABAoICACKtGV6zXgRyF8ZTfq2BnrHd\n43+d5lo/nYQx69FXjxQ441KBp0s1S9zECKvQxstlc9WgVg8PBQJ/5k1YQPBParR3\nGp15vIOY3R0w3yxQsfSzbivYUU6lhjBW8b3ic/dosdSTKBnQUxyta9TxLwbvOJ+P\nJ1jc2yLgntiC3P6hPLvwdPbgSuuIymvuOSLBEprXhRfwYHvqqbX4vRQOucVHw8Cc\nwoQkn7IinypQG6tL+3Ybmo5fGigpsI+Qfu9SBSYp1JRQ2iqCVIYQhaPQd4i2a9/m\n+Zz3MgDg9e8p0li2datNkLUMU5lbdTdAigaAKxbji09rW8eqJR9E5kadVYpnfRPJ\nIM8KSOScYkUJf/uhRxwtDm/V4j451mm6x32thO/f5PshVLYLTxye8NxAzMk/E7kZ\naePQxfE7WzA9Re5VvB5IqezR/s2k78V9oxaR13Kb3BLv1OvHPOo5bwnhBekQkP0g\nNMXp7rw6kXKXqvux7yEVZ9UK84dU+OfSMykmLm6BdYcsX2gxZ/JebfDkldMNh111\n1J7RROUcDbS4DZi6gB1H3pmFrGl6q0hZQ6k8IBGcX9YICYkQENWYSHg59hwmF9Wn\nnnR0tBBbVRqXgb4aFOoYUQSuhWvYa516IRoDkbJVHB8l5XAJC7rv8Js3JMeNt4Fg\n6rw1PeJf2O8XAq/AAK6BAoIBAQD3d6mM4xW8DwGFaLKz7ISBR7yVXzY7S4CPfY/e\nDgKT+oIhBDKFdtBXENyg6O5yR0qqDQH3dfcJoGJUnX2n5SgGSONZToLNdNmAxNmC\nzP56OrFp+4SVLdcZC1sT7WBkOdg1EJO/6dQZPepAzpumvtf95botczXqjj2UFhwW\nSzlHCbUnQ1dHutjdtjLTAPPecPHZ7AQGcTPoKyMTX3T1zQA+8UPAT+2tsVNEASGL\n+oXvjWCiiskYgbWmpmhy5VZwkJo2mBENWu9PevHLRY2GsvOeqwLKxw9X2jrMNqkn\nOIhZBEvnYKc/yIYdiiaen+fHm/6CqOahvVkbWok8j1ygIIthAoIBAQDB0784xJp6\nFD1wQtjSBP1yDQgOv47BIitbnfZ7GiJz5yYd+Yzw5QsF6Tk2o30YoCpxCDAN/cMr\nIC1aBA8HW82HOBs7RwdXgnhgkahyNNhvNrYQkIHpxblETxUaX5y7uD/iJKOdFyIC\nzyiG+2Ie2TG6Mz4QOvpa8LhC3m1N1SbflWkvH1DQjVar5ZqHtrHGJwmtybFUjmwn\nDoKRc3nB99poSRbSbg4lMYrqWqGvjiDyEHdOOAVlFuyK8BzlnMutquOFU/BboC4q\n5XD7wYC2SlR3LWY01M/brnIKmERVobtFRunK/W8fodaaBst4Z7gM28UaQGojagzO\n8ZwosYXEfmQdAoIBAQCMzo+w1H1HdhpdeIdGDSwQC2toaraG4p0SCFXV+Y7J+F4W\nvzan7kT5ZWTEQgV7DMmVHLWjwoF//rw0fTBEWgV+HfcOl7ehg/1GYbuJy254yfCs\n5yo3X8/mNinqmsSgArHc78PCDSBcBHjHy0eRh0GK/C4FMmrZPXoYSsRMgxziKMnk\nv1JoRA6liMg+e2pHhWh3oO1hZQQt9G2O1l/MhIrBRbJROKl6jU1dgm8+IJwZBA6a\nLfHieduMKV+BELEwd3bn3XrGaJmGVeRCzx6KKESqYY/DJaS7Tjbqf6eb43ThgapW\nyw4fIs/8+uCinUXatA4K9mPUX9LV15wC02fWzO3BAoIBAAJ6eKl7KhaBh7+VuzwE\nQFFjBUVbAbJKg49qV6p/TQ16WSxs8nZqF1f+AXNHZ+QWuDQ1zJeBNSup/6p0/tQz\nQk+GUiLR57AgxPVHJ4Y+Ur4pTu6rSl3430OWV0i9DD4CPx7fJRBvKUor5/LB6CFI\n2a/t089VUboz9cc1HOSv4w1c1bl6hwgDpqYQC4fMuD02ZpNITvIr2Aovz0+Y0GfA\niZRnytjp+1hSZ9pTSln6UUWHHF9tq/P89Q1ZwKTW+mvAEaS0zA//3ldCE83ETacH\nEElt1S67weSnOGIWTFlj9gcOvxKPZwpagWn6yEND4ECZ1s1dIX5Obtd+k2aZzoIS\ns6kCggEAVeweDMPG3A9cqp5fsxNoCk3D1G9wH8BdtZFlj2z9azmuBu1ARNcPFxYH\nuNQPbDt9Yc4n4tCV62oBqpd5nknA3ucBnyxB0kFBNcuOyql/iGWYpExqajqKLn+i\nPF1cRldmJueTSKbBoUsZOcdN3ZCbb5ng9AielWnImjaLhlT8Txe/CdsbGVu4K9yh\nWpILetEtSo3OquVP2/xP2N6w1X4NR1zDGH+z3w/FGXU67Hb/KOTc8AUDgE1vapV1\n1RdL8h+wf3wYazcAmEdWjYY4TaJdeVko61KaJGDKjc7O7FYanZJtyEUcM8zSDBP5\ncN6rJNqgTMvbKhpwmhq58zKCY4h44g==\n-----END PRIVATE KEY-----\n",
            "public_key_fingerprint_md5": "46:5f:5f:a2:cc:15:e4:d6:7b:1d:05:03:0b:8c:c2:e6",
            "public_key_fingerprint_sha256": "SHA256:fSF6Knkz6Y0uN65KMhy2O6RoXDqcQARe84RRIMvziCs",
            "public_key_openssh": "ssh-rsa AAAAB3NzaC1yc2EAAAADAQABAAACAQC7XedNHgyzvqi71PbMMKIryX1iBtZ8nJrVNJOPiB/S6nug9QqifWUUff5Zu6DFeiBxN/JPbNjr/TsaaneEPUW2StLzMiCooJfBpro53v7IwGHrKDtp82VfEPM/g205EI1wn6nSYHnY9t8lGv6WnuwSJZat4Q7VCxM1quNuqnwBCcqWLYBNaY1oQiC8UOiXVfcU58H0CSb/OoITHki7oF4O6XYGcL9IVqX1Y6SjhnwxM1LibDPoBRSwjnqf4V0FG3mjte0zqG4ZeffGjO9fNdANkXn5DUvhFAwTVA59hBIwUU1eOEiOqN0VdcegI34MgiWBYB94XlH3DSPD4XDvXmXvff9+MnUSqGJiWaw+iE1EUr7DK6AMeaqYwf8wQVyaOzWTsemT+8aiBKKwCdiStpgEOz+v/58fT+zQG9bgk1xQQ3zuXnWTrdQ6llvk5w5i4As+qCetWH0wCs/BIBd29hJWl0eU1maM0OJbeTNnjjpeMsmZC9w04hxYvyWTBds0A9a/UGysSoSsCAAgvGRaeCGYpoxKR7jn0f3Tm8wMFDY7uK4xt4d9dhN/XIS4O0l0ITLXqdWNHZSzWxBAodw9LktGAGS8ZTa9+tGkMv56Z7AkKsOkMTt3JKnfmD1sRGMCu6mVA4i999HzxNUfa9tAkOLhnTWTYa5jBJpCeqEqt9+t/Q==\n",
            "public_key_pem": "-----BEGIN PUBLIC KEY-----\nMIICIjANBgkqhkiG9w0BAQEFAAOCAg8AMIICCgKCAgEAu13nTR4Ms76ou9T2zDCi\nK8l9YgbWfJya1TSTj4gf0up7oPUKon1lFH3+WbugxXogcTfyT2zY6/07Gmp3hD1F\ntkrS8zIgqKCXwaa6Od7+yMBh6yg7afNlXxDzP4NtORCNcJ+p0mB52PbfJRr+lp7s\nEiWWreEO1QsTNarjbqp8AQnKli2ATWmNaEIgvFDol1X3FOfB9Akm/zqCEx5Iu6Be\nDul2BnC/SFal9WOko4Z8MTNS4mwz6AUUsI56n+FdBRt5o7XtM6huGXn3xozvXzXQ\nDZF5+Q1L4RQME1QOfYQSMFFNXjhIjqjdFXXHoCN+DIIlgWAfeF5R9w0jw+Fw715l\n733/fjJ1EqhiYlmsPohNRFK+wyugDHmqmMH/MEFcmjs1k7Hpk/vGogSisAnYkraY\nBDs/r/+fH0/s0BvW4JNcUEN87l51k63UOpZb5OcOYuALPqgnrVh9MArPwSAXdvYS\nVpdHlNZmjNDiW3kzZ446XjLJmQvcNOIcWL8lkwXbNAPWv1BsrEqErAgAILxkWngh\nmKaMSke459H905vMDBQ2O7iuMbeHfXYTf1yEuDtJdCEy16nVjR2Us1sQQKHcPS5L\nRgBkvGU2vfrRpDL+emewJCrDpDE7dySp35g9bERjAruplQOIvffR88TVH2vbQJDi\n4Z01k2GuYwSaQnqhKrffrf0CAwEAAQ==\n-----END PUBLIC KEY-----\n",
            "rsa_bits": 4096
          },
          "sensitive_attributes": [
            [
              {
                "type": "get_attr",
                "value": "private_key_openssh"
              }
            ],
            [
              {
                "type": "get_attr",
                "value": "private_key_pem"
              }
            ],
            [
              {
                "type": "get_attr",
                "value": "private_key_pem_pkcs8"
              }
            ]
          ],
          "identity_schema_version": 0
        }
      ]
    },
    {
      "module": "module.app_sg",
      "mode": "managed",
      "type": "aws_security_group",
      "name": "this",
      "provider": "provider[\"registry.terraform.io/hashicorp/aws\"]",
      "instances": [
        {
          "schema_version": 1,
          "attributes": {
            "arn": "arn:aws:ec2:eu-central-1:686255985275:security-group/sg-02da0e37ac0d21af1",
            "description": "Allow required inbound traffic",
            "egress": [
              {
                "cidr_blocks": [
                  "0.0.0.0/0"
                ],
                "description": "",
                "from_port": 0,
                "ipv6_cidr_blocks": [],
                "prefix_list_ids": [],
                "protocol": "-1",
                "security_groups": [],
                "self": false,
                "to_port": 0
              }
            ],
            "id": "sg-02da0e37ac0d21af1",
            "ingress": [
              {
                "cidr_blocks": [
                  "0.0.0.0/0"
                ],
                "description": "",
                "from_port": 22,
                "ipv6_cidr_blocks": [],
                "prefix_list_ids": [],
                "protocol": "tcp",
                "security_groups": [],
                "self": false,
                "to_port": 22
              },
              {
                "cidr_blocks": [
                  "0.0.0.0/0"
                ],
                "description": "",
                "from_port": 25,
                "ipv6_cidr_blocks": [],
                "prefix_list_ids": [],
                "protocol": "tcp",
                "security_groups": [],
                "self": false,
                "to_port": 25
              },
              {
                "cidr_blocks": [
                  "0.0.0.0/0"
                ],
                "description": "",
                "from_port": 30000,
                "ipv6_cidr_blocks": [],
                "prefix_list_ids": [],
                "protocol": "tcp",
                "security_groups": [],
                "self": false,
                "to_port": 32767
              },
              {
                "cidr_blocks": [
                  "0.0.0.0/0"
                ],
                "description": "",
                "from_port": 3000,
                "ipv6_cidr_blocks": [],
                "prefix_list_ids": [],
                "protocol": "tcp",
                "security_groups": [],
                "self": false,
                "to_port": 10000
              },
              {
                "cidr_blocks": [
                  "0.0.0.0/0"
                ],
                "description": "",
                "from_port": 443,
                "ipv6_cidr_blocks": [],
                "prefix_list_ids": [],
                "protocol": "tcp",
                "security_groups": [],
                "self": false,
                "to_port": 443
              },
              {
                "cidr_blocks": [
                  "0.0.0.0/0"
                ],
                "description": "",
                "from_port": 465,
                "ipv6_cidr_blocks": [],
                "prefix_list_ids": [],
                "protocol": "tcp",
                "security_groups": [],
                "self": false,
                "to_port": 465
              },
              {
                "cidr_blocks": [
                  "0.0.0.0/0"
                ],
                "description": "",
                "from_port": 6443,
                "ipv6_cidr_blocks": [],
                "prefix_list_ids": [],
                "protocol": "tcp",
                "security_groups": [],
                "self": false,
                "to_port": 6443
              },
              {
                "cidr_blocks": [
                  "0.0.0.0/0"
                ],
                "description": "",
                "from_port": 80,
                "ipv6_cidr_blocks": [],
                "prefix_list_ids": [],
                "protocol": "tcp",
                "security_groups": [],
                "self": false,
                "to_port": 80
              }
            ],
            "name": "ramo-beko-sg",
            "name_prefix": "",
            "owner_id": "686255985275",
            "revoke_rules_on_delete": false,
            "tags": {
              "Name": "ramo-beko-sg"
            },
            "tags_all": {
              "Name": "ramo-beko-sg"
            },
            "timeouts": null,
            "vpc_id": "vpc-0cd726ed01a18b4fe"
          },
          "sensitive_attributes": [],
          "identity_schema_version": 0,
          "private": "eyJlMmJmYjczMC1lY2FhLTExZTYtOGY4OC0zNDM2M2JjN2M0YzAiOnsiY3JlYXRlIjo2MDAwMDAwMDAwMDAsImRlbGV0ZSI6OTAwMDAwMDAwMDAwfSwic2NoZW1hX3ZlcnNpb24iOiIxIn0=",
          "dependencies": [
            "data.aws_vpc.default"
          ]
        }
      ]
    },
    {
      "module": "module.app_sg",
      "mode": "managed",
      "type": "aws_security_group_rule",
      "name": "self_allow_2049",
      "provider": "provider[\"registry.terraform.io/hashicorp/aws\"]",
      "instances": [
        {
          "schema_version": 2,
          "attributes": {
            "cidr_blocks": null,
            "description": null,
            "from_port": 2049,
            "id": "sgrule-3053291325",
            "ipv6_cidr_blocks": null,
            "prefix_list_ids": null,
            "protocol": "tcp",
            "security_group_id": "sg-02da0e37ac0d21af1",
            "security_group_rule_id": "sgr-0ef95a4be54a6d686",
            "self": false,
            "source_security_group_id": "sg-02da0e37ac0d21af1",
            "timeouts": null,
            "to_port": 2049,
            "type": "ingress"
          },
          "sensitive_attributes": [],
          "identity_schema_version": 0,
          "private": "eyJlMmJmYjczMC1lY2FhLTExZTYtOGY4OC0zNDM2M2JjN2M0YzAiOnsiY3JlYXRlIjozMDAwMDAwMDAwMDB9LCJzY2hlbWFfdmVyc2lvbiI6IjIifQ==",
          "dependencies": [
            "data.aws_vpc.default",
            "module.app_sg.aws_security_group.this"
          ]
        }
      ]
    },
    {
      "module": "module.backup_bucket",
      "mode": "managed",
      "type": "aws_s3_bucket",
      "name": "this",
      "provider": "provider[\"registry.terraform.io/hashicorp/aws\"]",
      "instances": [
        {
          "schema_version": 0,
          "attributes": {
            "acceleration_status": "",
            "acl": null,
            "arn": "arn:aws:s3:::efs-backup-storage-bucket",
            "bucket": "efs-backup-storage-bucket",
            "bucket_domain_name": "efs-backup-storage-bucket.s3.amazonaws.com",
            "bucket_prefix": "",
            "bucket_regional_domain_name": "efs-backup-storage-bucket.s3.eu-central-1.amazonaws.com",
            "cors_rule": [],
            "force_destroy": false,
            "grant": [
              {
                "id": "724deb73b55843715e458fd7c88913781ee2eed8f4643dc7a8b8c8ece988d362",
                "permissions": [
                  "FULL_CONTROL"
                ],
                "type": "CanonicalUser",
                "uri": ""
              }
            ],
            "hosted_zone_id": "Z21DNDUVLTQW6Q",
            "id": "efs-backup-storage-bucket",
            "lifecycle_rule": [],
            "logging": [],
            "object_lock_configuration": [],
            "object_lock_enabled": false,
            "policy": "",
            "region": "eu-central-1",
            "replication_configuration": [],
            "request_payer": "BucketOwner",
            "server_side_encryption_configuration": [
              {
                "rule": [
                  {
                    "apply_server_side_encryption_by_default": [
                      {
                        "kms_master_key_id": "",
                        "sse_algorithm": "AES256"
                      }
                    ],
                    "bucket_key_enabled": false
                  }
                ]
              }
            ],
            "tags": null,
            "tags_all": {},
            "timeouts": null,
            "versioning": [
              {
                "enabled": false,
                "mfa_delete": false
              }
            ],
            "website": [],
            "website_domain": null,
            "website_endpoint": null
          },
          "sensitive_attributes": [],
          "identity_schema_version": 0,
          "private": "eyJlMmJmYjczMC1lY2FhLTExZTYtOGY4OC0zNDM2M2JjN2M0YzAiOnsiY3JlYXRlIjoxMjAwMDAwMDAwMDAwLCJkZWxldGUiOjM2MDAwMDAwMDAwMDAsInJlYWQiOjEyMDAwMDAwMDAwMDAsInVwZGF0ZSI6MTIwMDAwMDAwMDAwMH19"
        }
      ]
    },
    {
      "module": "module.efs",
      "mode": "managed",
      "type": "aws_efs_access_point",
      "name": "this",
      "provider": "provider[\"registry.terraform.io/hashicorp/aws\"]",
      "instances": [
        {
          "schema_version": 0,
          "attributes": {
            "arn": "arn:aws:elasticfilesystem:eu-central-1:686255985275:access-point/fsap-0a45bfe19b4386d22",
            "file_system_arn": "arn:aws:elasticfilesystem:eu-central-1:686255985275:file-system/fs-0cbf83dc0fc679190",
            "file_system_id": "fs-0cbf83dc0fc679190",
            "id": "fsap-0a45bfe19b4386d22",
            "owner_id": "686255985275",
            "posix_user": [
              {
                "gid": 1000,
                "secondary_gids": null,
                "uid": 1000
              }
            ],
            "root_directory": [
              {
                "creation_info": [
                  {
                    "owner_gid": 1000,
                    "owner_uid": 1000,
                    "permissions": "755"
                  }
                ],
                "path": "/lambda"
              }
            ],
            "tags": null,
            "tags_all": {}
          },
          "sensitive_attributes": [],
          "identity_schema_version": 0,
          "private": "bnVsbA==",
          "dependencies": [
            "data.aws_vpc.default",
            "module.app_sg.aws_security_group.this",
            "module.app_sg.aws_security_group_rule.self_allow_2049",
            "module.efs.aws_efs_file_system.this"
          ]
        }
      ]
    },
    {
      "module": "module.efs",
      "mode": "managed",
      "type": "aws_efs_file_system",
      "name": "this",
      "provider": "provider[\"registry.terraform.io/hashicorp/aws\"]",
      "instances": [
        {
          "schema_version": 0,
          "attributes": {
            "arn": "arn:aws:elasticfilesystem:eu-central-1:686255985275:file-system/fs-0cbf83dc0fc679190",
            "availability_zone_id": "",
            "availability_zone_name": "",
            "creation_token": "efs-backup",
            "dns_name": "fs-0cbf83dc0fc679190.efs.eu-central-1.amazonaws.com",
            "encrypted": false,
            "id": "fs-0cbf83dc0fc679190",
            "kms_key_id": "",
            "lifecycle_policy": [],
            "name": "efs-backup",
            "number_of_mount_targets": 0,
            "owner_id": "686255985275",
            "performance_mode": "generalPurpose",
            "protection": [
              {
                "replication_overwrite": "ENABLED"
              }
            ],
            "provisioned_throughput_in_mibps": 0,
            "size_in_bytes": [
              {
                "value": 6144,
                "value_in_ia": 0,
                "value_in_standard": 6144
              }
            ],
            "tags": {
              "Name": "efs-backup"
            },
            "tags_all": {
              "Name": "efs-backup"
            },
            "throughput_mode": "bursting"
          },
          "sensitive_attributes": [],
          "identity_schema_version": 0,
          "private": "bnVsbA==",
          "dependencies": [
            "data.aws_vpc.default",
            "module.app_sg.aws_security_group.this",
            "module.app_sg.aws_security_group_rule.self_allow_2049"
          ]
        }
      ]
    },
    {
      "module": "module.efs",
      "mode": "managed",
      "type": "aws_efs_mount_target",
      "name": "target",
      "provider": "provider[\"registry.terraform.io/hashicorp/aws\"]",
      "instances": [
        {
          "schema_version": 0,
          "attributes": {
            "availability_zone_id": "euc1-az1",
            "availability_zone_name": "eu-central-1c",
            "dns_name": "fs-0cbf83dc0fc679190.efs.eu-central-1.amazonaws.com",
            "file_system_arn": "arn:aws:elasticfilesystem:eu-central-1:686255985275:file-system/fs-0cbf83dc0fc679190",
            "file_system_id": "fs-0cbf83dc0fc679190",
            "id": "fsmt-0b49676e5cbd0cf5b",
            "ip_address": "172.31.2.153",
            "mount_target_dns_name": "eu-central-1c.fs-0cbf83dc0fc679190.efs.eu-central-1.amazonaws.com",
            "network_interface_id": "eni-0d716bcad18f13617",
            "owner_id": "686255985275",
            "security_groups": [
              "sg-02da0e37ac0d21af1"
            ],
            "subnet_id": "subnet-0038b1fe0553c625b",
            "timeouts": null
          },
          "sensitive_attributes": [],
          "identity_schema_version": 0,
          "private": "eyJlMmJmYjczMC1lY2FhLTExZTYtOGY4OC0zNDM2M2JjN2M0YzAiOnsiY3JlYXRlIjoxODAwMDAwMDAwMDAwLCJkZWxldGUiOjYwMDAwMDAwMDAwMH19",
          "dependencies": [
            "data.aws_subnet.first",
            "data.aws_subnets.default",
            "data.aws_vpc.default",
            "module.app_sg.aws_security_group.this",
            "module.app_sg.aws_security_group_rule.self_allow_2049",
            "module.efs.aws_efs_file_system.this"
          ]
        }
      ]
    },
    {
      "module": "module.efs_backup_lambda",
      "mode": "managed",
      "type": "aws_iam_role",
      "name": "lambda_exec",
      "provider": "provider[\"registry.terraform.io/hashicorp/aws\"]",
      "instances": [
        {
          "schema_version": 0,
          "attributes": {
            "arn": "arn:aws:iam::686255985275:role/efs-to-s3-backup-exec",
            "assume_role_policy": "{\"Statement\":[{\"Action\":\"sts:AssumeRole\",\"Effect\":\"Allow\",\"Principal\":{\"Service\":\"lambda.amazonaws.com\"}}],\"Version\":\"2012-10-17\"}",
            "create_date": "2025-05-23T12:26:28Z",
            "description": "",
            "force_detach_policies": false,
            "id": "efs-to-s3-backup-exec",
            "inline_policy": [],
            "managed_policy_arns": [],
            "max_session_duration": 3600,
            "name": "efs-to-s3-backup-exec",
            "name_prefix": "",
            "path": "/",
            "permissions_boundary": "",
            "tags": null,
            "tags_all": {},
            "unique_id": "AROAZ7SALKJ5YFSY5SCWG"
          },
          "sensitive_attributes": [],
          "identity_schema_version": 0,
          "private": "bnVsbA==",
          "dependencies": [
            "data.aws_subnet.first",
            "data.aws_subnets.default",
            "data.aws_vpc.default",
            "module.app_sg.aws_security_group.this",
            "module.app_sg.aws_security_group_rule.self_allow_2049",
            "module.efs.aws_efs_access_point.this",
            "module.efs.aws_efs_file_system.this",
            "module.efs.aws_efs_mount_target.target"
          ]
        }
      ]
    },
    {
      "module": "module.efs_backup_lambda",
      "mode": "managed",
      "type": "aws_iam_role_policy_attachment",
      "name": "lambda_policy",
      "provider": "provider[\"registry.terraform.io/hashicorp/aws\"]",
      "instances": [
        {
          "schema_version": 0,
          "attributes": {
            "id": "efs-to-s3-backup-exec-20250523122629908100000009",
            "policy_arn": "arn:aws:iam::aws:policy/AWSLambda_FullAccess",
            "role": "efs-to-s3-backup-exec"
          },
          "sensitive_attributes": [],
          "identity_schema_version": 0,
          "private": "bnVsbA==",
          "dependencies": [
            "data.aws_subnet.first",
            "data.aws_subnets.default",
            "data.aws_vpc.default",
            "module.app_sg.aws_security_group.this",
            "module.app_sg.aws_security_group_rule.self_allow_2049",
            "module.efs.aws_efs_access_point.this",
            "module.efs.aws_efs_file_system.this",
            "module.efs.aws_efs_mount_target.target",
            "module.efs_backup_lambda.aws_iam_role.lambda_exec"
          ]
        }
      ]
    },
    {
      "module": "module.efs_backup_lambda",
      "mode": "managed",
      "type": "aws_iam_role_policy_attachment",
      "name": "lambda_policy_base",
      "provider": "provider[\"registry.terraform.io/hashicorp/aws\"]",
      "instances": [
        {
          "schema_version": 0,
          "attributes": {
            "id": "efs-to-s3-backup-exec-20250523122629526200000007",
            "policy_arn": "arn:aws:iam::aws:policy/AWSLambda_FullAccess",
            "role": "efs-to-s3-backup-exec"
          },
          "sensitive_attributes": [],
          "identity_schema_version": 0,
          "private": "bnVsbA==",
          "dependencies": [
            "data.aws_subnet.first",
            "data.aws_subnets.default",
            "data.aws_vpc.default",
            "module.app_sg.aws_security_group.this",
            "module.app_sg.aws_security_group_rule.self_allow_2049",
            "module.efs.aws_efs_access_point.this",
            "module.efs.aws_efs_file_system.this",
            "module.efs.aws_efs_mount_target.target",
            "module.efs_backup_lambda.aws_iam_role.lambda_exec"
          ]
        }
      ]
    },
    {
      "module": "module.efs_backup_lambda",
      "mode": "managed",
      "type": "aws_iam_role_policy_attachment",
      "name": "lambda_policy_efs",
      "provider": "provider[\"registry.terraform.io/hashicorp/aws\"]",
      "instances": [
        {
          "schema_version": 0,
          "attributes": {
            "id": "efs-to-s3-backup-exec-20250523122629739600000008",
            "policy_arn": "arn:aws:iam::aws:policy/AmazonElasticFileSystemClientFullAccess",
            "role": "efs-to-s3-backup-exec"
          },
          "sensitive_attributes": [],
          "identity_schema_version": 0,
          "private": "bnVsbA==",
          "dependencies": [
            "data.aws_subnet.first",
            "data.aws_subnets.default",
            "data.aws_vpc.default",
            "module.app_sg.aws_security_group.this",
            "module.app_sg.aws_security_group_rule.self_allow_2049",
            "module.efs.aws_efs_access_point.this",
            "module.efs.aws_efs_file_system.this",
            "module.efs.aws_efs_mount_target.target",
            "module.efs_backup_lambda.aws_iam_role.lambda_exec"
          ]
        }
      ]
    },
    {
      "module": "module.efs_backup_lambda",
      "mode": "managed",
      "type": "aws_iam_role_policy_attachment",
      "name": "lambda_policy_vpc",
      "provider": "provider[\"registry.terraform.io/hashicorp/aws\"]",
      "instances": [
        {
          "schema_version": 0,
          "attributes": {
            "id": "efs-to-s3-backup-exec-2025052312262994010000000a",
            "policy_arn": "arn:aws:iam::aws:policy/service-role/AWSLambdaVPCAccessExecutionRole",
            "role": "efs-to-s3-backup-exec"
          },
          "sensitive_attributes": [],
          "identity_schema_version": 0,
          "private": "bnVsbA==",
          "dependencies": [
            "data.aws_subnet.first",
            "data.aws_subnets.default",
            "data.aws_vpc.default",
            "module.app_sg.aws_security_group.this",
            "module.app_sg.aws_security_group_rule.self_allow_2049",
            "module.efs.aws_efs_access_point.this",
            "module.efs.aws_efs_file_system.this",
            "module.efs.aws_efs_mount_target.target",
            "module.efs_backup_lambda.aws_iam_role.lambda_exec"
          ]
        }
      ]
    },
    {
      "module": "module.efs_backup_lambda",
      "mode": "managed",
      "type": "aws_lambda_function",
      "name": "this",
      "provider": "provider[\"registry.terraform.io/hashicorp/aws\"]",
      "instances": [
        {
          "schema_version": 0,
          "attributes": {
            "architectures": [
              "x86_64"
            ],
            "arn": "arn:aws:lambda:eu-central-1:686255985275:function:efs-to-s3-backup",
            "code_sha256": "syK7ANoLCV1WPEvC+W5yvOYiOIXlNwCdAmR5FArtLRM=",
            "code_signing_config_arn": "",
            "dead_letter_config": [],
            "description": "",
            "environment": [
              {
                "variables": {
                  "TARGET_BUCKET": "efs-backup-storage-bucket"
                }
              }
            ],
            "ephemeral_storage": [
              {
                "size": 512
              }
            ],
            "file_system_config": [
              {
                "arn": "arn:aws:elasticfilesystem:eu-central-1:686255985275:access-point/fsap-0a45bfe19b4386d22",
                "local_mount_path": "/mnt/efs"
              }
            ],
            "filename": "./../../modules/lambda/efs_backup_lambda.zip",
            "function_name": "efs-to-s3-backup",
            "handler": "index.handler",
            "id": "efs-to-s3-backup",
            "image_config": [],
            "image_uri": "",
            "invoke_arn": "arn:aws:apigateway:eu-central-1:lambda:path/2015-03-31/functions/arn:aws:lambda:eu-central-1:686255985275:function:efs-to-s3-backup/invocations",
            "kms_key_arn": "",
            "last_modified": "2025-05-23T12:26:38.926+0000",
            "layers": null,
            "logging_config": [
              {
                "application_log_level": "",
                "log_format": "Text",
                "log_group": "/aws/lambda/efs-to-s3-backup",
                "system_log_level": ""
              }
            ],
            "memory_size": 128,
            "package_type": "Zip",
            "publish": false,
            "qualified_arn": "arn:aws:lambda:eu-central-1:686255985275:function:efs-to-s3-backup:$LATEST",
            "qualified_invoke_arn": "arn:aws:apigateway:eu-central-1:lambda:path/2015-03-31/functions/arn:aws:lambda:eu-central-1:686255985275:function:efs-to-s3-backup:$LATEST/invocations",
            "replace_security_groups_on_destroy": null,
            "replacement_security_group_ids": null,
            "reserved_concurrent_executions": -1,
            "role": "arn:aws:iam::686255985275:role/efs-to-s3-backup-exec",
            "runtime": "python3.9",
            "s3_bucket": null,
            "s3_key": null,
            "s3_object_version": null,
            "signing_job_arn": "",
            "signing_profile_version_arn": "",
            "skip_destroy": false,
            "snap_start": [],
            "source_code_hash": "",
            "source_code_size": 342,
            "tags": null,
            "tags_all": {},
            "timeout": 60,
            "timeouts": null,
            "tracing_config": [
              {
                "mode": "PassThrough"
              }
            ],
            "version": "$LATEST",
            "vpc_config": [
              {
                "ipv6_allowed_for_dual_stack": false,
                "security_group_ids": [
                  "sg-02da0e37ac0d21af1"
                ],
                "subnet_ids": [
                  "subnet-0038b1fe0553c625b"
                ],
                "vpc_id": "vpc-0cd726ed01a18b4fe"
              }
            ]
          },
          "sensitive_attributes": [],
          "identity_schema_version": 0,
          "private": "eyJlMmJmYjczMC1lY2FhLTExZTYtOGY4OC0zNDM2M2JjN2M0YzAiOnsiY3JlYXRlIjo2MDAwMDAwMDAwMDAsImRlbGV0ZSI6NjAwMDAwMDAwMDAwLCJ1cGRhdGUiOjYwMDAwMDAwMDAwMH19",
          "dependencies": [
            "data.aws_subnet.first",
            "data.aws_subnets.default",
            "data.aws_vpc.default",
            "module.app_sg.aws_security_group.this",
            "module.app_sg.aws_security_group_rule.self_allow_2049",
            "module.backup_bucket.aws_s3_bucket.this",
            "module.efs.aws_efs_access_point.this",
            "module.efs.aws_efs_file_system.this",
            "module.efs.aws_efs_mount_target.target",
            "module.efs_backup_lambda.aws_iam_role.lambda_exec"
          ]
        }
      ]
    },
    {
      "module": "module.jenkins",
      "mode": "managed",
      "type": "aws_instance",
      "name": "this",
      "provider": "provider[\"registry.terraform.io/hashicorp/aws\"]",
      "instances": [
        {
          "schema_version": 1,
          "attributes": {
            "ami": "ami-0a87a69d69fa289be",
            "arn": "arn:aws:ec2:eu-central-1:686255985275:instance/i-032a71aced90e80f1",
            "associate_public_ip_address": true,
            "availability_zone": "eu-central-1b",
            "capacity_reservation_specification": [
              {
                "capacity_reservation_preference": "open",
                "capacity_reservation_target": []
              }
            ],
            "cpu_core_count": 2,
            "cpu_options": [
              {
                "amd_sev_snp": "",
                "core_count": 2,
                "threads_per_core": 1
              }
            ],
            "cpu_threads_per_core": 1,
            "credit_specification": [
              {
                "cpu_credits": "standard"
              }
            ],
            "disable_api_stop": false,
            "disable_api_termination": false,
            "ebs_block_device": [],
            "ebs_optimized": false,
            "enable_primary_ipv6": null,
            "enclave_options": [
              {
                "enabled": false
              }
            ],
            "ephemeral_block_device": [],
            "get_password_data": false,
            "hibernation": false,
            "host_id": "",
            "host_resource_group_arn": null,
            "iam_instance_profile": "",
            "id": "i-032a71aced90e80f1",
            "instance_initiated_shutdown_behavior": "stop",
            "instance_lifecycle": "",
            "instance_market_options": [],
            "instance_state": "running",
            "instance_type": "t2.medium",
            "ipv6_address_count": 0,
            "ipv6_addresses": [],
            "key_name": "ocs-key",
            "launch_template": [],
            "maintenance_options": [
              {
                "auto_recovery": "default"
              }
            ],
            "metadata_options": [
              {
                "http_endpoint": "enabled",
                "http_protocol_ipv6": "disabled",
                "http_put_response_hop_limit": 1,
                "http_tokens": "optional",
                "instance_metadata_tags": "disabled"
              }
            ],
            "monitoring": false,
            "network_interface": [],
            "outpost_arn": "",
            "password_data": "",
            "placement_group": "",
            "placement_partition_number": 0,
            "primary_network_interface_id": "eni-0f21c3d18beeb3012",
            "private_dns": "ip-172-31-43-245.eu-central-1.compute.internal",
            "private_dns_name_options": [
              {
                "enable_resource_name_dns_a_record": false,
                "enable_resource_name_dns_aaaa_record": false,
                "hostname_type": "ip-name"
              }
            ],
            "private_ip": "172.31.43.245",
            "public_dns": "ec2-3-78-255-4.eu-central-1.compute.amazonaws.com",
            "public_ip": "3.78.255.4",
            "root_block_device": [
              {
                "delete_on_termination": true,
                "device_name": "/dev/sda1",
                "encrypted": false,
                "iops": 100,
                "kms_key_id": "",
                "tags": null,
                "tags_all": {},
                "throughput": 0,
                "volume_id": "vol-00b31d74e3d7c98b3",
                "volume_size": 20,
                "volume_type": "gp2"
              }
            ],
            "secondary_private_ips": [],
            "security_groups": [
              "ramo-beko-sg"
            ],
            "source_dest_check": true,
            "spot_instance_request_id": "",
            "subnet_id": "subnet-01627f3d3717a3ed2",
            "tags": {
              "Name": "jenkins"
            },
            "tags_all": {
              "Name": "jenkins"
            },
            "tenancy": "default",
            "timeouts": null,
            "user_data": null,
            "user_data_base64": null,
            "user_data_replace_on_change": false,
            "volume_tags": null,
            "vpc_security_group_ids": [
              "sg-02da0e37ac0d21af1"
            ]
          },
          "sensitive_attributes": [],
          "identity_schema_version": 0,
          "private": "eyJlMmJmYjczMC1lY2FhLTExZTYtOGY4OC0zNDM2M2JjN2M0YzAiOnsiY3JlYXRlIjo2MDAwMDAwMDAwMDAsImRlbGV0ZSI6MTIwMDAwMDAwMDAwMCwicmVhZCI6OTAwMDAwMDAwMDAwLCJ1cGRhdGUiOjYwMDAwMDAwMDAwMH0sInNjaGVtYV92ZXJzaW9uIjoiMSJ9",
          "dependencies": [
            "aws_key_pair.ocs_key",
            "data.aws_ami.ubuntu_latest",
            "data.aws_vpc.default",
            "module.app_sg.aws_security_group.this",
            "module.app_sg.aws_security_group_rule.self_allow_2049",
            "tls_private_key.ocs_key"
          ]
        }
      ]
    },
    {
      "module": "module.k8s_master",
      "mode": "managed",
      "type": "aws_instance",
      "name": "this",
      "provider": "provider[\"registry.terraform.io/hashicorp/aws\"]",
      "instances": [
        {
          "schema_version": 1,
          "attributes": {
            "ami": "ami-0a87a69d69fa289be",
            "arn": "arn:aws:ec2:eu-central-1:686255985275:instance/i-0c77eda1863b613ff",
            "associate_public_ip_address": true,
            "availability_zone": "eu-central-1b",
            "capacity_reservation_specification": [
              {
                "capacity_reservation_preference": "open",
                "capacity_reservation_target": []
              }
            ],
            "cpu_core_count": 2,
            "cpu_options": [
              {
                "amd_sev_snp": "",
                "core_count": 2,
                "threads_per_core": 1
              }
            ],
            "cpu_threads_per_core": 1,
            "credit_specification": [
              {
                "cpu_credits": "standard"
              }
            ],
            "disable_api_stop": false,
            "disable_api_termination": false,
            "ebs_block_device": [],
            "ebs_optimized": false,
            "enable_primary_ipv6": null,
            "enclave_options": [
              {
                "enabled": false
              }
            ],
            "ephemeral_block_device": [],
            "get_password_data": false,
            "hibernation": false,
            "host_id": "",
            "host_resource_group_arn": null,
            "iam_instance_profile": "",
            "id": "i-0c77eda1863b613ff",
            "instance_initiated_shutdown_behavior": "stop",
            "instance_lifecycle": "",
            "instance_market_options": [],
            "instance_state": "running",
            "instance_type": "t2.medium",
            "ipv6_address_count": 0,
            "ipv6_addresses": [],
            "key_name": "ocs-key",
            "launch_template": [],
            "maintenance_options": [
              {
                "auto_recovery": "default"
              }
            ],
            "metadata_options": [
              {
                "http_endpoint": "enabled",
                "http_protocol_ipv6": "disabled",
                "http_put_response_hop_limit": 1,
                "http_tokens": "optional",
                "instance_metadata_tags": "disabled"
              }
            ],
            "monitoring": false,
            "network_interface": [],
            "outpost_arn": "",
            "password_data": "",
            "placement_group": "",
            "placement_partition_number": 0,
            "primary_network_interface_id": "eni-0ad6182a016f9c2dd",
            "private_dns": "ip-172-31-43-226.eu-central-1.compute.internal",
            "private_dns_name_options": [
              {
                "enable_resource_name_dns_a_record": false,
                "enable_resource_name_dns_aaaa_record": false,
                "hostname_type": "ip-name"
              }
            ],
            "private_ip": "172.31.43.226",
            "public_dns": "ec2-54-93-179-207.eu-central-1.compute.amazonaws.com",
            "public_ip": "54.93.179.207",
            "root_block_device": [
              {
                "delete_on_termination": true,
                "device_name": "/dev/sda1",
                "encrypted": false,
                "iops": 100,
                "kms_key_id": "",
                "tags": null,
                "tags_all": {},
                "throughput": 0,
                "volume_id": "vol-0839ede9913ba32e3",
                "volume_size": 25,
                "volume_type": "gp2"
              }
            ],
            "secondary_private_ips": [],
            "security_groups": [
              "ramo-beko-sg"
            ],
            "source_dest_check": true,
            "spot_instance_request_id": "",
            "subnet_id": "subnet-01627f3d3717a3ed2",
            "tags": {
              "Name": "kubernetes-master"
            },
            "tags_all": {
              "Name": "kubernetes-master"
            },
            "tenancy": "default",
            "timeouts": null,
            "user_data": null,
            "user_data_base64": null,
            "user_data_replace_on_change": false,
            "volume_tags": null,
            "vpc_security_group_ids": [
              "sg-02da0e37ac0d21af1"
            ]
          },
          "sensitive_attributes": [],
          "identity_schema_version": 0,
          "private": "eyJlMmJmYjczMC1lY2FhLTExZTYtOGY4OC0zNDM2M2JjN2M0YzAiOnsiY3JlYXRlIjo2MDAwMDAwMDAwMDAsImRlbGV0ZSI6MTIwMDAwMDAwMDAwMCwicmVhZCI6OTAwMDAwMDAwMDAwLCJ1cGRhdGUiOjYwMDAwMDAwMDAwMH0sInNjaGVtYV92ZXJzaW9uIjoiMSJ9",
          "dependencies": [
            "aws_key_pair.ocs_key",
            "data.aws_ami.ubuntu_latest",
            "data.aws_vpc.default",
            "module.app_sg.aws_security_group.this",
            "module.app_sg.aws_security_group_rule.self_allow_2049",
            "tls_private_key.ocs_key"
          ]
        }
      ]
    },
    {
      "module": "module.k8s_slave_1",
      "mode": "managed",
      "type": "aws_instance",
      "name": "this",
      "provider": "provider[\"registry.terraform.io/hashicorp/aws\"]",
      "instances": [
        {
          "schema_version": 1,
          "attributes": {
            "ami": "ami-0a87a69d69fa289be",
            "arn": "arn:aws:ec2:eu-central-1:686255985275:instance/i-04fef220c4a252eab",
            "associate_public_ip_address": true,
            "availability_zone": "eu-central-1b",
            "capacity_reservation_specification": [
              {
                "capacity_reservation_preference": "open",
                "capacity_reservation_target": []
              }
            ],
            "cpu_core_count": 2,
            "cpu_options": [
              {
                "amd_sev_snp": "",
                "core_count": 2,
                "threads_per_core": 1
              }
            ],
            "cpu_threads_per_core": 1,
            "credit_specification": [
              {
                "cpu_credits": "standard"
              }
            ],
            "disable_api_stop": false,
            "disable_api_termination": false,
            "ebs_block_device": [],
            "ebs_optimized": false,
            "enable_primary_ipv6": null,
            "enclave_options": [
              {
                "enabled": false
              }
            ],
            "ephemeral_block_device": [],
            "get_password_data": false,
            "hibernation": false,
            "host_id": "",
            "host_resource_group_arn": null,
            "iam_instance_profile": "",
            "id": "i-04fef220c4a252eab",
            "instance_initiated_shutdown_behavior": "stop",
            "instance_lifecycle": "",
            "instance_market_options": [],
            "instance_state": "running",
            "instance_type": "t2.medium",
            "ipv6_address_count": 0,
            "ipv6_addresses": [],
            "key_name": "ocs-key",
            "launch_template": [],
            "maintenance_options": [
              {
                "auto_recovery": "default"
              }
            ],
            "metadata_options": [
              {
                "http_endpoint": "enabled",
                "http_protocol_ipv6": "disabled",
                "http_put_response_hop_limit": 1,
                "http_tokens": "optional",
                "instance_metadata_tags": "disabled"
              }
            ],
            "monitoring": false,
            "network_interface": [],
            "outpost_arn": "",
            "password_data": "",
            "placement_group": "",
            "placement_partition_number": 0,
            "primary_network_interface_id": "eni-056eb9e1995cb068c",
            "private_dns": "ip-172-31-42-176.eu-central-1.compute.internal",
            "private_dns_name_options": [
              {
                "enable_resource_name_dns_a_record": false,
                "enable_resource_name_dns_aaaa_record": false,
                "hostname_type": "ip-name"
              }
            ],
            "private_ip": "172.31.42.176",
            "public_dns": "ec2-3-79-210-55.eu-central-1.compute.amazonaws.com",
            "public_ip": "3.79.210.55",
            "root_block_device": [
              {
                "delete_on_termination": true,
                "device_name": "/dev/sda1",
                "encrypted": false,
                "iops": 100,
                "kms_key_id": "",
                "tags": null,
                "tags_all": {},
                "throughput": 0,
                "volume_id": "vol-0b626247fe126e1b3",
                "volume_size": 25,
                "volume_type": "gp2"
              }
            ],
            "secondary_private_ips": [],
            "security_groups": [
              "ramo-beko-sg"
            ],
            "source_dest_check": true,
            "spot_instance_request_id": "",
            "subnet_id": "subnet-01627f3d3717a3ed2",
            "tags": {
              "Name": "kubernetes-slave-1"
            },
            "tags_all": {
              "Name": "kubernetes-slave-1"
            },
            "tenancy": "default",
            "timeouts": null,
            "user_data": null,
            "user_data_base64": null,
            "user_data_replace_on_change": false,
            "volume_tags": null,
            "vpc_security_group_ids": [
              "sg-02da0e37ac0d21af1"
            ]
          },
          "sensitive_attributes": [],
          "identity_schema_version": 0,
          "private": "eyJlMmJmYjczMC1lY2FhLTExZTYtOGY4OC0zNDM2M2JjN2M0YzAiOnsiY3JlYXRlIjo2MDAwMDAwMDAwMDAsImRlbGV0ZSI6MTIwMDAwMDAwMDAwMCwicmVhZCI6OTAwMDAwMDAwMDAwLCJ1cGRhdGUiOjYwMDAwMDAwMDAwMH0sInNjaGVtYV92ZXJzaW9uIjoiMSJ9",
          "dependencies": [
            "aws_key_pair.ocs_key",
            "data.aws_ami.ubuntu_latest",
            "data.aws_vpc.default",
            "module.app_sg.aws_security_group.this",
            "module.app_sg.aws_security_group_rule.self_allow_2049",
            "tls_private_key.ocs_key"
          ]
        }
      ]
    },
    {
      "module": "module.k8s_slave_2",
      "mode": "managed",
      "type": "aws_instance",
      "name": "this",
      "provider": "provider[\"registry.terraform.io/hashicorp/aws\"]",
      "instances": [
        {
          "schema_version": 1,
          "attributes": {
            "ami": "ami-0a87a69d69fa289be",
            "arn": "arn:aws:ec2:eu-central-1:686255985275:instance/i-01e61e49cb188d3b9",
            "associate_public_ip_address": true,
            "availability_zone": "eu-central-1b",
            "capacity_reservation_specification": [
              {
                "capacity_reservation_preference": "open",
                "capacity_reservation_target": []
              }
            ],
            "cpu_core_count": 2,
            "cpu_options": [
              {
                "amd_sev_snp": "",
                "core_count": 2,
                "threads_per_core": 1
              }
            ],
            "cpu_threads_per_core": 1,
            "credit_specification": [
              {
                "cpu_credits": "standard"
              }
            ],
            "disable_api_stop": false,
            "disable_api_termination": false,
            "ebs_block_device": [],
            "ebs_optimized": false,
            "enable_primary_ipv6": null,
            "enclave_options": [
              {
                "enabled": false
              }
            ],
            "ephemeral_block_device": [],
            "get_password_data": false,
            "hibernation": false,
            "host_id": "",
            "host_resource_group_arn": null,
            "iam_instance_profile": "",
            "id": "i-01e61e49cb188d3b9",
            "instance_initiated_shutdown_behavior": "stop",
            "instance_lifecycle": "",
            "instance_market_options": [],
            "instance_state": "running",
            "instance_type": "t2.medium",
            "ipv6_address_count": 0,
            "ipv6_addresses": [],
            "key_name": "ocs-key",
            "launch_template": [],
            "maintenance_options": [
              {
                "auto_recovery": "default"
              }
            ],
            "metadata_options": [
              {
                "http_endpoint": "enabled",
                "http_protocol_ipv6": "disabled",
                "http_put_response_hop_limit": 1,
                "http_tokens": "optional",
                "instance_metadata_tags": "disabled"
              }
            ],
            "monitoring": false,
            "network_interface": [],
            "outpost_arn": "",
            "password_data": "",
            "placement_group": "",
            "placement_partition_number": 0,
            "primary_network_interface_id": "eni-0db6da07f478ef5d4",
            "private_dns": "ip-172-31-36-181.eu-central-1.compute.internal",
            "private_dns_name_options": [
              {
                "enable_resource_name_dns_a_record": false,
                "enable_resource_name_dns_aaaa_record": false,
                "hostname_type": "ip-name"
              }
            ],
            "private_ip": "172.31.36.181",
            "public_dns": "ec2-54-93-232-251.eu-central-1.compute.amazonaws.com",
            "public_ip": "54.93.232.251",
            "root_block_device": [
              {
                "delete_on_termination": true,
                "device_name": "/dev/sda1",
                "encrypted": false,
                "iops": 100,
                "kms_key_id": "",
                "tags": null,
                "tags_all": {},
                "throughput": 0,
                "volume_id": "vol-038df1db389a54828",
                "volume_size": 25,
                "volume_type": "gp2"
              }
            ],
            "secondary_private_ips": [],
            "security_groups": [
              "ramo-beko-sg"
            ],
            "source_dest_check": true,
            "spot_instance_request_id": "",
            "subnet_id": "subnet-01627f3d3717a3ed2",
            "tags": {
              "Name": "kubernetes-slave-2"
            },
            "tags_all": {
              "Name": "kubernetes-slave-2"
            },
            "tenancy": "default",
            "timeouts": null,
            "user_data": null,
            "user_data_base64": null,
            "user_data_replace_on_change": false,
            "volume_tags": null,
            "vpc_security_group_ids": [
              "sg-02da0e37ac0d21af1"
            ]
          },
          "sensitive_attributes": [],
          "identity_schema_version": 0,
          "private": "eyJlMmJmYjczMC1lY2FhLTExZTYtOGY4OC0zNDM2M2JjN2M0YzAiOnsiY3JlYXRlIjo2MDAwMDAwMDAwMDAsImRlbGV0ZSI6MTIwMDAwMDAwMDAwMCwicmVhZCI6OTAwMDAwMDAwMDAwLCJ1cGRhdGUiOjYwMDAwMDAwMDAwMH0sInNjaGVtYV92ZXJzaW9uIjoiMSJ9",
          "dependencies": [
            "aws_key_pair.ocs_key",
            "data.aws_ami.ubuntu_latest",
            "data.aws_vpc.default",
            "module.app_sg.aws_security_group.this",
            "module.app_sg.aws_security_group_rule.self_allow_2049",
            "tls_private_key.ocs_key"
          ]
        }
      ]
    },
    {
      "module": "module.nexus",
      "mode": "managed",
      "type": "aws_instance",
      "name": "this",
      "provider": "provider[\"registry.terraform.io/hashicorp/aws\"]",
      "instances": [
        {
          "schema_version": 1,
          "attributes": {
            "ami": "ami-0a87a69d69fa289be",
            "arn": "arn:aws:ec2:eu-central-1:686255985275:instance/i-031106b558a848866",
            "associate_public_ip_address": true,
            "availability_zone": "eu-central-1b",
            "capacity_reservation_specification": [
              {
                "capacity_reservation_preference": "open",
                "capacity_reservation_target": []
              }
            ],
            "cpu_core_count": 2,
            "cpu_options": [
              {
                "amd_sev_snp": "",
                "core_count": 2,
                "threads_per_core": 1
              }
            ],
            "cpu_threads_per_core": 1,
            "credit_specification": [
              {
                "cpu_credits": "standard"
              }
            ],
            "disable_api_stop": false,
            "disable_api_termination": false,
            "ebs_block_device": [],
            "ebs_optimized": false,
            "enable_primary_ipv6": null,
            "enclave_options": [
              {
                "enabled": false
              }
            ],
            "ephemeral_block_device": [],
            "get_password_data": false,
            "hibernation": false,
            "host_id": "",
            "host_resource_group_arn": null,
            "iam_instance_profile": "",
            "id": "i-031106b558a848866",
            "instance_initiated_shutdown_behavior": "stop",
            "instance_lifecycle": "",
            "instance_market_options": [],
            "instance_state": "running",
            "instance_type": "t2.medium",
            "ipv6_address_count": 0,
            "ipv6_addresses": [],
            "key_name": "ocs-key",
            "launch_template": [],
            "maintenance_options": [
              {
                "auto_recovery": "default"
              }
            ],
            "metadata_options": [
              {
                "http_endpoint": "enabled",
                "http_protocol_ipv6": "disabled",
                "http_put_response_hop_limit": 1,
                "http_tokens": "optional",
                "instance_metadata_tags": "disabled"
              }
            ],
            "monitoring": false,
            "network_interface": [],
            "outpost_arn": "",
            "password_data": "",
            "placement_group": "",
            "placement_partition_number": 0,
            "primary_network_interface_id": "eni-0b7f99990186c1ef7",
            "private_dns": "ip-172-31-42-169.eu-central-1.compute.internal",
            "private_dns_name_options": [
              {
                "enable_resource_name_dns_a_record": false,
                "enable_resource_name_dns_aaaa_record": false,
                "hostname_type": "ip-name"
              }
            ],
            "private_ip": "172.31.42.169",
            "public_dns": "ec2-18-184-143-80.eu-central-1.compute.amazonaws.com",
            "public_ip": "18.184.143.80",
            "root_block_device": [
              {
                "delete_on_termination": true,
                "device_name": "/dev/sda1",
                "encrypted": false,
                "iops": 100,
                "kms_key_id": "",
                "tags": null,
                "tags_all": {},
                "throughput": 0,
                "volume_id": "vol-02ee3403bb2224e21",
                "volume_size": 20,
                "volume_type": "gp2"
              }
            ],
            "secondary_private_ips": [],
            "security_groups": [
              "ramo-beko-sg"
            ],
            "source_dest_check": true,
            "spot_instance_request_id": "",
            "subnet_id": "subnet-01627f3d3717a3ed2",
            "tags": {
              "Name": "nexus"
            },
            "tags_all": {
              "Name": "nexus"
            },
            "tenancy": "default",
            "timeouts": null,
            "user_data": null,
            "user_data_base64": null,
            "user_data_replace_on_change": false,
            "volume_tags": null,
            "vpc_security_group_ids": [
              "sg-02da0e37ac0d21af1"
            ]
          },
          "sensitive_attributes": [],
          "identity_schema_version": 0,
          "private": "eyJlMmJmYjczMC1lY2FhLTExZTYtOGY4OC0zNDM2M2JjN2M0YzAiOnsiY3JlYXRlIjo2MDAwMDAwMDAwMDAsImRlbGV0ZSI6MTIwMDAwMDAwMDAwMCwicmVhZCI6OTAwMDAwMDAwMDAwLCJ1cGRhdGUiOjYwMDAwMDAwMDAwMH0sInNjaGVtYV92ZXJzaW9uIjoiMSJ9",
          "dependencies": [
            "aws_key_pair.ocs_key",
            "data.aws_ami.ubuntu_latest",
            "data.aws_vpc.default",
            "module.app_sg.aws_security_group.this",
            "module.app_sg.aws_security_group_rule.self_allow_2049",
            "tls_private_key.ocs_key"
          ]
        }
      ]
    },
    {
      "module": "module.sonarqube",
      "mode": "managed",
      "type": "aws_instance",
      "name": "this",
      "provider": "provider[\"registry.terraform.io/hashicorp/aws\"]",
      "instances": [
        {
          "schema_version": 1,
          "attributes": {
            "ami": "ami-0a87a69d69fa289be",
            "arn": "arn:aws:ec2:eu-central-1:686255985275:instance/i-060f0200eb89a379b",
            "associate_public_ip_address": true,
            "availability_zone": "eu-central-1b",
            "capacity_reservation_specification": [
              {
                "capacity_reservation_preference": "open",
                "capacity_reservation_target": []
              }
            ],
            "cpu_core_count": 2,
            "cpu_options": [
              {
                "amd_sev_snp": "",
                "core_count": 2,
                "threads_per_core": 1
              }
            ],
            "cpu_threads_per_core": 1,
            "credit_specification": [
              {
                "cpu_credits": "standard"
              }
            ],
            "disable_api_stop": false,
            "disable_api_termination": false,
            "ebs_block_device": [],
            "ebs_optimized": false,
            "enable_primary_ipv6": null,
            "enclave_options": [
              {
                "enabled": false
              }
            ],
            "ephemeral_block_device": [],
            "get_password_data": false,
            "hibernation": false,
            "host_id": "",
            "host_resource_group_arn": null,
            "iam_instance_profile": "",
            "id": "i-060f0200eb89a379b",
            "instance_initiated_shutdown_behavior": "stop",
            "instance_lifecycle": "",
            "instance_market_options": [],
            "instance_state": "running",
            "instance_type": "t2.medium",
            "ipv6_address_count": 0,
            "ipv6_addresses": [],
            "key_name": "ocs-key",
            "launch_template": [],
            "maintenance_options": [
              {
                "auto_recovery": "default"
              }
            ],
            "metadata_options": [
              {
                "http_endpoint": "enabled",
                "http_protocol_ipv6": "disabled",
                "http_put_response_hop_limit": 1,
                "http_tokens": "optional",
                "instance_metadata_tags": "disabled"
              }
            ],
            "monitoring": false,
            "network_interface": [],
            "outpost_arn": "",
            "password_data": "",
            "placement_group": "",
            "placement_partition_number": 0,
            "primary_network_interface_id": "eni-0baae61d3183f5476",
            "private_dns": "ip-172-31-47-49.eu-central-1.compute.internal",
            "private_dns_name_options": [
              {
                "enable_resource_name_dns_a_record": false,
                "enable_resource_name_dns_aaaa_record": false,
                "hostname_type": "ip-name"
              }
            ],
            "private_ip": "172.31.47.49",
            "public_dns": "ec2-3-75-137-188.eu-central-1.compute.amazonaws.com",
            "public_ip": "3.75.137.188",
            "root_block_device": [
              {
                "delete_on_termination": true,
                "device_name": "/dev/sda1",
                "encrypted": false,
                "iops": 100,
                "kms_key_id": "",
                "tags": null,
                "tags_all": {},
                "throughput": 0,
                "volume_id": "vol-051585e82dd101d0e",
                "volume_size": 20,
                "volume_type": "gp2"
              }
            ],
            "secondary_private_ips": [],
            "security_groups": [
              "ramo-beko-sg"
            ],
            "source_dest_check": true,
            "spot_instance_request_id": "",
            "subnet_id": "subnet-01627f3d3717a3ed2",
            "tags": {
              "Name": "sonarqube"
            },
            "tags_all": {
              "Name": "sonarqube"
            },
            "tenancy": "default",
            "timeouts": null,
            "user_data": null,
            "user_data_base64": null,
            "user_data_replace_on_change": false,
            "volume_tags": null,
            "vpc_security_group_ids": [
              "sg-02da0e37ac0d21af1"
            ]
          },
          "sensitive_attributes": [],
          "identity_schema_version": 0,
          "private": "eyJlMmJmYjczMC1lY2FhLTExZTYtOGY4OC0zNDM2M2JjN2M0YzAiOnsiY3JlYXRlIjo2MDAwMDAwMDAwMDAsImRlbGV0ZSI6MTIwMDAwMDAwMDAwMCwicmVhZCI6OTAwMDAwMDAwMDAwLCJ1cGRhdGUiOjYwMDAwMDAwMDAwMH0sInNjaGVtYV92ZXJzaW9uIjoiMSJ9",
          "dependencies": [
            "aws_key_pair.ocs_key",
            "data.aws_ami.ubuntu_latest",
            "data.aws_vpc.default",
            "module.app_sg.aws_security_group.this",
            "module.app_sg.aws_security_group_rule.self_allow_2049",
            "tls_private_key.ocs_key"
          ]
        }
      ]
    }
  ],
  "check_results": null
}
